{"format_version":"1.0","provider_schemas":{"registry.terraform.io/aiven/aiven":{"provider":{"version":0,"block":{"attributes":{"api_token":{"type":"string","description":"Aiven authentication token. Can also be set with the AIVEN_TOKEN environment variable.","description_kind":"plain","optional":true,"sensitive":true}},"description_kind":"plain"}},"resource_schemas":{"aiven_account":{"version":0,"block":{"attributes":{"account_id":{"type":"string","description":"Account id","description_kind":"plain","deprecated":true,"computed":true},"create_time":{"type":"string","description":"Time of creation","description_kind":"plain","computed":true},"id":{"type":"string","description_kind":"plain","optional":true,"computed":true},"is_account_owner":{"type":"bool","description":"If true, user is part of the owners team for this account","description_kind":"plain","deprecated":true,"computed":true},"name":{"type":"string","description":"Account name","description_kind":"plain","required":true},"owner_team_id":{"type":"string","description":"Owner team id","description_kind":"plain","deprecated":true,"computed":true},"primary_billing_group_id":{"type":"string","description":"Billing group id","description_kind":"plain","deprecated":true,"optional":true},"tenant_id":{"type":"string","description":"Tenant id","description_kind":"plain","computed":true},"update_time":{"type":"string","description":"Time of last update","description_kind":"plain","computed":true}},"block_types":{"timeouts":{"nesting_mode":"single","block":{"attributes":{"create":{"type":"string","description_kind":"plain","optional":true},"default":{"type":"string","description_kind":"plain","optional":true},"delete":{"type":"string","description_kind":"plain","optional":true},"read":{"type":"string","description_kind":"plain","optional":true},"update":{"type":"string","description_kind":"plain","optional":true}},"description_kind":"plain"}}},"description":"The Account resource allows the creation and management of an Aiven Account.","description_kind":"plain","deprecated":true}},"aiven_account_authentication":{"version":0,"block":{"attributes":{"account_id":{"type":"string","description":"The unique id of the account.","description_kind":"plain","required":true},"authentication_id":{"type":"string","description":"Account authentication id","description_kind":"plain","computed":true},"auto_join_team_id":{"type":"string","description":"Team ID","description_kind":"plain","optional":true},"create_time":{"type":"string","description":"Time of creation","description_kind":"plain","computed":true},"enabled":{"type":"bool","description":"Status of account authentication method. The default value is `false`.","description_kind":"plain","optional":true},"id":{"type":"string","description_kind":"plain","optional":true,"computed":true},"name":{"type":"string","description":"The name of the account authentication.","description_kind":"plain","required":true},"saml_acs_url":{"type":"string","description":"SAML Assertion Consumer Service URL","description_kind":"plain","computed":true},"saml_certificate":{"type":"string","description":"SAML Certificate","description_kind":"plain","optional":true},"saml_digest_algorithm":{"type":"string","description":"Digest algorithm. This is an advanced option that typically does not need to be set.","description_kind":"plain","optional":true},"saml_entity_id":{"type":"string","description":"SAML Entity id","description_kind":"plain","optional":true},"saml_idp_login_allowed":{"type":"bool","description":"Set to 'true' to enable IdP initiated login","description_kind":"plain","optional":true},"saml_idp_url":{"type":"string","description":"SAML Idp URL","description_kind":"plain","optional":true},"saml_metadata_url":{"type":"string","description":"SAML Metadata URL","description_kind":"plain","computed":true},"saml_signature_algorithm":{"type":"string","description":"Signature algorithm. This is an advanced option that typically does not need to be set.","description_kind":"plain","optional":true},"saml_variant":{"type":"string","description":"SAML server variant","description_kind":"plain","optional":true},"type":{"type":"string","description":"The account authentication type. The possible values are `internal` and `saml`.","description_kind":"plain","required":true},"update_time":{"type":"string","description":"Time of last update","description_kind":"plain","computed":true}},"block_types":{"saml_field_mapping":{"nesting_mode":"set","block":{"attributes":{"email":{"type":"string","description":"Field name for user email","description_kind":"plain","optional":true},"first_name":{"type":"string","description":"Field name for user's first name","description_kind":"plain","optional":true},"identity":{"type":"string","description":"Field name for user's identity. This field must always exist in responses, and must be immutable and unique. Contents of this field are used to identify the user. Using user ID (such as unix user id) is highly recommended, as email address may change, requiring relinking user to Aiven user.","description_kind":"plain","optional":true},"last_name":{"type":"string","description":"Field name for user's last name","description_kind":"plain","optional":true},"real_name":{"type":"string","description":"Field name for user's full name. If specified, first_name and last_name mappings are ignored","description_kind":"plain","optional":true}},"description":"Map IdP fields","description_kind":"plain"},"max_items":1},"timeouts":{"nesting_mode":"single","block":{"attributes":{"create":{"type":"string","description_kind":"plain","optional":true},"default":{"type":"string","description_kind":"plain","optional":true},"delete":{"type":"string","description_kind":"plain","optional":true},"read":{"type":"string","description_kind":"plain","optional":true},"update":{"type":"string","description_kind":"plain","optional":true}},"description_kind":"plain"}}},"description":"The Account Authentication resource allows the creation and management of an Aiven Account Authentications.","description_kind":"plain"}},"aiven_account_team":{"version":0,"block":{"attributes":{"account_id":{"type":"string","description":"The unique account id","description_kind":"plain","required":true},"create_time":{"type":"string","description":"Time of creation","description_kind":"plain","computed":true},"id":{"type":"string","description_kind":"plain","optional":true,"computed":true},"name":{"type":"string","description":"The account team name","description_kind":"plain","required":true},"team_id":{"type":"string","description":"The auto-generated unique account team id","description_kind":"plain","computed":true},"update_time":{"type":"string","description":"Time of last update","description_kind":"plain","computed":true}},"block_types":{"timeouts":{"nesting_mode":"single","block":{"attributes":{"create":{"type":"string","description_kind":"plain","optional":true},"default":{"type":"string","description_kind":"plain","optional":true},"delete":{"type":"string","description_kind":"plain","optional":true},"read":{"type":"string","description_kind":"plain","optional":true},"update":{"type":"string","description_kind":"plain","optional":true}},"description_kind":"plain"}}},"description":"The Account Team resource allows the creation and management of an Account Team.","description_kind":"plain"}},"aiven_account_team_member":{"version":0,"block":{"attributes":{"accepted":{"type":"bool","description":"is a boolean flag that determines whether an invitation was accepted or not by the user. `false` value means that the invitation was sent to the user but not yet accepted. `true` means that the user accepted the invitation and now a member of an account team.","description_kind":"plain","computed":true},"account_id":{"type":"string","description":"The unique account id. This property cannot be changed, doing so forces recreation of the resource.","description_kind":"plain","required":true},"create_time":{"type":"string","description":"Time of creation","description_kind":"plain","computed":true},"id":{"type":"string","description_kind":"plain","optional":true,"computed":true},"invited_by_user_email":{"type":"string","description":"The email address that invited this user.","description_kind":"plain","computed":true},"team_id":{"type":"string","description":"An account team id. This property cannot be changed, doing so forces recreation of the resource.","description_kind":"plain","required":true},"user_email":{"type":"string","description":"Is a user email address that first will be invited, and after accepting an invitation, he or she becomes a member of a team. This property cannot be changed, doing so forces recreation of the resource.","description_kind":"plain","required":true}},"block_types":{"timeouts":{"nesting_mode":"single","block":{"attributes":{"create":{"type":"string","description_kind":"plain","optional":true},"default":{"type":"string","description_kind":"plain","optional":true},"delete":{"type":"string","description_kind":"plain","optional":true},"read":{"type":"string","description_kind":"plain","optional":true},"update":{"type":"string","description_kind":"plain","optional":true}},"description_kind":"plain"}}},"description":"\nThe Account Team Member resource allows the creation and management of an Aiven Account Team Member.\n\nDuring the creation of `aiven_account_team_member`resource, an email invitation will be sent\nto a user using `user_email` address. If the user accepts an invitation, he or she will become\na member of the account team. The deletion of `aiven_account_team_member` will not only\ndelete the invitation if one was sent but not yet accepted by the user, it will also \neliminate an account team member if one has accepted an invitation previously.\n","description_kind":"plain"}},"aiven_account_team_project":{"version":0,"block":{"attributes":{"account_id":{"type":"string","description":"The unique account id","description_kind":"plain","required":true},"id":{"type":"string","description_kind":"plain","optional":true,"computed":true},"project_name":{"type":"string","description":"The name of an already existing project","description_kind":"plain","optional":true},"team_id":{"type":"string","description":"An account team id","description_kind":"plain","required":true},"team_type":{"type":"string","description":"The Account team project type. The possible values are `admin`, `developer`, `operator` and `read_only`.","description_kind":"plain","optional":true}},"block_types":{"timeouts":{"nesting_mode":"single","block":{"attributes":{"create":{"type":"string","description_kind":"plain","optional":true},"default":{"type":"string","description_kind":"plain","optional":true},"delete":{"type":"string","description_kind":"plain","optional":true},"read":{"type":"string","description_kind":"plain","optional":true},"update":{"type":"string","description_kind":"plain","optional":true}},"description_kind":"plain"}}},"description":"\nThe Account Team Project resource allows the creation and management of an Account Team Project.\n\nIt is intended to link an existing project to the existing account team.\nIt is important to note that the project should have an `account_id` property set equal to the\naccount team you are trying to link to this project.\n","description_kind":"plain"}},"aiven_aws_privatelink":{"version":0,"block":{"attributes":{"aws_service_id":{"type":"string","description":"AWS service ID","description_kind":"plain","computed":true},"aws_service_name":{"type":"string","description":"AWS service name","description_kind":"plain","computed":true},"id":{"type":"string","description_kind":"plain","optional":true,"computed":true},"principals":{"type":["set","string"],"description":"List of allowed principals","description_kind":"plain","required":true},"project":{"type":"string","description":"Identifies the project this resource belongs to. To set up proper dependencies please refer to this variable as a reference. This property cannot be changed, doing so forces recreation of the resource.","description_kind":"plain","required":true},"service_name":{"type":"string","description":"Specifies the name of the service that this resource belongs to. To set up proper dependencies please refer to this variable as a reference. This property cannot be changed, doing so forces recreation of the resource.","description_kind":"plain","required":true}},"block_types":{"timeouts":{"nesting_mode":"single","block":{"attributes":{"create":{"type":"string","description_kind":"plain","optional":true},"default":{"type":"string","description_kind":"plain","optional":true},"delete":{"type":"string","description_kind":"plain","optional":true},"read":{"type":"string","description_kind":"plain","optional":true},"update":{"type":"string","description_kind":"plain","optional":true}},"description_kind":"plain"}}},"description":"The AWS Privatelink resource allows the creation and management of Aiven AWS Privatelink for a services.","description_kind":"plain"}},"aiven_aws_vpc_peering_connection":{"version":0,"block":{"attributes":{"aws_account_id":{"type":"string","description":"AWS account ID. This property cannot be changed, doing so forces recreation of the resource.","description_kind":"plain","required":true},"aws_vpc_id":{"type":"string","description":"AWS VPC ID. This property cannot be changed, doing so forces recreation of the resource.","description_kind":"plain","required":true},"aws_vpc_peering_connection_id":{"type":"string","description":"AWS VPC peering connection ID","description_kind":"plain","computed":true},"aws_vpc_region":{"type":"string","description":"AWS region of the peered VPC (if not in the same region as Aiven VPC). This property cannot be changed, doing so forces recreation of the resource.","description_kind":"plain","required":true},"id":{"type":"string","description_kind":"plain","optional":true,"computed":true},"state":{"type":"string","description":"State of the peering connection","description_kind":"plain","computed":true},"state_info":{"type":["map","string"],"description":"State-specific help or error information","description_kind":"plain","computed":true},"vpc_id":{"type":"string","description":"The VPC the peering connection belongs to. This property cannot be changed, doing so forces recreation of the resource.","description_kind":"plain","required":true}},"block_types":{"timeouts":{"nesting_mode":"single","block":{"attributes":{"create":{"type":"string","description_kind":"plain","optional":true},"default":{"type":"string","description_kind":"plain","optional":true},"delete":{"type":"string","description_kind":"plain","optional":true},"read":{"type":"string","description_kind":"plain","optional":true},"update":{"type":"string","description_kind":"plain","optional":true}},"description_kind":"plain"}}},"description":"The AWS VPC Peering Connection resource allows the creation and management of Aiven AWS VPC Peering Connections.","description_kind":"plain"}},"aiven_azure_privatelink":{"version":0,"block":{"attributes":{"azure_service_alias":{"type":"string","description":"Azure Privatelink service alias","description_kind":"plain","computed":true},"azure_service_id":{"type":"string","description":"Azure Privatelink service ID","description_kind":"plain","computed":true},"id":{"type":"string","description_kind":"plain","optional":true,"computed":true},"message":{"type":"string","description":"Printable result of the Azure Privatelink request","description_kind":"plain","computed":true},"project":{"type":"string","description":"Identifies the project this resource belongs to. To set up proper dependencies please refer to this variable as a reference. This property cannot be changed, doing so forces recreation of the resource.","description_kind":"plain","required":true},"service_name":{"type":"string","description":"Specifies the name of the service that this resource belongs to. To set up proper dependencies please refer to this variable as a reference. This property cannot be changed, doing so forces recreation of the resource.","description_kind":"plain","required":true},"state":{"type":"string","description":"Privatelink resource state","description_kind":"plain","computed":true},"user_subscription_ids":{"type":["set","string"],"description":"A List of allowed Subscription IDs. Maximum length: `16`.","description_kind":"plain","required":true}},"block_types":{"timeouts":{"nesting_mode":"single","block":{"attributes":{"create":{"type":"string","description_kind":"plain","optional":true},"default":{"type":"string","description_kind":"plain","optional":true},"delete":{"type":"string","description_kind":"plain","optional":true},"read":{"type":"string","description_kind":"plain","optional":true},"update":{"type":"string","description_kind":"plain","optional":true}},"description_kind":"plain"}}},"description":"The Azure Privatelink resource allows the creation and management of Aiven Azure Privatelink for a services.","description_kind":"plain"}},"aiven_azure_privatelink_connection_approval":{"version":0,"block":{"attributes":{"endpoint_ip_address":{"type":"string","description":"IP address of Azure private endpoint","description_kind":"plain","optional":true},"id":{"type":"string","description_kind":"plain","optional":true,"computed":true},"privatelink_connection_id":{"type":"string","description":"Privatelink connection id","description_kind":"plain","computed":true},"project":{"type":"string","description":"Identifies the project this resource belongs to. To set up proper dependencies please refer to this variable as a reference. This property cannot be changed, doing so forces recreation of the resource.","description_kind":"plain","required":true},"service_name":{"type":"string","description":"Specifies the name of the service that this resource belongs to. To set up proper dependencies please refer to this variable as a reference. This property cannot be changed, doing so forces recreation of the resource.","description_kind":"plain","required":true},"state":{"type":"string","description":"Privatelink connection state","description_kind":"plain","computed":true}},"block_types":{"timeouts":{"nesting_mode":"single","block":{"attributes":{"create":{"type":"string","description_kind":"plain","optional":true},"default":{"type":"string","description_kind":"plain","optional":true},"delete":{"type":"string","description_kind":"plain","optional":true},"read":{"type":"string","description_kind":"plain","optional":true},"update":{"type":"string","description_kind":"plain","optional":true}},"description_kind":"plain"}}},"description":"The Azure privatelink approve resource waits for an aiven privatelink connection on a service and approves it with associated endpoint IP","description_kind":"plain"}},"aiven_azure_vpc_peering_connection":{"version":0,"block":{"attributes":{"azure_subscription_id":{"type":"string","description":"Azure Subscription ID. This property cannot be changed, doing so forces recreation of the resource.","description_kind":"plain","required":true},"id":{"type":"string","description_kind":"plain","optional":true,"computed":true},"peer_azure_app_id":{"type":"string","description":"Azure app registration id in UUID4 form that is allowed to create a peering to the peer vnet. This property cannot be changed, doing so forces recreation of the resource.","description_kind":"plain","required":true},"peer_azure_tenant_id":{"type":"string","description":"Azure tenant id in UUID4 form. This property cannot be changed, doing so forces recreation of the resource.","description_kind":"plain","required":true},"peer_resource_group":{"type":"string","description":"Azure resource group name of the peered VPC. This property cannot be changed, doing so forces recreation of the resource.","description_kind":"plain","required":true},"peering_connection_id":{"type":"string","description":"Cloud provider identifier for the peering connection if available","description_kind":"plain","computed":true},"state":{"type":"string","description":"State of the peering connection","description_kind":"plain","computed":true},"state_info":{"type":["map","string"],"description":"State-specific help or error information","description_kind":"plain","computed":true},"vnet_name":{"type":"string","description":"Azure Network name. This property cannot be changed, doing so forces recreation of the resource.","description_kind":"plain","required":true},"vpc_id":{"type":"string","description":"The VPC the peering connection belongs to. This property cannot be changed, doing so forces recreation of the resource.","description_kind":"plain","required":true}},"block_types":{"timeouts":{"nesting_mode":"single","block":{"attributes":{"create":{"type":"string","description_kind":"plain","optional":true},"default":{"type":"string","description_kind":"plain","optional":true},"delete":{"type":"string","description_kind":"plain","optional":true},"read":{"type":"string","description_kind":"plain","optional":true},"update":{"type":"string","description_kind":"plain","optional":true}},"description_kind":"plain"}}},"description":"The Azure VPC Peering Connection resource allows the creation and management of Aiven VPC Peering Connections.","description_kind":"plain"}},"aiven_billing_group":{"version":0,"block":{"attributes":{"account_id":{"type":"string","description":"Account id","description_kind":"plain","deprecated":true,"optional":true},"address_lines":{"type":["set","string"],"description":"Address lines","description_kind":"plain","optional":true},"billing_currency":{"type":"string","description":"Billing currency","description_kind":"plain","optional":true},"billing_emails":{"type":["set","string"],"description":"Billing contact emails","description_kind":"plain","optional":true},"billing_extra_text":{"type":"string","description":"Billing extra text","description_kind":"plain","optional":true},"card_id":{"type":"string","description":"Credit card id","description_kind":"plain","optional":true},"city":{"type":"string","description":"City","description_kind":"plain","optional":true},"company":{"type":"string","description":"Company name","description_kind":"plain","optional":true},"copy_from_billing_group":{"type":"string","description":"ID of the billing group to copy from","description_kind":"plain","optional":true},"country_code":{"type":"string","description":"Country code","description_kind":"plain","optional":true},"id":{"type":"string","description_kind":"plain","optional":true,"computed":true},"name":{"type":"string","description":"Billing Group name","description_kind":"plain","required":true},"parent_id":{"type":"string","description":"An optional property to link a billing group to an already existing organization or account by using its ID. To set up proper dependencies please refer to this variable as a reference.","description_kind":"plain","optional":true},"state":{"type":"string","description":"State","description_kind":"plain","optional":true},"vat_id":{"type":"string","description":"VAT id","description_kind":"plain","optional":true},"zip_code":{"type":"string","description":"Zip Code","description_kind":"plain","optional":true}},"block_types":{"timeouts":{"nesting_mode":"single","block":{"attributes":{"create":{"type":"string","description_kind":"plain","optional":true},"default":{"type":"string","description_kind":"plain","optional":true},"delete":{"type":"string","description_kind":"plain","optional":true},"read":{"type":"string","description_kind":"plain","optional":true},"update":{"type":"string","description_kind":"plain","optional":true}},"description_kind":"plain"}}},"description":"The Billing Group resource allows the creation and management of Aiven Billing Groups and association with the Projects.","description_kind":"plain"}},"aiven_cassandra":{"version":1,"block":{"attributes":{"additional_disk_space":{"type":"string","description":"Additional disk space. Possible values depend on the service type, the cloud provider and the project. Therefore, reducing will result in the service rebalancing.","description_kind":"plain","optional":true},"cassandra":{"type":["list",["object",{}]],"description":"Cassandra server provided values","description_kind":"plain","computed":true},"cloud_name":{"type":"string","description":"Defines where the cloud provider and region where the service is hosted in. This can be changed freely after service is created. Changing the value will trigger a potentially lengthy migration process for the service. Format is cloud provider name (`aws`, `azure`, `do` `google`, `upcloud`, etc.), dash, and the cloud provider specific region name. These are documented on each Cloud provider's own support articles, like [here for Google](https://cloud.google.com/compute/docs/regions-zones/) and [here for AWS](https://docs.aws.amazon.com/AmazonRDS/latest/UserGuide/Concepts.RegionsAndAvailabilityZones.html).","description_kind":"plain","optional":true},"components":{"type":["list",["object",{"component":"string","host":"string","kafka_authentication_method":"string","port":"number","route":"string","ssl":"bool","usage":"string"}]],"description":"Service component information objects","description_kind":"plain","computed":true},"disk_space":{"type":"string","description":"Service disk space. Possible values depend on the service type, the cloud provider and the project. Therefore, reducing will result in the service rebalancing.","description_kind":"plain","deprecated":true,"optional":true},"disk_space_cap":{"type":"string","description":"The maximum disk space of the service, possible values depend on the service type, the cloud provider and the project.","description_kind":"plain","computed":true},"disk_space_default":{"type":"string","description":"The default disk space of the service, possible values depend on the service type, the cloud provider and the project. Its also the minimum value for `disk_space`","description_kind":"plain","computed":true},"disk_space_step":{"type":"string","description":"The default disk space step of the service, possible values depend on the service type, the cloud provider and the project. `disk_space` needs to increment from `disk_space_default` by increments of this size.","description_kind":"plain","computed":true},"disk_space_used":{"type":"string","description":"Disk space that service is currently using","description_kind":"plain","computed":true},"id":{"type":"string","description_kind":"plain","optional":true,"computed":true},"maintenance_window_dow":{"type":"string","description":"Day of week when maintenance operations should be performed. One monday, tuesday, wednesday, etc.","description_kind":"plain","optional":true},"maintenance_window_time":{"type":"string","description":"Time of day when maintenance operations should be performed. UTC time in HH:mm:ss format.","description_kind":"plain","optional":true},"plan":{"type":"string","description":"Defines what kind of computing resources are allocated for the service. It can be changed after creation, though there are some restrictions when going to a smaller plan such as the new plan must have sufficient amount of disk space to store all current data and switching to a plan with fewer nodes might not be supported. The basic plan names are `hobbyist`, `startup-x`, `business-x` and `premium-x` where `x` is (roughly) the amount of memory on each node (also other attributes like number of CPUs and amount of disk space varies but naming is based on memory). The available options can be seem from the [Aiven pricing page](https://aiven.io/pricing).","description_kind":"plain","required":true},"project":{"type":"string","description":"Identifies the project this resource belongs to. To set up proper dependencies please refer to this variable as a reference. This property cannot be changed, doing so forces recreation of the resource.","description_kind":"plain","required":true},"project_vpc_id":{"type":"string","description":"Specifies the VPC the service should run in. If the value is not set the service is not run inside a VPC. When set, the value should be given as a reference to set up dependencies correctly and the VPC must be in the same cloud and region as the service itself. Project can be freely moved to and from VPC after creation but doing so triggers migration to new servers so the operation can take significant amount of time to complete if the service has a lot of data.","description_kind":"plain","optional":true},"service_host":{"type":"string","description":"The hostname of the service.","description_kind":"plain","computed":true},"service_name":{"type":"string","description":"Specifies the actual name of the service. The name cannot be changed later without destroying and re-creating the service so name should be picked based on intended service usage rather than current attributes.","description_kind":"plain","required":true},"service_password":{"type":"string","description":"Password used for connecting to the service, if applicable","description_kind":"plain","computed":true,"sensitive":true},"service_port":{"type":"number","description":"The port of the service","description_kind":"plain","computed":true},"service_type":{"type":"string","description":"Aiven internal service type code","description_kind":"plain","computed":true},"service_uri":{"type":"string","description":"URI for connecting to the service. Service specific info is under \"kafka\", \"pg\", etc.","description_kind":"plain","computed":true,"sensitive":true},"service_username":{"type":"string","description":"Username used for connecting to the service, if applicable","description_kind":"plain","computed":true},"state":{"type":"string","description":"Service state. One of `POWEROFF`, `REBALANCING`, `REBUILDING` or `RUNNING`","description_kind":"plain","computed":true},"static_ips":{"type":["set","string"],"description":"Static IPs that are going to be associated with this service. Please assign a value using the 'toset' function. Once a static ip resource is in the 'assigned' state it cannot be unbound from the node again","description_kind":"plain","optional":true},"termination_protection":{"type":"bool","description":"Prevents the service from being deleted. It is recommended to set this to `true` for all production services to prevent unintentional service deletion. This does not shield against deleting databases or topics but for services with backups much of the content can at least be restored from backup in case accidental deletion is done.","description_kind":"plain","optional":true}},"block_types":{"cassandra_user_config":{"nesting_mode":"list","block":{"attributes":{"additional_backup_regions":{"type":["list","string"],"description":"Additional Cloud Regions for Backup Replication.","description_kind":"plain","optional":true},"backup_hour":{"type":"number","description":"The hour of day (in UTC) when backup for the service is started. New backup is only started if previous backup has already completed.","description_kind":"plain","optional":true},"backup_minute":{"type":"number","description":"The minute of an hour when backup for the service is started. New backup is only started if previous backup has already completed.","description_kind":"plain","optional":true},"cassandra_version":{"type":"string","description":"Cassandra major version.","description_kind":"plain","optional":true},"ip_filter":{"type":["list","string"],"description":"Allow incoming connections from CIDR address block, e.g. '10.20.0.0/16'.","description_kind":"plain","deprecated":true,"optional":true},"ip_filter_string":{"type":["list","string"],"description":"Allow incoming connections from CIDR address block, e.g. '10.20.0.0/16'.","description_kind":"plain","optional":true},"migrate_sstableloader":{"type":"bool","description":"Sets the service into migration mode enabling the sstableloader utility to be used to upload Cassandra data files. Available only on service create.","description_kind":"plain","optional":true},"project_to_fork_from":{"type":"string","description":"Name of another project to fork a service from. This has effect only when a new service is being created.","description_kind":"plain","optional":true},"service_to_fork_from":{"type":"string","description":"Name of another service to fork from. This has effect only when a new service is being created.","description_kind":"plain","optional":true},"service_to_join_with":{"type":"string","description":"When bootstrapping, instead of creating a new Cassandra cluster try to join an existing one from another service. Can only be set on service creation.","description_kind":"plain","optional":true},"static_ips":{"type":"bool","description":"Use static public IP addresses.","description_kind":"plain","optional":true}},"block_types":{"cassandra":{"nesting_mode":"list","block":{"attributes":{"batch_size_fail_threshold_in_kb":{"type":"number","description":"Fail any multiple-partition batch exceeding this value. 50kb (10x warn threshold) by default.","description_kind":"plain","optional":true},"batch_size_warn_threshold_in_kb":{"type":"number","description":"Log a warning message on any multiple-partition batch size exceeding this value.5kb per batch by default.Caution should be taken on increasing the size of this thresholdas it can lead to node instability.","description_kind":"plain","optional":true},"datacenter":{"type":"string","description":"Name of the datacenter to which nodes of this service belong. Can be set only when creating the service.","description_kind":"plain","optional":true}},"description":"cassandra configuration values.","description_kind":"plain"},"max_items":1},"ip_filter_object":{"nesting_mode":"list","block":{"attributes":{"description":{"type":"string","description":"Description for IP filter list entry.","description_kind":"plain","optional":true},"network":{"type":"string","description":"CIDR address block.","description_kind":"plain","required":true}},"description":"Allow incoming connections from CIDR address block, e.g. '10.20.0.0/16'.","description_kind":"plain"},"max_items":1024},"private_access":{"nesting_mode":"list","block":{"attributes":{"prometheus":{"type":"bool","description":"Allow clients to connect to prometheus with a DNS name that always resolves to the service's private IP addresses. Only available in certain network locations.","description_kind":"plain","optional":true}},"description":"Allow access to selected service ports from private networks.","description_kind":"plain"},"max_items":1},"public_access":{"nesting_mode":"list","block":{"attributes":{"prometheus":{"type":"bool","description":"Allow clients to connect to prometheus from the public internet for service nodes that are in a project VPC or another type of private network.","description_kind":"plain","optional":true}},"description":"Allow access to selected service ports from the public Internet.","description_kind":"plain"},"max_items":1}},"description":"Cassandra user configurable settings","description_kind":"plain"},"max_items":1},"service_integrations":{"nesting_mode":"list","block":{"attributes":{"integration_type":{"type":"string","description":"Type of the service integration. The only supported value at the moment is `read_replica`","description_kind":"plain","required":true},"source_service_name":{"type":"string","description":"Name of the source service","description_kind":"plain","required":true}},"description":"Service integrations to specify when creating a service. Not applied after initial service creation","description_kind":"plain"}},"tag":{"nesting_mode":"set","block":{"attributes":{"key":{"type":"string","description":"Service tag key","description_kind":"plain","required":true},"value":{"type":"string","description":"Service tag value","description_kind":"plain","required":true}},"description":"Tags are key-value pairs that allow you to categorize services.","description_kind":"plain"}},"timeouts":{"nesting_mode":"single","block":{"attributes":{"create":{"type":"string","description_kind":"plain","optional":true},"default":{"type":"string","description_kind":"plain","optional":true},"delete":{"type":"string","description_kind":"plain","optional":true},"read":{"type":"string","description_kind":"plain","optional":true},"update":{"type":"string","description_kind":"plain","optional":true}},"description_kind":"plain"}}},"description":"The Cassandra resource allows the creation and management of Aiven Cassandra services.","description_kind":"plain"}},"aiven_cassandra_user":{"version":0,"block":{"attributes":{"access_cert":{"type":"string","description":"Access certificate for the user if applicable for the service in question","description_kind":"plain","computed":true,"sensitive":true},"access_key":{"type":"string","description":"Access certificate key for the user if applicable for the service in question","description_kind":"plain","computed":true,"sensitive":true},"id":{"type":"string","description_kind":"plain","optional":true,"computed":true},"password":{"type":"string","description":"The password of the Cassandra User.","description_kind":"plain","optional":true,"computed":true,"sensitive":true},"project":{"type":"string","description":"Identifies the project this resource belongs to. To set up proper dependencies please refer to this variable as a reference. This property cannot be changed, doing so forces recreation of the resource.","description_kind":"plain","required":true},"service_name":{"type":"string","description":"Specifies the name of the service that this resource belongs to. To set up proper dependencies please refer to this variable as a reference. This property cannot be changed, doing so forces recreation of the resource.","description_kind":"plain","required":true},"type":{"type":"string","description":"Type of the user account. Tells whether the user is the primary account or a regular account.","description_kind":"plain","computed":true},"username":{"type":"string","description":"The actual name of the Cassandra User. To set up proper dependencies please refer to this variable as a reference. This property cannot be changed, doing so forces recreation of the resource.","description_kind":"plain","required":true}},"block_types":{"timeouts":{"nesting_mode":"single","block":{"attributes":{"create":{"type":"string","description_kind":"plain","optional":true},"default":{"type":"string","description_kind":"plain","optional":true},"delete":{"type":"string","description_kind":"plain","optional":true},"read":{"type":"string","description_kind":"plain","optional":true},"update":{"type":"string","description_kind":"plain","optional":true}},"description_kind":"plain"}}},"description":"The Cassandra User resource allows the creation and management of Aiven Cassandra Users.","description_kind":"plain"}},"aiven_clickhouse":{"version":0,"block":{"attributes":{"additional_disk_space":{"type":"string","description":"Additional disk space. Possible values depend on the service type, the cloud provider and the project. Therefore, reducing will result in the service rebalancing.","description_kind":"plain","optional":true},"clickhouse":{"type":["list",["object",{}]],"description":"Clickhouse server provided values","description_kind":"plain","computed":true},"cloud_name":{"type":"string","description":"Defines where the cloud provider and region where the service is hosted in. This can be changed freely after service is created. Changing the value will trigger a potentially lengthy migration process for the service. Format is cloud provider name (`aws`, `azure`, `do` `google`, `upcloud`, etc.), dash, and the cloud provider specific region name. These are documented on each Cloud provider's own support articles, like [here for Google](https://cloud.google.com/compute/docs/regions-zones/) and [here for AWS](https://docs.aws.amazon.com/AmazonRDS/latest/UserGuide/Concepts.RegionsAndAvailabilityZones.html).","description_kind":"plain","optional":true},"components":{"type":["list",["object",{"component":"string","host":"string","kafka_authentication_method":"string","port":"number","route":"string","ssl":"bool","usage":"string"}]],"description":"Service component information objects","description_kind":"plain","computed":true},"disk_space":{"type":"string","description":"Service disk space. Possible values depend on the service type, the cloud provider and the project. Therefore, reducing will result in the service rebalancing.","description_kind":"plain","deprecated":true,"optional":true},"disk_space_cap":{"type":"string","description":"The maximum disk space of the service, possible values depend on the service type, the cloud provider and the project.","description_kind":"plain","computed":true},"disk_space_default":{"type":"string","description":"The default disk space of the service, possible values depend on the service type, the cloud provider and the project. Its also the minimum value for `disk_space`","description_kind":"plain","computed":true},"disk_space_step":{"type":"string","description":"The default disk space step of the service, possible values depend on the service type, the cloud provider and the project. `disk_space` needs to increment from `disk_space_default` by increments of this size.","description_kind":"plain","computed":true},"disk_space_used":{"type":"string","description":"Disk space that service is currently using","description_kind":"plain","computed":true},"id":{"type":"string","description_kind":"plain","optional":true,"computed":true},"maintenance_window_dow":{"type":"string","description":"Day of week when maintenance operations should be performed. One monday, tuesday, wednesday, etc.","description_kind":"plain","optional":true},"maintenance_window_time":{"type":"string","description":"Time of day when maintenance operations should be performed. UTC time in HH:mm:ss format.","description_kind":"plain","optional":true},"plan":{"type":"string","description":"Defines what kind of computing resources are allocated for the service. It can be changed after creation, though there are some restrictions when going to a smaller plan such as the new plan must have sufficient amount of disk space to store all current data and switching to a plan with fewer nodes might not be supported. The basic plan names are `hobbyist`, `startup-x`, `business-x` and `premium-x` where `x` is (roughly) the amount of memory on each node (also other attributes like number of CPUs and amount of disk space varies but naming is based on memory). The available options can be seem from the [Aiven pricing page](https://aiven.io/pricing).","description_kind":"plain","required":true},"project":{"type":"string","description":"Identifies the project this resource belongs to. To set up proper dependencies please refer to this variable as a reference. This property cannot be changed, doing so forces recreation of the resource.","description_kind":"plain","required":true},"project_vpc_id":{"type":"string","description":"Specifies the VPC the service should run in. If the value is not set the service is not run inside a VPC. When set, the value should be given as a reference to set up dependencies correctly and the VPC must be in the same cloud and region as the service itself. Project can be freely moved to and from VPC after creation but doing so triggers migration to new servers so the operation can take significant amount of time to complete if the service has a lot of data.","description_kind":"plain","optional":true},"service_host":{"type":"string","description":"The hostname of the service.","description_kind":"plain","computed":true},"service_name":{"type":"string","description":"Specifies the actual name of the service. The name cannot be changed later without destroying and re-creating the service so name should be picked based on intended service usage rather than current attributes.","description_kind":"plain","required":true},"service_password":{"type":"string","description":"Password used for connecting to the service, if applicable","description_kind":"plain","computed":true,"sensitive":true},"service_port":{"type":"number","description":"The port of the service","description_kind":"plain","computed":true},"service_type":{"type":"string","description":"Aiven internal service type code","description_kind":"plain","computed":true},"service_uri":{"type":"string","description":"URI for connecting to the service. Service specific info is under \"kafka\", \"pg\", etc.","description_kind":"plain","computed":true,"sensitive":true},"service_username":{"type":"string","description":"Username used for connecting to the service, if applicable","description_kind":"plain","computed":true},"state":{"type":"string","description":"Service state. One of `POWEROFF`, `REBALANCING`, `REBUILDING` or `RUNNING`","description_kind":"plain","computed":true},"static_ips":{"type":["set","string"],"description":"Static IPs that are going to be associated with this service. Please assign a value using the 'toset' function. Once a static ip resource is in the 'assigned' state it cannot be unbound from the node again","description_kind":"plain","optional":true},"termination_protection":{"type":"bool","description":"Prevents the service from being deleted. It is recommended to set this to `true` for all production services to prevent unintentional service deletion. This does not shield against deleting databases or topics but for services with backups much of the content can at least be restored from backup in case accidental deletion is done.","description_kind":"plain","optional":true}},"block_types":{"clickhouse_user_config":{"nesting_mode":"list","block":{"attributes":{"additional_backup_regions":{"type":["list","string"],"description":"Additional Cloud Regions for Backup Replication.","description_kind":"plain","optional":true},"ip_filter":{"type":["list","string"],"description":"Allow incoming connections from CIDR address block, e.g. '10.20.0.0/16'.","description_kind":"plain","deprecated":true,"optional":true},"ip_filter_string":{"type":["list","string"],"description":"Allow incoming connections from CIDR address block, e.g. '10.20.0.0/16'.","description_kind":"plain","optional":true},"project_to_fork_from":{"type":"string","description":"Name of another project to fork a service from. This has effect only when a new service is being created.","description_kind":"plain","optional":true},"service_to_fork_from":{"type":"string","description":"Name of another service to fork from. This has effect only when a new service is being created.","description_kind":"plain","optional":true},"static_ips":{"type":"bool","description":"Use static public IP addresses.","description_kind":"plain","optional":true}},"block_types":{"ip_filter_object":{"nesting_mode":"list","block":{"attributes":{"description":{"type":"string","description":"Description for IP filter list entry.","description_kind":"plain","optional":true},"network":{"type":"string","description":"CIDR address block.","description_kind":"plain","required":true}},"description":"Allow incoming connections from CIDR address block, e.g. '10.20.0.0/16'.","description_kind":"plain"},"max_items":1024},"private_access":{"nesting_mode":"list","block":{"attributes":{"clickhouse":{"type":"bool","description":"Allow clients to connect to clickhouse with a DNS name that always resolves to the service's private IP addresses. Only available in certain network locations.","description_kind":"plain","optional":true},"clickhouse_https":{"type":"bool","description":"Allow clients to connect to clickhouse_https with a DNS name that always resolves to the service's private IP addresses. Only available in certain network locations.","description_kind":"plain","optional":true},"prometheus":{"type":"bool","description":"Allow clients to connect to prometheus with a DNS name that always resolves to the service's private IP addresses. Only available in certain network locations.","description_kind":"plain","optional":true}},"description":"Allow access to selected service ports from private networks.","description_kind":"plain"},"max_items":1},"privatelink_access":{"nesting_mode":"list","block":{"attributes":{"clickhouse":{"type":"bool","description":"Enable clickhouse.","description_kind":"plain","optional":true},"clickhouse_https":{"type":"bool","description":"Enable clickhouse_https.","description_kind":"plain","optional":true},"prometheus":{"type":"bool","description":"Enable prometheus.","description_kind":"plain","optional":true}},"description":"Allow access to selected service components through Privatelink.","description_kind":"plain"},"max_items":1},"public_access":{"nesting_mode":"list","block":{"attributes":{"clickhouse":{"type":"bool","description":"Allow clients to connect to clickhouse from the public internet for service nodes that are in a project VPC or another type of private network.","description_kind":"plain","optional":true},"clickhouse_https":{"type":"bool","description":"Allow clients to connect to clickhouse_https from the public internet for service nodes that are in a project VPC or another type of private network.","description_kind":"plain","optional":true},"prometheus":{"type":"bool","description":"Allow clients to connect to prometheus from the public internet for service nodes that are in a project VPC or another type of private network.","description_kind":"plain","optional":true}},"description":"Allow access to selected service ports from the public Internet.","description_kind":"plain"},"max_items":1}},"description":"Clickhouse user configurable settings","description_kind":"plain"},"max_items":1},"service_integrations":{"nesting_mode":"list","block":{"attributes":{"integration_type":{"type":"string","description":"Type of the service integration. The only supported values at the moment are `clickhouse_kafka` and `clickhouse_postgresql`.","description_kind":"plain","required":true},"source_service_name":{"type":"string","description":"Name of the source service","description_kind":"plain","required":true}},"description":"Service integrations to specify when creating a service. Not applied after initial service creation","description_kind":"plain"}},"tag":{"nesting_mode":"set","block":{"attributes":{"key":{"type":"string","description":"Service tag key","description_kind":"plain","required":true},"value":{"type":"string","description":"Service tag value","description_kind":"plain","required":true}},"description":"Tags are key-value pairs that allow you to categorize services.","description_kind":"plain"}},"timeouts":{"nesting_mode":"single","block":{"attributes":{"create":{"type":"string","description_kind":"plain","optional":true},"default":{"type":"string","description_kind":"plain","optional":true},"delete":{"type":"string","description_kind":"plain","optional":true},"read":{"type":"string","description_kind":"plain","optional":true},"update":{"type":"string","description_kind":"plain","optional":true}},"description_kind":"plain"}}},"description":"The Clickhouse resource allows the creation and management of Aiven Clickhouse services.","description_kind":"plain"}},"aiven_clickhouse_database":{"version":0,"block":{"attributes":{"id":{"type":"string","description_kind":"plain","optional":true,"computed":true},"name":{"type":"string","description":"The name of the Clickhouse database. This property cannot be changed, doing so forces recreation of the resource.","description_kind":"plain","required":true},"project":{"type":"string","description":"Identifies the project this resource belongs to. To set up proper dependencies please refer to this variable as a reference. This property cannot be changed, doing so forces recreation of the resource.","description_kind":"plain","required":true},"service_name":{"type":"string","description":"Specifies the name of the service that this resource belongs to. To set up proper dependencies please refer to this variable as a reference. This property cannot be changed, doing so forces recreation of the resource.","description_kind":"plain","required":true},"termination_protection":{"type":"bool","description":"It is a Terraform client-side deletion protections, which prevents the Clickhouse database from being deleted by Terraform. It is recommended to enable this for any production Clickhouse databases containing critical data. The default value is `false`.","description_kind":"plain","optional":true}},"block_types":{"timeouts":{"nesting_mode":"single","block":{"attributes":{"create":{"type":"string","description_kind":"plain","optional":true},"default":{"type":"string","description_kind":"plain","optional":true},"delete":{"type":"string","description_kind":"plain","optional":true},"read":{"type":"string","description_kind":"plain","optional":true},"update":{"type":"string","description_kind":"plain","optional":true}},"description_kind":"plain"}}},"description":"The Clickhouse Database resource allows the creation and management of Aiven Clickhouse Databases.","description_kind":"plain"}},"aiven_clickhouse_grant":{"version":0,"block":{"attributes":{"id":{"type":"string","description_kind":"plain","optional":true,"computed":true},"project":{"type":"string","description":"Identifies the project this resource belongs to. To set up proper dependencies please refer to this variable as a reference. This property cannot be changed, doing so forces recreation of the resource.","description_kind":"plain","required":true},"role":{"type":"string","description":"The role to grant privileges or roles to. To set up proper dependencies please refer to this variable as a reference. This property cannot be changed, doing so forces recreation of the resource.","description_kind":"plain","optional":true},"service_name":{"type":"string","description":"Specifies the name of the service that this resource belongs to. To set up proper dependencies please refer to this variable as a reference. This property cannot be changed, doing so forces recreation of the resource.","description_kind":"plain","required":true},"user":{"type":"string","description":"The user to grant privileges or roles to. To set up proper dependencies please refer to this variable as a reference. This property cannot be changed, doing so forces recreation of the resource.","description_kind":"plain","optional":true}},"block_types":{"privilege_grant":{"nesting_mode":"set","block":{"attributes":{"column":{"type":"string","description":"The column that the grant refers to. This property cannot be changed, doing so forces recreation of the resource.","description_kind":"plain","optional":true},"database":{"type":"string","description":"The database that the grant refers to. To set up proper dependencies please refer to this variable as a reference. This property cannot be changed, doing so forces recreation of the resource.","description_kind":"plain","required":true},"privilege":{"type":"string","description":"The privilege to grant, i.e. 'INSERT', 'SELECT', etc. This property cannot be changed, doing so forces recreation of the resource.","description_kind":"plain","optional":true},"table":{"type":"string","description":"The table that the grant refers to. This property cannot be changed, doing so forces recreation of the resource.","description_kind":"plain","optional":true},"with_grant":{"type":"bool","description":"If true then the grantee gets the ability to grant the privileges he received too. This property cannot be changed, doing so forces recreation of the resource.","description_kind":"plain","optional":true}},"description":"Configuration to grant a privilege. This property cannot be changed, doing so forces recreation of the resource.","description_kind":"plain"}},"role_grant":{"nesting_mode":"set","block":{"attributes":{"role":{"type":"string","description":"The role that is to be granted. To set up proper dependencies please refer to this variable as a reference. This property cannot be changed, doing so forces recreation of the resource.","description_kind":"plain","optional":true}},"description":"Configuration to grant a role. This property cannot be changed, doing so forces recreation of the resource.","description_kind":"plain"}},"timeouts":{"nesting_mode":"single","block":{"attributes":{"create":{"type":"string","description_kind":"plain","optional":true},"default":{"type":"string","description_kind":"plain","optional":true},"delete":{"type":"string","description_kind":"plain","optional":true},"read":{"type":"string","description_kind":"plain","optional":true},"update":{"type":"string","description_kind":"plain","optional":true}},"description_kind":"plain"}}},"description":"The Clickhouse Grant resource allows the creation and management of Grants in Aiven Clickhouse services.\n\nNotes:\n* Due to a ambiguity in the GRANT syntax in clickhouse you should not have users and roles with the same name. It is not clear if a grant refers to the user or the role.\n* To grant a privilege on all tables of a database, do not write table = \"*\". Instead, omit the table and only keep the database.\n* Currently changes will first revoke all grants and then reissue the remaining grants for convergence.\n","description_kind":"plain"}},"aiven_clickhouse_role":{"version":0,"block":{"attributes":{"id":{"type":"string","description_kind":"plain","optional":true,"computed":true},"project":{"type":"string","description":"Identifies the project this resource belongs to. To set up proper dependencies please refer to this variable as a reference. This property cannot be changed, doing so forces recreation of the resource.","description_kind":"plain","required":true},"role":{"type":"string","description":"The role that is to be created. This property cannot be changed, doing so forces recreation of the resource.","description_kind":"plain","required":true},"service_name":{"type":"string","description":"Specifies the name of the service that this resource belongs to. To set up proper dependencies please refer to this variable as a reference. This property cannot be changed, doing so forces recreation of the resource.","description_kind":"plain","required":true}},"block_types":{"timeouts":{"nesting_mode":"single","block":{"attributes":{"create":{"type":"string","description_kind":"plain","optional":true},"default":{"type":"string","description_kind":"plain","optional":true},"delete":{"type":"string","description_kind":"plain","optional":true},"read":{"type":"string","description_kind":"plain","optional":true},"update":{"type":"string","description_kind":"plain","optional":true}},"description_kind":"plain"}}},"description":"The Clickhouse Role resource allows the creation and management of Roles in Aiven Clickhouse services","description_kind":"plain"}},"aiven_clickhouse_user":{"version":0,"block":{"attributes":{"id":{"type":"string","description_kind":"plain","optional":true,"computed":true},"password":{"type":"string","description":"The password of the clickhouse user.","description_kind":"plain","computed":true,"sensitive":true},"project":{"type":"string","description":"Identifies the project this resource belongs to. To set up proper dependencies please refer to this variable as a reference. This property cannot be changed, doing so forces recreation of the resource.","description_kind":"plain","required":true},"required":{"type":"bool","description":"Indicates if a clickhouse user is required","description_kind":"plain","computed":true},"service_name":{"type":"string","description":"Specifies the name of the service that this resource belongs to. To set up proper dependencies please refer to this variable as a reference. This property cannot be changed, doing so forces recreation of the resource.","description_kind":"plain","required":true},"username":{"type":"string","description":"The actual name of the Clickhouse user. This property cannot be changed, doing so forces recreation of the resource.","description_kind":"plain","required":true},"uuid":{"type":"string","description":"UUID of the clickhouse user.","description_kind":"plain","computed":true}},"block_types":{"timeouts":{"nesting_mode":"single","block":{"attributes":{"create":{"type":"string","description_kind":"plain","optional":true},"default":{"type":"string","description_kind":"plain","optional":true},"delete":{"type":"string","description_kind":"plain","optional":true},"read":{"type":"string","description_kind":"plain","optional":true},"update":{"type":"string","description_kind":"plain","optional":true}},"description_kind":"plain"}}},"description":"The Clickhouse User resource allows the creation and management of Aiven Clikhouse Users.","description_kind":"plain"}},"aiven_connection_pool":{"version":0,"block":{"attributes":{"connection_uri":{"type":"string","description":"The URI for connecting to the pool","description_kind":"plain","computed":true,"sensitive":true},"database_name":{"type":"string","description":"The name of the database the pool connects to. To set up proper dependencies please refer to this variable as a reference. This property cannot be changed, doing so forces recreation of the resource.","description_kind":"plain","required":true},"id":{"type":"string","description_kind":"plain","optional":true,"computed":true},"pool_mode":{"type":"string","description":"The mode the pool operates in. The possible values are `session`, `transaction` and `statement`. The default value is `transaction`.","description_kind":"plain","optional":true},"pool_name":{"type":"string","description":"The name of the created pool. This property cannot be changed, doing so forces recreation of the resource.","description_kind":"plain","required":true},"pool_size":{"type":"number","description":"The number of connections the pool may create towards the backend server. This does not affect the number of incoming connections, which is always a much larger number. The default value is `10`.","description_kind":"plain","optional":true},"project":{"type":"string","description":"Identifies the project this resource belongs to. To set up proper dependencies please refer to this variable as a reference. This property cannot be changed, doing so forces recreation of the resource.","description_kind":"plain","required":true},"service_name":{"type":"string","description":"Specifies the name of the service that this resource belongs to. To set up proper dependencies please refer to this variable as a reference. This property cannot be changed, doing so forces recreation of the resource.","description_kind":"plain","required":true},"username":{"type":"string","description":"The name of the service user used to connect to the database. To set up proper dependencies please refer to this variable as a reference.","description_kind":"plain","optional":true}},"block_types":{"timeouts":{"nesting_mode":"single","block":{"attributes":{"create":{"type":"string","description_kind":"plain","optional":true},"default":{"type":"string","description_kind":"plain","optional":true},"delete":{"type":"string","description_kind":"plain","optional":true},"read":{"type":"string","description_kind":"plain","optional":true},"update":{"type":"string","description_kind":"plain","optional":true}},"description_kind":"plain"}}},"description":"The Connection Pool resource allows the creation and management of Aiven Connection Pools.","description_kind":"plain"}},"aiven_flink":{"version":1,"block":{"attributes":{"additional_disk_space":{"type":"string","description":"Additional disk space. Possible values depend on the service type, the cloud provider and the project. Therefore, reducing will result in the service rebalancing.","description_kind":"plain","optional":true},"cloud_name":{"type":"string","description":"Defines where the cloud provider and region where the service is hosted in. This can be changed freely after service is created. Changing the value will trigger a potentially lengthy migration process for the service. Format is cloud provider name (`aws`, `azure`, `do` `google`, `upcloud`, etc.), dash, and the cloud provider specific region name. These are documented on each Cloud provider's own support articles, like [here for Google](https://cloud.google.com/compute/docs/regions-zones/) and [here for AWS](https://docs.aws.amazon.com/AmazonRDS/latest/UserGuide/Concepts.RegionsAndAvailabilityZones.html).","description_kind":"plain","optional":true},"components":{"type":["list",["object",{"component":"string","host":"string","kafka_authentication_method":"string","port":"number","route":"string","ssl":"bool","usage":"string"}]],"description":"Service component information objects","description_kind":"plain","computed":true},"disk_space":{"type":"string","description":"Service disk space. Possible values depend on the service type, the cloud provider and the project. Therefore, reducing will result in the service rebalancing.","description_kind":"plain","deprecated":true,"optional":true},"disk_space_cap":{"type":"string","description":"The maximum disk space of the service, possible values depend on the service type, the cloud provider and the project.","description_kind":"plain","computed":true},"disk_space_default":{"type":"string","description":"The default disk space of the service, possible values depend on the service type, the cloud provider and the project. Its also the minimum value for `disk_space`","description_kind":"plain","computed":true},"disk_space_step":{"type":"string","description":"The default disk space step of the service, possible values depend on the service type, the cloud provider and the project. `disk_space` needs to increment from `disk_space_default` by increments of this size.","description_kind":"plain","computed":true},"disk_space_used":{"type":"string","description":"Disk space that service is currently using","description_kind":"plain","computed":true},"id":{"type":"string","description_kind":"plain","optional":true,"computed":true},"maintenance_window_dow":{"type":"string","description":"Day of week when maintenance operations should be performed. One monday, tuesday, wednesday, etc.","description_kind":"plain","optional":true},"maintenance_window_time":{"type":"string","description":"Time of day when maintenance operations should be performed. UTC time in HH:mm:ss format.","description_kind":"plain","optional":true},"plan":{"type":"string","description":"Defines what kind of computing resources are allocated for the service. It can be changed after creation, though there are some restrictions when going to a smaller plan such as the new plan must have sufficient amount of disk space to store all current data and switching to a plan with fewer nodes might not be supported. The basic plan names are `hobbyist`, `startup-x`, `business-x` and `premium-x` where `x` is (roughly) the amount of memory on each node (also other attributes like number of CPUs and amount of disk space varies but naming is based on memory). The available options can be seem from the [Aiven pricing page](https://aiven.io/pricing).","description_kind":"plain","required":true},"project":{"type":"string","description":"Identifies the project this resource belongs to. To set up proper dependencies please refer to this variable as a reference. This property cannot be changed, doing so forces recreation of the resource.","description_kind":"plain","required":true},"project_vpc_id":{"type":"string","description":"Specifies the VPC the service should run in. If the value is not set the service is not run inside a VPC. When set, the value should be given as a reference to set up dependencies correctly and the VPC must be in the same cloud and region as the service itself. Project can be freely moved to and from VPC after creation but doing so triggers migration to new servers so the operation can take significant amount of time to complete if the service has a lot of data.","description_kind":"plain","optional":true},"service_host":{"type":"string","description":"The hostname of the service.","description_kind":"plain","computed":true},"service_name":{"type":"string","description":"Specifies the actual name of the service. The name cannot be changed later without destroying and re-creating the service so name should be picked based on intended service usage rather than current attributes.","description_kind":"plain","required":true},"service_password":{"type":"string","description":"Password used for connecting to the service, if applicable","description_kind":"plain","computed":true,"sensitive":true},"service_port":{"type":"number","description":"The port of the service","description_kind":"plain","computed":true},"service_type":{"type":"string","description":"Aiven internal service type code","description_kind":"plain","computed":true},"service_uri":{"type":"string","description":"URI for connecting to the service. Service specific info is under \"kafka\", \"pg\", etc.","description_kind":"plain","computed":true,"sensitive":true},"service_username":{"type":"string","description":"Username used for connecting to the service, if applicable","description_kind":"plain","computed":true},"state":{"type":"string","description":"Service state. One of `POWEROFF`, `REBALANCING`, `REBUILDING` or `RUNNING`","description_kind":"plain","computed":true},"static_ips":{"type":["set","string"],"description":"Static IPs that are going to be associated with this service. Please assign a value using the 'toset' function. Once a static ip resource is in the 'assigned' state it cannot be unbound from the node again","description_kind":"plain","optional":true},"termination_protection":{"type":"bool","description":"Prevents the service from being deleted. It is recommended to set this to `true` for all production services to prevent unintentional service deletion. This does not shield against deleting databases or topics but for services with backups much of the content can at least be restored from backup in case accidental deletion is done.","description_kind":"plain","optional":true}},"block_types":{"flink":{"nesting_mode":"list","block":{"attributes":{"host_ports":{"type":["list","string"],"description":"Host and Port of a Flink server","description_kind":"plain","optional":true,"computed":true}},"description":"Flink server provided values","description_kind":"plain"},"max_items":1},"flink_user_config":{"nesting_mode":"list","block":{"attributes":{"flink_version":{"type":"string","description":"Flink major version.","description_kind":"plain","optional":true},"ip_filter":{"type":["list","string"],"description":"Allow incoming connections from CIDR address block, e.g. '10.20.0.0/16'.","description_kind":"plain","deprecated":true,"optional":true},"ip_filter_string":{"type":["list","string"],"description":"Allow incoming connections from CIDR address block, e.g. '10.20.0.0/16'.","description_kind":"plain","optional":true},"number_of_task_slots":{"type":"number","description":"Task slots per node. For a 3 node plan, total number of task slots is 3x this value.","description_kind":"plain","optional":true}},"block_types":{"ip_filter_object":{"nesting_mode":"list","block":{"attributes":{"description":{"type":"string","description":"Description for IP filter list entry.","description_kind":"plain","optional":true},"network":{"type":"string","description":"CIDR address block.","description_kind":"plain","required":true}},"description":"Allow incoming connections from CIDR address block, e.g. '10.20.0.0/16'.","description_kind":"plain"},"max_items":1024},"privatelink_access":{"nesting_mode":"list","block":{"attributes":{"flink":{"type":"bool","description":"Enable flink.","description_kind":"plain","optional":true},"prometheus":{"type":"bool","description":"Enable prometheus.","description_kind":"plain","optional":true}},"description":"Allow access to selected service components through Privatelink.","description_kind":"plain"},"max_items":1}},"description":"Flink user configurable settings","description_kind":"plain"},"max_items":1},"service_integrations":{"nesting_mode":"list","block":{"attributes":{"integration_type":{"type":"string","description":"Type of the service integration. The only supported value at the moment is `read_replica`","description_kind":"plain","required":true},"source_service_name":{"type":"string","description":"Name of the source service","description_kind":"plain","required":true}},"description":"Service integrations to specify when creating a service. Not applied after initial service creation","description_kind":"plain"}},"tag":{"nesting_mode":"set","block":{"attributes":{"key":{"type":"string","description":"Service tag key","description_kind":"plain","required":true},"value":{"type":"string","description":"Service tag value","description_kind":"plain","required":true}},"description":"Tags are key-value pairs that allow you to categorize services.","description_kind":"plain"}},"timeouts":{"nesting_mode":"single","block":{"attributes":{"create":{"type":"string","description_kind":"plain","optional":true},"default":{"type":"string","description_kind":"plain","optional":true},"delete":{"type":"string","description_kind":"plain","optional":true},"read":{"type":"string","description_kind":"plain","optional":true},"update":{"type":"string","description_kind":"plain","optional":true}},"description_kind":"plain"}}},"description":"The Flink resource allows the creation and management of Aiven Flink services.","description_kind":"plain"}},"aiven_flink_application":{"version":0,"block":{"attributes":{"application_id":{"type":"string","description":"Application ID","description_kind":"plain","computed":true},"created_at":{"type":"string","description":"Application creation time","description_kind":"plain","computed":true},"created_by":{"type":"string","description":"Application creator","description_kind":"plain","computed":true},"id":{"type":"string","description_kind":"plain","optional":true,"computed":true},"name":{"type":"string","description":"Application name","description_kind":"plain","required":true},"project":{"type":"string","description":"Identifies the project this resource belongs to. To set up proper dependencies please refer to this variable as a reference. This property cannot be changed, doing so forces recreation of the resource.","description_kind":"plain","required":true},"service_name":{"type":"string","description":"Specifies the name of the service that this resource belongs to. To set up proper dependencies please refer to this variable as a reference. This property cannot be changed, doing so forces recreation of the resource.","description_kind":"plain","required":true},"updated_at":{"type":"string","description":"Application update time","description_kind":"plain","computed":true},"updated_by":{"type":"string","description":"Application updater","description_kind":"plain","computed":true}},"block_types":{"timeouts":{"nesting_mode":"single","block":{"attributes":{"create":{"type":"string","description_kind":"plain","optional":true},"default":{"type":"string","description_kind":"plain","optional":true},"delete":{"type":"string","description_kind":"plain","optional":true},"read":{"type":"string","description_kind":"plain","optional":true},"update":{"type":"string","description_kind":"plain","optional":true}},"description_kind":"plain"}}},"description":"The Flink Application resource allows the creation and management of Aiven Flink Applications.","description_kind":"plain"}},"aiven_flink_application_deployment":{"version":0,"block":{"attributes":{"application_id":{"type":"string","description":"Application ID","description_kind":"plain","required":true},"created_at":{"type":"string","description":"Application deployment creation time","description_kind":"plain","computed":true},"created_by":{"type":"string","description":"Application deployment creator","description_kind":"plain","computed":true},"id":{"type":"string","description_kind":"plain","optional":true,"computed":true},"parallelism":{"type":"number","description":"Flink Job parallelism","description_kind":"plain","optional":true},"project":{"type":"string","description":"Identifies the project this resource belongs to. To set up proper dependencies please refer to this variable as a reference. This property cannot be changed, doing so forces recreation of the resource.","description_kind":"plain","required":true},"restart_enabled":{"type":"bool","description":"Specifies whether a Flink Job is restarted in case it fails","description_kind":"plain","optional":true},"service_name":{"type":"string","description":"Specifies the name of the service that this resource belongs to. To set up proper dependencies please refer to this variable as a reference. This property cannot be changed, doing so forces recreation of the resource.","description_kind":"plain","required":true},"starting_savepoint":{"type":"string","description":"Job savepoint","description_kind":"plain","optional":true},"version_id":{"type":"string","description":"ApplicationVersion ID","description_kind":"plain","required":true}},"block_types":{"timeouts":{"nesting_mode":"single","block":{"attributes":{"create":{"type":"string","description_kind":"plain","optional":true},"default":{"type":"string","description_kind":"plain","optional":true},"delete":{"type":"string","description_kind":"plain","optional":true},"read":{"type":"string","description_kind":"plain","optional":true},"update":{"type":"string","description_kind":"plain","optional":true}},"description_kind":"plain"}}},"description":"The Flink Application Deployment resource allows the creation and management of Aiven Flink Application Deployments.","description_kind":"plain"}},"aiven_flink_application_version":{"version":0,"block":{"attributes":{"application_id":{"type":"string","description":"Application ID","description_kind":"plain","required":true},"application_version_id":{"type":"string","description":"Application version ID","description_kind":"plain","computed":true},"created_at":{"type":"string","description":"Application version creation time","description_kind":"plain","computed":true},"created_by":{"type":"string","description":"Application version creator","description_kind":"plain","computed":true},"id":{"type":"string","description_kind":"plain","optional":true,"computed":true},"project":{"type":"string","description":"Identifies the project this resource belongs to. To set up proper dependencies please refer to this variable as a reference. This property cannot be changed, doing so forces recreation of the resource.","description_kind":"plain","required":true},"service_name":{"type":"string","description":"Specifies the name of the service that this resource belongs to. To set up proper dependencies please refer to this variable as a reference. This property cannot be changed, doing so forces recreation of the resource.","description_kind":"plain","required":true},"statement":{"type":"string","description":"Job SQL statement","description_kind":"plain","required":true},"version":{"type":"number","description":"Application version number","description_kind":"plain","computed":true}},"block_types":{"sink":{"nesting_mode":"set","block":{"attributes":{"create_table":{"type":"string","description":"The CREATE TABLE statement","description_kind":"plain","required":true},"integration_id":{"type":"string","description":"The integration ID","description_kind":"plain","optional":true}},"description":"Application sink","description_kind":"plain"}},"sinks":{"nesting_mode":"set","block":{"attributes":{"create_table":{"type":"string","description":"The CREATE TABLE statement","description_kind":"plain","required":true},"integration_id":{"type":"string","description":"The integration ID","description_kind":"plain","optional":true}},"description":"Application sinks","description_kind":"plain","deprecated":true}},"source":{"nesting_mode":"set","block":{"attributes":{"create_table":{"type":"string","description":"The CREATE TABLE statement","description_kind":"plain","required":true},"integration_id":{"type":"string","description":"The integration ID","description_kind":"plain","optional":true}},"description":"Application source","description_kind":"plain"}},"sources":{"nesting_mode":"set","block":{"attributes":{"create_table":{"type":"string","description":"The CREATE TABLE statement","description_kind":"plain","required":true},"integration_id":{"type":"string","description":"The integration ID","description_kind":"plain","optional":true}},"description":"Application sources","description_kind":"plain","deprecated":true}},"timeouts":{"nesting_mode":"single","block":{"attributes":{"create":{"type":"string","description_kind":"plain","optional":true},"default":{"type":"string","description_kind":"plain","optional":true},"delete":{"type":"string","description_kind":"plain","optional":true},"read":{"type":"string","description_kind":"plain","optional":true},"update":{"type":"string","description_kind":"plain","optional":true}},"description_kind":"plain"}}},"description":"The Flink Application Version resource allows the creation and management of Aiven Flink Application Versions.","description_kind":"plain"}},"aiven_gcp_privatelink":{"version":0,"block":{"attributes":{"google_service_attachment":{"type":"string","description":"Privatelink resource Google Service Attachment","description_kind":"plain","computed":true},"id":{"type":"string","description_kind":"plain","optional":true,"computed":true},"message":{"type":"string","description":"Printable result of the GCP Privatelink request","description_kind":"plain","computed":true},"project":{"type":"string","description":"Identifies the project this resource belongs to. To set up proper dependencies please refer to this variable as a reference. This property cannot be changed, doing so forces recreation of the resource.","description_kind":"plain","required":true},"service_name":{"type":"string","description":"Specifies the name of the service that this resource belongs to. To set up proper dependencies please refer to this variable as a reference. This property cannot be changed, doing so forces recreation of the resource.","description_kind":"plain","required":true},"state":{"type":"string","description":"Privatelink resource state","description_kind":"plain","computed":true}},"block_types":{"timeouts":{"nesting_mode":"single","block":{"attributes":{"create":{"type":"string","description_kind":"plain","optional":true},"default":{"type":"string","description_kind":"plain","optional":true},"delete":{"type":"string","description_kind":"plain","optional":true},"read":{"type":"string","description_kind":"plain","optional":true},"update":{"type":"string","description_kind":"plain","optional":true}},"description_kind":"plain"}}},"description":"The GCP Privatelink resource allows the creation and management of Aiven GCP Privatelink for a services.","description_kind":"plain"}},"aiven_gcp_privatelink_connection_approval":{"version":0,"block":{"attributes":{"id":{"type":"string","description_kind":"plain","optional":true,"computed":true},"privatelink_connection_id":{"type":"string","description":"Privatelink connection id","description_kind":"plain","computed":true},"project":{"type":"string","description":"Identifies the project this resource belongs to. To set up proper dependencies please refer to this variable as a reference. This property cannot be changed, doing so forces recreation of the resource.","description_kind":"plain","required":true},"psc_connection_id":{"type":"string","description":"Privatelink connection PSC connection id","description_kind":"plain","computed":true},"service_name":{"type":"string","description":"Specifies the name of the service that this resource belongs to. To set up proper dependencies please refer to this variable as a reference. This property cannot be changed, doing so forces recreation of the resource.","description_kind":"plain","required":true},"state":{"type":"string","description":"Privatelink connection state","description_kind":"plain","computed":true},"user_ip_address":{"type":"string","description":"Privatelink connection user IP address","description_kind":"plain","required":true}},"block_types":{"timeouts":{"nesting_mode":"single","block":{"attributes":{"create":{"type":"string","description_kind":"plain","optional":true},"default":{"type":"string","description_kind":"plain","optional":true},"delete":{"type":"string","description_kind":"plain","optional":true},"read":{"type":"string","description_kind":"plain","optional":true},"update":{"type":"string","description_kind":"plain","optional":true}},"description_kind":"plain"}}},"description":"The GCP privatelink approve resource waits for an aiven privatelink connection on a service and approves it with associated endpoint IP","description_kind":"plain"}},"aiven_gcp_vpc_peering_connection":{"version":0,"block":{"attributes":{"gcp_project_id":{"type":"string","description":"GCP project ID. This property cannot be changed, doing so forces recreation of the resource.","description_kind":"plain","required":true},"id":{"type":"string","description_kind":"plain","optional":true,"computed":true},"peer_vpc":{"type":"string","description":"GCP VPC network name. This property cannot be changed, doing so forces recreation of the resource.","description_kind":"plain","required":true},"self_link":{"type":"string","description":"Computed GCP network peering link","description_kind":"plain","computed":true},"state":{"type":"string","description":"State of the peering connection","description_kind":"plain","computed":true},"state_info":{"type":["map","string"],"description":"State-specific help or error information","description_kind":"plain","computed":true},"vpc_id":{"type":"string","description":"The VPC the peering connection belongs to. This property cannot be changed, doing so forces recreation of the resource.","description_kind":"plain","required":true}},"block_types":{"timeouts":{"nesting_mode":"single","block":{"attributes":{"create":{"type":"string","description_kind":"plain","optional":true},"default":{"type":"string","description_kind":"plain","optional":true},"delete":{"type":"string","description_kind":"plain","optional":true},"read":{"type":"string","description_kind":"plain","optional":true},"update":{"type":"string","description_kind":"plain","optional":true}},"description_kind":"plain"}}},"description":"The GCP VPC Peering Connection resource allows the creation and management of Aiven GCP VPC Peering Connections.","description_kind":"plain"}},"aiven_grafana":{"version":1,"block":{"attributes":{"additional_disk_space":{"type":"string","description":"Additional disk space. Possible values depend on the service type, the cloud provider and the project. Therefore, reducing will result in the service rebalancing.","description_kind":"plain","optional":true},"cloud_name":{"type":"string","description":"Defines where the cloud provider and region where the service is hosted in. This can be changed freely after service is created. Changing the value will trigger a potentially lengthy migration process for the service. Format is cloud provider name (`aws`, `azure`, `do` `google`, `upcloud`, etc.), dash, and the cloud provider specific region name. These are documented on each Cloud provider's own support articles, like [here for Google](https://cloud.google.com/compute/docs/regions-zones/) and [here for AWS](https://docs.aws.amazon.com/AmazonRDS/latest/UserGuide/Concepts.RegionsAndAvailabilityZones.html).","description_kind":"plain","optional":true},"components":{"type":["list",["object",{"component":"string","host":"string","kafka_authentication_method":"string","port":"number","route":"string","ssl":"bool","usage":"string"}]],"description":"Service component information objects","description_kind":"plain","computed":true},"disk_space":{"type":"string","description":"Service disk space. Possible values depend on the service type, the cloud provider and the project. Therefore, reducing will result in the service rebalancing.","description_kind":"plain","deprecated":true,"optional":true},"disk_space_cap":{"type":"string","description":"The maximum disk space of the service, possible values depend on the service type, the cloud provider and the project.","description_kind":"plain","computed":true},"disk_space_default":{"type":"string","description":"The default disk space of the service, possible values depend on the service type, the cloud provider and the project. Its also the minimum value for `disk_space`","description_kind":"plain","computed":true},"disk_space_step":{"type":"string","description":"The default disk space step of the service, possible values depend on the service type, the cloud provider and the project. `disk_space` needs to increment from `disk_space_default` by increments of this size.","description_kind":"plain","computed":true},"disk_space_used":{"type":"string","description":"Disk space that service is currently using","description_kind":"plain","computed":true},"grafana":{"type":["list",["object",{}]],"description":"Grafana server provided values","description_kind":"plain","computed":true},"id":{"type":"string","description_kind":"plain","optional":true,"computed":true},"maintenance_window_dow":{"type":"string","description":"Day of week when maintenance operations should be performed. One monday, tuesday, wednesday, etc.","description_kind":"plain","optional":true},"maintenance_window_time":{"type":"string","description":"Time of day when maintenance operations should be performed. UTC time in HH:mm:ss format.","description_kind":"plain","optional":true},"plan":{"type":"string","description":"Defines what kind of computing resources are allocated for the service. It can be changed after creation, though there are some restrictions when going to a smaller plan such as the new plan must have sufficient amount of disk space to store all current data and switching to a plan with fewer nodes might not be supported. The basic plan names are `hobbyist`, `startup-x`, `business-x` and `premium-x` where `x` is (roughly) the amount of memory on each node (also other attributes like number of CPUs and amount of disk space varies but naming is based on memory). The available options can be seem from the [Aiven pricing page](https://aiven.io/pricing).","description_kind":"plain","required":true},"project":{"type":"string","description":"Identifies the project this resource belongs to. To set up proper dependencies please refer to this variable as a reference. This property cannot be changed, doing so forces recreation of the resource.","description_kind":"plain","required":true},"project_vpc_id":{"type":"string","description":"Specifies the VPC the service should run in. If the value is not set the service is not run inside a VPC. When set, the value should be given as a reference to set up dependencies correctly and the VPC must be in the same cloud and region as the service itself. Project can be freely moved to and from VPC after creation but doing so triggers migration to new servers so the operation can take significant amount of time to complete if the service has a lot of data.","description_kind":"plain","optional":true},"service_host":{"type":"string","description":"The hostname of the service.","description_kind":"plain","computed":true},"service_name":{"type":"string","description":"Specifies the actual name of the service. The name cannot be changed later without destroying and re-creating the service so name should be picked based on intended service usage rather than current attributes.","description_kind":"plain","required":true},"service_password":{"type":"string","description":"Password used for connecting to the service, if applicable","description_kind":"plain","computed":true,"sensitive":true},"service_port":{"type":"number","description":"The port of the service","description_kind":"plain","computed":true},"service_type":{"type":"string","description":"Aiven internal service type code","description_kind":"plain","computed":true},"service_uri":{"type":"string","description":"URI for connecting to the service. Service specific info is under \"kafka\", \"pg\", etc.","description_kind":"plain","computed":true,"sensitive":true},"service_username":{"type":"string","description":"Username used for connecting to the service, if applicable","description_kind":"plain","computed":true},"state":{"type":"string","description":"Service state. One of `POWEROFF`, `REBALANCING`, `REBUILDING` or `RUNNING`","description_kind":"plain","computed":true},"static_ips":{"type":["set","string"],"description":"Static IPs that are going to be associated with this service. Please assign a value using the 'toset' function. Once a static ip resource is in the 'assigned' state it cannot be unbound from the node again","description_kind":"plain","optional":true},"termination_protection":{"type":"bool","description":"Prevents the service from being deleted. It is recommended to set this to `true` for all production services to prevent unintentional service deletion. This does not shield against deleting databases or topics but for services with backups much of the content can at least be restored from backup in case accidental deletion is done.","description_kind":"plain","optional":true}},"block_types":{"grafana_user_config":{"nesting_mode":"list","block":{"attributes":{"additional_backup_regions":{"type":["list","string"],"description":"Additional Cloud Regions for Backup Replication.","description_kind":"plain","optional":true},"alerting_enabled":{"type":"bool","description":"Enable or disable Grafana alerting functionality.","description_kind":"plain","optional":true},"alerting_error_or_timeout":{"type":"string","description":"Default error or timeout setting for new alerting rules.","description_kind":"plain","optional":true},"alerting_max_annotations_to_keep":{"type":"number","description":"Max number of alert annotations that Grafana stores. 0 (default) keeps all alert annotations.","description_kind":"plain","optional":true},"alerting_nodata_or_nullvalues":{"type":"string","description":"Default value for 'no data or null values' for new alerting rules.","description_kind":"plain","optional":true},"allow_embedding":{"type":"bool","description":"Allow embedding Grafana dashboards with iframe/frame/object/embed tags. Disabled by default to limit impact of clickjacking.","description_kind":"plain","optional":true},"auth_basic_enabled":{"type":"bool","description":"Enable or disable basic authentication form, used by Grafana built-in login.","description_kind":"plain","optional":true},"cookie_samesite":{"type":"string","description":"Cookie SameSite attribute: 'strict' prevents sending cookie for cross-site requests, effectively disabling direct linking from other sites to Grafana. 'lax' is the default value.","description_kind":"plain","optional":true},"custom_domain":{"type":"string","description":"Serve the web frontend using a custom CNAME pointing to the Aiven DNS name.","description_kind":"plain","optional":true},"dashboard_previews_enabled":{"type":"bool","description":"This feature is new in Grafana 9 and is quite resource intensive. It may cause low-end plans to work more slowly while the dashboard previews are rendering.","description_kind":"plain","optional":true},"dashboards_min_refresh_interval":{"type":"string","description":"Signed sequence of decimal numbers, followed by a unit suffix (ms, s, m, h, d), e.g. 30s, 1h.","description_kind":"plain","optional":true},"dashboards_versions_to_keep":{"type":"number","description":"Dashboard versions to keep per dashboard.","description_kind":"plain","optional":true},"dataproxy_send_user_header":{"type":"bool","description":"Send 'X-Grafana-User' header to data source.","description_kind":"plain","optional":true},"dataproxy_timeout":{"type":"number","description":"Timeout for data proxy requests in seconds.","description_kind":"plain","optional":true},"disable_gravatar":{"type":"bool","description":"Set to true to disable gravatar. Defaults to false (gravatar is enabled).","description_kind":"plain","optional":true},"editors_can_admin":{"type":"bool","description":"Editors can manage folders, teams and dashboards created by them.","description_kind":"plain","optional":true},"google_analytics_ua_id":{"type":"string","description":"Google Analytics ID.","description_kind":"plain","optional":true},"ip_filter":{"type":["list","string"],"description":"Allow incoming connections from CIDR address block, e.g. '10.20.0.0/16'.","description_kind":"plain","deprecated":true,"optional":true},"ip_filter_string":{"type":["list","string"],"description":"Allow incoming connections from CIDR address block, e.g. '10.20.0.0/16'.","description_kind":"plain","optional":true},"metrics_enabled":{"type":"bool","description":"Enable Grafana /metrics endpoint.","description_kind":"plain","optional":true},"oauth_allow_insecure_email_lookup":{"type":"bool","description":"Enforce user lookup based on email instead of the unique ID provided by the IdP.","description_kind":"plain","optional":true},"project_to_fork_from":{"type":"string","description":"Name of another project to fork a service from. This has effect only when a new service is being created.","description_kind":"plain","optional":true},"recovery_basebackup_name":{"type":"string","description":"Name of the basebackup to restore in forked service.","description_kind":"plain","optional":true},"service_to_fork_from":{"type":"string","description":"Name of another service to fork from. This has effect only when a new service is being created.","description_kind":"plain","optional":true},"static_ips":{"type":"bool","description":"Use static public IP addresses.","description_kind":"plain","optional":true},"user_auto_assign_org":{"type":"bool","description":"Auto-assign new users on signup to main organization. Defaults to false.","description_kind":"plain","optional":true},"user_auto_assign_org_role":{"type":"string","description":"Set role for new signups. Defaults to Viewer.","description_kind":"plain","optional":true},"viewers_can_edit":{"type":"bool","description":"Users with view-only permission can edit but not save dashboards.","description_kind":"plain","optional":true}},"block_types":{"auth_azuread":{"nesting_mode":"list","block":{"attributes":{"allow_sign_up":{"type":"bool","description":"Automatically sign-up users on successful sign-in.","description_kind":"plain","optional":true},"allowed_domains":{"type":["list","string"],"description":"Allowed domains.","description_kind":"plain","optional":true},"allowed_groups":{"type":["list","string"],"description":"Require users to belong to one of given groups.","description_kind":"plain","optional":true},"auth_url":{"type":"string","description":"Authorization URL.","description_kind":"plain","required":true},"client_id":{"type":"string","description":"Client ID from provider.","description_kind":"plain","required":true},"client_secret":{"type":"string","description":"Client secret from provider.","description_kind":"plain","required":true},"token_url":{"type":"string","description":"Token URL.","description_kind":"plain","required":true}},"description":"Azure AD OAuth integration.","description_kind":"plain"},"max_items":1},"auth_generic_oauth":{"nesting_mode":"list","block":{"attributes":{"allow_sign_up":{"type":"bool","description":"Automatically sign-up users on successful sign-in.","description_kind":"plain","optional":true},"allowed_domains":{"type":["list","string"],"description":"Allowed domains.","description_kind":"plain","optional":true},"allowed_organizations":{"type":["list","string"],"description":"Require user to be member of one of the listed organizations.","description_kind":"plain","optional":true},"api_url":{"type":"string","description":"API URL.","description_kind":"plain","required":true},"auth_url":{"type":"string","description":"Authorization URL.","description_kind":"plain","required":true},"auto_login":{"type":"bool","description":"Allow users to bypass the login screen and automatically log in.","description_kind":"plain","optional":true},"client_id":{"type":"string","description":"Client ID from provider.","description_kind":"plain","required":true},"client_secret":{"type":"string","description":"Client secret from provider.","description_kind":"plain","required":true},"name":{"type":"string","description":"Name of the OAuth integration.","description_kind":"plain","optional":true},"scopes":{"type":["list","string"],"description":"OAuth scopes.","description_kind":"plain","optional":true},"token_url":{"type":"string","description":"Token URL.","description_kind":"plain","required":true}},"description":"Generic OAuth integration.","description_kind":"plain"},"max_items":1},"auth_github":{"nesting_mode":"list","block":{"attributes":{"allow_sign_up":{"type":"bool","description":"Automatically sign-up users on successful sign-in.","description_kind":"plain","optional":true},"allowed_organizations":{"type":["list","string"],"description":"Require users to belong to one of given organizations.","description_kind":"plain","optional":true},"client_id":{"type":"string","description":"Client ID from provider.","description_kind":"plain","required":true},"client_secret":{"type":"string","description":"Client secret from provider.","description_kind":"plain","required":true},"team_ids":{"type":["list","number"],"description":"Require users to belong to one of given team IDs.","description_kind":"plain","optional":true}},"description":"Github Auth integration.","description_kind":"plain"},"max_items":1},"auth_gitlab":{"nesting_mode":"list","block":{"attributes":{"allow_sign_up":{"type":"bool","description":"Automatically sign-up users on successful sign-in.","description_kind":"plain","optional":true},"allowed_groups":{"type":["list","string"],"description":"Require users to belong to one of given groups.","description_kind":"plain","optional":true},"api_url":{"type":"string","description":"API URL. This only needs to be set when using self hosted GitLab.","description_kind":"plain","optional":true},"auth_url":{"type":"string","description":"Authorization URL. This only needs to be set when using self hosted GitLab.","description_kind":"plain","optional":true},"client_id":{"type":"string","description":"Client ID from provider.","description_kind":"plain","required":true},"client_secret":{"type":"string","description":"Client secret from provider.","description_kind":"plain","required":true},"token_url":{"type":"string","description":"Token URL. This only needs to be set when using self hosted GitLab.","description_kind":"plain","optional":true}},"description":"GitLab Auth integration.","description_kind":"plain"},"max_items":1},"auth_google":{"nesting_mode":"list","block":{"attributes":{"allow_sign_up":{"type":"bool","description":"Automatically sign-up users on successful sign-in.","description_kind":"plain","optional":true},"allowed_domains":{"type":["list","string"],"description":"Domains allowed to sign-in to this Grafana.","description_kind":"plain","optional":true},"client_id":{"type":"string","description":"Client ID from provider.","description_kind":"plain","required":true},"client_secret":{"type":"string","description":"Client secret from provider.","description_kind":"plain","required":true}},"description":"Google Auth integration.","description_kind":"plain"},"max_items":1},"date_formats":{"nesting_mode":"list","block":{"attributes":{"default_timezone":{"type":"string","description":"Default time zone for user preferences. Value 'browser' uses browser local time zone.","description_kind":"plain","optional":true},"full_date":{"type":"string","description":"Moment.js style format string for cases where full date is shown.","description_kind":"plain","optional":true},"interval_day":{"type":"string","description":"Moment.js style format string used when a time requiring day accuracy is shown.","description_kind":"plain","optional":true},"interval_hour":{"type":"string","description":"Moment.js style format string used when a time requiring hour accuracy is shown.","description_kind":"plain","optional":true},"interval_minute":{"type":"string","description":"Moment.js style format string used when a time requiring minute accuracy is shown.","description_kind":"plain","optional":true},"interval_month":{"type":"string","description":"Moment.js style format string used when a time requiring month accuracy is shown.","description_kind":"plain","optional":true},"interval_second":{"type":"string","description":"Moment.js style format string used when a time requiring second accuracy is shown.","description_kind":"plain","optional":true},"interval_year":{"type":"string","description":"Moment.js style format string used when a time requiring year accuracy is shown.","description_kind":"plain","optional":true}},"description":"Grafana date format specifications.","description_kind":"plain"},"max_items":1},"external_image_storage":{"nesting_mode":"list","block":{"attributes":{"access_key":{"type":"string","description":"S3 access key. Requires permissions to the S3 bucket for the s3:PutObject and s3:PutObjectAcl actions.","description_kind":"plain","required":true},"bucket_url":{"type":"string","description":"Bucket URL for S3.","description_kind":"plain","required":true},"provider":{"type":"string","description":"Provider type.","description_kind":"plain","required":true},"secret_key":{"type":"string","description":"S3 secret key.","description_kind":"plain","required":true}},"description":"External image store settings.","description_kind":"plain"},"max_items":1},"ip_filter_object":{"nesting_mode":"list","block":{"attributes":{"description":{"type":"string","description":"Description for IP filter list entry.","description_kind":"plain","optional":true},"network":{"type":"string","description":"CIDR address block.","description_kind":"plain","required":true}},"description":"Allow incoming connections from CIDR address block, e.g. '10.20.0.0/16'.","description_kind":"plain"},"max_items":1024},"private_access":{"nesting_mode":"list","block":{"attributes":{"grafana":{"type":"bool","description":"Allow clients to connect to grafana with a DNS name that always resolves to the service's private IP addresses. Only available in certain network locations.","description_kind":"plain","optional":true}},"description":"Allow access to selected service ports from private networks.","description_kind":"plain"},"max_items":1},"privatelink_access":{"nesting_mode":"list","block":{"attributes":{"grafana":{"type":"bool","description":"Enable grafana.","description_kind":"plain","optional":true}},"description":"Allow access to selected service components through Privatelink.","description_kind":"plain"},"max_items":1},"public_access":{"nesting_mode":"list","block":{"attributes":{"grafana":{"type":"bool","description":"Allow clients to connect to grafana from the public internet for service nodes that are in a project VPC or another type of private network.","description_kind":"plain","optional":true}},"description":"Allow access to selected service ports from the public Internet.","description_kind":"plain"},"max_items":1},"smtp_server":{"nesting_mode":"list","block":{"attributes":{"from_address":{"type":"string","description":"Address used for sending emails.","description_kind":"plain","required":true},"from_name":{"type":"string","description":"Name used in outgoing emails, defaults to Grafana.","description_kind":"plain","optional":true},"host":{"type":"string","description":"Server hostname or IP.","description_kind":"plain","required":true},"password":{"type":"string","description":"Password for SMTP authentication.","description_kind":"plain","optional":true,"sensitive":true},"port":{"type":"number","description":"SMTP server port.","description_kind":"plain","required":true},"skip_verify":{"type":"bool","description":"Skip verifying server certificate. Defaults to false.","description_kind":"plain","optional":true},"starttls_policy":{"type":"string","description":"Either OpportunisticStartTLS, MandatoryStartTLS or NoStartTLS. Default is OpportunisticStartTLS.","description_kind":"plain","optional":true},"username":{"type":"string","description":"Username for SMTP authentication.","description_kind":"plain","optional":true}},"description":"SMTP server settings.","description_kind":"plain"},"max_items":1}},"description":"Grafana user configurable settings","description_kind":"plain"},"max_items":1},"service_integrations":{"nesting_mode":"list","block":{"attributes":{"integration_type":{"type":"string","description":"Type of the service integration. The only supported value at the moment is `read_replica`","description_kind":"plain","required":true},"source_service_name":{"type":"string","description":"Name of the source service","description_kind":"plain","required":true}},"description":"Service integrations to specify when creating a service. Not applied after initial service creation","description_kind":"plain"}},"tag":{"nesting_mode":"set","block":{"attributes":{"key":{"type":"string","description":"Service tag key","description_kind":"plain","required":true},"value":{"type":"string","description":"Service tag value","description_kind":"plain","required":true}},"description":"Tags are key-value pairs that allow you to categorize services.","description_kind":"plain"}},"timeouts":{"nesting_mode":"single","block":{"attributes":{"create":{"type":"string","description_kind":"plain","optional":true},"default":{"type":"string","description_kind":"plain","optional":true},"delete":{"type":"string","description_kind":"plain","optional":true},"read":{"type":"string","description_kind":"plain","optional":true},"update":{"type":"string","description_kind":"plain","optional":true}},"description_kind":"plain"}}},"description":"The Grafana resource allows the creation and management of Aiven Grafana services.","description_kind":"plain"}},"aiven_influxdb":{"version":1,"block":{"attributes":{"additional_disk_space":{"type":"string","description":"Additional disk space. Possible values depend on the service type, the cloud provider and the project. Therefore, reducing will result in the service rebalancing.","description_kind":"plain","optional":true},"cloud_name":{"type":"string","description":"Defines where the cloud provider and region where the service is hosted in. This can be changed freely after service is created. Changing the value will trigger a potentially lengthy migration process for the service. Format is cloud provider name (`aws`, `azure`, `do` `google`, `upcloud`, etc.), dash, and the cloud provider specific region name. These are documented on each Cloud provider's own support articles, like [here for Google](https://cloud.google.com/compute/docs/regions-zones/) and [here for AWS](https://docs.aws.amazon.com/AmazonRDS/latest/UserGuide/Concepts.RegionsAndAvailabilityZones.html).","description_kind":"plain","optional":true},"components":{"type":["list",["object",{"component":"string","host":"string","kafka_authentication_method":"string","port":"number","route":"string","ssl":"bool","usage":"string"}]],"description":"Service component information objects","description_kind":"plain","computed":true},"disk_space":{"type":"string","description":"Service disk space. Possible values depend on the service type, the cloud provider and the project. Therefore, reducing will result in the service rebalancing.","description_kind":"plain","deprecated":true,"optional":true},"disk_space_cap":{"type":"string","description":"The maximum disk space of the service, possible values depend on the service type, the cloud provider and the project.","description_kind":"plain","computed":true},"disk_space_default":{"type":"string","description":"The default disk space of the service, possible values depend on the service type, the cloud provider and the project. Its also the minimum value for `disk_space`","description_kind":"plain","computed":true},"disk_space_step":{"type":"string","description":"The default disk space step of the service, possible values depend on the service type, the cloud provider and the project. `disk_space` needs to increment from `disk_space_default` by increments of this size.","description_kind":"plain","computed":true},"disk_space_used":{"type":"string","description":"Disk space that service is currently using","description_kind":"plain","computed":true},"id":{"type":"string","description_kind":"plain","optional":true,"computed":true},"influxdb":{"type":["list",["object",{"database_name":"string"}]],"description":"InfluxDB server provided values","description_kind":"plain","computed":true},"maintenance_window_dow":{"type":"string","description":"Day of week when maintenance operations should be performed. One monday, tuesday, wednesday, etc.","description_kind":"plain","optional":true},"maintenance_window_time":{"type":"string","description":"Time of day when maintenance operations should be performed. UTC time in HH:mm:ss format.","description_kind":"plain","optional":true},"plan":{"type":"string","description":"Defines what kind of computing resources are allocated for the service. It can be changed after creation, though there are some restrictions when going to a smaller plan such as the new plan must have sufficient amount of disk space to store all current data and switching to a plan with fewer nodes might not be supported. The basic plan names are `hobbyist`, `startup-x`, `business-x` and `premium-x` where `x` is (roughly) the amount of memory on each node (also other attributes like number of CPUs and amount of disk space varies but naming is based on memory). The available options can be seem from the [Aiven pricing page](https://aiven.io/pricing).","description_kind":"plain","required":true},"project":{"type":"string","description":"Identifies the project this resource belongs to. To set up proper dependencies please refer to this variable as a reference. This property cannot be changed, doing so forces recreation of the resource.","description_kind":"plain","required":true},"project_vpc_id":{"type":"string","description":"Specifies the VPC the service should run in. If the value is not set the service is not run inside a VPC. When set, the value should be given as a reference to set up dependencies correctly and the VPC must be in the same cloud and region as the service itself. Project can be freely moved to and from VPC after creation but doing so triggers migration to new servers so the operation can take significant amount of time to complete if the service has a lot of data.","description_kind":"plain","optional":true},"service_host":{"type":"string","description":"The hostname of the service.","description_kind":"plain","computed":true},"service_name":{"type":"string","description":"Specifies the actual name of the service. The name cannot be changed later without destroying and re-creating the service so name should be picked based on intended service usage rather than current attributes.","description_kind":"plain","required":true},"service_password":{"type":"string","description":"Password used for connecting to the service, if applicable","description_kind":"plain","computed":true,"sensitive":true},"service_port":{"type":"number","description":"The port of the service","description_kind":"plain","computed":true},"service_type":{"type":"string","description":"Aiven internal service type code","description_kind":"plain","computed":true},"service_uri":{"type":"string","description":"URI for connecting to the service. Service specific info is under \"kafka\", \"pg\", etc.","description_kind":"plain","computed":true,"sensitive":true},"service_username":{"type":"string","description":"Username used for connecting to the service, if applicable","description_kind":"plain","computed":true},"state":{"type":"string","description":"Service state. One of `POWEROFF`, `REBALANCING`, `REBUILDING` or `RUNNING`","description_kind":"plain","computed":true},"static_ips":{"type":["set","string"],"description":"Static IPs that are going to be associated with this service. Please assign a value using the 'toset' function. Once a static ip resource is in the 'assigned' state it cannot be unbound from the node again","description_kind":"plain","optional":true},"termination_protection":{"type":"bool","description":"Prevents the service from being deleted. It is recommended to set this to `true` for all production services to prevent unintentional service deletion. This does not shield against deleting databases or topics but for services with backups much of the content can at least be restored from backup in case accidental deletion is done.","description_kind":"plain","optional":true}},"block_types":{"influxdb_user_config":{"nesting_mode":"list","block":{"attributes":{"additional_backup_regions":{"type":["list","string"],"description":"Additional Cloud Regions for Backup Replication.","description_kind":"plain","optional":true},"custom_domain":{"type":"string","description":"Serve the web frontend using a custom CNAME pointing to the Aiven DNS name.","description_kind":"plain","optional":true},"ip_filter":{"type":["list","string"],"description":"Allow incoming connections from CIDR address block, e.g. '10.20.0.0/16'.","description_kind":"plain","deprecated":true,"optional":true},"ip_filter_string":{"type":["list","string"],"description":"Allow incoming connections from CIDR address block, e.g. '10.20.0.0/16'.","description_kind":"plain","optional":true},"project_to_fork_from":{"type":"string","description":"Name of another project to fork a service from. This has effect only when a new service is being created.","description_kind":"plain","optional":true},"recovery_basebackup_name":{"type":"string","description":"Name of the basebackup to restore in forked service.","description_kind":"plain","optional":true},"service_to_fork_from":{"type":"string","description":"Name of another service to fork from. This has effect only when a new service is being created.","description_kind":"plain","optional":true},"static_ips":{"type":"bool","description":"Use static public IP addresses.","description_kind":"plain","optional":true}},"block_types":{"influxdb":{"nesting_mode":"list","block":{"attributes":{"log_queries_after":{"type":"number","description":"The maximum duration in seconds before a query is logged as a slow query. Setting this to 0 (the default) will never log slow queries.","description_kind":"plain","optional":true},"max_connection_limit":{"type":"number","description":"Maximum number of connections to InfluxDB. Setting this to 0 (default) means no limit. If using max_connection_limit, it is recommended to set the value to be large enough in order to not block clients unnecessarily.","description_kind":"plain","optional":true},"max_row_limit":{"type":"number","description":"The maximum number of rows returned in a non-chunked query. Setting this to 0 (the default) allows an unlimited number to be returned.","description_kind":"plain","optional":true},"max_select_buckets":{"type":"number","description":"The maximum number of `GROUP BY time()` buckets that can be processed in a query. Setting this to 0 (the default) allows an unlimited number to be processed.","description_kind":"plain","optional":true},"max_select_point":{"type":"number","description":"The maximum number of points that can be processed in a SELECT statement. Setting this to 0 (the default) allows an unlimited number to be processed.","description_kind":"plain","optional":true},"query_log_enabled":{"type":"bool","description":"Whether queries should be logged before execution. May log sensitive data contained within a query.","description_kind":"plain","optional":true},"query_timeout":{"type":"number","description":"The maximum duration in seconds before a query is killed. Setting this to 0 (the default) will never kill slow queries.","description_kind":"plain","optional":true}},"description":"influxdb.conf configuration values.","description_kind":"plain"},"max_items":1},"ip_filter_object":{"nesting_mode":"list","block":{"attributes":{"description":{"type":"string","description":"Description for IP filter list entry.","description_kind":"plain","optional":true},"network":{"type":"string","description":"CIDR address block.","description_kind":"plain","required":true}},"description":"Allow incoming connections from CIDR address block, e.g. '10.20.0.0/16'.","description_kind":"plain"},"max_items":1024},"private_access":{"nesting_mode":"list","block":{"attributes":{"influxdb":{"type":"bool","description":"Allow clients to connect to influxdb with a DNS name that always resolves to the service's private IP addresses. Only available in certain network locations.","description_kind":"plain","optional":true}},"description":"Allow access to selected service ports from private networks.","description_kind":"plain"},"max_items":1},"privatelink_access":{"nesting_mode":"list","block":{"attributes":{"influxdb":{"type":"bool","description":"Enable influxdb.","description_kind":"plain","optional":true}},"description":"Allow access to selected service components through Privatelink.","description_kind":"plain"},"max_items":1},"public_access":{"nesting_mode":"list","block":{"attributes":{"influxdb":{"type":"bool","description":"Allow clients to connect to influxdb from the public internet for service nodes that are in a project VPC or another type of private network.","description_kind":"plain","optional":true}},"description":"Allow access to selected service ports from the public Internet.","description_kind":"plain"},"max_items":1}},"description":"Influxdb user configurable settings","description_kind":"plain"},"max_items":1},"service_integrations":{"nesting_mode":"list","block":{"attributes":{"integration_type":{"type":"string","description":"Type of the service integration. The only supported value at the moment is `read_replica`","description_kind":"plain","required":true},"source_service_name":{"type":"string","description":"Name of the source service","description_kind":"plain","required":true}},"description":"Service integrations to specify when creating a service. Not applied after initial service creation","description_kind":"plain"}},"tag":{"nesting_mode":"set","block":{"attributes":{"key":{"type":"string","description":"Service tag key","description_kind":"plain","required":true},"value":{"type":"string","description":"Service tag value","description_kind":"plain","required":true}},"description":"Tags are key-value pairs that allow you to categorize services.","description_kind":"plain"}},"timeouts":{"nesting_mode":"single","block":{"attributes":{"create":{"type":"string","description_kind":"plain","optional":true},"default":{"type":"string","description_kind":"plain","optional":true},"delete":{"type":"string","description_kind":"plain","optional":true},"read":{"type":"string","description_kind":"plain","optional":true},"update":{"type":"string","description_kind":"plain","optional":true}},"description_kind":"plain"}}},"description":"The InfluxDB resource allows the creation and management of Aiven InfluxDB services.","description_kind":"plain"}},"aiven_influxdb_database":{"version":0,"block":{"attributes":{"database_name":{"type":"string","description":"The name of the service database. This property cannot be changed, doing so forces recreation of the resource.","description_kind":"plain","required":true},"id":{"type":"string","description_kind":"plain","optional":true,"computed":true},"project":{"type":"string","description":"Identifies the project this resource belongs to. To set up proper dependencies please refer to this variable as a reference. This property cannot be changed, doing so forces recreation of the resource.","description_kind":"plain","required":true},"service_name":{"type":"string","description":"Specifies the name of the service that this resource belongs to. To set up proper dependencies please refer to this variable as a reference. This property cannot be changed, doing so forces recreation of the resource.","description_kind":"plain","required":true},"termination_protection":{"type":"bool","description":"It is a Terraform client-side deletion protections, which prevents the database from being deleted by Terraform. It is recommended to enable this for any production databases containing critical data. The default value is `false`.","description_kind":"plain","optional":true}},"block_types":{"timeouts":{"nesting_mode":"single","block":{"attributes":{"create":{"type":"string","description_kind":"plain","optional":true},"default":{"type":"string","description_kind":"plain","optional":true},"delete":{"type":"string","description_kind":"plain","optional":true},"read":{"type":"string","description_kind":"plain","optional":true},"update":{"type":"string","description_kind":"plain","optional":true}},"description_kind":"plain"}}},"description":"The InfluxDB Database resource allows the creation and management of Aiven InfluxDB Databases.","description_kind":"plain"}},"aiven_influxdb_user":{"version":0,"block":{"attributes":{"access_cert":{"type":"string","description":"Access certificate for the user if applicable for the service in question","description_kind":"plain","computed":true,"sensitive":true},"access_key":{"type":"string","description":"Access certificate key for the user if applicable for the service in question","description_kind":"plain","computed":true,"sensitive":true},"id":{"type":"string","description_kind":"plain","optional":true,"computed":true},"password":{"type":"string","description":"The password of the InfluxDB User.","description_kind":"plain","optional":true,"computed":true,"sensitive":true},"project":{"type":"string","description":"Identifies the project this resource belongs to. To set up proper dependencies please refer to this variable as a reference. This property cannot be changed, doing so forces recreation of the resource.","description_kind":"plain","required":true},"service_name":{"type":"string","description":"Specifies the name of the service that this resource belongs to. To set up proper dependencies please refer to this variable as a reference. This property cannot be changed, doing so forces recreation of the resource.","description_kind":"plain","required":true},"type":{"type":"string","description":"Type of the user account. Tells whether the user is the primary account or a regular account.","description_kind":"plain","computed":true},"username":{"type":"string","description":"The actual name of the InfluxDB User. To set up proper dependencies please refer to this variable as a reference. This property cannot be changed, doing so forces recreation of the resource.","description_kind":"plain","required":true}},"block_types":{"timeouts":{"nesting_mode":"single","block":{"attributes":{"create":{"type":"string","description_kind":"plain","optional":true},"default":{"type":"string","description_kind":"plain","optional":true},"delete":{"type":"string","description_kind":"plain","optional":true},"read":{"type":"string","description_kind":"plain","optional":true},"update":{"type":"string","description_kind":"plain","optional":true}},"description_kind":"plain"}}},"description":"The InfluxDB User resource allows the creation and management of Aiven InfluxDB Users.","description_kind":"plain"}},"aiven_kafka":{"version":1,"block":{"attributes":{"additional_disk_space":{"type":"string","description":"Additional disk space. Possible values depend on the service type, the cloud provider and the project. Therefore, reducing will result in the service rebalancing.","description_kind":"plain","optional":true},"cloud_name":{"type":"string","description":"Defines where the cloud provider and region where the service is hosted in. This can be changed freely after service is created. Changing the value will trigger a potentially lengthy migration process for the service. Format is cloud provider name (`aws`, `azure`, `do` `google`, `upcloud`, etc.), dash, and the cloud provider specific region name. These are documented on each Cloud provider's own support articles, like [here for Google](https://cloud.google.com/compute/docs/regions-zones/) and [here for AWS](https://docs.aws.amazon.com/AmazonRDS/latest/UserGuide/Concepts.RegionsAndAvailabilityZones.html).","description_kind":"plain","optional":true},"components":{"type":["list",["object",{"component":"string","host":"string","kafka_authentication_method":"string","port":"number","route":"string","ssl":"bool","usage":"string"}]],"description":"Service component information objects","description_kind":"plain","computed":true},"default_acl":{"type":"bool","description":"Create default wildcard Kafka ACL","description_kind":"plain","optional":true},"disk_space":{"type":"string","description":"Service disk space. Possible values depend on the service type, the cloud provider and the project. Therefore, reducing will result in the service rebalancing.","description_kind":"plain","deprecated":true,"optional":true},"disk_space_cap":{"type":"string","description":"The maximum disk space of the service, possible values depend on the service type, the cloud provider and the project.","description_kind":"plain","computed":true},"disk_space_default":{"type":"string","description":"The default disk space of the service, possible values depend on the service type, the cloud provider and the project. Its also the minimum value for `disk_space`","description_kind":"plain","computed":true},"disk_space_step":{"type":"string","description":"The default disk space step of the service, possible values depend on the service type, the cloud provider and the project. `disk_space` needs to increment from `disk_space_default` by increments of this size.","description_kind":"plain","computed":true},"disk_space_used":{"type":"string","description":"Disk space that service is currently using","description_kind":"plain","computed":true},"id":{"type":"string","description_kind":"plain","optional":true,"computed":true},"kafka":{"type":["list",["object",{"access_cert":"string","access_key":"string","connect_uri":"string","rest_uri":"string","schema_registry_uri":"string"}]],"description":"Kafka server provided values","description_kind":"plain","computed":true},"karapace":{"type":"bool","description":"Switch the service to use Karapace for schema registry and REST proxy","description_kind":"plain","deprecated":true,"optional":true},"maintenance_window_dow":{"type":"string","description":"Day of week when maintenance operations should be performed. One monday, tuesday, wednesday, etc.","description_kind":"plain","optional":true},"maintenance_window_time":{"type":"string","description":"Time of day when maintenance operations should be performed. UTC time in HH:mm:ss format.","description_kind":"plain","optional":true},"plan":{"type":"string","description":"Defines what kind of computing resources are allocated for the service. It can be changed after creation, though there are some restrictions when going to a smaller plan such as the new plan must have sufficient amount of disk space to store all current data and switching to a plan with fewer nodes might not be supported. The basic plan names are `hobbyist`, `startup-x`, `business-x` and `premium-x` where `x` is (roughly) the amount of memory on each node (also other attributes like number of CPUs and amount of disk space varies but naming is based on memory). The available options can be seem from the [Aiven pricing page](https://aiven.io/pricing).","description_kind":"plain","required":true},"project":{"type":"string","description":"Identifies the project this resource belongs to. To set up proper dependencies please refer to this variable as a reference. This property cannot be changed, doing so forces recreation of the resource.","description_kind":"plain","required":true},"project_vpc_id":{"type":"string","description":"Specifies the VPC the service should run in. If the value is not set the service is not run inside a VPC. When set, the value should be given as a reference to set up dependencies correctly and the VPC must be in the same cloud and region as the service itself. Project can be freely moved to and from VPC after creation but doing so triggers migration to new servers so the operation can take significant amount of time to complete if the service has a lot of data.","description_kind":"plain","optional":true},"service_host":{"type":"string","description":"The hostname of the service.","description_kind":"plain","computed":true},"service_name":{"type":"string","description":"Specifies the actual name of the service. The name cannot be changed later without destroying and re-creating the service so name should be picked based on intended service usage rather than current attributes.","description_kind":"plain","required":true},"service_password":{"type":"string","description":"Password used for connecting to the service, if applicable","description_kind":"plain","computed":true,"sensitive":true},"service_port":{"type":"number","description":"The port of the service","description_kind":"plain","computed":true},"service_type":{"type":"string","description":"Aiven internal service type code","description_kind":"plain","computed":true},"service_uri":{"type":"string","description":"URI for connecting to the service. Service specific info is under \"kafka\", \"pg\", etc.","description_kind":"plain","computed":true,"sensitive":true},"service_username":{"type":"string","description":"Username used for connecting to the service, if applicable","description_kind":"plain","computed":true},"state":{"type":"string","description":"Service state. One of `POWEROFF`, `REBALANCING`, `REBUILDING` or `RUNNING`","description_kind":"plain","computed":true},"static_ips":{"type":["set","string"],"description":"Static IPs that are going to be associated with this service. Please assign a value using the 'toset' function. Once a static ip resource is in the 'assigned' state it cannot be unbound from the node again","description_kind":"plain","optional":true},"termination_protection":{"type":"bool","description":"Prevents the service from being deleted. It is recommended to set this to `true` for all production services to prevent unintentional service deletion. This does not shield against deleting databases or topics but for services with backups much of the content can at least be restored from backup in case accidental deletion is done.","description_kind":"plain","optional":true}},"block_types":{"kafka_user_config":{"nesting_mode":"list","block":{"attributes":{"additional_backup_regions":{"type":["list","string"],"description":"Additional Cloud Regions for Backup Replication.","description_kind":"plain","optional":true},"custom_domain":{"type":"string","description":"Serve the web frontend using a custom CNAME pointing to the Aiven DNS name.","description_kind":"plain","optional":true},"ip_filter":{"type":["list","string"],"description":"Allow incoming connections from CIDR address block, e.g. '10.20.0.0/16'.","description_kind":"plain","deprecated":true,"optional":true},"ip_filter_string":{"type":["list","string"],"description":"Allow incoming connections from CIDR address block, e.g. '10.20.0.0/16'.","description_kind":"plain","optional":true},"kafka_connect":{"type":"bool","description":"Enable Kafka Connect service. The default value is `false`.","description_kind":"plain","optional":true},"kafka_rest":{"type":"bool","description":"Enable Kafka-REST service. The default value is `false`.","description_kind":"plain","optional":true},"kafka_rest_authorization":{"type":"bool","description":"Enable authorization in Kafka-REST service.","description_kind":"plain","optional":true},"kafka_version":{"type":"string","description":"Kafka major version.","description_kind":"plain","optional":true},"schema_registry":{"type":"bool","description":"Enable Schema-Registry service. The default value is `false`.","description_kind":"plain","optional":true},"static_ips":{"type":"bool","description":"Use static public IP addresses.","description_kind":"plain","optional":true}},"block_types":{"ip_filter_object":{"nesting_mode":"list","block":{"attributes":{"description":{"type":"string","description":"Description for IP filter list entry.","description_kind":"plain","optional":true},"network":{"type":"string","description":"CIDR address block.","description_kind":"plain","required":true}},"description":"Allow incoming connections from CIDR address block, e.g. '10.20.0.0/16'.","description_kind":"plain"},"max_items":1024},"kafka":{"nesting_mode":"list","block":{"attributes":{"auto_create_topics_enable":{"type":"bool","description":"Enable auto creation of topics.","description_kind":"plain","optional":true},"compression_type":{"type":"string","description":"Specify the final compression type for a given topic. This configuration accepts the standard compression codecs ('gzip', 'snappy', 'lz4', 'zstd'). It additionally accepts 'uncompressed' which is equivalent to no compression; and 'producer' which means retain the original compression codec set by the producer.","description_kind":"plain","optional":true},"connections_max_idle_ms":{"type":"number","description":"Idle connections timeout: the server socket processor threads close the connections that idle for longer than this.","description_kind":"plain","optional":true},"default_replication_factor":{"type":"number","description":"Replication factor for autocreated topics.","description_kind":"plain","optional":true},"group_initial_rebalance_delay_ms":{"type":"number","description":"The amount of time, in milliseconds, the group coordinator will wait for more consumers to join a new group before performing the first rebalance. A longer delay means potentially fewer rebalances, but increases the time until processing begins. The default value for this is 3 seconds. During development and testing it might be desirable to set this to 0 in order to not delay test execution time.","description_kind":"plain","optional":true},"group_max_session_timeout_ms":{"type":"number","description":"The maximum allowed session timeout for registered consumers. Longer timeouts give consumers more time to process messages in between heartbeats at the cost of a longer time to detect failures.","description_kind":"plain","optional":true},"group_min_session_timeout_ms":{"type":"number","description":"The minimum allowed session timeout for registered consumers. Longer timeouts give consumers more time to process messages in between heartbeats at the cost of a longer time to detect failures.","description_kind":"plain","optional":true},"log_cleaner_delete_retention_ms":{"type":"number","description":"How long are delete records retained?.","description_kind":"plain","optional":true},"log_cleaner_max_compaction_lag_ms":{"type":"number","description":"The maximum amount of time message will remain uncompacted. Only applicable for logs that are being compacted.","description_kind":"plain","optional":true},"log_cleaner_min_cleanable_ratio":{"type":"number","description":"Controls log compactor frequency. Larger value means more frequent compactions but also more space wasted for logs. Consider setting log.cleaner.max.compaction.lag.ms to enforce compactions sooner, instead of setting a very high value for this option.","description_kind":"plain","optional":true},"log_cleaner_min_compaction_lag_ms":{"type":"number","description":"The minimum time a message will remain uncompacted in the log. Only applicable for logs that are being compacted.","description_kind":"plain","optional":true},"log_cleanup_policy":{"type":"string","description":"The default cleanup policy for segments beyond the retention window.","description_kind":"plain","optional":true},"log_flush_interval_messages":{"type":"number","description":"The number of messages accumulated on a log partition before messages are flushed to disk.","description_kind":"plain","optional":true},"log_flush_interval_ms":{"type":"number","description":"The maximum time in ms that a message in any topic is kept in memory before flushed to disk. If not set, the value in log.flush.scheduler.interval.ms is used.","description_kind":"plain","optional":true},"log_index_interval_bytes":{"type":"number","description":"The interval with which Kafka adds an entry to the offset index.","description_kind":"plain","optional":true},"log_index_size_max_bytes":{"type":"number","description":"The maximum size in bytes of the offset index.","description_kind":"plain","optional":true},"log_message_downconversion_enable":{"type":"bool","description":"This configuration controls whether down-conversion of message formats is enabled to satisfy consume requests. .","description_kind":"plain","optional":true},"log_message_timestamp_difference_max_ms":{"type":"number","description":"The maximum difference allowed between the timestamp when a broker receives a message and the timestamp specified in the message.","description_kind":"plain","optional":true},"log_message_timestamp_type":{"type":"string","description":"Define whether the timestamp in the message is message create time or log append time.","description_kind":"plain","optional":true},"log_preallocate":{"type":"bool","description":"Should pre allocate file when create new segment?.","description_kind":"plain","optional":true},"log_retention_bytes":{"type":"number","description":"The maximum size of the log before deleting messages.","description_kind":"plain","optional":true},"log_retention_hours":{"type":"number","description":"The number of hours to keep a log file before deleting it.","description_kind":"plain","optional":true},"log_retention_ms":{"type":"number","description":"The number of milliseconds to keep a log file before deleting it (in milliseconds), If not set, the value in log.retention.minutes is used. If set to -1, no time limit is applied.","description_kind":"plain","optional":true},"log_roll_jitter_ms":{"type":"number","description":"The maximum jitter to subtract from logRollTimeMillis (in milliseconds). If not set, the value in log.roll.jitter.hours is used.","description_kind":"plain","optional":true},"log_roll_ms":{"type":"number","description":"The maximum time before a new log segment is rolled out (in milliseconds).","description_kind":"plain","optional":true},"log_segment_bytes":{"type":"number","description":"The maximum size of a single log file.","description_kind":"plain","optional":true},"log_segment_delete_delay_ms":{"type":"number","description":"The amount of time to wait before deleting a file from the filesystem.","description_kind":"plain","optional":true},"max_connections_per_ip":{"type":"number","description":"The maximum number of connections allowed from each ip address (defaults to 2147483647).","description_kind":"plain","optional":true},"max_incremental_fetch_session_cache_slots":{"type":"number","description":"The maximum number of incremental fetch sessions that the broker will maintain.","description_kind":"plain","optional":true},"message_max_bytes":{"type":"number","description":"The maximum size of message that the server can receive.","description_kind":"plain","optional":true},"min_insync_replicas":{"type":"number","description":"When a producer sets acks to 'all' (or '-1'), min.insync.replicas specifies the minimum number of replicas that must acknowledge a write for the write to be considered successful.","description_kind":"plain","optional":true},"num_partitions":{"type":"number","description":"Number of partitions for autocreated topics.","description_kind":"plain","optional":true},"offsets_retention_minutes":{"type":"number","description":"Log retention window in minutes for offsets topic.","description_kind":"plain","optional":true},"producer_purgatory_purge_interval_requests":{"type":"number","description":"The purge interval (in number of requests) of the producer request purgatory(defaults to 1000).","description_kind":"plain","optional":true},"replica_fetch_max_bytes":{"type":"number","description":"The number of bytes of messages to attempt to fetch for each partition (defaults to 1048576). This is not an absolute maximum, if the first record batch in the first non-empty partition of the fetch is larger than this value, the record batch will still be returned to ensure that progress can be made.","description_kind":"plain","optional":true},"replica_fetch_response_max_bytes":{"type":"number","description":"Maximum bytes expected for the entire fetch response (defaults to 10485760). Records are fetched in batches, and if the first record batch in the first non-empty partition of the fetch is larger than this value, the record batch will still be returned to ensure that progress can be made. As such, this is not an absolute maximum.","description_kind":"plain","optional":true},"socket_request_max_bytes":{"type":"number","description":"The maximum number of bytes in a socket request (defaults to 104857600).","description_kind":"plain","optional":true},"transaction_remove_expired_transaction_cleanup_interval_ms":{"type":"number","description":"The interval at which to remove transactions that have expired due to transactional.id.expiration.ms passing (defaults to 3600000 (1 hour)).","description_kind":"plain","optional":true},"transaction_state_log_segment_bytes":{"type":"number","description":"The transaction topic segment bytes should be kept relatively small in order to facilitate faster log compaction and cache loads (defaults to 104857600 (100 mebibytes)).","description_kind":"plain","optional":true}},"description":"Kafka broker configuration values.","description_kind":"plain"},"max_items":1},"kafka_authentication_methods":{"nesting_mode":"list","block":{"attributes":{"certificate":{"type":"bool","description":"Enable certificate/SSL authentication. The default value is `true`.","description_kind":"plain","optional":true},"sasl":{"type":"bool","description":"Enable SASL authentication. The default value is `false`.","description_kind":"plain","optional":true}},"description":"Kafka authentication methods.","description_kind":"plain"},"max_items":1},"kafka_connect_config":{"nesting_mode":"list","block":{"attributes":{"connector_client_config_override_policy":{"type":"string","description":"Defines what client configurations can be overridden by the connector. Default is None.","description_kind":"plain","optional":true},"consumer_auto_offset_reset":{"type":"string","description":"What to do when there is no initial offset in Kafka or if the current offset does not exist any more on the server. Default is earliest.","description_kind":"plain","optional":true},"consumer_fetch_max_bytes":{"type":"number","description":"Records are fetched in batches by the consumer, and if the first record batch in the first non-empty partition of the fetch is larger than this value, the record batch will still be returned to ensure that the consumer can make progress. As such, this is not a absolute maximum.","description_kind":"plain","optional":true},"consumer_isolation_level":{"type":"string","description":"Transaction read isolation level. read_uncommitted is the default, but read_committed can be used if consume-exactly-once behavior is desired.","description_kind":"plain","optional":true},"consumer_max_partition_fetch_bytes":{"type":"number","description":"Records are fetched in batches by the consumer.If the first record batch in the first non-empty partition of the fetch is larger than this limit, the batch will still be returned to ensure that the consumer can make progress. .","description_kind":"plain","optional":true},"consumer_max_poll_interval_ms":{"type":"number","description":"The maximum delay in milliseconds between invocations of poll() when using consumer group management (defaults to 300000).","description_kind":"plain","optional":true},"consumer_max_poll_records":{"type":"number","description":"The maximum number of records returned in a single call to poll() (defaults to 500).","description_kind":"plain","optional":true},"offset_flush_interval_ms":{"type":"number","description":"The interval at which to try committing offsets for tasks (defaults to 60000).","description_kind":"plain","optional":true},"offset_flush_timeout_ms":{"type":"number","description":"Maximum number of milliseconds to wait for records to flush and partition offset data to be committed to offset storage before cancelling the process and restoring the offset data to be committed in a future attempt (defaults to 5000).","description_kind":"plain","optional":true},"producer_batch_size":{"type":"number","description":"This setting gives the upper bound of the batch size to be sent. If there are fewer than this many bytes accumulated for this partition, the producer will 'linger' for the linger.ms time waiting for more records to show up. A batch size of zero will disable batching entirely (defaults to 16384).","description_kind":"plain","optional":true},"producer_buffer_memory":{"type":"number","description":"The total bytes of memory the producer can use to buffer records waiting to be sent to the broker (defaults to 33554432).","description_kind":"plain","optional":true},"producer_compression_type":{"type":"string","description":"Specify the default compression type for producers. This configuration accepts the standard compression codecs ('gzip', 'snappy', 'lz4', 'zstd'). It additionally accepts 'none' which is the default and equivalent to no compression.","description_kind":"plain","optional":true},"producer_linger_ms":{"type":"number","description":"This setting gives the upper bound on the delay for batching: once there is batch.size worth of records for a partition it will be sent immediately regardless of this setting, however if there are fewer than this many bytes accumulated for this partition the producer will 'linger' for the specified time waiting for more records to show up. Defaults to 0.","description_kind":"plain","optional":true},"producer_max_request_size":{"type":"number","description":"This setting will limit the number of record batches the producer will send in a single request to avoid sending huge requests.","description_kind":"plain","optional":true},"scheduled_rebalance_max_delay_ms":{"type":"number","description":"The maximum delay that is scheduled in order to wait for the return of one or more departed workers before rebalancing and reassigning their connectors and tasks to the group. During this period the connectors and tasks of the departed workers remain unassigned.  Defaults to 5 minutes.","description_kind":"plain","optional":true},"session_timeout_ms":{"type":"number","description":"The timeout in milliseconds used to detect failures when using Kafka’s group management facilities (defaults to 10000).","description_kind":"plain","optional":true}},"description":"Kafka Connect configuration values.","description_kind":"plain"},"max_items":1},"kafka_rest_config":{"nesting_mode":"list","block":{"attributes":{"consumer_enable_auto_commit":{"type":"bool","description":"If true the consumer's offset will be periodically committed to Kafka in the background. The default value is `true`.","description_kind":"plain","optional":true},"consumer_request_max_bytes":{"type":"number","description":"Maximum number of bytes in unencoded message keys and values by a single request. The default value is `67108864`.","description_kind":"plain","optional":true},"consumer_request_timeout_ms":{"type":"number","description":"The maximum total time to wait for messages for a request if the maximum number of messages has not yet been reached. The default value is `1000`.","description_kind":"plain","optional":true},"producer_acks":{"type":"string","description":"The number of acknowledgments the producer requires the leader to have received before considering a request complete. If set to 'all' or '-1', the leader will wait for the full set of in-sync replicas to acknowledge the record. The default value is `1`.","description_kind":"plain","optional":true},"producer_compression_type":{"type":"string","description":"Specify the default compression type for producers. This configuration accepts the standard compression codecs ('gzip', 'snappy', 'lz4', 'zstd'). It additionally accepts 'none' which is the default and equivalent to no compression.","description_kind":"plain","optional":true},"producer_linger_ms":{"type":"number","description":"Wait for up to the given delay to allow batching records together. The default value is `0`.","description_kind":"plain","optional":true},"producer_max_request_size":{"type":"number","description":"The maximum size of a request in bytes. Note that Kafka broker can also cap the record batch size. The default value is `1048576`.","description_kind":"plain","optional":true},"simpleconsumer_pool_size_max":{"type":"number","description":"Maximum number of SimpleConsumers that can be instantiated per broker. The default value is `25`.","description_kind":"plain","optional":true}},"description":"Kafka REST configuration.","description_kind":"plain"},"max_items":1},"private_access":{"nesting_mode":"list","block":{"attributes":{"kafka":{"type":"bool","description":"Allow clients to connect to kafka with a DNS name that always resolves to the service's private IP addresses. Only available in certain network locations.","description_kind":"plain","optional":true},"kafka_connect":{"type":"bool","description":"Allow clients to connect to kafka_connect with a DNS name that always resolves to the service's private IP addresses. Only available in certain network locations.","description_kind":"plain","optional":true},"kafka_rest":{"type":"bool","description":"Allow clients to connect to kafka_rest with a DNS name that always resolves to the service's private IP addresses. Only available in certain network locations.","description_kind":"plain","optional":true},"prometheus":{"type":"bool","description":"Allow clients to connect to prometheus with a DNS name that always resolves to the service's private IP addresses. Only available in certain network locations.","description_kind":"plain","optional":true},"schema_registry":{"type":"bool","description":"Allow clients to connect to schema_registry with a DNS name that always resolves to the service's private IP addresses. Only available in certain network locations.","description_kind":"plain","optional":true}},"description":"Allow access to selected service ports from private networks.","description_kind":"plain"},"max_items":1},"privatelink_access":{"nesting_mode":"list","block":{"attributes":{"jolokia":{"type":"bool","description":"Enable jolokia.","description_kind":"plain","optional":true},"kafka":{"type":"bool","description":"Enable kafka.","description_kind":"plain","optional":true},"kafka_connect":{"type":"bool","description":"Enable kafka_connect.","description_kind":"plain","optional":true},"kafka_rest":{"type":"bool","description":"Enable kafka_rest.","description_kind":"plain","optional":true},"prometheus":{"type":"bool","description":"Enable prometheus.","description_kind":"plain","optional":true},"schema_registry":{"type":"bool","description":"Enable schema_registry.","description_kind":"plain","optional":true}},"description":"Allow access to selected service components through Privatelink.","description_kind":"plain"},"max_items":1},"public_access":{"nesting_mode":"list","block":{"attributes":{"kafka":{"type":"bool","description":"Allow clients to connect to kafka from the public internet for service nodes that are in a project VPC or another type of private network.","description_kind":"plain","optional":true},"kafka_connect":{"type":"bool","description":"Allow clients to connect to kafka_connect from the public internet for service nodes that are in a project VPC or another type of private network.","description_kind":"plain","optional":true},"kafka_rest":{"type":"bool","description":"Allow clients to connect to kafka_rest from the public internet for service nodes that are in a project VPC or another type of private network.","description_kind":"plain","optional":true},"prometheus":{"type":"bool","description":"Allow clients to connect to prometheus from the public internet for service nodes that are in a project VPC or another type of private network.","description_kind":"plain","optional":true},"schema_registry":{"type":"bool","description":"Allow clients to connect to schema_registry from the public internet for service nodes that are in a project VPC or another type of private network.","description_kind":"plain","optional":true}},"description":"Allow access to selected service ports from the public Internet.","description_kind":"plain"},"max_items":1},"schema_registry_config":{"nesting_mode":"list","block":{"attributes":{"leader_eligibility":{"type":"bool","description":"If true, Karapace / Schema Registry on the service nodes can participate in leader election. It might be needed to disable this when the schemas topic is replicated to a secondary cluster and Karapace / Schema Registry there must not participate in leader election. Defaults to `true`.","description_kind":"plain","optional":true},"topic_name":{"type":"string","description":"The durable single partition topic that acts as the durable log for the data. This topic must be compacted to avoid losing data due to retention policy. Please note that changing this configuration in an existing Schema Registry / Karapace setup leads to previous schemas being inaccessible, data encoded with them potentially unreadable and schema ID sequence put out of order. It's only possible to do the switch while Schema Registry / Karapace is disabled. Defaults to `_schemas`.","description_kind":"plain","optional":true}},"description":"Schema Registry configuration.","description_kind":"plain"},"max_items":1}},"description":"Kafka user configurable settings","description_kind":"plain"},"max_items":1},"service_integrations":{"nesting_mode":"list","block":{"attributes":{"integration_type":{"type":"string","description":"Type of the service integration. The only supported value at the moment is `read_replica`","description_kind":"plain","required":true},"source_service_name":{"type":"string","description":"Name of the source service","description_kind":"plain","required":true}},"description":"Service integrations to specify when creating a service. Not applied after initial service creation","description_kind":"plain"}},"tag":{"nesting_mode":"set","block":{"attributes":{"key":{"type":"string","description":"Service tag key","description_kind":"plain","required":true},"value":{"type":"string","description":"Service tag value","description_kind":"plain","required":true}},"description":"Tags are key-value pairs that allow you to categorize services.","description_kind":"plain"}},"timeouts":{"nesting_mode":"single","block":{"attributes":{"create":{"type":"string","description_kind":"plain","optional":true},"default":{"type":"string","description_kind":"plain","optional":true},"delete":{"type":"string","description_kind":"plain","optional":true},"read":{"type":"string","description_kind":"plain","optional":true},"update":{"type":"string","description_kind":"plain","optional":true}},"description_kind":"plain"}}},"description":"The Kafka resource allows the creation and management of Aiven Kafka services.","description_kind":"plain"}},"aiven_kafka_acl":{"version":0,"block":{"attributes":{"acl_id":{"type":"string","description":"Kafka ACL ID","description_kind":"plain","computed":true},"id":{"type":"string","description_kind":"plain","optional":true,"computed":true},"permission":{"type":"string","description":"Kafka permission to grant. The possible values are `admin`, `read`, `readwrite` and `write`. This property cannot be changed, doing so forces recreation of the resource.","description_kind":"plain","required":true},"project":{"type":"string","description":"Identifies the project this resource belongs to. To set up proper dependencies please refer to this variable as a reference. This property cannot be changed, doing so forces recreation of the resource.","description_kind":"plain","required":true},"service_name":{"type":"string","description":"Specifies the name of the service that this resource belongs to. To set up proper dependencies please refer to this variable as a reference. This property cannot be changed, doing so forces recreation of the resource.","description_kind":"plain","required":true},"topic":{"type":"string","description":"Topic name pattern for the ACL entry. This property cannot be changed, doing so forces recreation of the resource.","description_kind":"plain","required":true},"username":{"type":"string","description":"Username pattern for the ACL entry. This property cannot be changed, doing so forces recreation of the resource.","description_kind":"plain","required":true}},"block_types":{"timeouts":{"nesting_mode":"single","block":{"attributes":{"create":{"type":"string","description_kind":"plain","optional":true},"default":{"type":"string","description_kind":"plain","optional":true},"delete":{"type":"string","description_kind":"plain","optional":true},"read":{"type":"string","description_kind":"plain","optional":true},"update":{"type":"string","description_kind":"plain","optional":true}},"description_kind":"plain"}}},"description":"The Resource Kafka ACL resource allows the creation and management of ACLs for an Aiven Kafka service.","description_kind":"plain"}},"aiven_kafka_connect":{"version":1,"block":{"attributes":{"additional_disk_space":{"type":"string","description":"Additional disk space. Possible values depend on the service type, the cloud provider and the project. Therefore, reducing will result in the service rebalancing.","description_kind":"plain","optional":true},"cloud_name":{"type":"string","description":"Defines where the cloud provider and region where the service is hosted in. This can be changed freely after service is created. Changing the value will trigger a potentially lengthy migration process for the service. Format is cloud provider name (`aws`, `azure`, `do` `google`, `upcloud`, etc.), dash, and the cloud provider specific region name. These are documented on each Cloud provider's own support articles, like [here for Google](https://cloud.google.com/compute/docs/regions-zones/) and [here for AWS](https://docs.aws.amazon.com/AmazonRDS/latest/UserGuide/Concepts.RegionsAndAvailabilityZones.html).","description_kind":"plain","optional":true},"components":{"type":["list",["object",{"component":"string","host":"string","kafka_authentication_method":"string","port":"number","route":"string","ssl":"bool","usage":"string"}]],"description":"Service component information objects","description_kind":"plain","computed":true},"disk_space":{"type":"string","description":"Service disk space. Possible values depend on the service type, the cloud provider and the project. Therefore, reducing will result in the service rebalancing.","description_kind":"plain","deprecated":true,"optional":true},"disk_space_cap":{"type":"string","description":"The maximum disk space of the service, possible values depend on the service type, the cloud provider and the project.","description_kind":"plain","computed":true},"disk_space_default":{"type":"string","description":"The default disk space of the service, possible values depend on the service type, the cloud provider and the project. Its also the minimum value for `disk_space`","description_kind":"plain","computed":true},"disk_space_step":{"type":"string","description":"The default disk space step of the service, possible values depend on the service type, the cloud provider and the project. `disk_space` needs to increment from `disk_space_default` by increments of this size.","description_kind":"plain","computed":true},"disk_space_used":{"type":"string","description":"Disk space that service is currently using","description_kind":"plain","computed":true},"id":{"type":"string","description_kind":"plain","optional":true,"computed":true},"kafka_connect":{"type":["list",["object",{}]],"description":"Kafka Connect server provided values","description_kind":"plain","computed":true},"maintenance_window_dow":{"type":"string","description":"Day of week when maintenance operations should be performed. One monday, tuesday, wednesday, etc.","description_kind":"plain","optional":true},"maintenance_window_time":{"type":"string","description":"Time of day when maintenance operations should be performed. UTC time in HH:mm:ss format.","description_kind":"plain","optional":true},"plan":{"type":"string","description":"Defines what kind of computing resources are allocated for the service. It can be changed after creation, though there are some restrictions when going to a smaller plan such as the new plan must have sufficient amount of disk space to store all current data and switching to a plan with fewer nodes might not be supported. The basic plan names are `hobbyist`, `startup-x`, `business-x` and `premium-x` where `x` is (roughly) the amount of memory on each node (also other attributes like number of CPUs and amount of disk space varies but naming is based on memory). The available options can be seem from the [Aiven pricing page](https://aiven.io/pricing).","description_kind":"plain","required":true},"project":{"type":"string","description":"Identifies the project this resource belongs to. To set up proper dependencies please refer to this variable as a reference. This property cannot be changed, doing so forces recreation of the resource.","description_kind":"plain","required":true},"project_vpc_id":{"type":"string","description":"Specifies the VPC the service should run in. If the value is not set the service is not run inside a VPC. When set, the value should be given as a reference to set up dependencies correctly and the VPC must be in the same cloud and region as the service itself. Project can be freely moved to and from VPC after creation but doing so triggers migration to new servers so the operation can take significant amount of time to complete if the service has a lot of data.","description_kind":"plain","optional":true},"service_host":{"type":"string","description":"The hostname of the service.","description_kind":"plain","computed":true},"service_name":{"type":"string","description":"Specifies the actual name of the service. The name cannot be changed later without destroying and re-creating the service so name should be picked based on intended service usage rather than current attributes.","description_kind":"plain","required":true},"service_password":{"type":"string","description":"Password used for connecting to the service, if applicable","description_kind":"plain","computed":true,"sensitive":true},"service_port":{"type":"number","description":"The port of the service","description_kind":"plain","computed":true},"service_type":{"type":"string","description":"Aiven internal service type code","description_kind":"plain","computed":true},"service_uri":{"type":"string","description":"URI for connecting to the service. Service specific info is under \"kafka\", \"pg\", etc.","description_kind":"plain","computed":true,"sensitive":true},"service_username":{"type":"string","description":"Username used for connecting to the service, if applicable","description_kind":"plain","computed":true},"state":{"type":"string","description":"Service state. One of `POWEROFF`, `REBALANCING`, `REBUILDING` or `RUNNING`","description_kind":"plain","computed":true},"static_ips":{"type":["set","string"],"description":"Static IPs that are going to be associated with this service. Please assign a value using the 'toset' function. Once a static ip resource is in the 'assigned' state it cannot be unbound from the node again","description_kind":"plain","optional":true},"termination_protection":{"type":"bool","description":"Prevents the service from being deleted. It is recommended to set this to `true` for all production services to prevent unintentional service deletion. This does not shield against deleting databases or topics but for services with backups much of the content can at least be restored from backup in case accidental deletion is done.","description_kind":"plain","optional":true}},"block_types":{"kafka_connect_user_config":{"nesting_mode":"list","block":{"attributes":{"additional_backup_regions":{"type":["list","string"],"description":"Additional Cloud Regions for Backup Replication.","description_kind":"plain","optional":true},"ip_filter":{"type":["list","string"],"description":"Allow incoming connections from CIDR address block, e.g. '10.20.0.0/16'.","description_kind":"plain","deprecated":true,"optional":true},"ip_filter_string":{"type":["list","string"],"description":"Allow incoming connections from CIDR address block, e.g. '10.20.0.0/16'.","description_kind":"plain","optional":true},"static_ips":{"type":"bool","description":"Use static public IP addresses.","description_kind":"plain","optional":true}},"block_types":{"ip_filter_object":{"nesting_mode":"list","block":{"attributes":{"description":{"type":"string","description":"Description for IP filter list entry.","description_kind":"plain","optional":true},"network":{"type":"string","description":"CIDR address block.","description_kind":"plain","required":true}},"description":"Allow incoming connections from CIDR address block, e.g. '10.20.0.0/16'.","description_kind":"plain"},"max_items":1024},"kafka_connect":{"nesting_mode":"list","block":{"attributes":{"connector_client_config_override_policy":{"type":"string","description":"Defines what client configurations can be overridden by the connector. Default is None.","description_kind":"plain","optional":true},"consumer_auto_offset_reset":{"type":"string","description":"What to do when there is no initial offset in Kafka or if the current offset does not exist any more on the server. Default is earliest.","description_kind":"plain","optional":true},"consumer_fetch_max_bytes":{"type":"number","description":"Records are fetched in batches by the consumer, and if the first record batch in the first non-empty partition of the fetch is larger than this value, the record batch will still be returned to ensure that the consumer can make progress. As such, this is not a absolute maximum.","description_kind":"plain","optional":true},"consumer_isolation_level":{"type":"string","description":"Transaction read isolation level. read_uncommitted is the default, but read_committed can be used if consume-exactly-once behavior is desired.","description_kind":"plain","optional":true},"consumer_max_partition_fetch_bytes":{"type":"number","description":"Records are fetched in batches by the consumer.If the first record batch in the first non-empty partition of the fetch is larger than this limit, the batch will still be returned to ensure that the consumer can make progress. .","description_kind":"plain","optional":true},"consumer_max_poll_interval_ms":{"type":"number","description":"The maximum delay in milliseconds between invocations of poll() when using consumer group management (defaults to 300000).","description_kind":"plain","optional":true},"consumer_max_poll_records":{"type":"number","description":"The maximum number of records returned in a single call to poll() (defaults to 500).","description_kind":"plain","optional":true},"offset_flush_interval_ms":{"type":"number","description":"The interval at which to try committing offsets for tasks (defaults to 60000).","description_kind":"plain","optional":true},"offset_flush_timeout_ms":{"type":"number","description":"Maximum number of milliseconds to wait for records to flush and partition offset data to be committed to offset storage before cancelling the process and restoring the offset data to be committed in a future attempt (defaults to 5000).","description_kind":"plain","optional":true},"producer_batch_size":{"type":"number","description":"This setting gives the upper bound of the batch size to be sent. If there are fewer than this many bytes accumulated for this partition, the producer will 'linger' for the linger.ms time waiting for more records to show up. A batch size of zero will disable batching entirely (defaults to 16384).","description_kind":"plain","optional":true},"producer_buffer_memory":{"type":"number","description":"The total bytes of memory the producer can use to buffer records waiting to be sent to the broker (defaults to 33554432).","description_kind":"plain","optional":true},"producer_compression_type":{"type":"string","description":"Specify the default compression type for producers. This configuration accepts the standard compression codecs ('gzip', 'snappy', 'lz4', 'zstd'). It additionally accepts 'none' which is the default and equivalent to no compression.","description_kind":"plain","optional":true},"producer_linger_ms":{"type":"number","description":"This setting gives the upper bound on the delay for batching: once there is batch.size worth of records for a partition it will be sent immediately regardless of this setting, however if there are fewer than this many bytes accumulated for this partition the producer will 'linger' for the specified time waiting for more records to show up. Defaults to 0.","description_kind":"plain","optional":true},"producer_max_request_size":{"type":"number","description":"This setting will limit the number of record batches the producer will send in a single request to avoid sending huge requests.","description_kind":"plain","optional":true},"scheduled_rebalance_max_delay_ms":{"type":"number","description":"The maximum delay that is scheduled in order to wait for the return of one or more departed workers before rebalancing and reassigning their connectors and tasks to the group. During this period the connectors and tasks of the departed workers remain unassigned.  Defaults to 5 minutes.","description_kind":"plain","optional":true},"session_timeout_ms":{"type":"number","description":"The timeout in milliseconds used to detect failures when using Kafka’s group management facilities (defaults to 10000).","description_kind":"plain","optional":true}},"description":"Kafka Connect configuration values.","description_kind":"plain"},"max_items":1},"private_access":{"nesting_mode":"list","block":{"attributes":{"kafka_connect":{"type":"bool","description":"Allow clients to connect to kafka_connect with a DNS name that always resolves to the service's private IP addresses. Only available in certain network locations.","description_kind":"plain","optional":true},"prometheus":{"type":"bool","description":"Allow clients to connect to prometheus with a DNS name that always resolves to the service's private IP addresses. Only available in certain network locations.","description_kind":"plain","optional":true}},"description":"Allow access to selected service ports from private networks.","description_kind":"plain"},"max_items":1},"privatelink_access":{"nesting_mode":"list","block":{"attributes":{"jolokia":{"type":"bool","description":"Enable jolokia.","description_kind":"plain","optional":true},"kafka_connect":{"type":"bool","description":"Enable kafka_connect.","description_kind":"plain","optional":true},"prometheus":{"type":"bool","description":"Enable prometheus.","description_kind":"plain","optional":true}},"description":"Allow access to selected service components through Privatelink.","description_kind":"plain"},"max_items":1},"public_access":{"nesting_mode":"list","block":{"attributes":{"kafka_connect":{"type":"bool","description":"Allow clients to connect to kafka_connect from the public internet for service nodes that are in a project VPC or another type of private network.","description_kind":"plain","optional":true},"prometheus":{"type":"bool","description":"Allow clients to connect to prometheus from the public internet for service nodes that are in a project VPC or another type of private network.","description_kind":"plain","optional":true}},"description":"Allow access to selected service ports from the public Internet.","description_kind":"plain"},"max_items":1}},"description":"KafkaConnect user configurable settings","description_kind":"plain"},"max_items":1},"service_integrations":{"nesting_mode":"list","block":{"attributes":{"integration_type":{"type":"string","description":"Type of the service integration. The only supported value at the moment is `read_replica`","description_kind":"plain","required":true},"source_service_name":{"type":"string","description":"Name of the source service","description_kind":"plain","required":true}},"description":"Service integrations to specify when creating a service. Not applied after initial service creation","description_kind":"plain"}},"tag":{"nesting_mode":"set","block":{"attributes":{"key":{"type":"string","description":"Service tag key","description_kind":"plain","required":true},"value":{"type":"string","description":"Service tag value","description_kind":"plain","required":true}},"description":"Tags are key-value pairs that allow you to categorize services.","description_kind":"plain"}},"timeouts":{"nesting_mode":"single","block":{"attributes":{"create":{"type":"string","description_kind":"plain","optional":true},"default":{"type":"string","description_kind":"plain","optional":true},"delete":{"type":"string","description_kind":"plain","optional":true},"read":{"type":"string","description_kind":"plain","optional":true},"update":{"type":"string","description_kind":"plain","optional":true}},"description_kind":"plain"}}},"description":"The Kafka Connect resource allows the creation and management of Aiven Kafka Connect services.","description_kind":"plain"}},"aiven_kafka_connector":{"version":0,"block":{"attributes":{"config":{"type":["map","string"],"description":"The Kafka Connector configuration parameters.","description_kind":"plain","required":true},"connector_name":{"type":"string","description":"The kafka connector name. This property cannot be changed, doing so forces recreation of the resource.","description_kind":"plain","required":true},"id":{"type":"string","description_kind":"plain","optional":true,"computed":true},"plugin_author":{"type":"string","description":"The Kafka connector author.","description_kind":"plain","computed":true},"plugin_class":{"type":"string","description":"The Kafka connector Java class.","description_kind":"plain","computed":true},"plugin_doc_url":{"type":"string","description":"The Kafka connector documentation URL.","description_kind":"plain","computed":true},"plugin_title":{"type":"string","description":"The Kafka connector title.","description_kind":"plain","computed":true},"plugin_type":{"type":"string","description":"The Kafka connector type.","description_kind":"plain","computed":true},"plugin_version":{"type":"string","description":"The version of the kafka connector.","description_kind":"plain","computed":true},"project":{"type":"string","description":"Identifies the project this resource belongs to. To set up proper dependencies please refer to this variable as a reference. This property cannot be changed, doing so forces recreation of the resource.","description_kind":"plain","required":true},"service_name":{"type":"string","description":"Specifies the name of the service that this resource belongs to. To set up proper dependencies please refer to this variable as a reference. This property cannot be changed, doing so forces recreation of the resource.","description_kind":"plain","required":true},"task":{"type":["set",["object",{"connector":"string","task":"number"}]],"description":"List of tasks of a connector.","description_kind":"plain","computed":true}},"block_types":{"timeouts":{"nesting_mode":"single","block":{"attributes":{"create":{"type":"string","description_kind":"plain","optional":true},"default":{"type":"string","description_kind":"plain","optional":true},"delete":{"type":"string","description_kind":"plain","optional":true},"read":{"type":"string","description_kind":"plain","optional":true},"update":{"type":"string","description_kind":"plain","optional":true}},"description_kind":"plain"}}},"description":"The Kafka connectors resource allows the creation and management of Aiven Kafka connectors.","description_kind":"plain"}},"aiven_kafka_mirrormaker":{"version":1,"block":{"attributes":{"additional_disk_space":{"type":"string","description":"Additional disk space. Possible values depend on the service type, the cloud provider and the project. Therefore, reducing will result in the service rebalancing.","description_kind":"plain","optional":true},"cloud_name":{"type":"string","description":"Defines where the cloud provider and region where the service is hosted in. This can be changed freely after service is created. Changing the value will trigger a potentially lengthy migration process for the service. Format is cloud provider name (`aws`, `azure`, `do` `google`, `upcloud`, etc.), dash, and the cloud provider specific region name. These are documented on each Cloud provider's own support articles, like [here for Google](https://cloud.google.com/compute/docs/regions-zones/) and [here for AWS](https://docs.aws.amazon.com/AmazonRDS/latest/UserGuide/Concepts.RegionsAndAvailabilityZones.html).","description_kind":"plain","optional":true},"components":{"type":["list",["object",{"component":"string","host":"string","kafka_authentication_method":"string","port":"number","route":"string","ssl":"bool","usage":"string"}]],"description":"Service component information objects","description_kind":"plain","computed":true},"disk_space":{"type":"string","description":"Service disk space. Possible values depend on the service type, the cloud provider and the project. Therefore, reducing will result in the service rebalancing.","description_kind":"plain","deprecated":true,"optional":true},"disk_space_cap":{"type":"string","description":"The maximum disk space of the service, possible values depend on the service type, the cloud provider and the project.","description_kind":"plain","computed":true},"disk_space_default":{"type":"string","description":"The default disk space of the service, possible values depend on the service type, the cloud provider and the project. Its also the minimum value for `disk_space`","description_kind":"plain","computed":true},"disk_space_step":{"type":"string","description":"The default disk space step of the service, possible values depend on the service type, the cloud provider and the project. `disk_space` needs to increment from `disk_space_default` by increments of this size.","description_kind":"plain","computed":true},"disk_space_used":{"type":"string","description":"Disk space that service is currently using","description_kind":"plain","computed":true},"id":{"type":"string","description_kind":"plain","optional":true,"computed":true},"kafka_mirrormaker":{"type":["list",["object",{}]],"description":"Kafka MirrorMaker 2 server provided values","description_kind":"plain","computed":true},"maintenance_window_dow":{"type":"string","description":"Day of week when maintenance operations should be performed. One monday, tuesday, wednesday, etc.","description_kind":"plain","optional":true},"maintenance_window_time":{"type":"string","description":"Time of day when maintenance operations should be performed. UTC time in HH:mm:ss format.","description_kind":"plain","optional":true},"plan":{"type":"string","description":"Defines what kind of computing resources are allocated for the service. It can be changed after creation, though there are some restrictions when going to a smaller plan such as the new plan must have sufficient amount of disk space to store all current data and switching to a plan with fewer nodes might not be supported. The basic plan names are `hobbyist`, `startup-x`, `business-x` and `premium-x` where `x` is (roughly) the amount of memory on each node (also other attributes like number of CPUs and amount of disk space varies but naming is based on memory). The available options can be seem from the [Aiven pricing page](https://aiven.io/pricing).","description_kind":"plain","required":true},"project":{"type":"string","description":"Identifies the project this resource belongs to. To set up proper dependencies please refer to this variable as a reference. This property cannot be changed, doing so forces recreation of the resource.","description_kind":"plain","required":true},"project_vpc_id":{"type":"string","description":"Specifies the VPC the service should run in. If the value is not set the service is not run inside a VPC. When set, the value should be given as a reference to set up dependencies correctly and the VPC must be in the same cloud and region as the service itself. Project can be freely moved to and from VPC after creation but doing so triggers migration to new servers so the operation can take significant amount of time to complete if the service has a lot of data.","description_kind":"plain","optional":true},"service_host":{"type":"string","description":"The hostname of the service.","description_kind":"plain","computed":true},"service_name":{"type":"string","description":"Specifies the actual name of the service. The name cannot be changed later without destroying and re-creating the service so name should be picked based on intended service usage rather than current attributes.","description_kind":"plain","required":true},"service_password":{"type":"string","description":"Password used for connecting to the service, if applicable","description_kind":"plain","computed":true,"sensitive":true},"service_port":{"type":"number","description":"The port of the service","description_kind":"plain","computed":true},"service_type":{"type":"string","description":"Aiven internal service type code","description_kind":"plain","computed":true},"service_uri":{"type":"string","description":"URI for connecting to the service. Service specific info is under \"kafka\", \"pg\", etc.","description_kind":"plain","computed":true,"sensitive":true},"service_username":{"type":"string","description":"Username used for connecting to the service, if applicable","description_kind":"plain","computed":true},"state":{"type":"string","description":"Service state. One of `POWEROFF`, `REBALANCING`, `REBUILDING` or `RUNNING`","description_kind":"plain","computed":true},"static_ips":{"type":["set","string"],"description":"Static IPs that are going to be associated with this service. Please assign a value using the 'toset' function. Once a static ip resource is in the 'assigned' state it cannot be unbound from the node again","description_kind":"plain","optional":true},"termination_protection":{"type":"bool","description":"Prevents the service from being deleted. It is recommended to set this to `true` for all production services to prevent unintentional service deletion. This does not shield against deleting databases or topics but for services with backups much of the content can at least be restored from backup in case accidental deletion is done.","description_kind":"plain","optional":true}},"block_types":{"kafka_mirrormaker_user_config":{"nesting_mode":"list","block":{"attributes":{"additional_backup_regions":{"type":["list","string"],"description":"Additional Cloud Regions for Backup Replication.","description_kind":"plain","optional":true},"ip_filter":{"type":["list","string"],"description":"Allow incoming connections from CIDR address block, e.g. '10.20.0.0/16'.","description_kind":"plain","deprecated":true,"optional":true},"ip_filter_string":{"type":["list","string"],"description":"Allow incoming connections from CIDR address block, e.g. '10.20.0.0/16'.","description_kind":"plain","optional":true},"static_ips":{"type":"bool","description":"Use static public IP addresses.","description_kind":"plain","optional":true}},"block_types":{"ip_filter_object":{"nesting_mode":"list","block":{"attributes":{"description":{"type":"string","description":"Description for IP filter list entry.","description_kind":"plain","optional":true},"network":{"type":"string","description":"CIDR address block.","description_kind":"plain","required":true}},"description":"Allow incoming connections from CIDR address block, e.g. '10.20.0.0/16'.","description_kind":"plain"},"max_items":1024},"kafka_mirrormaker":{"nesting_mode":"list","block":{"attributes":{"emit_checkpoints_enabled":{"type":"bool","description":"Whether to emit consumer group offset checkpoints to target cluster periodically (default: true).","description_kind":"plain","optional":true},"emit_checkpoints_interval_seconds":{"type":"number","description":"Frequency at which consumer group offset checkpoints are emitted (default: 60, every minute).","description_kind":"plain","optional":true},"refresh_groups_enabled":{"type":"bool","description":"Whether to periodically check for new consumer groups. Defaults to 'true'.","description_kind":"plain","optional":true},"refresh_groups_interval_seconds":{"type":"number","description":"Frequency of consumer group refresh in seconds. Defaults to 600 seconds (10 minutes).","description_kind":"plain","optional":true},"refresh_topics_enabled":{"type":"bool","description":"Whether to periodically check for new topics and partitions. Defaults to 'true'.","description_kind":"plain","optional":true},"refresh_topics_interval_seconds":{"type":"number","description":"Frequency of topic and partitions refresh in seconds. Defaults to 600 seconds (10 minutes).","description_kind":"plain","optional":true},"sync_group_offsets_enabled":{"type":"bool","description":"Whether to periodically write the translated offsets of replicated consumer groups (in the source cluster) to __consumer_offsets topic in target cluster, as long as no active consumers in that group are connected to the target cluster.","description_kind":"plain","optional":true},"sync_group_offsets_interval_seconds":{"type":"number","description":"Frequency at which consumer group offsets are synced (default: 60, every minute).","description_kind":"plain","optional":true},"sync_topic_configs_enabled":{"type":"bool","description":"Whether to periodically configure remote topics to match their corresponding upstream topics.","description_kind":"plain","optional":true},"tasks_max_per_cpu":{"type":"number","description":"'tasks.max' is set to this multiplied by the number of CPUs in the service. The default value is `1`.","description_kind":"plain","optional":true}},"description":"Kafka MirrorMaker configuration values.","description_kind":"plain"},"max_items":1}},"description":"KafkaMirrormaker user configurable settings","description_kind":"plain"},"max_items":1},"service_integrations":{"nesting_mode":"list","block":{"attributes":{"integration_type":{"type":"string","description":"Type of the service integration. The only supported value at the moment is `read_replica`","description_kind":"plain","required":true},"source_service_name":{"type":"string","description":"Name of the source service","description_kind":"plain","required":true}},"description":"Service integrations to specify when creating a service. Not applied after initial service creation","description_kind":"plain"}},"tag":{"nesting_mode":"set","block":{"attributes":{"key":{"type":"string","description":"Service tag key","description_kind":"plain","required":true},"value":{"type":"string","description":"Service tag value","description_kind":"plain","required":true}},"description":"Tags are key-value pairs that allow you to categorize services.","description_kind":"plain"}},"timeouts":{"nesting_mode":"single","block":{"attributes":{"create":{"type":"string","description_kind":"plain","optional":true},"default":{"type":"string","description_kind":"plain","optional":true},"delete":{"type":"string","description_kind":"plain","optional":true},"read":{"type":"string","description_kind":"plain","optional":true},"update":{"type":"string","description_kind":"plain","optional":true}},"description_kind":"plain"}}},"description":"The Kafka MirrorMaker resource allows the creation and management of Aiven Kafka MirrorMaker 2 services.","description_kind":"plain"}},"aiven_kafka_schema":{"version":0,"block":{"attributes":{"compatibility_level":{"type":"string","description":"Kafka Schemas compatibility level. The possible values are `BACKWARD`, `BACKWARD_TRANSITIVE`, `FORWARD`, `FORWARD_TRANSITIVE`, `FULL`, `FULL_TRANSITIVE` and `NONE`.","description_kind":"plain","optional":true},"id":{"type":"string","description_kind":"plain","optional":true,"computed":true},"project":{"type":"string","description":"Identifies the project this resource belongs to. To set up proper dependencies please refer to this variable as a reference. This property cannot be changed, doing so forces recreation of the resource.","description_kind":"plain","required":true},"schema":{"type":"string","description":"Kafka Schema configuration. Should be a valid Avro, JSON, or Protobuf schema, depending on the schema type.","description_kind":"plain","required":true},"schema_type":{"type":"string","description":"Kafka Schema configuration type. Defaults to AVRO. Possible values are AVRO, JSON, and PROTOBUF.","description_kind":"plain","optional":true},"service_name":{"type":"string","description":"Specifies the name of the service that this resource belongs to. To set up proper dependencies please refer to this variable as a reference. This property cannot be changed, doing so forces recreation of the resource.","description_kind":"plain","required":true},"subject_name":{"type":"string","description":"The Kafka Schema Subject name. This property cannot be changed, doing so forces recreation of the resource.","description_kind":"plain","required":true},"version":{"type":"number","description":"Kafka Schema configuration version.","description_kind":"plain","computed":true}},"block_types":{"timeouts":{"nesting_mode":"single","block":{"attributes":{"create":{"type":"string","description_kind":"plain","optional":true},"default":{"type":"string","description_kind":"plain","optional":true},"delete":{"type":"string","description_kind":"plain","optional":true},"read":{"type":"string","description_kind":"plain","optional":true},"update":{"type":"string","description_kind":"plain","optional":true}},"description_kind":"plain"}}},"description":"The Kafka Schema resource allows the creation and management of Aiven Kafka Schemas.","description_kind":"plain"}},"aiven_kafka_schema_configuration":{"version":0,"block":{"attributes":{"compatibility_level":{"type":"string","description":"Kafka Schemas compatibility level. The possible values are `BACKWARD`, `BACKWARD_TRANSITIVE`, `FORWARD`, `FORWARD_TRANSITIVE`, `FULL`, `FULL_TRANSITIVE` and `NONE`.","description_kind":"plain","optional":true},"id":{"type":"string","description_kind":"plain","optional":true,"computed":true},"project":{"type":"string","description":"Identifies the project this resource belongs to. To set up proper dependencies please refer to this variable as a reference. This property cannot be changed, doing so forces recreation of the resource.","description_kind":"plain","required":true},"service_name":{"type":"string","description":"Specifies the name of the service that this resource belongs to. To set up proper dependencies please refer to this variable as a reference. This property cannot be changed, doing so forces recreation of the resource.","description_kind":"plain","required":true}},"block_types":{"timeouts":{"nesting_mode":"single","block":{"attributes":{"create":{"type":"string","description_kind":"plain","optional":true},"default":{"type":"string","description_kind":"plain","optional":true},"delete":{"type":"string","description_kind":"plain","optional":true},"read":{"type":"string","description_kind":"plain","optional":true},"update":{"type":"string","description_kind":"plain","optional":true}},"description_kind":"plain"}}},"description":"The Kafka Schema Configuration resource allows the creation and management of Aiven Kafka Schema Configurations.","description_kind":"plain"}},"aiven_kafka_schema_registry_acl":{"version":0,"block":{"attributes":{"acl_id":{"type":"string","description":"Kafka Schema Registry ACL ID","description_kind":"plain","computed":true},"id":{"type":"string","description_kind":"plain","optional":true,"computed":true},"permission":{"type":"string","description":"Kafka Schema Registry permission to grant. The possible values are `schema_registry_read` and `schema_registry_write`. This property cannot be changed, doing so forces recreation of the resource.","description_kind":"plain","required":true},"project":{"type":"string","description":"Identifies the project this resource belongs to. To set up proper dependencies please refer to this variable as a reference. This property cannot be changed, doing so forces recreation of the resource.","description_kind":"plain","required":true},"resource":{"type":"string","description":"Resource name pattern for the Schema Registry ACL entry. This property cannot be changed, doing so forces recreation of the resource.","description_kind":"plain","required":true},"service_name":{"type":"string","description":"Specifies the name of the service that this resource belongs to. To set up proper dependencies please refer to this variable as a reference. This property cannot be changed, doing so forces recreation of the resource.","description_kind":"plain","required":true},"username":{"type":"string","description":"Username pattern for the ACL entry. This property cannot be changed, doing so forces recreation of the resource.","description_kind":"plain","required":true}},"block_types":{"timeouts":{"nesting_mode":"single","block":{"attributes":{"create":{"type":"string","description_kind":"plain","optional":true},"default":{"type":"string","description_kind":"plain","optional":true},"delete":{"type":"string","description_kind":"plain","optional":true},"read":{"type":"string","description_kind":"plain","optional":true},"update":{"type":"string","description_kind":"plain","optional":true}},"description_kind":"plain"}}},"description":"The Resource Kafka Schema Registry ACL resource allows the creation and management of Schema Registry ACLs for an Aiven Kafka service.","description_kind":"plain"}},"aiven_kafka_topic":{"version":1,"block":{"attributes":{"id":{"type":"string","description_kind":"plain","optional":true,"computed":true},"partitions":{"type":"number","description":"The number of partitions to create in the topic.","description_kind":"plain","required":true},"project":{"type":"string","description":"Identifies the project this resource belongs to. To set up proper dependencies please refer to this variable as a reference. This property cannot be changed, doing so forces recreation of the resource.","description_kind":"plain","required":true},"replication":{"type":"number","description":"The replication factor for the topic.","description_kind":"plain","required":true},"service_name":{"type":"string","description":"Specifies the name of the service that this resource belongs to. To set up proper dependencies please refer to this variable as a reference. This property cannot be changed, doing so forces recreation of the resource.","description_kind":"plain","required":true},"termination_protection":{"type":"bool","description":"It is a Terraform client-side deletion protection, which prevents a Kafka topic from being deleted. It is recommended to enable this for any production Kafka topic containing critical data.","description_kind":"plain","optional":true},"topic_name":{"type":"string","description":"The name of the topic. This property cannot be changed, doing so forces recreation of the resource.","description_kind":"plain","required":true}},"block_types":{"config":{"nesting_mode":"list","block":{"attributes":{"cleanup_policy":{"type":"string","description":"cleanup.policy value","description_kind":"plain","optional":true},"compression_type":{"type":"string","description":"compression.type value","description_kind":"plain","optional":true},"delete_retention_ms":{"type":"string","description":"delete.retention.ms value","description_kind":"plain","optional":true},"file_delete_delay_ms":{"type":"string","description":"file.delete.delay.ms value","description_kind":"plain","optional":true},"flush_messages":{"type":"string","description":"flush.messages value","description_kind":"plain","optional":true},"flush_ms":{"type":"string","description":"flush.ms value","description_kind":"plain","optional":true},"index_interval_bytes":{"type":"string","description":"index.interval.bytes value","description_kind":"plain","optional":true},"max_compaction_lag_ms":{"type":"string","description":"max.compaction.lag.ms value","description_kind":"plain","optional":true},"max_message_bytes":{"type":"string","description":"max.message.bytes value","description_kind":"plain","optional":true},"message_downconversion_enable":{"type":"bool","description":"message.downconversion.enable value","description_kind":"plain","optional":true},"message_format_version":{"type":"string","description":"message.format.version value","description_kind":"plain","optional":true},"message_timestamp_difference_max_ms":{"type":"string","description":"message.timestamp.difference.max.ms value","description_kind":"plain","optional":true},"message_timestamp_type":{"type":"string","description":"message.timestamp.type value","description_kind":"plain","optional":true},"min_cleanable_dirty_ratio":{"type":"number","description":"min.cleanable.dirty.ratio value","description_kind":"plain","optional":true},"min_compaction_lag_ms":{"type":"string","description":"min.compaction.lag.ms value","description_kind":"plain","optional":true},"min_insync_replicas":{"type":"string","description":"min.insync.replicas value","description_kind":"plain","optional":true},"preallocate":{"type":"bool","description":"preallocate value","description_kind":"plain","optional":true},"retention_bytes":{"type":"string","description":"retention.bytes value","description_kind":"plain","optional":true},"retention_ms":{"type":"string","description":"retention.ms value","description_kind":"plain","optional":true},"segment_bytes":{"type":"string","description":"segment.bytes value","description_kind":"plain","optional":true},"segment_index_bytes":{"type":"string","description":"segment.index.bytes value","description_kind":"plain","optional":true},"segment_jitter_ms":{"type":"string","description":"segment.jitter.ms value","description_kind":"plain","optional":true},"segment_ms":{"type":"string","description":"segment.ms value","description_kind":"plain","optional":true},"unclean_leader_election_enable":{"type":"bool","description":"unclean.leader.election.enable value; This field is deprecated and no longer functional.","description_kind":"plain","deprecated":true,"optional":true}},"description":"Kafka topic configuration","description_kind":"plain"},"max_items":1},"tag":{"nesting_mode":"set","block":{"attributes":{"key":{"type":"string","description":"Topic tag key. Maximum length: `64`.","description_kind":"plain","required":true},"value":{"type":"string","description":"Topic tag value. Maximum length: `256`.","description_kind":"plain","optional":true}},"description":"Kafka Topic tag.","description_kind":"plain"}},"timeouts":{"nesting_mode":"single","block":{"attributes":{"create":{"type":"string","description_kind":"plain","optional":true},"default":{"type":"string","description_kind":"plain","optional":true},"delete":{"type":"string","description_kind":"plain","optional":true},"read":{"type":"string","description_kind":"plain","optional":true},"update":{"type":"string","description_kind":"plain","optional":true}},"description_kind":"plain"}}},"description":"The Kafka Topic resource allows the creation and management of Aiven Kafka Topics.","description_kind":"plain"}},"aiven_kafka_user":{"version":0,"block":{"attributes":{"access_cert":{"type":"string","description":"Access certificate for the user","description_kind":"plain","computed":true,"sensitive":true},"access_key":{"type":"string","description":"Access certificate key for the user","description_kind":"plain","computed":true,"sensitive":true},"id":{"type":"string","description_kind":"plain","optional":true,"computed":true},"password":{"type":"string","description":"The password of the Kafka User.","description_kind":"plain","optional":true,"computed":true,"sensitive":true},"project":{"type":"string","description":"Identifies the project this resource belongs to. To set up proper dependencies please refer to this variable as a reference. This property cannot be changed, doing so forces recreation of the resource.","description_kind":"plain","required":true},"service_name":{"type":"string","description":"Specifies the name of the service that this resource belongs to. To set up proper dependencies please refer to this variable as a reference. This property cannot be changed, doing so forces recreation of the resource.","description_kind":"plain","required":true},"type":{"type":"string","description":"Type of the user account. Tells whether the user is the primary account or a regular account.","description_kind":"plain","computed":true},"username":{"type":"string","description":"The actual name of the Kafka User. To set up proper dependencies please refer to this variable as a reference. This property cannot be changed, doing so forces recreation of the resource.","description_kind":"plain","required":true}},"block_types":{"timeouts":{"nesting_mode":"single","block":{"attributes":{"create":{"type":"string","description_kind":"plain","optional":true},"default":{"type":"string","description_kind":"plain","optional":true},"delete":{"type":"string","description_kind":"plain","optional":true},"read":{"type":"string","description_kind":"plain","optional":true},"update":{"type":"string","description_kind":"plain","optional":true}},"description_kind":"plain"}}},"description":"The Kafka User resource allows the creation and management of Aiven Kafka Users.","description_kind":"plain"}},"aiven_m3aggregator":{"version":1,"block":{"attributes":{"additional_disk_space":{"type":"string","description":"Additional disk space. Possible values depend on the service type, the cloud provider and the project. Therefore, reducing will result in the service rebalancing.","description_kind":"plain","optional":true},"cloud_name":{"type":"string","description":"Defines where the cloud provider and region where the service is hosted in. This can be changed freely after service is created. Changing the value will trigger a potentially lengthy migration process for the service. Format is cloud provider name (`aws`, `azure`, `do` `google`, `upcloud`, etc.), dash, and the cloud provider specific region name. These are documented on each Cloud provider's own support articles, like [here for Google](https://cloud.google.com/compute/docs/regions-zones/) and [here for AWS](https://docs.aws.amazon.com/AmazonRDS/latest/UserGuide/Concepts.RegionsAndAvailabilityZones.html).","description_kind":"plain","optional":true},"components":{"type":["list",["object",{"component":"string","host":"string","kafka_authentication_method":"string","port":"number","route":"string","ssl":"bool","usage":"string"}]],"description":"Service component information objects","description_kind":"plain","computed":true},"disk_space":{"type":"string","description":"Service disk space. Possible values depend on the service type, the cloud provider and the project. Therefore, reducing will result in the service rebalancing.","description_kind":"plain","deprecated":true,"optional":true},"disk_space_cap":{"type":"string","description":"The maximum disk space of the service, possible values depend on the service type, the cloud provider and the project.","description_kind":"plain","computed":true},"disk_space_default":{"type":"string","description":"The default disk space of the service, possible values depend on the service type, the cloud provider and the project. Its also the minimum value for `disk_space`","description_kind":"plain","computed":true},"disk_space_step":{"type":"string","description":"The default disk space step of the service, possible values depend on the service type, the cloud provider and the project. `disk_space` needs to increment from `disk_space_default` by increments of this size.","description_kind":"plain","computed":true},"disk_space_used":{"type":"string","description":"Disk space that service is currently using","description_kind":"plain","computed":true},"id":{"type":"string","description_kind":"plain","optional":true,"computed":true},"m3aggregator":{"type":["list",["object",{}]],"description":"M3 aggregator specific server provided values","description_kind":"plain","computed":true},"maintenance_window_dow":{"type":"string","description":"Day of week when maintenance operations should be performed. One monday, tuesday, wednesday, etc.","description_kind":"plain","optional":true},"maintenance_window_time":{"type":"string","description":"Time of day when maintenance operations should be performed. UTC time in HH:mm:ss format.","description_kind":"plain","optional":true},"plan":{"type":"string","description":"Defines what kind of computing resources are allocated for the service. It can be changed after creation, though there are some restrictions when going to a smaller plan such as the new plan must have sufficient amount of disk space to store all current data and switching to a plan with fewer nodes might not be supported. The basic plan names are `hobbyist`, `startup-x`, `business-x` and `premium-x` where `x` is (roughly) the amount of memory on each node (also other attributes like number of CPUs and amount of disk space varies but naming is based on memory). The available options can be seem from the [Aiven pricing page](https://aiven.io/pricing).","description_kind":"plain","required":true},"project":{"type":"string","description":"Identifies the project this resource belongs to. To set up proper dependencies please refer to this variable as a reference. This property cannot be changed, doing so forces recreation of the resource.","description_kind":"plain","required":true},"project_vpc_id":{"type":"string","description":"Specifies the VPC the service should run in. If the value is not set the service is not run inside a VPC. When set, the value should be given as a reference to set up dependencies correctly and the VPC must be in the same cloud and region as the service itself. Project can be freely moved to and from VPC after creation but doing so triggers migration to new servers so the operation can take significant amount of time to complete if the service has a lot of data.","description_kind":"plain","optional":true},"service_host":{"type":"string","description":"The hostname of the service.","description_kind":"plain","computed":true},"service_name":{"type":"string","description":"Specifies the actual name of the service. The name cannot be changed later without destroying and re-creating the service so name should be picked based on intended service usage rather than current attributes.","description_kind":"plain","required":true},"service_password":{"type":"string","description":"Password used for connecting to the service, if applicable","description_kind":"plain","computed":true,"sensitive":true},"service_port":{"type":"number","description":"The port of the service","description_kind":"plain","computed":true},"service_type":{"type":"string","description":"Aiven internal service type code","description_kind":"plain","computed":true},"service_uri":{"type":"string","description":"URI for connecting to the service. Service specific info is under \"kafka\", \"pg\", etc.","description_kind":"plain","computed":true,"sensitive":true},"service_username":{"type":"string","description":"Username used for connecting to the service, if applicable","description_kind":"plain","computed":true},"state":{"type":"string","description":"Service state. One of `POWEROFF`, `REBALANCING`, `REBUILDING` or `RUNNING`","description_kind":"plain","computed":true},"static_ips":{"type":["set","string"],"description":"Static IPs that are going to be associated with this service. Please assign a value using the 'toset' function. Once a static ip resource is in the 'assigned' state it cannot be unbound from the node again","description_kind":"plain","optional":true},"termination_protection":{"type":"bool","description":"Prevents the service from being deleted. It is recommended to set this to `true` for all production services to prevent unintentional service deletion. This does not shield against deleting databases or topics but for services with backups much of the content can at least be restored from backup in case accidental deletion is done.","description_kind":"plain","optional":true}},"block_types":{"m3aggregator_user_config":{"nesting_mode":"list","block":{"attributes":{"custom_domain":{"type":"string","description":"Serve the web frontend using a custom CNAME pointing to the Aiven DNS name.","description_kind":"plain","optional":true},"ip_filter":{"type":["list","string"],"description":"Allow incoming connections from CIDR address block, e.g. '10.20.0.0/16'.","description_kind":"plain","deprecated":true,"optional":true},"ip_filter_string":{"type":["list","string"],"description":"Allow incoming connections from CIDR address block, e.g. '10.20.0.0/16'.","description_kind":"plain","optional":true},"m3_version":{"type":"string","description":"M3 major version (deprecated, use m3aggregator_version).","description_kind":"plain","deprecated":true,"optional":true},"m3aggregator_version":{"type":"string","description":"M3 major version (the minimum compatible version).","description_kind":"plain","optional":true},"static_ips":{"type":"bool","description":"Use static public IP addresses.","description_kind":"plain","optional":true}},"block_types":{"ip_filter_object":{"nesting_mode":"list","block":{"attributes":{"description":{"type":"string","description":"Description for IP filter list entry.","description_kind":"plain","optional":true},"network":{"type":"string","description":"CIDR address block.","description_kind":"plain","required":true}},"description":"Allow incoming connections from CIDR address block, e.g. '10.20.0.0/16'.","description_kind":"plain"},"max_items":1024}},"description":"M3aggregator user configurable settings","description_kind":"plain"},"max_items":1},"service_integrations":{"nesting_mode":"list","block":{"attributes":{"integration_type":{"type":"string","description":"Type of the service integration. The only supported value at the moment is `read_replica`","description_kind":"plain","required":true},"source_service_name":{"type":"string","description":"Name of the source service","description_kind":"plain","required":true}},"description":"Service integrations to specify when creating a service. Not applied after initial service creation","description_kind":"plain"}},"tag":{"nesting_mode":"set","block":{"attributes":{"key":{"type":"string","description":"Service tag key","description_kind":"plain","required":true},"value":{"type":"string","description":"Service tag value","description_kind":"plain","required":true}},"description":"Tags are key-value pairs that allow you to categorize services.","description_kind":"plain"}},"timeouts":{"nesting_mode":"single","block":{"attributes":{"create":{"type":"string","description_kind":"plain","optional":true},"default":{"type":"string","description_kind":"plain","optional":true},"delete":{"type":"string","description_kind":"plain","optional":true},"read":{"type":"string","description_kind":"plain","optional":true},"update":{"type":"string","description_kind":"plain","optional":true}},"description_kind":"plain"}}},"description":"The M3 Aggregator resource allows the creation and management of Aiven M3 Aggregator services.","description_kind":"plain"}},"aiven_m3db":{"version":1,"block":{"attributes":{"additional_disk_space":{"type":"string","description":"Additional disk space. Possible values depend on the service type, the cloud provider and the project. Therefore, reducing will result in the service rebalancing.","description_kind":"plain","optional":true},"cloud_name":{"type":"string","description":"Defines where the cloud provider and region where the service is hosted in. This can be changed freely after service is created. Changing the value will trigger a potentially lengthy migration process for the service. Format is cloud provider name (`aws`, `azure`, `do` `google`, `upcloud`, etc.), dash, and the cloud provider specific region name. These are documented on each Cloud provider's own support articles, like [here for Google](https://cloud.google.com/compute/docs/regions-zones/) and [here for AWS](https://docs.aws.amazon.com/AmazonRDS/latest/UserGuide/Concepts.RegionsAndAvailabilityZones.html).","description_kind":"plain","optional":true},"components":{"type":["list",["object",{"component":"string","host":"string","kafka_authentication_method":"string","port":"number","route":"string","ssl":"bool","usage":"string"}]],"description":"Service component information objects","description_kind":"plain","computed":true},"disk_space":{"type":"string","description":"Service disk space. Possible values depend on the service type, the cloud provider and the project. Therefore, reducing will result in the service rebalancing.","description_kind":"plain","deprecated":true,"optional":true},"disk_space_cap":{"type":"string","description":"The maximum disk space of the service, possible values depend on the service type, the cloud provider and the project.","description_kind":"plain","computed":true},"disk_space_default":{"type":"string","description":"The default disk space of the service, possible values depend on the service type, the cloud provider and the project. Its also the minimum value for `disk_space`","description_kind":"plain","computed":true},"disk_space_step":{"type":"string","description":"The default disk space step of the service, possible values depend on the service type, the cloud provider and the project. `disk_space` needs to increment from `disk_space_default` by increments of this size.","description_kind":"plain","computed":true},"disk_space_used":{"type":"string","description":"Disk space that service is currently using","description_kind":"plain","computed":true},"id":{"type":"string","description_kind":"plain","optional":true,"computed":true},"m3db":{"type":["list",["object",{}]],"description":"M3 specific server provided values","description_kind":"plain","computed":true},"maintenance_window_dow":{"type":"string","description":"Day of week when maintenance operations should be performed. One monday, tuesday, wednesday, etc.","description_kind":"plain","optional":true},"maintenance_window_time":{"type":"string","description":"Time of day when maintenance operations should be performed. UTC time in HH:mm:ss format.","description_kind":"plain","optional":true},"plan":{"type":"string","description":"Defines what kind of computing resources are allocated for the service. It can be changed after creation, though there are some restrictions when going to a smaller plan such as the new plan must have sufficient amount of disk space to store all current data and switching to a plan with fewer nodes might not be supported. The basic plan names are `hobbyist`, `startup-x`, `business-x` and `premium-x` where `x` is (roughly) the amount of memory on each node (also other attributes like number of CPUs and amount of disk space varies but naming is based on memory). The available options can be seem from the [Aiven pricing page](https://aiven.io/pricing).","description_kind":"plain","required":true},"project":{"type":"string","description":"Identifies the project this resource belongs to. To set up proper dependencies please refer to this variable as a reference. This property cannot be changed, doing so forces recreation of the resource.","description_kind":"plain","required":true},"project_vpc_id":{"type":"string","description":"Specifies the VPC the service should run in. If the value is not set the service is not run inside a VPC. When set, the value should be given as a reference to set up dependencies correctly and the VPC must be in the same cloud and region as the service itself. Project can be freely moved to and from VPC after creation but doing so triggers migration to new servers so the operation can take significant amount of time to complete if the service has a lot of data.","description_kind":"plain","optional":true},"service_host":{"type":"string","description":"The hostname of the service.","description_kind":"plain","computed":true},"service_name":{"type":"string","description":"Specifies the actual name of the service. The name cannot be changed later without destroying and re-creating the service so name should be picked based on intended service usage rather than current attributes.","description_kind":"plain","required":true},"service_password":{"type":"string","description":"Password used for connecting to the service, if applicable","description_kind":"plain","computed":true,"sensitive":true},"service_port":{"type":"number","description":"The port of the service","description_kind":"plain","computed":true},"service_type":{"type":"string","description":"Aiven internal service type code","description_kind":"plain","computed":true},"service_uri":{"type":"string","description":"URI for connecting to the service. Service specific info is under \"kafka\", \"pg\", etc.","description_kind":"plain","computed":true,"sensitive":true},"service_username":{"type":"string","description":"Username used for connecting to the service, if applicable","description_kind":"plain","computed":true},"state":{"type":"string","description":"Service state. One of `POWEROFF`, `REBALANCING`, `REBUILDING` or `RUNNING`","description_kind":"plain","computed":true},"static_ips":{"type":["set","string"],"description":"Static IPs that are going to be associated with this service. Please assign a value using the 'toset' function. Once a static ip resource is in the 'assigned' state it cannot be unbound from the node again","description_kind":"plain","optional":true},"termination_protection":{"type":"bool","description":"Prevents the service from being deleted. It is recommended to set this to `true` for all production services to prevent unintentional service deletion. This does not shield against deleting databases or topics but for services with backups much of the content can at least be restored from backup in case accidental deletion is done.","description_kind":"plain","optional":true}},"block_types":{"m3db_user_config":{"nesting_mode":"list","block":{"attributes":{"additional_backup_regions":{"type":["list","string"],"description":"Additional Cloud Regions for Backup Replication.","description_kind":"plain","optional":true},"custom_domain":{"type":"string","description":"Serve the web frontend using a custom CNAME pointing to the Aiven DNS name.","description_kind":"plain","optional":true},"ip_filter":{"type":["list","string"],"description":"Allow incoming connections from CIDR address block, e.g. '10.20.0.0/16'.","description_kind":"plain","deprecated":true,"optional":true},"ip_filter_string":{"type":["list","string"],"description":"Allow incoming connections from CIDR address block, e.g. '10.20.0.0/16'.","description_kind":"plain","optional":true},"m3_version":{"type":"string","description":"M3 major version (deprecated, use m3db_version).","description_kind":"plain","deprecated":true,"optional":true},"m3coordinator_enable_graphite_carbon_ingest":{"type":"bool","description":"Enables access to Graphite Carbon plaintext metrics ingestion. It can be enabled only for services inside VPCs. The metrics are written to aggregated namespaces only.","description_kind":"plain","optional":true},"m3db_version":{"type":"string","description":"M3 major version (the minimum compatible version).","description_kind":"plain","optional":true},"project_to_fork_from":{"type":"string","description":"Name of another project to fork a service from. This has effect only when a new service is being created.","description_kind":"plain","optional":true},"service_to_fork_from":{"type":"string","description":"Name of another service to fork from. This has effect only when a new service is being created.","description_kind":"plain","optional":true},"static_ips":{"type":"bool","description":"Use static public IP addresses.","description_kind":"plain","optional":true}},"block_types":{"ip_filter_object":{"nesting_mode":"list","block":{"attributes":{"description":{"type":"string","description":"Description for IP filter list entry.","description_kind":"plain","optional":true},"network":{"type":"string","description":"CIDR address block.","description_kind":"plain","required":true}},"description":"Allow incoming connections from CIDR address block, e.g. '10.20.0.0/16'.","description_kind":"plain"},"max_items":1024},"limits":{"nesting_mode":"list","block":{"attributes":{"max_recently_queried_series_blocks":{"type":"number","description":"The maximum number of blocks that can be read in a given lookback period.","description_kind":"plain","optional":true},"max_recently_queried_series_disk_bytes_read":{"type":"number","description":"The maximum number of disk bytes that can be read in a given lookback period.","description_kind":"plain","optional":true},"max_recently_queried_series_lookback":{"type":"string","description":"The lookback period for 'max_recently_queried_series_blocks' and 'max_recently_queried_series_disk_bytes_read'.","description_kind":"plain","optional":true},"query_docs":{"type":"number","description":"The maximum number of docs fetched in single query.","description_kind":"plain","optional":true},"query_require_exhaustive":{"type":"bool","description":"When query limits are exceeded, whether to return error or return partial results.","description_kind":"plain","optional":true},"query_series":{"type":"number","description":"The maximum number of series fetched in single query.","description_kind":"plain","optional":true}},"description":"M3 limits.","description_kind":"plain"},"max_items":1},"m3":{"nesting_mode":"list","block":{"block_types":{"tag_options":{"nesting_mode":"list","block":{"attributes":{"allow_tag_name_duplicates":{"type":"bool","description":"Allows for duplicate tags to appear on series (not allowed by default).","description_kind":"plain","optional":true},"allow_tag_value_empty":{"type":"bool","description":"Allows for empty tags to appear on series (not allowed by default).","description_kind":"plain","optional":true}},"description":"M3 Tag Options.","description_kind":"plain"},"max_items":1}},"description":"M3 specific configuration options.","description_kind":"plain"},"max_items":1},"namespaces":{"nesting_mode":"list","block":{"attributes":{"name":{"type":"string","description":"The name of the namespace.","description_kind":"plain","required":true},"resolution":{"type":"string","description":"The resolution for an aggregated namespace.","description_kind":"plain","optional":true},"type":{"type":"string","description":"The type of aggregation (aggregated/unaggregated).","description_kind":"plain","required":true}},"block_types":{"options":{"nesting_mode":"list","block":{"attributes":{"snapshot_enabled":{"type":"bool","description":"Controls whether M3DB will create snapshot files for this namespace.","description_kind":"plain","optional":true},"writes_to_commitlog":{"type":"bool","description":"Controls whether M3DB will include writes to this namespace in the commitlog.","description_kind":"plain","optional":true}},"block_types":{"retention_options":{"nesting_mode":"list","block":{"attributes":{"block_data_expiry_duration":{"type":"string","description":"Controls how long we wait before expiring stale data.","description_kind":"plain","optional":true},"blocksize_duration":{"type":"string","description":"Controls how long to keep a block in memory before flushing to a fileset on disk.","description_kind":"plain","optional":true},"buffer_future_duration":{"type":"string","description":"Controls how far into the future writes to the namespace will be accepted.","description_kind":"plain","optional":true},"buffer_past_duration":{"type":"string","description":"Controls how far into the past writes to the namespace will be accepted.","description_kind":"plain","optional":true},"retention_period_duration":{"type":"string","description":"Controls the duration of time that M3DB will retain data for the namespace.","description_kind":"plain","optional":true}},"description":"Retention options.","description_kind":"plain"},"max_items":1}},"description":"Namespace options.","description_kind":"plain"},"max_items":1}},"description":"List of M3 namespaces.","description_kind":"plain"},"max_items":2147483647},"private_access":{"nesting_mode":"list","block":{"attributes":{"m3coordinator":{"type":"bool","description":"Allow clients to connect to m3coordinator with a DNS name that always resolves to the service's private IP addresses. Only available in certain network locations.","description_kind":"plain","optional":true}},"description":"Allow access to selected service ports from private networks.","description_kind":"plain"},"max_items":1},"public_access":{"nesting_mode":"list","block":{"attributes":{"m3coordinator":{"type":"bool","description":"Allow clients to connect to m3coordinator from the public internet for service nodes that are in a project VPC or another type of private network.","description_kind":"plain","optional":true}},"description":"Allow access to selected service ports from the public Internet.","description_kind":"plain"},"max_items":1},"rules":{"nesting_mode":"list","block":{"block_types":{"mapping":{"nesting_mode":"list","block":{"attributes":{"aggregations":{"type":["list","string"],"description":"List of aggregations to be applied.","description_kind":"plain","optional":true},"drop":{"type":"bool","description":"Only store the derived metric (as specified in the roll-up rules), if any.","description_kind":"plain","optional":true},"filter":{"type":"string","description":"Matching metric names with wildcards (using __name__:wildcard) or matching tags and their (optionally wildcarded) values. For value, ! can be used at start of value for negation, and multiple filters can be supplied using space as separator.","description_kind":"plain","required":true},"name":{"type":"string","description":"The (optional) name of the rule.","description_kind":"plain","optional":true},"namespaces":{"type":["list","string"],"description":"This rule will be used to store the metrics in the given namespace(s). If a namespace is target of rules, the global default aggregation will be automatically disabled. Note that specifying filters that match no namespaces whatsoever will be returned as an error. Filter the namespace by glob (=wildcards).","description_kind":"plain","deprecated":true,"optional":true},"namespaces_string":{"type":["list","string"],"description":"This rule will be used to store the metrics in the given namespace(s). If a namespace is target of rules, the global default aggregation will be automatically disabled. Note that specifying filters that match no namespaces whatsoever will be returned as an error. Filter the namespace by glob (=wildcards).","description_kind":"plain","optional":true}},"block_types":{"namespaces_object":{"nesting_mode":"list","block":{"attributes":{"resolution":{"type":"string","description":"The resolution for the matching namespace.","description_kind":"plain","optional":true},"retention":{"type":"string","description":"The retention period of the matching namespace.","description_kind":"plain","optional":true}},"description":"This rule will be used to store the metrics in the given namespace(s). If a namespace is target of rules, the global default aggregation will be automatically disabled. Note that specifying filters that match no namespaces whatsoever will be returned as an error. Filter the namespace by exact match of retention period and resolution.","description_kind":"plain"},"max_items":10},"tags":{"nesting_mode":"list","block":{"attributes":{"name":{"type":"string","description":"Name of the tag.","description_kind":"plain","required":true},"value":{"type":"string","description":"Value of the tag.","description_kind":"plain","required":true}},"description":"List of tags to be appended to matching metrics.","description_kind":"plain"},"max_items":10}},"description":"List of M3 mapping rules.","description_kind":"plain"},"max_items":10}},"description":"M3 rules.","description_kind":"plain"},"max_items":1}},"description":"M3db user configurable settings","description_kind":"plain"},"max_items":1},"service_integrations":{"nesting_mode":"list","block":{"attributes":{"integration_type":{"type":"string","description":"Type of the service integration. The only supported value at the moment is `read_replica`","description_kind":"plain","required":true},"source_service_name":{"type":"string","description":"Name of the source service","description_kind":"plain","required":true}},"description":"Service integrations to specify when creating a service. Not applied after initial service creation","description_kind":"plain"}},"tag":{"nesting_mode":"set","block":{"attributes":{"key":{"type":"string","description":"Service tag key","description_kind":"plain","required":true},"value":{"type":"string","description":"Service tag value","description_kind":"plain","required":true}},"description":"Tags are key-value pairs that allow you to categorize services.","description_kind":"plain"}},"timeouts":{"nesting_mode":"single","block":{"attributes":{"create":{"type":"string","description_kind":"plain","optional":true},"default":{"type":"string","description_kind":"plain","optional":true},"delete":{"type":"string","description_kind":"plain","optional":true},"read":{"type":"string","description_kind":"plain","optional":true},"update":{"type":"string","description_kind":"plain","optional":true}},"description_kind":"plain"}}},"description":"The M3 DB resource allows the creation and management of Aiven M3 services.","description_kind":"plain"}},"aiven_m3db_user":{"version":0,"block":{"attributes":{"id":{"type":"string","description_kind":"plain","optional":true,"computed":true},"password":{"type":"string","description":"The password of the M3DB User.","description_kind":"plain","optional":true,"computed":true,"sensitive":true},"project":{"type":"string","description":"Identifies the project this resource belongs to. To set up proper dependencies please refer to this variable as a reference. This property cannot be changed, doing so forces recreation of the resource.","description_kind":"plain","required":true},"service_name":{"type":"string","description":"Specifies the name of the service that this resource belongs to. To set up proper dependencies please refer to this variable as a reference. This property cannot be changed, doing so forces recreation of the resource.","description_kind":"plain","required":true},"type":{"type":"string","description":"Type of the user account. Tells whether the user is the primary account or a regular account.","description_kind":"plain","computed":true},"username":{"type":"string","description":"The actual name of the M3DB User. To set up proper dependencies please refer to this variable as a reference. This property cannot be changed, doing so forces recreation of the resource.","description_kind":"plain","required":true}},"block_types":{"timeouts":{"nesting_mode":"single","block":{"attributes":{"create":{"type":"string","description_kind":"plain","optional":true},"default":{"type":"string","description_kind":"plain","optional":true},"delete":{"type":"string","description_kind":"plain","optional":true},"read":{"type":"string","description_kind":"plain","optional":true},"update":{"type":"string","description_kind":"plain","optional":true}},"description_kind":"plain"}}},"description":"The M3DB User resource allows the creation and management of Aiven M3DB Users.","description_kind":"plain"}},"aiven_mirrormaker_replication_flow":{"version":0,"block":{"attributes":{"emit_heartbeats_enabled":{"type":"bool","description":"Emit heartbeats enabled. The default value is `false`.","description_kind":"plain","optional":true},"enable":{"type":"bool","description":"Enable of disable replication flows for a service.","description_kind":"plain","required":true},"id":{"type":"string","description_kind":"plain","optional":true,"computed":true},"offset_syncs_topic_location":{"type":"string","description":"Offset syncs topic location.","description_kind":"plain","optional":true},"project":{"type":"string","description":"Identifies the project this resource belongs to. To set up proper dependencies please refer to this variable as a reference. This property cannot be changed, doing so forces recreation of the resource.","description_kind":"plain","required":true},"replication_policy_class":{"type":"string","description":"Replication policy class. The possible values are `org.apache.kafka.connect.mirror.DefaultReplicationPolicy` and `org.apache.kafka.connect.mirror.IdentityReplicationPolicy`. The default value is `org.apache.kafka.connect.mirror.DefaultReplicationPolicy`.","description_kind":"plain","optional":true},"service_name":{"type":"string","description":"Identifies the project this resource belongs to. To set up proper dependencies please refer to this variable as a reference. This property cannot be changed, doing so forces recreation of the resource.","description_kind":"plain","required":true},"source_cluster":{"type":"string","description":"Source cluster alias. Maximum length: `128`.","description_kind":"plain","required":true},"sync_group_offsets_enabled":{"type":"bool","description":"Sync consumer group offsets. The default value is `false`.","description_kind":"plain","optional":true},"sync_group_offsets_interval_seconds":{"type":"number","description":"Frequency of consumer group offset sync. The default value is `1`.","description_kind":"plain","optional":true},"target_cluster":{"type":"string","description":"Target cluster alias. Maximum length: `128`.","description_kind":"plain","required":true},"topics":{"type":["list","string"],"description":"List of topics and/or regular expressions to replicate","description_kind":"plain","optional":true},"topics_blacklist":{"type":["list","string"],"description":"List of topics and/or regular expressions to not replicate.","description_kind":"plain","optional":true}},"block_types":{"timeouts":{"nesting_mode":"single","block":{"attributes":{"create":{"type":"string","description_kind":"plain","optional":true},"default":{"type":"string","description_kind":"plain","optional":true},"delete":{"type":"string","description_kind":"plain","optional":true},"read":{"type":"string","description_kind":"plain","optional":true},"update":{"type":"string","description_kind":"plain","optional":true}},"description_kind":"plain"}}},"description":"The MirrorMaker 2 Replication Flow resource allows the creation and management of MirrorMaker 2 Replication Flows on Aiven Cloud.","description_kind":"plain"}},"aiven_mysql":{"version":1,"block":{"attributes":{"additional_disk_space":{"type":"string","description":"Additional disk space. Possible values depend on the service type, the cloud provider and the project. Therefore, reducing will result in the service rebalancing.","description_kind":"plain","optional":true},"cloud_name":{"type":"string","description":"Defines where the cloud provider and region where the service is hosted in. This can be changed freely after service is created. Changing the value will trigger a potentially lengthy migration process for the service. Format is cloud provider name (`aws`, `azure`, `do` `google`, `upcloud`, etc.), dash, and the cloud provider specific region name. These are documented on each Cloud provider's own support articles, like [here for Google](https://cloud.google.com/compute/docs/regions-zones/) and [here for AWS](https://docs.aws.amazon.com/AmazonRDS/latest/UserGuide/Concepts.RegionsAndAvailabilityZones.html).","description_kind":"plain","optional":true},"components":{"type":["list",["object",{"component":"string","host":"string","kafka_authentication_method":"string","port":"number","route":"string","ssl":"bool","usage":"string"}]],"description":"Service component information objects","description_kind":"plain","computed":true},"disk_space":{"type":"string","description":"Service disk space. Possible values depend on the service type, the cloud provider and the project. Therefore, reducing will result in the service rebalancing.","description_kind":"plain","deprecated":true,"optional":true},"disk_space_cap":{"type":"string","description":"The maximum disk space of the service, possible values depend on the service type, the cloud provider and the project.","description_kind":"plain","computed":true},"disk_space_default":{"type":"string","description":"The default disk space of the service, possible values depend on the service type, the cloud provider and the project. Its also the minimum value for `disk_space`","description_kind":"plain","computed":true},"disk_space_step":{"type":"string","description":"The default disk space step of the service, possible values depend on the service type, the cloud provider and the project. `disk_space` needs to increment from `disk_space_default` by increments of this size.","description_kind":"plain","computed":true},"disk_space_used":{"type":"string","description":"Disk space that service is currently using","description_kind":"plain","computed":true},"id":{"type":"string","description_kind":"plain","optional":true,"computed":true},"maintenance_window_dow":{"type":"string","description":"Day of week when maintenance operations should be performed. One monday, tuesday, wednesday, etc.","description_kind":"plain","optional":true},"maintenance_window_time":{"type":"string","description":"Time of day when maintenance operations should be performed. UTC time in HH:mm:ss format.","description_kind":"plain","optional":true},"mysql":{"type":["list",["object",{}]],"description":"MySQL specific server provided values","description_kind":"plain","computed":true},"plan":{"type":"string","description":"Defines what kind of computing resources are allocated for the service. It can be changed after creation, though there are some restrictions when going to a smaller plan such as the new plan must have sufficient amount of disk space to store all current data and switching to a plan with fewer nodes might not be supported. The basic plan names are `hobbyist`, `startup-x`, `business-x` and `premium-x` where `x` is (roughly) the amount of memory on each node (also other attributes like number of CPUs and amount of disk space varies but naming is based on memory). The available options can be seem from the [Aiven pricing page](https://aiven.io/pricing).","description_kind":"plain","required":true},"project":{"type":"string","description":"Identifies the project this resource belongs to. To set up proper dependencies please refer to this variable as a reference. This property cannot be changed, doing so forces recreation of the resource.","description_kind":"plain","required":true},"project_vpc_id":{"type":"string","description":"Specifies the VPC the service should run in. If the value is not set the service is not run inside a VPC. When set, the value should be given as a reference to set up dependencies correctly and the VPC must be in the same cloud and region as the service itself. Project can be freely moved to and from VPC after creation but doing so triggers migration to new servers so the operation can take significant amount of time to complete if the service has a lot of data.","description_kind":"plain","optional":true},"service_host":{"type":"string","description":"The hostname of the service.","description_kind":"plain","computed":true},"service_name":{"type":"string","description":"Specifies the actual name of the service. The name cannot be changed later without destroying and re-creating the service so name should be picked based on intended service usage rather than current attributes.","description_kind":"plain","required":true},"service_password":{"type":"string","description":"Password used for connecting to the service, if applicable","description_kind":"plain","computed":true,"sensitive":true},"service_port":{"type":"number","description":"The port of the service","description_kind":"plain","computed":true},"service_type":{"type":"string","description":"Aiven internal service type code","description_kind":"plain","computed":true},"service_uri":{"type":"string","description":"URI for connecting to the service. Service specific info is under \"kafka\", \"pg\", etc.","description_kind":"plain","computed":true,"sensitive":true},"service_username":{"type":"string","description":"Username used for connecting to the service, if applicable","description_kind":"plain","computed":true},"state":{"type":"string","description":"Service state. One of `POWEROFF`, `REBALANCING`, `REBUILDING` or `RUNNING`","description_kind":"plain","computed":true},"static_ips":{"type":["set","string"],"description":"Static IPs that are going to be associated with this service. Please assign a value using the 'toset' function. Once a static ip resource is in the 'assigned' state it cannot be unbound from the node again","description_kind":"plain","optional":true},"termination_protection":{"type":"bool","description":"Prevents the service from being deleted. It is recommended to set this to `true` for all production services to prevent unintentional service deletion. This does not shield against deleting databases or topics but for services with backups much of the content can at least be restored from backup in case accidental deletion is done.","description_kind":"plain","optional":true}},"block_types":{"mysql_user_config":{"nesting_mode":"list","block":{"attributes":{"additional_backup_regions":{"type":["list","string"],"description":"Additional Cloud Regions for Backup Replication.","description_kind":"plain","optional":true},"admin_password":{"type":"string","description":"Custom password for admin user. Defaults to random string. This must be set only when a new service is being created.","description_kind":"plain","optional":true,"sensitive":true},"admin_username":{"type":"string","description":"Custom username for admin user. This must be set only when a new service is being created.","description_kind":"plain","optional":true},"backup_hour":{"type":"number","description":"The hour of day (in UTC) when backup for the service is started. New backup is only started if previous backup has already completed.","description_kind":"plain","optional":true},"backup_minute":{"type":"number","description":"The minute of an hour when backup for the service is started. New backup is only started if previous backup has already completed.","description_kind":"plain","optional":true},"binlog_retention_period":{"type":"number","description":"The minimum amount of time in seconds to keep binlog entries before deletion. This may be extended for services that require binlog entries for longer than the default for example if using the MySQL Debezium Kafka connector.","description_kind":"plain","optional":true},"ip_filter":{"type":["list","string"],"description":"Allow incoming connections from CIDR address block, e.g. '10.20.0.0/16'.","description_kind":"plain","deprecated":true,"optional":true},"ip_filter_string":{"type":["list","string"],"description":"Allow incoming connections from CIDR address block, e.g. '10.20.0.0/16'.","description_kind":"plain","optional":true},"mysql_version":{"type":"string","description":"MySQL major version.","description_kind":"plain","optional":true},"project_to_fork_from":{"type":"string","description":"Name of another project to fork a service from. This has effect only when a new service is being created.","description_kind":"plain","optional":true},"recovery_target_time":{"type":"string","description":"Recovery target time when forking a service. This has effect only when a new service is being created.","description_kind":"plain","optional":true},"service_to_fork_from":{"type":"string","description":"Name of another service to fork from. This has effect only when a new service is being created.","description_kind":"plain","optional":true},"static_ips":{"type":"bool","description":"Use static public IP addresses.","description_kind":"plain","optional":true}},"block_types":{"ip_filter_object":{"nesting_mode":"list","block":{"attributes":{"description":{"type":"string","description":"Description for IP filter list entry.","description_kind":"plain","optional":true},"network":{"type":"string","description":"CIDR address block.","description_kind":"plain","required":true}},"description":"Allow incoming connections from CIDR address block, e.g. '10.20.0.0/16'.","description_kind":"plain"},"max_items":1024},"migration":{"nesting_mode":"list","block":{"attributes":{"dbname":{"type":"string","description":"Database name for bootstrapping the initial connection.","description_kind":"plain","optional":true},"host":{"type":"string","description":"Hostname or IP address of the server where to migrate data from.","description_kind":"plain","required":true},"ignore_dbs":{"type":"string","description":"Comma-separated list of databases, which should be ignored during migration (supported by MySQL and PostgreSQL only at the moment).","description_kind":"plain","optional":true},"method":{"type":"string","description":"The migration method to be used (currently supported only by Redis, MySQL and PostgreSQL service types).","description_kind":"plain","optional":true},"password":{"type":"string","description":"Password for authentication with the server where to migrate data from.","description_kind":"plain","optional":true,"sensitive":true},"port":{"type":"number","description":"Port number of the server where to migrate data from.","description_kind":"plain","required":true},"ssl":{"type":"bool","description":"The server where to migrate data from is secured with SSL. The default value is `true`.","description_kind":"plain","optional":true},"username":{"type":"string","description":"User name for authentication with the server where to migrate data from.","description_kind":"plain","optional":true}},"description":"Migrate data from existing server.","description_kind":"plain"},"max_items":1},"mysql":{"nesting_mode":"list","block":{"attributes":{"connect_timeout":{"type":"number","description":"The number of seconds that the mysqld server waits for a connect packet before responding with Bad handshake.","description_kind":"plain","optional":true},"default_time_zone":{"type":"string","description":"Default server time zone as an offset from UTC (from -12:00 to +12:00), a time zone name, or 'SYSTEM' to use the MySQL server default.","description_kind":"plain","optional":true},"group_concat_max_len":{"type":"number","description":"The maximum permitted result length in bytes for the GROUP_CONCAT() function.","description_kind":"plain","optional":true},"information_schema_stats_expiry":{"type":"number","description":"The time, in seconds, before cached statistics expire.","description_kind":"plain","optional":true},"innodb_change_buffer_max_size":{"type":"number","description":"Maximum size for the InnoDB change buffer, as a percentage of the total size of the buffer pool. Default is 25.","description_kind":"plain","optional":true},"innodb_flush_neighbors":{"type":"number","description":"Specifies whether flushing a page from the InnoDB buffer pool also flushes other dirty pages in the same extent (default is 1): 0 - dirty pages in the same extent are not flushed,  1 - flush contiguous dirty pages in the same extent,  2 - flush dirty pages in the same extent.","description_kind":"plain","optional":true},"innodb_ft_min_token_size":{"type":"number","description":"Minimum length of words that are stored in an InnoDB FULLTEXT index. Changing this parameter will lead to a restart of the MySQL service.","description_kind":"plain","optional":true},"innodb_ft_server_stopword_table":{"type":"string","description":"This option is used to specify your own InnoDB FULLTEXT index stopword list for all InnoDB tables.","description_kind":"plain","optional":true},"innodb_lock_wait_timeout":{"type":"number","description":"The length of time in seconds an InnoDB transaction waits for a row lock before giving up. Default is 120.","description_kind":"plain","optional":true},"innodb_log_buffer_size":{"type":"number","description":"The size in bytes of the buffer that InnoDB uses to write to the log files on disk.","description_kind":"plain","optional":true},"innodb_online_alter_log_max_size":{"type":"number","description":"The upper limit in bytes on the size of the temporary log files used during online DDL operations for InnoDB tables.","description_kind":"plain","optional":true},"innodb_print_all_deadlocks":{"type":"bool","description":"When enabled, information about all deadlocks in InnoDB user transactions is recorded in the error log. Disabled by default.","description_kind":"plain","optional":true},"innodb_read_io_threads":{"type":"number","description":"The number of I/O threads for read operations in InnoDB. Default is 4. Changing this parameter will lead to a restart of the MySQL service.","description_kind":"plain","optional":true},"innodb_rollback_on_timeout":{"type":"bool","description":"When enabled a transaction timeout causes InnoDB to abort and roll back the entire transaction. Changing this parameter will lead to a restart of the MySQL service.","description_kind":"plain","optional":true},"innodb_thread_concurrency":{"type":"number","description":"Defines the maximum number of threads permitted inside of InnoDB. Default is 0 (infinite concurrency - no limit).","description_kind":"plain","optional":true},"innodb_write_io_threads":{"type":"number","description":"The number of I/O threads for write operations in InnoDB. Default is 4. Changing this parameter will lead to a restart of the MySQL service.","description_kind":"plain","optional":true},"interactive_timeout":{"type":"number","description":"The number of seconds the server waits for activity on an interactive connection before closing it.","description_kind":"plain","optional":true},"internal_tmp_mem_storage_engine":{"type":"string","description":"The storage engine for in-memory internal temporary tables.","description_kind":"plain","optional":true},"long_query_time":{"type":"number","description":"The slow_query_logs work as SQL statements that take more than long_query_time seconds to execute. Default is 10s.","description_kind":"plain","optional":true},"max_allowed_packet":{"type":"number","description":"Size of the largest message in bytes that can be received by the server. Default is 67108864 (64M).","description_kind":"plain","optional":true},"max_heap_table_size":{"type":"number","description":"Limits the size of internal in-memory tables. Also set tmp_table_size. Default is 16777216 (16M).","description_kind":"plain","optional":true},"net_buffer_length":{"type":"number","description":"Start sizes of connection buffer and result buffer. Default is 16384 (16K). Changing this parameter will lead to a restart of the MySQL service.","description_kind":"plain","optional":true},"net_read_timeout":{"type":"number","description":"The number of seconds to wait for more data from a connection before aborting the read.","description_kind":"plain","optional":true},"net_write_timeout":{"type":"number","description":"The number of seconds to wait for a block to be written to a connection before aborting the write.","description_kind":"plain","optional":true},"slow_query_log":{"type":"bool","description":"Slow query log enables capturing of slow queries. Setting slow_query_log to false also truncates the mysql.slow_log table. Default is off.","description_kind":"plain","optional":true},"sort_buffer_size":{"type":"number","description":"Sort buffer size in bytes for ORDER BY optimization. Default is 262144 (256K).","description_kind":"plain","optional":true},"sql_mode":{"type":"string","description":"Global SQL mode. Set to empty to use MySQL server defaults. When creating a new service and not setting this field Aiven default SQL mode (strict, SQL standard compliant) will be assigned.","description_kind":"plain","optional":true},"sql_require_primary_key":{"type":"bool","description":"Require primary key to be defined for new tables or old tables modified with ALTER TABLE and fail if missing. It is recommended to always have primary keys because various functionality may break if any large table is missing them.","description_kind":"plain","optional":true},"tmp_table_size":{"type":"number","description":"Limits the size of internal in-memory tables. Also set max_heap_table_size. Default is 16777216 (16M).","description_kind":"plain","optional":true},"wait_timeout":{"type":"number","description":"The number of seconds the server waits for activity on a noninteractive connection before closing it.","description_kind":"plain","optional":true}},"description":"mysql.conf configuration values.","description_kind":"plain"},"max_items":1},"private_access":{"nesting_mode":"list","block":{"attributes":{"mysql":{"type":"bool","description":"Allow clients to connect to mysql with a DNS name that always resolves to the service's private IP addresses. Only available in certain network locations.","description_kind":"plain","optional":true},"mysqlx":{"type":"bool","description":"Allow clients to connect to mysqlx with a DNS name that always resolves to the service's private IP addresses. Only available in certain network locations.","description_kind":"plain","optional":true},"prometheus":{"type":"bool","description":"Allow clients to connect to prometheus with a DNS name that always resolves to the service's private IP addresses. Only available in certain network locations.","description_kind":"plain","optional":true}},"description":"Allow access to selected service ports from private networks.","description_kind":"plain"},"max_items":1},"privatelink_access":{"nesting_mode":"list","block":{"attributes":{"mysql":{"type":"bool","description":"Enable mysql.","description_kind":"plain","optional":true},"mysqlx":{"type":"bool","description":"Enable mysqlx.","description_kind":"plain","optional":true},"prometheus":{"type":"bool","description":"Enable prometheus.","description_kind":"plain","optional":true}},"description":"Allow access to selected service components through Privatelink.","description_kind":"plain"},"max_items":1},"public_access":{"nesting_mode":"list","block":{"attributes":{"mysql":{"type":"bool","description":"Allow clients to connect to mysql from the public internet for service nodes that are in a project VPC or another type of private network.","description_kind":"plain","optional":true},"mysqlx":{"type":"bool","description":"Allow clients to connect to mysqlx from the public internet for service nodes that are in a project VPC or another type of private network.","description_kind":"plain","optional":true},"prometheus":{"type":"bool","description":"Allow clients to connect to prometheus from the public internet for service nodes that are in a project VPC or another type of private network.","description_kind":"plain","optional":true}},"description":"Allow access to selected service ports from the public Internet.","description_kind":"plain"},"max_items":1}},"description":"Mysql user configurable settings","description_kind":"plain"},"max_items":1},"service_integrations":{"nesting_mode":"list","block":{"attributes":{"integration_type":{"type":"string","description":"Type of the service integration. The only supported value at the moment is `read_replica`","description_kind":"plain","required":true},"source_service_name":{"type":"string","description":"Name of the source service","description_kind":"plain","required":true}},"description":"Service integrations to specify when creating a service. Not applied after initial service creation","description_kind":"plain"}},"tag":{"nesting_mode":"set","block":{"attributes":{"key":{"type":"string","description":"Service tag key","description_kind":"plain","required":true},"value":{"type":"string","description":"Service tag value","description_kind":"plain","required":true}},"description":"Tags are key-value pairs that allow you to categorize services.","description_kind":"plain"}},"timeouts":{"nesting_mode":"single","block":{"attributes":{"create":{"type":"string","description_kind":"plain","optional":true},"default":{"type":"string","description_kind":"plain","optional":true},"delete":{"type":"string","description_kind":"plain","optional":true},"read":{"type":"string","description_kind":"plain","optional":true},"update":{"type":"string","description_kind":"plain","optional":true}},"description_kind":"plain"}}},"description":"The MySQL resource allows the creation and management of Aiven MySQL services.","description_kind":"plain"}},"aiven_mysql_database":{"version":0,"block":{"attributes":{"database_name":{"type":"string","description":"The name of the service database. This property cannot be changed, doing so forces recreation of the resource.","description_kind":"plain","required":true},"id":{"type":"string","description_kind":"plain","optional":true,"computed":true},"project":{"type":"string","description":"Identifies the project this resource belongs to. To set up proper dependencies please refer to this variable as a reference. This property cannot be changed, doing so forces recreation of the resource.","description_kind":"plain","required":true},"service_name":{"type":"string","description":"Specifies the name of the service that this resource belongs to. To set up proper dependencies please refer to this variable as a reference. This property cannot be changed, doing so forces recreation of the resource.","description_kind":"plain","required":true},"termination_protection":{"type":"bool","description":"It is a Terraform client-side deletion protections, which prevents the database from being deleted by Terraform. It is recommended to enable this for any production databases containing critical data. The default value is `false`.","description_kind":"plain","optional":true}},"block_types":{"timeouts":{"nesting_mode":"single","block":{"attributes":{"create":{"type":"string","description_kind":"plain","optional":true},"default":{"type":"string","description_kind":"plain","optional":true},"delete":{"type":"string","description_kind":"plain","optional":true},"read":{"type":"string","description_kind":"plain","optional":true},"update":{"type":"string","description_kind":"plain","optional":true}},"description_kind":"plain"}}},"description":"The MySQL Database resource allows the creation and management of Aiven MySQL Databases.","description_kind":"plain"}},"aiven_mysql_user":{"version":0,"block":{"attributes":{"access_cert":{"type":"string","description":"Access certificate for the user","description_kind":"plain","computed":true,"sensitive":true},"access_key":{"type":"string","description":"Access certificate key for the user","description_kind":"plain","computed":true,"sensitive":true},"authentication":{"type":"string","description":"Authentication details. The possible values are `caching_sha2_password` and `mysql_native_password`.","description_kind":"plain","optional":true},"id":{"type":"string","description_kind":"plain","optional":true,"computed":true},"password":{"type":"string","description":"The password of the MySQL User ( not applicable for all services ).","description_kind":"plain","optional":true,"computed":true,"sensitive":true},"project":{"type":"string","description":"Identifies the project this resource belongs to. To set up proper dependencies please refer to this variable as a reference. This property cannot be changed, doing so forces recreation of the resource.","description_kind":"plain","required":true},"service_name":{"type":"string","description":"Specifies the name of the service that this resource belongs to. To set up proper dependencies please refer to this variable as a reference. This property cannot be changed, doing so forces recreation of the resource.","description_kind":"plain","required":true},"type":{"type":"string","description":"Type of the user account. Tells whether the user is the primary account or a regular account.","description_kind":"plain","computed":true},"username":{"type":"string","description":"The actual name of the MySQL User. To set up proper dependencies please refer to this variable as a reference. This property cannot be changed, doing so forces recreation of the resource.","description_kind":"plain","required":true}},"block_types":{"timeouts":{"nesting_mode":"single","block":{"attributes":{"create":{"type":"string","description_kind":"plain","optional":true},"default":{"type":"string","description_kind":"plain","optional":true},"delete":{"type":"string","description_kind":"plain","optional":true},"read":{"type":"string","description_kind":"plain","optional":true},"update":{"type":"string","description_kind":"plain","optional":true}},"description_kind":"plain"}}},"description":"The MySQL User resource allows the creation and management of Aiven MySQL Users.","description_kind":"plain"}},"aiven_opensearch":{"version":1,"block":{"attributes":{"additional_disk_space":{"type":"string","description":"Additional disk space. Possible values depend on the service type, the cloud provider and the project. Therefore, reducing will result in the service rebalancing.","description_kind":"plain","optional":true},"cloud_name":{"type":"string","description":"Defines where the cloud provider and region where the service is hosted in. This can be changed freely after service is created. Changing the value will trigger a potentially lengthy migration process for the service. Format is cloud provider name (`aws`, `azure`, `do` `google`, `upcloud`, etc.), dash, and the cloud provider specific region name. These are documented on each Cloud provider's own support articles, like [here for Google](https://cloud.google.com/compute/docs/regions-zones/) and [here for AWS](https://docs.aws.amazon.com/AmazonRDS/latest/UserGuide/Concepts.RegionsAndAvailabilityZones.html).","description_kind":"plain","optional":true},"components":{"type":["list",["object",{"component":"string","host":"string","kafka_authentication_method":"string","port":"number","route":"string","ssl":"bool","usage":"string"}]],"description":"Service component information objects","description_kind":"plain","computed":true},"disk_space":{"type":"string","description":"Service disk space. Possible values depend on the service type, the cloud provider and the project. Therefore, reducing will result in the service rebalancing.","description_kind":"plain","deprecated":true,"optional":true},"disk_space_cap":{"type":"string","description":"The maximum disk space of the service, possible values depend on the service type, the cloud provider and the project.","description_kind":"plain","computed":true},"disk_space_default":{"type":"string","description":"The default disk space of the service, possible values depend on the service type, the cloud provider and the project. Its also the minimum value for `disk_space`","description_kind":"plain","computed":true},"disk_space_step":{"type":"string","description":"The default disk space step of the service, possible values depend on the service type, the cloud provider and the project. `disk_space` needs to increment from `disk_space_default` by increments of this size.","description_kind":"plain","computed":true},"disk_space_used":{"type":"string","description":"Disk space that service is currently using","description_kind":"plain","computed":true},"id":{"type":"string","description_kind":"plain","optional":true,"computed":true},"maintenance_window_dow":{"type":"string","description":"Day of week when maintenance operations should be performed. One monday, tuesday, wednesday, etc.","description_kind":"plain","optional":true},"maintenance_window_time":{"type":"string","description":"Time of day when maintenance operations should be performed. UTC time in HH:mm:ss format.","description_kind":"plain","optional":true},"opensearch":{"type":["list",["object",{"opensearch_dashboards_uri":"string"}]],"description":"OpenSearch server provided values","description_kind":"plain","computed":true},"plan":{"type":"string","description":"Defines what kind of computing resources are allocated for the service. It can be changed after creation, though there are some restrictions when going to a smaller plan such as the new plan must have sufficient amount of disk space to store all current data and switching to a plan with fewer nodes might not be supported. The basic plan names are `hobbyist`, `startup-x`, `business-x` and `premium-x` where `x` is (roughly) the amount of memory on each node (also other attributes like number of CPUs and amount of disk space varies but naming is based on memory). The available options can be seem from the [Aiven pricing page](https://aiven.io/pricing).","description_kind":"plain","required":true},"project":{"type":"string","description":"Identifies the project this resource belongs to. To set up proper dependencies please refer to this variable as a reference. This property cannot be changed, doing so forces recreation of the resource.","description_kind":"plain","required":true},"project_vpc_id":{"type":"string","description":"Specifies the VPC the service should run in. If the value is not set the service is not run inside a VPC. When set, the value should be given as a reference to set up dependencies correctly and the VPC must be in the same cloud and region as the service itself. Project can be freely moved to and from VPC after creation but doing so triggers migration to new servers so the operation can take significant amount of time to complete if the service has a lot of data.","description_kind":"plain","optional":true},"service_host":{"type":"string","description":"The hostname of the service.","description_kind":"plain","computed":true},"service_name":{"type":"string","description":"Specifies the actual name of the service. The name cannot be changed later without destroying and re-creating the service so name should be picked based on intended service usage rather than current attributes.","description_kind":"plain","required":true},"service_password":{"type":"string","description":"Password used for connecting to the service, if applicable","description_kind":"plain","computed":true,"sensitive":true},"service_port":{"type":"number","description":"The port of the service","description_kind":"plain","computed":true},"service_type":{"type":"string","description":"Aiven internal service type code","description_kind":"plain","computed":true},"service_uri":{"type":"string","description":"URI for connecting to the service. Service specific info is under \"kafka\", \"pg\", etc.","description_kind":"plain","computed":true,"sensitive":true},"service_username":{"type":"string","description":"Username used for connecting to the service, if applicable","description_kind":"plain","computed":true},"state":{"type":"string","description":"Service state. One of `POWEROFF`, `REBALANCING`, `REBUILDING` or `RUNNING`","description_kind":"plain","computed":true},"static_ips":{"type":["set","string"],"description":"Static IPs that are going to be associated with this service. Please assign a value using the 'toset' function. Once a static ip resource is in the 'assigned' state it cannot be unbound from the node again","description_kind":"plain","optional":true},"termination_protection":{"type":"bool","description":"Prevents the service from being deleted. It is recommended to set this to `true` for all production services to prevent unintentional service deletion. This does not shield against deleting databases or topics but for services with backups much of the content can at least be restored from backup in case accidental deletion is done.","description_kind":"plain","optional":true}},"block_types":{"opensearch_user_config":{"nesting_mode":"list","block":{"attributes":{"additional_backup_regions":{"type":["list","string"],"description":"Additional Cloud Regions for Backup Replication.","description_kind":"plain","optional":true},"custom_domain":{"type":"string","description":"Serve the web frontend using a custom CNAME pointing to the Aiven DNS name.","description_kind":"plain","optional":true},"disable_replication_factor_adjustment":{"type":"bool","description":"Disable automatic replication factor adjustment for multi-node services. By default, Aiven ensures all indexes are replicated at least to two nodes. Note: Due to potential data loss in case of losing a service node, this setting can no longer be activated.","description_kind":"plain","deprecated":true,"optional":true},"ip_filter":{"type":["list","string"],"description":"Allow incoming connections from CIDR address block, e.g. '10.20.0.0/16'.","description_kind":"plain","deprecated":true,"optional":true},"ip_filter_string":{"type":["list","string"],"description":"Allow incoming connections from CIDR address block, e.g. '10.20.0.0/16'.","description_kind":"plain","optional":true},"keep_index_refresh_interval":{"type":"bool","description":"Aiven automation resets index.refresh_interval to default value for every index to be sure that indices are always visible to search. If it doesn't fit your case, you can disable this by setting up this flag to true.","description_kind":"plain","optional":true},"max_index_count":{"type":"number","description":"Use index_patterns instead. The default value is `0`.","description_kind":"plain","deprecated":true,"optional":true},"opensearch_version":{"type":"string","description":"OpenSearch major version.","description_kind":"plain","optional":true},"project_to_fork_from":{"type":"string","description":"Name of another project to fork a service from. This has effect only when a new service is being created.","description_kind":"plain","optional":true},"recovery_basebackup_name":{"type":"string","description":"Name of the basebackup to restore in forked service.","description_kind":"plain","optional":true},"service_to_fork_from":{"type":"string","description":"Name of another service to fork from. This has effect only when a new service is being created.","description_kind":"plain","optional":true},"static_ips":{"type":"bool","description":"Use static public IP addresses.","description_kind":"plain","optional":true}},"block_types":{"index_patterns":{"nesting_mode":"list","block":{"attributes":{"max_index_count":{"type":"number","description":"Maximum number of indexes to keep.","description_kind":"plain","required":true},"pattern":{"type":"string","description":"fnmatch pattern.","description_kind":"plain","required":true},"sorting_algorithm":{"type":"string","description":"Deletion sorting algorithm. The default value is `creation_date`.","description_kind":"plain","optional":true}},"description":"Index patterns.","description_kind":"plain"},"max_items":512},"index_template":{"nesting_mode":"list","block":{"attributes":{"mapping_nested_objects_limit":{"type":"number","description":"The maximum number of nested JSON objects that a single document can contain across all nested types. This limit helps to prevent out of memory errors when a document contains too many nested objects. Default is 10000.","description_kind":"plain","optional":true},"number_of_replicas":{"type":"number","description":"The number of replicas each primary shard has.","description_kind":"plain","optional":true},"number_of_shards":{"type":"number","description":"The number of primary shards that an index should have.","description_kind":"plain","optional":true}},"description":"Template settings for all new indexes.","description_kind":"plain"},"max_items":1},"ip_filter_object":{"nesting_mode":"list","block":{"attributes":{"description":{"type":"string","description":"Description for IP filter list entry.","description_kind":"plain","optional":true},"network":{"type":"string","description":"CIDR address block.","description_kind":"plain","required":true}},"description":"Allow incoming connections from CIDR address block, e.g. '10.20.0.0/16'.","description_kind":"plain"},"max_items":1024},"openid":{"nesting_mode":"list","block":{"attributes":{"client_id":{"type":"string","description":"The ID of the OpenID Connect client configured in your IdP. Required.","description_kind":"plain","required":true},"client_secret":{"type":"string","description":"The client secret of the OpenID Connect client configured in your IdP. Required.","description_kind":"plain","required":true},"connect_url":{"type":"string","description":"The URL of your IdP where the Security plugin can find the OpenID Connect metadata/configuration settings.","description_kind":"plain","required":true},"enabled":{"type":"bool","description":"Enables or disables OpenID Connect authentication for OpenSearch. When enabled, users can authenticate using OpenID Connect with an Identity Provider. The default value is `true`.","description_kind":"plain","optional":true},"header":{"type":"string","description":"HTTP header name of the JWT token. Optional. Default is Authorization. The default value is `Authorization`.","description_kind":"plain","optional":true},"jwt_header":{"type":"string","description":"The HTTP header that stores the token. Typically the Authorization header with the Bearer schema: Authorization: Bearer \u003ctoken\u003e. Optional. Default is Authorization.","description_kind":"plain","optional":true},"jwt_url_parameter":{"type":"string","description":"If the token is not transmitted in the HTTP header, but as an URL parameter, define the name of the parameter here. Optional.","description_kind":"plain","optional":true},"refresh_rate_limit_count":{"type":"number","description":"The maximum number of unknown key IDs in the time frame. Default is 10. Optional. The default value is `10`.","description_kind":"plain","optional":true},"refresh_rate_limit_time_window_ms":{"type":"number","description":"The time frame to use when checking the maximum number of unknown key IDs, in milliseconds. Optional.Default is 10000 (10 seconds). The default value is `10000`.","description_kind":"plain","optional":true},"roles_key":{"type":"string","description":"The key in the JSON payload that stores the user’s roles. The value of this key must be a comma-separated list of roles. Required only if you want to use roles in the JWT.","description_kind":"plain","optional":true},"scope":{"type":"string","description":"The scope of the identity token issued by the IdP. Optional. Default is openid profile email address phone.","description_kind":"plain","optional":true},"subject_key":{"type":"string","description":"The key in the JSON payload that stores the user’s name. If not defined, the subject registered claim is used. Most IdP providers use the preferred_username claim. Optional.","description_kind":"plain","optional":true}},"description":"OpenSearch OpenID Connect Configuration.","description_kind":"plain"},"max_items":1},"opensearch":{"nesting_mode":"list","block":{"attributes":{"action_auto_create_index_enabled":{"type":"bool","description":"Explicitly allow or block automatic creation of indices. Defaults to true.","description_kind":"plain","optional":true},"action_destructive_requires_name":{"type":"bool","description":"Require explicit index names when deleting.","description_kind":"plain","optional":true},"cluster_max_shards_per_node":{"type":"number","description":"Controls the number of shards allowed in the cluster per data node.","description_kind":"plain","optional":true},"cluster_routing_allocation_node_concurrent_recoveries":{"type":"number","description":"How many concurrent incoming/outgoing shard recoveries (normally replicas) are allowed to happen on a node. Defaults to 2.","description_kind":"plain","optional":true},"email_sender_name":{"type":"string","description":"This should be identical to the Sender name defined in Opensearch dashboards.","description_kind":"plain","optional":true},"email_sender_password":{"type":"string","description":"Sender password for Opensearch alerts to authenticate with SMTP server.","description_kind":"plain","optional":true,"sensitive":true},"email_sender_username":{"type":"string","description":"Sender username for Opensearch alerts.","description_kind":"plain","optional":true},"http_max_content_length":{"type":"number","description":"Maximum content length for HTTP requests to the OpenSearch HTTP API, in bytes.","description_kind":"plain","optional":true},"http_max_header_size":{"type":"number","description":"The max size of allowed headers, in bytes.","description_kind":"plain","optional":true},"http_max_initial_line_length":{"type":"number","description":"The max length of an HTTP URL, in bytes.","description_kind":"plain","optional":true},"indices_fielddata_cache_size":{"type":"number","description":"Relative amount. Maximum amount of heap memory used for field data cache. This is an expert setting; decreasing the value too much will increase overhead of loading field data; too much memory used for field data cache will decrease amount of heap available for other operations.","description_kind":"plain","optional":true},"indices_memory_index_buffer_size":{"type":"number","description":"Percentage value. Default is 10%. Total amount of heap used for indexing buffer, before writing segments to disk. This is an expert setting. Too low value will slow down indexing; too high value will increase indexing performance but causes performance issues for query performance.","description_kind":"plain","optional":true},"indices_queries_cache_size":{"type":"number","description":"Percentage value. Default is 10%. Maximum amount of heap used for query cache. This is an expert setting. Too low value will decrease query performance and increase performance for other operations; too high value will cause issues with other OpenSearch functionality.","description_kind":"plain","optional":true},"indices_query_bool_max_clause_count":{"type":"number","description":"Maximum number of clauses Lucene BooleanQuery can have. The default value (1024) is relatively high, and increasing it may cause performance issues. Investigate other approaches first before increasing this value.","description_kind":"plain","optional":true},"indices_recovery_max_bytes_per_sec":{"type":"number","description":"Limits total inbound and outbound recovery traffic for each node. Applies to both peer recoveries as well as snapshot recoveries (i.e., restores from a snapshot). Defaults to 40mb.","description_kind":"plain","optional":true},"indices_recovery_max_concurrent_file_chunks":{"type":"number","description":"Number of file chunks sent in parallel for each recovery. Defaults to 2.","description_kind":"plain","optional":true},"override_main_response_version":{"type":"bool","description":"Compatibility mode sets OpenSearch to report its version as 7.10 so clients continue to work. Default is false.","description_kind":"plain","optional":true},"reindex_remote_whitelist":{"type":["list","string"],"description":"Whitelisted addresses for reindexing. Changing this value will cause all OpenSearch instances to restart.","description_kind":"plain","optional":true},"script_max_compilations_rate":{"type":"string","description":"Script compilation circuit breaker limits the number of inline script compilations within a period of time. Default is use-context.","description_kind":"plain","optional":true},"search_max_buckets":{"type":"number","description":"Maximum number of aggregation buckets allowed in a single response. OpenSearch default value is used when this is not defined.","description_kind":"plain","optional":true},"thread_pool_analyze_queue_size":{"type":"number","description":"Size for the thread pool queue. See documentation for exact details.","description_kind":"plain","optional":true},"thread_pool_analyze_size":{"type":"number","description":"Size for the thread pool. See documentation for exact details. Do note this may have maximum value depending on CPU count - value is automatically lowered if set to higher than maximum value.","description_kind":"plain","optional":true},"thread_pool_force_merge_size":{"type":"number","description":"Size for the thread pool. See documentation for exact details. Do note this may have maximum value depending on CPU count - value is automatically lowered if set to higher than maximum value.","description_kind":"plain","optional":true},"thread_pool_get_queue_size":{"type":"number","description":"Size for the thread pool queue. See documentation for exact details.","description_kind":"plain","optional":true},"thread_pool_get_size":{"type":"number","description":"Size for the thread pool. See documentation for exact details. Do note this may have maximum value depending on CPU count - value is automatically lowered if set to higher than maximum value.","description_kind":"plain","optional":true},"thread_pool_search_queue_size":{"type":"number","description":"Size for the thread pool queue. See documentation for exact details.","description_kind":"plain","optional":true},"thread_pool_search_size":{"type":"number","description":"Size for the thread pool. See documentation for exact details. Do note this may have maximum value depending on CPU count - value is automatically lowered if set to higher than maximum value.","description_kind":"plain","optional":true},"thread_pool_search_throttled_queue_size":{"type":"number","description":"Size for the thread pool queue. See documentation for exact details.","description_kind":"plain","optional":true},"thread_pool_search_throttled_size":{"type":"number","description":"Size for the thread pool. See documentation for exact details. Do note this may have maximum value depending on CPU count - value is automatically lowered if set to higher than maximum value.","description_kind":"plain","optional":true},"thread_pool_write_queue_size":{"type":"number","description":"Size for the thread pool queue. See documentation for exact details.","description_kind":"plain","optional":true},"thread_pool_write_size":{"type":"number","description":"Size for the thread pool. See documentation for exact details. Do note this may have maximum value depending on CPU count - value is automatically lowered if set to higher than maximum value.","description_kind":"plain","optional":true}},"description":"OpenSearch settings.","description_kind":"plain"},"max_items":1},"opensearch_dashboards":{"nesting_mode":"list","block":{"attributes":{"enabled":{"type":"bool","description":"Enable or disable OpenSearch Dashboards. The default value is `true`.","description_kind":"plain","optional":true},"max_old_space_size":{"type":"number","description":"Limits the maximum amount of memory (in MiB) the OpenSearch Dashboards process can use. This sets the max_old_space_size option of the nodejs running the OpenSearch Dashboards. Note: the memory reserved by OpenSearch Dashboards is not available for OpenSearch. The default value is `128`.","description_kind":"plain","optional":true},"opensearch_request_timeout":{"type":"number","description":"Timeout in milliseconds for requests made by OpenSearch Dashboards towards OpenSearch. The default value is `30000`.","description_kind":"plain","optional":true}},"description":"OpenSearch Dashboards settings.","description_kind":"plain"},"max_items":1},"private_access":{"nesting_mode":"list","block":{"attributes":{"opensearch":{"type":"bool","description":"Allow clients to connect to opensearch with a DNS name that always resolves to the service's private IP addresses. Only available in certain network locations.","description_kind":"plain","optional":true},"opensearch_dashboards":{"type":"bool","description":"Allow clients to connect to opensearch_dashboards with a DNS name that always resolves to the service's private IP addresses. Only available in certain network locations.","description_kind":"plain","optional":true},"prometheus":{"type":"bool","description":"Allow clients to connect to prometheus with a DNS name that always resolves to the service's private IP addresses. Only available in certain network locations.","description_kind":"plain","optional":true}},"description":"Allow access to selected service ports from private networks.","description_kind":"plain"},"max_items":1},"privatelink_access":{"nesting_mode":"list","block":{"attributes":{"opensearch":{"type":"bool","description":"Enable opensearch.","description_kind":"plain","optional":true},"opensearch_dashboards":{"type":"bool","description":"Enable opensearch_dashboards.","description_kind":"plain","optional":true},"prometheus":{"type":"bool","description":"Enable prometheus.","description_kind":"plain","optional":true}},"description":"Allow access to selected service components through Privatelink.","description_kind":"plain"},"max_items":1},"public_access":{"nesting_mode":"list","block":{"attributes":{"opensearch":{"type":"bool","description":"Allow clients to connect to opensearch from the public internet for service nodes that are in a project VPC or another type of private network.","description_kind":"plain","optional":true},"opensearch_dashboards":{"type":"bool","description":"Allow clients to connect to opensearch_dashboards from the public internet for service nodes that are in a project VPC or another type of private network.","description_kind":"plain","optional":true},"prometheus":{"type":"bool","description":"Allow clients to connect to prometheus from the public internet for service nodes that are in a project VPC or another type of private network.","description_kind":"plain","optional":true}},"description":"Allow access to selected service ports from the public Internet.","description_kind":"plain"},"max_items":1},"saml":{"nesting_mode":"list","block":{"attributes":{"enabled":{"type":"bool","description":"Enables or disables SAML-based authentication for OpenSearch. When enabled, users can authenticate using SAML with an Identity Provider. The default value is `true`.","description_kind":"plain","required":true},"idp_entity_id":{"type":"string","description":"The unique identifier for the Identity Provider (IdP) entity that is used for SAML authentication. This value is typically provided by the IdP.","description_kind":"plain","required":true},"idp_metadata_url":{"type":"string","description":"The URL of the SAML metadata for the Identity Provider (IdP). This is used to configure SAML-based authentication with the IdP.","description_kind":"plain","required":true},"idp_pemtrustedcas_content":{"type":"string","description":"This parameter specifies the PEM-encoded root certificate authority (CA) content for the SAML identity provider (IdP) server verification. The root CA content is used to verify the SSL/TLS certificate presented by the server.","description_kind":"plain","optional":true},"roles_key":{"type":"string","description":"Optional. Specifies the attribute in the SAML response where role information is stored, if available. Role attributes are not required for SAML authentication, but can be included in SAML assertions by most Identity Providers (IdPs) to determine user access levels or permissions.","description_kind":"plain","optional":true},"sp_entity_id":{"type":"string","description":"The unique identifier for the Service Provider (SP) entity that is used for SAML authentication. This value is typically provided by the SP.","description_kind":"plain","required":true},"subject_key":{"type":"string","description":"Optional. Specifies the attribute in the SAML response where the subject identifier is stored. If not configured, the NameID attribute is used by default.","description_kind":"plain","optional":true}},"description":"OpenSearch SAML configuration.","description_kind":"plain"},"max_items":1}},"description":"Opensearch user configurable settings","description_kind":"plain"},"max_items":1},"service_integrations":{"nesting_mode":"list","block":{"attributes":{"integration_type":{"type":"string","description":"Type of the service integration. The only supported value at the moment is `read_replica`","description_kind":"plain","required":true},"source_service_name":{"type":"string","description":"Name of the source service","description_kind":"plain","required":true}},"description":"Service integrations to specify when creating a service. Not applied after initial service creation","description_kind":"plain"}},"tag":{"nesting_mode":"set","block":{"attributes":{"key":{"type":"string","description":"Service tag key","description_kind":"plain","required":true},"value":{"type":"string","description":"Service tag value","description_kind":"plain","required":true}},"description":"Tags are key-value pairs that allow you to categorize services.","description_kind":"plain"}},"timeouts":{"nesting_mode":"single","block":{"attributes":{"create":{"type":"string","description_kind":"plain","optional":true},"default":{"type":"string","description_kind":"plain","optional":true},"delete":{"type":"string","description_kind":"plain","optional":true},"read":{"type":"string","description_kind":"plain","optional":true},"update":{"type":"string","description_kind":"plain","optional":true}},"description_kind":"plain"}}},"description":"The OpenSearch resource allows the creation and management of Aiven OpenSearch services.","description_kind":"plain"}},"aiven_opensearch_acl_config":{"version":0,"block":{"attributes":{"enabled":{"type":"bool","description":"Enable OpenSearch ACLs. When disabled authenticated service users have unrestricted access. The default value is `true`.","description_kind":"plain","optional":true},"extended_acl":{"type":"bool","description":"Index rules can be applied in a limited fashion to the _mget, _msearch and _bulk APIs (and only those) by enabling the ExtendedAcl option for the service. When it is enabled, users can use these APIs as long as all operations only target indexes they have been granted access to. The default value is `true`.","description_kind":"plain","optional":true},"id":{"type":"string","description_kind":"plain","optional":true,"computed":true},"project":{"type":"string","description":"Identifies the project this resource belongs to. To set up proper dependencies please refer to this variable as a reference. This property cannot be changed, doing so forces recreation of the resource.","description_kind":"plain","required":true},"service_name":{"type":"string","description":"Specifies the name of the service that this resource belongs to. To set up proper dependencies please refer to this variable as a reference. This property cannot be changed, doing so forces recreation of the resource.","description_kind":"plain","required":true}},"block_types":{"timeouts":{"nesting_mode":"single","block":{"attributes":{"create":{"type":"string","description_kind":"plain","optional":true},"default":{"type":"string","description_kind":"plain","optional":true},"delete":{"type":"string","description_kind":"plain","optional":true},"read":{"type":"string","description_kind":"plain","optional":true},"update":{"type":"string","description_kind":"plain","optional":true}},"description_kind":"plain"}}},"description":"The OpenSearch ACL Config resource allows the creation and management of Aiven OpenSearch ACLs.","description_kind":"plain"}},"aiven_opensearch_acl_rule":{"version":0,"block":{"attributes":{"id":{"type":"string","description_kind":"plain","optional":true,"computed":true},"index":{"type":"string","description":"The index pattern for this ACL entry. Maximum length: `249`. This property cannot be changed, doing so forces recreation of the resource.","description_kind":"plain","required":true},"permission":{"type":"string","description":"The permissions for this ACL entry. The possible values are `deny`, `admin`, `read`, `readwrite` and `write`.","description_kind":"plain","required":true},"project":{"type":"string","description":"Identifies the project this resource belongs to. To set up proper dependencies please refer to this variable as a reference. This property cannot be changed, doing so forces recreation of the resource.","description_kind":"plain","required":true},"service_name":{"type":"string","description":"Specifies the name of the service that this resource belongs to. To set up proper dependencies please refer to this variable as a reference. This property cannot be changed, doing so forces recreation of the resource.","description_kind":"plain","required":true},"username":{"type":"string","description":"The username for the ACL entry. Maximum length: `40`. To set up proper dependencies please refer to this variable as a reference. This property cannot be changed, doing so forces recreation of the resource.","description_kind":"plain","required":true}},"block_types":{"timeouts":{"nesting_mode":"single","block":{"attributes":{"create":{"type":"string","description_kind":"plain","optional":true},"default":{"type":"string","description_kind":"plain","optional":true},"delete":{"type":"string","description_kind":"plain","optional":true},"read":{"type":"string","description_kind":"plain","optional":true},"update":{"type":"string","description_kind":"plain","optional":true}},"description_kind":"plain"}}},"description":"The OpenSearch ACL Rule resource models a single ACL Rule for an Aiven OpenSearch service.","description_kind":"plain"}},"aiven_opensearch_security_plugin_config":{"version":0,"block":{"attributes":{"admin_enabled":{"type":"bool","description":"Whether the os-sec-admin user is enabled. This indicates whether the user management with the security plugin is enabled. This is always true when the os-sec-admin password was set at least once.","description_kind":"plain","computed":true},"admin_password":{"type":"string","description":"The password for the os-sec-admin user.","description_kind":"plain","required":true,"sensitive":true},"available":{"type":"bool","description":"Whether the security plugin is available. This is always true for recently created services.","description_kind":"plain","computed":true},"enabled":{"type":"bool","description":"Whether the security plugin is enabled. This is always true for recently created services.","description_kind":"plain","computed":true},"id":{"type":"string","description_kind":"plain","optional":true,"computed":true},"project":{"type":"string","description":"Identifies the project this resource belongs to. To set up proper dependencies please refer to this variable as a reference. This property cannot be changed, doing so forces recreation of the resource.","description_kind":"plain","required":true},"service_name":{"type":"string","description":"Specifies the name of the service that this resource belongs to. To set up proper dependencies please refer to this variable as a reference. This property cannot be changed, doing so forces recreation of the resource.","description_kind":"plain","required":true}},"block_types":{"timeouts":{"nesting_mode":"single","block":{"attributes":{"create":{"type":"string","description_kind":"plain","optional":true},"default":{"type":"string","description_kind":"plain","optional":true},"delete":{"type":"string","description_kind":"plain","optional":true},"read":{"type":"string","description_kind":"plain","optional":true},"update":{"type":"string","description_kind":"plain","optional":true}},"description_kind":"plain"}}},"description":"The OpenSearch Security Plugin Config resource allows the creation and management of AivenOpenSearch Security Plugin config.","description_kind":"plain"}},"aiven_opensearch_user":{"version":0,"block":{"attributes":{"id":{"type":"string","description_kind":"plain","optional":true,"computed":true},"password":{"type":"string","description":"The password of the OpenSearch User.","description_kind":"plain","optional":true,"computed":true,"sensitive":true},"project":{"type":"string","description":"Identifies the project this resource belongs to. To set up proper dependencies please refer to this variable as a reference. This property cannot be changed, doing so forces recreation of the resource.","description_kind":"plain","required":true},"service_name":{"type":"string","description":"Specifies the name of the service that this resource belongs to. To set up proper dependencies please refer to this variable as a reference. This property cannot be changed, doing so forces recreation of the resource.","description_kind":"plain","required":true},"type":{"type":"string","description":"Type of the user account. Tells whether the user is the primary account or a regular account.","description_kind":"plain","computed":true},"username":{"type":"string","description":"The actual name of the OpenSearch User. To set up proper dependencies please refer to this variable as a reference. This property cannot be changed, doing so forces recreation of the resource.","description_kind":"plain","required":true}},"block_types":{"timeouts":{"nesting_mode":"single","block":{"attributes":{"create":{"type":"string","description_kind":"plain","optional":true},"default":{"type":"string","description_kind":"plain","optional":true},"delete":{"type":"string","description_kind":"plain","optional":true},"read":{"type":"string","description_kind":"plain","optional":true},"update":{"type":"string","description_kind":"plain","optional":true}},"description_kind":"plain"}}},"description":"The OpenSearch User resource allows the creation and management of Aiven OpenSearch Users.","description_kind":"plain"}},"aiven_organization":{"version":0,"block":{"attributes":{"create_time":{"type":"string","description":"Timestamp of the creation of the organization.","description_kind":"plain","computed":true},"id":{"type":"string","description":"Identifier of the organization.","description_kind":"plain","computed":true},"name":{"type":"string","description":"Name of the organization.","description_kind":"plain","required":true},"tenant_id":{"type":"string","description":"Tenant identifier of the organization.","description_kind":"plain","computed":true},"update_time":{"type":"string","description":"Timestamp of the last update of the organization.","description_kind":"plain","computed":true}},"block_types":{"timeouts":{"nesting_mode":"single","block":{"attributes":{"create":{"type":"string","description":"A string that can be [parsed as a duration](https://pkg.go.dev/time#ParseDuration) consisting of numbers and unit suffixes, such as \"30s\" or \"2h45m\". Valid time units are \"s\" (seconds), \"m\" (minutes), \"h\" (hours).","description_kind":"plain","optional":true},"delete":{"type":"string","description":"A string that can be [parsed as a duration](https://pkg.go.dev/time#ParseDuration) consisting of numbers and unit suffixes, such as \"30s\" or \"2h45m\". Valid time units are \"s\" (seconds), \"m\" (minutes), \"h\" (hours). Setting a timeout for a Delete operation is only applicable if changes are saved into state before the destroy operation occurs.","description_kind":"plain","optional":true},"read":{"type":"string","description":"A string that can be [parsed as a duration](https://pkg.go.dev/time#ParseDuration) consisting of numbers and unit suffixes, such as \"30s\" or \"2h45m\". Valid time units are \"s\" (seconds), \"m\" (minutes), \"h\" (hours). Read operations occur during any refresh or planning operation when refresh is enabled.","description_kind":"plain","optional":true},"update":{"type":"string","description":"A string that can be [parsed as a duration](https://pkg.go.dev/time#ParseDuration) consisting of numbers and unit suffixes, such as \"30s\" or \"2h45m\". Valid time units are \"s\" (seconds), \"m\" (minutes), \"h\" (hours).","description_kind":"plain","optional":true}},"description_kind":"plain"}}},"description":"Creates and manages an organization in Aiven.","description_kind":"plain"}},"aiven_organization_user":{"version":0,"block":{"attributes":{"accepted":{"type":"bool","description":"This is a boolean flag that determines whether an invitation was accepted or not by the user. `false` value means that the invitation was sent to the user but not yet accepted. `true` means that the user accepted the invitation and now a member of an organization.","description_kind":"plain","computed":true},"create_time":{"type":"string","description":"Time of creation","description_kind":"plain","computed":true},"id":{"type":"string","description_kind":"plain","optional":true,"computed":true},"invited_by":{"type":"string","description":"The email address of the user who sent an invitation to the user.","description_kind":"plain","computed":true},"organization_id":{"type":"string","description":"The unique organization ID. This property cannot be changed, doing so forces recreation of the resource.","description_kind":"plain","required":true},"user_email":{"type":"string","description":"This is a user email address that first will be invited, and after accepting an invitation, they become a member of the organization. This property cannot be changed, doing so forces recreation of the resource.","description_kind":"plain","required":true}},"block_types":{"timeouts":{"nesting_mode":"single","block":{"attributes":{"create":{"type":"string","description_kind":"plain","optional":true},"default":{"type":"string","description_kind":"plain","optional":true},"delete":{"type":"string","description_kind":"plain","optional":true},"read":{"type":"string","description_kind":"plain","optional":true},"update":{"type":"string","description_kind":"plain","optional":true}},"description_kind":"plain"}}},"description":"\nThe Organization User resource allows the creation and management of an Aiven Organization User.\n\nDuring the creation of `aiven_organization_user`resource, an email invitation will be sent\nto a user using `user_email` address. If the user accepts an invitation, they will become\na member of the organization. The deletion of `aiven_organization_user` will not only\ndelete the invitation if one was sent but not yet accepted by the user, it will also \neliminate the member from the organization if one has accepted an invitation previously.\n","description_kind":"plain"}},"aiven_organization_user_group":{"version":0,"block":{"attributes":{"create_time":{"type":"string","description":"Time of creation","description_kind":"plain","computed":true},"description":{"type":"string","description":"The organization user group description. This property cannot be changed, doing so forces recreation of the resource.","description_kind":"plain","optional":true},"id":{"type":"string","description_kind":"plain","optional":true,"computed":true},"name":{"type":"string","description":"The organization user group name. This property cannot be changed, doing so forces recreation of the resource.","description_kind":"plain","optional":true},"organization_id":{"type":"string","description":"The unique organization ID. This property cannot be changed, doing so forces recreation of the resource.","description_kind":"plain","required":true},"update_time":{"type":"string","description":"Time of last update","description_kind":"plain","computed":true}},"block_types":{"timeouts":{"nesting_mode":"single","block":{"attributes":{"create":{"type":"string","description_kind":"plain","optional":true},"default":{"type":"string","description_kind":"plain","optional":true},"delete":{"type":"string","description_kind":"plain","optional":true},"read":{"type":"string","description_kind":"plain","optional":true},"update":{"type":"string","description_kind":"plain","optional":true}},"description_kind":"plain"}}},"description":"The Organization User Group resource allows the creation and management of an Aiven Organization Groups.","description_kind":"plain"}},"aiven_organizational_unit":{"version":0,"block":{"attributes":{"create_time":{"type":"string","description":"Time of creation","description_kind":"plain","computed":true},"id":{"type":"string","description_kind":"plain","optional":true,"computed":true},"name":{"type":"string","description":"Organizational Unit name","description_kind":"plain","required":true},"parent_id":{"type":"string","description":"Parent ID","description_kind":"plain","required":true},"tenant_id":{"type":"string","description":"Tenant ID","description_kind":"plain","computed":true},"update_time":{"type":"string","description":"Time of last update","description_kind":"plain","computed":true}},"block_types":{"timeouts":{"nesting_mode":"single","block":{"attributes":{"create":{"type":"string","description_kind":"plain","optional":true},"default":{"type":"string","description_kind":"plain","optional":true},"delete":{"type":"string","description_kind":"plain","optional":true},"read":{"type":"string","description_kind":"plain","optional":true},"update":{"type":"string","description_kind":"plain","optional":true}},"description_kind":"plain"}}},"description":"The Organizational Unit resource allows the creation and management of Aiven Organizational Units.","description_kind":"plain"}},"aiven_pg":{"version":1,"block":{"attributes":{"additional_disk_space":{"type":"string","description":"Additional disk space. Possible values depend on the service type, the cloud provider and the project. Therefore, reducing will result in the service rebalancing.","description_kind":"plain","optional":true},"cloud_name":{"type":"string","description":"Defines where the cloud provider and region where the service is hosted in. This can be changed freely after service is created. Changing the value will trigger a potentially lengthy migration process for the service. Format is cloud provider name (`aws`, `azure`, `do` `google`, `upcloud`, etc.), dash, and the cloud provider specific region name. These are documented on each Cloud provider's own support articles, like [here for Google](https://cloud.google.com/compute/docs/regions-zones/) and [here for AWS](https://docs.aws.amazon.com/AmazonRDS/latest/UserGuide/Concepts.RegionsAndAvailabilityZones.html).","description_kind":"plain","optional":true},"components":{"type":["list",["object",{"component":"string","host":"string","kafka_authentication_method":"string","port":"number","route":"string","ssl":"bool","usage":"string"}]],"description":"Service component information objects","description_kind":"plain","computed":true},"disk_space":{"type":"string","description":"Service disk space. Possible values depend on the service type, the cloud provider and the project. Therefore, reducing will result in the service rebalancing.","description_kind":"plain","deprecated":true,"optional":true},"disk_space_cap":{"type":"string","description":"The maximum disk space of the service, possible values depend on the service type, the cloud provider and the project.","description_kind":"plain","computed":true},"disk_space_default":{"type":"string","description":"The default disk space of the service, possible values depend on the service type, the cloud provider and the project. Its also the minimum value for `disk_space`","description_kind":"plain","computed":true},"disk_space_step":{"type":"string","description":"The default disk space step of the service, possible values depend on the service type, the cloud provider and the project. `disk_space` needs to increment from `disk_space_default` by increments of this size.","description_kind":"plain","computed":true},"disk_space_used":{"type":"string","description":"Disk space that service is currently using","description_kind":"plain","computed":true},"id":{"type":"string","description_kind":"plain","optional":true,"computed":true},"maintenance_window_dow":{"type":"string","description":"Day of week when maintenance operations should be performed. One monday, tuesday, wednesday, etc.","description_kind":"plain","optional":true},"maintenance_window_time":{"type":"string","description":"Time of day when maintenance operations should be performed. UTC time in HH:mm:ss format.","description_kind":"plain","optional":true},"plan":{"type":"string","description":"Defines what kind of computing resources are allocated for the service. It can be changed after creation, though there are some restrictions when going to a smaller plan such as the new plan must have sufficient amount of disk space to store all current data and switching to a plan with fewer nodes might not be supported. The basic plan names are `hobbyist`, `startup-x`, `business-x` and `premium-x` where `x` is (roughly) the amount of memory on each node (also other attributes like number of CPUs and amount of disk space varies but naming is based on memory). The available options can be seem from the [Aiven pricing page](https://aiven.io/pricing).","description_kind":"plain","required":true},"project":{"type":"string","description":"Identifies the project this resource belongs to. To set up proper dependencies please refer to this variable as a reference. This property cannot be changed, doing so forces recreation of the resource.","description_kind":"plain","required":true},"project_vpc_id":{"type":"string","description":"Specifies the VPC the service should run in. If the value is not set the service is not run inside a VPC. When set, the value should be given as a reference to set up dependencies correctly and the VPC must be in the same cloud and region as the service itself. Project can be freely moved to and from VPC after creation but doing so triggers migration to new servers so the operation can take significant amount of time to complete if the service has a lot of data.","description_kind":"plain","optional":true},"service_host":{"type":"string","description":"The hostname of the service.","description_kind":"plain","computed":true},"service_name":{"type":"string","description":"Specifies the actual name of the service. The name cannot be changed later without destroying and re-creating the service so name should be picked based on intended service usage rather than current attributes.","description_kind":"plain","required":true},"service_password":{"type":"string","description":"Password used for connecting to the service, if applicable","description_kind":"plain","computed":true,"sensitive":true},"service_port":{"type":"number","description":"The port of the service","description_kind":"plain","computed":true},"service_type":{"type":"string","description":"Aiven internal service type code","description_kind":"plain","computed":true},"service_uri":{"type":"string","description":"URI for connecting to the service. Service specific info is under \"kafka\", \"pg\", etc.","description_kind":"plain","computed":true,"sensitive":true},"service_username":{"type":"string","description":"Username used for connecting to the service, if applicable","description_kind":"plain","computed":true},"state":{"type":"string","description":"Service state. One of `POWEROFF`, `REBALANCING`, `REBUILDING` or `RUNNING`","description_kind":"plain","computed":true},"static_ips":{"type":["set","string"],"description":"Static IPs that are going to be associated with this service. Please assign a value using the 'toset' function. Once a static ip resource is in the 'assigned' state it cannot be unbound from the node again","description_kind":"plain","optional":true},"termination_protection":{"type":"bool","description":"Prevents the service from being deleted. It is recommended to set this to `true` for all production services to prevent unintentional service deletion. This does not shield against deleting databases or topics but for services with backups much of the content can at least be restored from backup in case accidental deletion is done.","description_kind":"plain","optional":true}},"block_types":{"pg":{"nesting_mode":"list","block":{"attributes":{"dbname":{"type":"string","description":"Primary PostgreSQL database name","description_kind":"plain","computed":true},"host":{"type":"string","description":"PostgreSQL master node host IP or name","description_kind":"plain","computed":true},"max_connections":{"type":"number","description":"Connection limit","description_kind":"plain","computed":true},"password":{"type":"string","description":"PostgreSQL admin user password","description_kind":"plain","computed":true,"sensitive":true},"port":{"type":"number","description":"PostgreSQL port","description_kind":"plain","computed":true},"replica_uri":{"type":"string","description":"PostgreSQL replica URI for services with a replica","description_kind":"plain","computed":true,"sensitive":true},"sslmode":{"type":"string","description":"PostgreSQL sslmode setting (currently always \"require\")","description_kind":"plain","computed":true},"uri":{"type":"string","description":"PostgreSQL master connection URI","description_kind":"plain","optional":true,"computed":true,"sensitive":true},"user":{"type":"string","description":"PostgreSQL admin user name","description_kind":"plain","computed":true}},"description":"PostgreSQL specific server provided values","description_kind":"plain"},"max_items":1},"pg_user_config":{"nesting_mode":"list","block":{"attributes":{"additional_backup_regions":{"type":["list","string"],"description":"Additional Cloud Regions for Backup Replication.","description_kind":"plain","optional":true},"admin_password":{"type":"string","description":"Custom password for admin user. Defaults to random string. This must be set only when a new service is being created.","description_kind":"plain","optional":true,"sensitive":true},"admin_username":{"type":"string","description":"Custom username for admin user. This must be set only when a new service is being created.","description_kind":"plain","optional":true},"backup_hour":{"type":"number","description":"The hour of day (in UTC) when backup for the service is started. New backup is only started if previous backup has already completed.","description_kind":"plain","optional":true},"backup_minute":{"type":"number","description":"The minute of an hour when backup for the service is started. New backup is only started if previous backup has already completed.","description_kind":"plain","optional":true},"enable_ipv6":{"type":"bool","description":"Register AAAA DNS records for the service, and allow IPv6 packets to service ports.","description_kind":"plain","optional":true},"ip_filter":{"type":["list","string"],"description":"Allow incoming connections from CIDR address block, e.g. '10.20.0.0/16'.","description_kind":"plain","deprecated":true,"optional":true},"ip_filter_string":{"type":["list","string"],"description":"Allow incoming connections from CIDR address block, e.g. '10.20.0.0/16'.","description_kind":"plain","optional":true},"pg_read_replica":{"type":"bool","description":"Use read_replica service integration instead.","description_kind":"plain","deprecated":true,"optional":true},"pg_service_to_fork_from":{"type":"string","description":"Name of the PG Service from which to fork (deprecated, use service_to_fork_from). This has effect only when a new service is being created.","description_kind":"plain","deprecated":true,"optional":true},"pg_stat_monitor_enable":{"type":"bool","description":"Enable the pg_stat_monitor extension. Enabling this extension will cause the cluster to be restarted.When this extension is enabled, pg_stat_statements results for utility commands are unreliable. The default value is `false`.","description_kind":"plain","optional":true},"pg_version":{"type":"string","description":"PostgreSQL major version.","description_kind":"plain","optional":true},"project_to_fork_from":{"type":"string","description":"Name of another project to fork a service from. This has effect only when a new service is being created.","description_kind":"plain","optional":true},"recovery_target_time":{"type":"string","description":"Recovery target time when forking a service. This has effect only when a new service is being created.","description_kind":"plain","optional":true},"service_to_fork_from":{"type":"string","description":"Name of another service to fork from. This has effect only when a new service is being created.","description_kind":"plain","optional":true},"shared_buffers_percentage":{"type":"number","description":"Percentage of total RAM that the database server uses for shared memory buffers. Valid range is 20-60 (float), which corresponds to 20% - 60%. This setting adjusts the shared_buffers configuration value.","description_kind":"plain","optional":true},"static_ips":{"type":"bool","description":"Use static public IP addresses.","description_kind":"plain","optional":true},"synchronous_replication":{"type":"string","description":"Synchronous replication type. Note that the service plan also needs to support synchronous replication.","description_kind":"plain","optional":true},"variant":{"type":"string","description":"Variant of the PostgreSQL service, may affect the features that are exposed by default.","description_kind":"plain","optional":true},"work_mem":{"type":"number","description":"Sets the maximum amount of memory to be used by a query operation (such as a sort or hash table) before writing to temporary disk files, in MB. Default is 1MB + 0.075% of total RAM (up to 32MB).","description_kind":"plain","optional":true}},"block_types":{"ip_filter_object":{"nesting_mode":"list","block":{"attributes":{"description":{"type":"string","description":"Description for IP filter list entry.","description_kind":"plain","optional":true},"network":{"type":"string","description":"CIDR address block.","description_kind":"plain","required":true}},"description":"Allow incoming connections from CIDR address block, e.g. '10.20.0.0/16'.","description_kind":"plain"},"max_items":1024},"migration":{"nesting_mode":"list","block":{"attributes":{"dbname":{"type":"string","description":"Database name for bootstrapping the initial connection.","description_kind":"plain","optional":true},"host":{"type":"string","description":"Hostname or IP address of the server where to migrate data from.","description_kind":"plain","required":true},"ignore_dbs":{"type":"string","description":"Comma-separated list of databases, which should be ignored during migration (supported by MySQL and PostgreSQL only at the moment).","description_kind":"plain","optional":true},"method":{"type":"string","description":"The migration method to be used (currently supported only by Redis, MySQL and PostgreSQL service types).","description_kind":"plain","optional":true},"password":{"type":"string","description":"Password for authentication with the server where to migrate data from.","description_kind":"plain","optional":true,"sensitive":true},"port":{"type":"number","description":"Port number of the server where to migrate data from.","description_kind":"plain","required":true},"ssl":{"type":"bool","description":"The server where to migrate data from is secured with SSL. The default value is `true`.","description_kind":"plain","optional":true},"username":{"type":"string","description":"User name for authentication with the server where to migrate data from.","description_kind":"plain","optional":true}},"description":"Migrate data from existing server.","description_kind":"plain"},"max_items":1},"pg":{"nesting_mode":"list","block":{"attributes":{"autovacuum_analyze_scale_factor":{"type":"number","description":"Specifies a fraction of the table size to add to autovacuum_analyze_threshold when deciding whether to trigger an ANALYZE. The default is 0.2 (20% of table size).","description_kind":"plain","optional":true},"autovacuum_analyze_threshold":{"type":"number","description":"Specifies the minimum number of inserted, updated or deleted tuples needed to trigger an  ANALYZE in any one table. The default is 50 tuples.","description_kind":"plain","optional":true},"autovacuum_freeze_max_age":{"type":"number","description":"Specifies the maximum age (in transactions) that a table's pg_class.relfrozenxid field can attain before a VACUUM operation is forced to prevent transaction ID wraparound within the table. Note that the system will launch autovacuum processes to prevent wraparound even when autovacuum is otherwise disabled. This parameter will cause the server to be restarted.","description_kind":"plain","optional":true},"autovacuum_max_workers":{"type":"number","description":"Specifies the maximum number of autovacuum processes (other than the autovacuum launcher) that may be running at any one time. The default is three. This parameter can only be set at server start.","description_kind":"plain","optional":true},"autovacuum_naptime":{"type":"number","description":"Specifies the minimum delay between autovacuum runs on any given database. The delay is measured in seconds, and the default is one minute.","description_kind":"plain","optional":true},"autovacuum_vacuum_cost_delay":{"type":"number","description":"Specifies the cost delay value that will be used in automatic VACUUM operations. If -1 is specified, the regular vacuum_cost_delay value will be used. The default value is 20 milliseconds.","description_kind":"plain","optional":true},"autovacuum_vacuum_cost_limit":{"type":"number","description":"Specifies the cost limit value that will be used in automatic VACUUM operations. If -1 is specified (which is the default), the regular vacuum_cost_limit value will be used.","description_kind":"plain","optional":true},"autovacuum_vacuum_scale_factor":{"type":"number","description":"Specifies a fraction of the table size to add to autovacuum_vacuum_threshold when deciding whether to trigger a VACUUM. The default is 0.2 (20% of table size).","description_kind":"plain","optional":true},"autovacuum_vacuum_threshold":{"type":"number","description":"Specifies the minimum number of updated or deleted tuples needed to trigger a VACUUM in any one table. The default is 50 tuples.","description_kind":"plain","optional":true},"bgwriter_delay":{"type":"number","description":"Specifies the delay between activity rounds for the background writer in milliseconds. Default is 200.","description_kind":"plain","optional":true},"bgwriter_flush_after":{"type":"number","description":"Whenever more than bgwriter_flush_after bytes have been written by the background writer, attempt to force the OS to issue these writes to the underlying storage. Specified in kilobytes, default is 512. Setting of 0 disables forced writeback.","description_kind":"plain","optional":true},"bgwriter_lru_maxpages":{"type":"number","description":"In each round, no more than this many buffers will be written by the background writer. Setting this to zero disables background writing. Default is 100.","description_kind":"plain","optional":true},"bgwriter_lru_multiplier":{"type":"number","description":"The average recent need for new buffers is multiplied by bgwriter_lru_multiplier to arrive at an estimate of the number that will be needed during the next round, (up to bgwriter_lru_maxpages). 1.0 represents a “just in time” policy of writing exactly the number of buffers predicted to be needed. Larger values provide some cushion against spikes in demand, while smaller values intentionally leave writes to be done by server processes. The default is 2.0.","description_kind":"plain","optional":true},"deadlock_timeout":{"type":"number","description":"This is the amount of time, in milliseconds, to wait on a lock before checking to see if there is a deadlock condition.","description_kind":"plain","optional":true},"default_toast_compression":{"type":"string","description":"Specifies the default TOAST compression method for values of compressible columns (the default is lz4).","description_kind":"plain","optional":true},"idle_in_transaction_session_timeout":{"type":"number","description":"Time out sessions with open transactions after this number of milliseconds.","description_kind":"plain","optional":true},"jit":{"type":"bool","description":"Controls system-wide use of Just-in-Time Compilation (JIT).","description_kind":"plain","optional":true},"log_autovacuum_min_duration":{"type":"number","description":"Causes each action executed by autovacuum to be logged if it ran for at least the specified number of milliseconds. Setting this to zero logs all autovacuum actions. Minus-one (the default) disables logging autovacuum actions.","description_kind":"plain","optional":true},"log_error_verbosity":{"type":"string","description":"Controls the amount of detail written in the server log for each message that is logged.","description_kind":"plain","optional":true},"log_line_prefix":{"type":"string","description":"Choose from one of the available log-formats. These can support popular log analyzers like pgbadger, pganalyze etc.","description_kind":"plain","optional":true},"log_min_duration_statement":{"type":"number","description":"Log statements that take more than this number of milliseconds to run, -1 disables.","description_kind":"plain","optional":true},"log_temp_files":{"type":"number","description":"Log statements for each temporary file created larger than this number of kilobytes, -1 disables.","description_kind":"plain","optional":true},"max_files_per_process":{"type":"number","description":"PostgreSQL maximum number of files that can be open per process.","description_kind":"plain","optional":true},"max_locks_per_transaction":{"type":"number","description":"PostgreSQL maximum locks per transaction.","description_kind":"plain","optional":true},"max_logical_replication_workers":{"type":"number","description":"PostgreSQL maximum logical replication workers (taken from the pool of max_parallel_workers).","description_kind":"plain","optional":true},"max_parallel_workers":{"type":"number","description":"Sets the maximum number of workers that the system can support for parallel queries.","description_kind":"plain","optional":true},"max_parallel_workers_per_gather":{"type":"number","description":"Sets the maximum number of workers that can be started by a single Gather or Gather Merge node.","description_kind":"plain","optional":true},"max_pred_locks_per_transaction":{"type":"number","description":"PostgreSQL maximum predicate locks per transaction.","description_kind":"plain","optional":true},"max_prepared_transactions":{"type":"number","description":"PostgreSQL maximum prepared transactions.","description_kind":"plain","optional":true},"max_replication_slots":{"type":"number","description":"PostgreSQL maximum replication slots.","description_kind":"plain","optional":true},"max_slot_wal_keep_size":{"type":"number","description":"PostgreSQL maximum WAL size (MB) reserved for replication slots. Default is -1 (unlimited). wal_keep_size minimum WAL size setting takes precedence over this.","description_kind":"plain","optional":true},"max_stack_depth":{"type":"number","description":"Maximum depth of the stack in bytes.","description_kind":"plain","optional":true},"max_standby_archive_delay":{"type":"number","description":"Max standby archive delay in milliseconds.","description_kind":"plain","optional":true},"max_standby_streaming_delay":{"type":"number","description":"Max standby streaming delay in milliseconds.","description_kind":"plain","optional":true},"max_wal_senders":{"type":"number","description":"PostgreSQL maximum WAL senders.","description_kind":"plain","optional":true},"max_worker_processes":{"type":"number","description":"Sets the maximum number of background processes that the system can support.","description_kind":"plain","optional":true},"pg_partman_bgw__dot__interval":{"type":"number","description":"Sets the time interval to run pg_partman's scheduled tasks.","description_kind":"plain","optional":true},"pg_partman_bgw__dot__role":{"type":"string","description":"Controls which role to use for pg_partman's scheduled background tasks.","description_kind":"plain","optional":true},"pg_stat_monitor__dot__pgsm_enable_query_plan":{"type":"bool","description":"Enables or disables query plan monitoring.","description_kind":"plain","optional":true},"pg_stat_monitor__dot__pgsm_max_buckets":{"type":"number","description":"Sets the maximum number of buckets .","description_kind":"plain","optional":true},"pg_stat_statements__dot__track":{"type":"string","description":"Controls which statements are counted. Specify top to track top-level statements (those issued directly by clients), all to also track nested statements (such as statements invoked within functions), or none to disable statement statistics collection. The default value is top.","description_kind":"plain","optional":true},"temp_file_limit":{"type":"number","description":"PostgreSQL temporary file limit in KiB, -1 for unlimited.","description_kind":"plain","optional":true},"timezone":{"type":"string","description":"PostgreSQL service timezone.","description_kind":"plain","optional":true},"track_activity_query_size":{"type":"number","description":"Specifies the number of bytes reserved to track the currently executing command for each active session.","description_kind":"plain","optional":true},"track_commit_timestamp":{"type":"string","description":"Record commit time of transactions.","description_kind":"plain","optional":true},"track_functions":{"type":"string","description":"Enables tracking of function call counts and time used.","description_kind":"plain","optional":true},"track_io_timing":{"type":"string","description":"Enables timing of database I/O calls. This parameter is off by default, because it will repeatedly query the operating system for the current time, which may cause significant overhead on some platforms.","description_kind":"plain","optional":true},"wal_sender_timeout":{"type":"number","description":"Terminate replication connections that are inactive for longer than this amount of time, in milliseconds. Setting this value to zero disables the timeout.","description_kind":"plain","optional":true},"wal_writer_delay":{"type":"number","description":"WAL flush interval in milliseconds. Note that setting this value to lower than the default 200ms may negatively impact performance.","description_kind":"plain","optional":true}},"description":"postgresql.conf configuration values.","description_kind":"plain"},"max_items":1},"pgbouncer":{"nesting_mode":"list","block":{"attributes":{"autodb_idle_timeout":{"type":"number","description":"If the automatically created database pools have been unused this many seconds, they are freed. If 0 then timeout is disabled. (seconds).","description_kind":"plain","optional":true},"autodb_max_db_connections":{"type":"number","description":"Do not allow more than this many server connections per database (regardless of user). Setting it to 0 means unlimited.","description_kind":"plain","optional":true},"autodb_pool_mode":{"type":"string","description":"PGBouncer pool mode.","description_kind":"plain","optional":true},"autodb_pool_size":{"type":"number","description":"If non-zero then create automatically a pool of that size per user when a pool doesn't exist.","description_kind":"plain","optional":true},"ignore_startup_parameters":{"type":["list","string"],"description":"List of parameters to ignore when given in startup packet.","description_kind":"plain","optional":true},"min_pool_size":{"type":"number","description":"Add more server connections to pool if below this number. Improves behavior when usual load comes suddenly back after period of total inactivity. The value is effectively capped at the pool size.","description_kind":"plain","optional":true},"server_idle_timeout":{"type":"number","description":"If a server connection has been idle more than this many seconds it will be dropped. If 0 then timeout is disabled. (seconds).","description_kind":"plain","optional":true},"server_lifetime":{"type":"number","description":"The pooler will close an unused server connection that has been connected longer than this. (seconds).","description_kind":"plain","optional":true},"server_reset_query_always":{"type":"bool","description":"Run server_reset_query (DISCARD ALL) in all pooling modes.","description_kind":"plain","optional":true}},"description":"PGBouncer connection pooling settings.","description_kind":"plain"},"max_items":1},"pglookout":{"nesting_mode":"list","block":{"attributes":{"max_failover_replication_time_lag":{"type":"number","description":"Number of seconds of master unavailability before triggering database failover to standby. The default value is `60`.","description_kind":"plain","optional":true}},"description":"PGLookout settings.","description_kind":"plain"},"max_items":1},"private_access":{"nesting_mode":"list","block":{"attributes":{"pg":{"type":"bool","description":"Allow clients to connect to pg with a DNS name that always resolves to the service's private IP addresses. Only available in certain network locations.","description_kind":"plain","optional":true},"pgbouncer":{"type":"bool","description":"Allow clients to connect to pgbouncer with a DNS name that always resolves to the service's private IP addresses. Only available in certain network locations.","description_kind":"plain","optional":true},"prometheus":{"type":"bool","description":"Allow clients to connect to prometheus with a DNS name that always resolves to the service's private IP addresses. Only available in certain network locations.","description_kind":"plain","optional":true}},"description":"Allow access to selected service ports from private networks.","description_kind":"plain"},"max_items":1},"privatelink_access":{"nesting_mode":"list","block":{"attributes":{"pg":{"type":"bool","description":"Enable pg.","description_kind":"plain","optional":true},"pgbouncer":{"type":"bool","description":"Enable pgbouncer.","description_kind":"plain","optional":true},"prometheus":{"type":"bool","description":"Enable prometheus.","description_kind":"plain","optional":true}},"description":"Allow access to selected service components through Privatelink.","description_kind":"plain"},"max_items":1},"public_access":{"nesting_mode":"list","block":{"attributes":{"pg":{"type":"bool","description":"Allow clients to connect to pg from the public internet for service nodes that are in a project VPC or another type of private network.","description_kind":"plain","optional":true},"pgbouncer":{"type":"bool","description":"Allow clients to connect to pgbouncer from the public internet for service nodes that are in a project VPC or another type of private network.","description_kind":"plain","optional":true},"prometheus":{"type":"bool","description":"Allow clients to connect to prometheus from the public internet for service nodes that are in a project VPC or another type of private network.","description_kind":"plain","optional":true}},"description":"Allow access to selected service ports from the public Internet.","description_kind":"plain"},"max_items":1},"timescaledb":{"nesting_mode":"list","block":{"attributes":{"max_background_workers":{"type":"number","description":"The number of background workers for timescaledb operations. You should configure this setting to the sum of your number of databases and the total number of concurrent background workers you want running at any given point in time.","description_kind":"plain","optional":true}},"description":"TimescaleDB extension configuration values.","description_kind":"plain"},"max_items":1}},"description":"Pg user configurable settings","description_kind":"plain"},"max_items":1},"service_integrations":{"nesting_mode":"list","block":{"attributes":{"integration_type":{"type":"string","description":"Type of the service integration. The only supported value at the moment is `read_replica`","description_kind":"plain","required":true},"source_service_name":{"type":"string","description":"Name of the source service","description_kind":"plain","required":true}},"description":"Service integrations to specify when creating a service. Not applied after initial service creation","description_kind":"plain"}},"tag":{"nesting_mode":"set","block":{"attributes":{"key":{"type":"string","description":"Service tag key","description_kind":"plain","required":true},"value":{"type":"string","description":"Service tag value","description_kind":"plain","required":true}},"description":"Tags are key-value pairs that allow you to categorize services.","description_kind":"plain"}},"timeouts":{"nesting_mode":"single","block":{"attributes":{"create":{"type":"string","description_kind":"plain","optional":true},"default":{"type":"string","description_kind":"plain","optional":true},"delete":{"type":"string","description_kind":"plain","optional":true},"read":{"type":"string","description_kind":"plain","optional":true},"update":{"type":"string","description_kind":"plain","optional":true}},"description_kind":"plain"}}},"description":"The PG resource allows the creation and management of Aiven PostgreSQL services.","description_kind":"plain"}},"aiven_pg_database":{"version":0,"block":{"attributes":{"database_name":{"type":"string","description":"The name of the service database. This property cannot be changed, doing so forces recreation of the resource.","description_kind":"plain","required":true},"id":{"type":"string","description_kind":"plain","optional":true,"computed":true},"lc_collate":{"type":"string","description":"Default string sort order (`LC_COLLATE`) of the database. The default value is `en_US.UTF-8`. This property cannot be changed, doing so forces recreation of the resource.","description_kind":"plain","optional":true},"lc_ctype":{"type":"string","description":"Default character classification (`LC_CTYPE`) of the database. The default value is `en_US.UTF-8`. This property cannot be changed, doing so forces recreation of the resource.","description_kind":"plain","optional":true},"project":{"type":"string","description":"Identifies the project this resource belongs to. To set up proper dependencies please refer to this variable as a reference. This property cannot be changed, doing so forces recreation of the resource.","description_kind":"plain","required":true},"service_name":{"type":"string","description":"Specifies the name of the service that this resource belongs to. To set up proper dependencies please refer to this variable as a reference. This property cannot be changed, doing so forces recreation of the resource.","description_kind":"plain","required":true},"termination_protection":{"type":"bool","description":"It is a Terraform client-side deletion protections, which prevents the database from being deleted by Terraform. It is recommended to enable this for any production databases containing critical data. The default value is `false`.","description_kind":"plain","optional":true}},"block_types":{"timeouts":{"nesting_mode":"single","block":{"attributes":{"create":{"type":"string","description_kind":"plain","optional":true},"default":{"type":"string","description_kind":"plain","optional":true},"delete":{"type":"string","description_kind":"plain","optional":true},"read":{"type":"string","description_kind":"plain","optional":true},"update":{"type":"string","description_kind":"plain","optional":true}},"description_kind":"plain"}}},"description":"The PG Database resource allows the creation and management of Aiven PostgreSQL Databases.","description_kind":"plain"}},"aiven_pg_user":{"version":0,"block":{"attributes":{"access_cert":{"type":"string","description":"Access certificate for the user","description_kind":"plain","computed":true,"sensitive":true},"access_key":{"type":"string","description":"Access certificate key for the user","description_kind":"plain","computed":true,"sensitive":true},"id":{"type":"string","description_kind":"plain","optional":true,"computed":true},"password":{"type":"string","description":"The password of the PG User (not applicable for all services).","description_kind":"plain","optional":true,"computed":true,"sensitive":true},"pg_allow_replication":{"type":"bool","description":"Defines whether replication is allowed.","description_kind":"plain","optional":true},"project":{"type":"string","description":"Identifies the project this resource belongs to. To set up proper dependencies please refer to this variable as a reference. This property cannot be changed, doing so forces recreation of the resource.","description_kind":"plain","required":true},"service_name":{"type":"string","description":"Specifies the name of the service that this resource belongs to. To set up proper dependencies please refer to this variable as a reference. This property cannot be changed, doing so forces recreation of the resource.","description_kind":"plain","required":true},"type":{"type":"string","description":"Type of the user account. Tells whether the user is the primary account or a regular account.","description_kind":"plain","computed":true},"username":{"type":"string","description":"The actual name of the PG User. To set up proper dependencies please refer to this variable as a reference. This property cannot be changed, doing so forces recreation of the resource.","description_kind":"plain","required":true}},"block_types":{"timeouts":{"nesting_mode":"single","block":{"attributes":{"create":{"type":"string","description_kind":"plain","optional":true},"default":{"type":"string","description_kind":"plain","optional":true},"delete":{"type":"string","description_kind":"plain","optional":true},"read":{"type":"string","description_kind":"plain","optional":true},"update":{"type":"string","description_kind":"plain","optional":true}},"description_kind":"plain"}}},"description":"The PG User resource allows the creation and management of Aiven PG Users.","description_kind":"plain"}},"aiven_project":{"version":0,"block":{"attributes":{"account_id":{"type":"string","description":"An optional property to link a project to an already existing account by using account ID. To set up proper dependencies please refer to this variable as a reference.","description_kind":"plain","deprecated":true,"optional":true},"add_account_owners_admin_access":{"type":"bool","description":"If parent_id is set, grant account owner team admin access to the new project. The default value is `true`.","description_kind":"plain","deprecated":true,"optional":true},"available_credits":{"type":"string","description":"The amount of platform credits available to the project. This could be your free trial or other promotional credits.","description_kind":"plain","computed":true},"billing_group":{"type":"string","description":"The id of the billing group that is linked to this project. To set up proper dependencies please refer to this variable as a reference.","description_kind":"plain","optional":true},"ca_cert":{"type":"string","description":"The CA certificate of the project. This is required for configuring clients that connect to certain services like Kafka.","description_kind":"plain","computed":true,"sensitive":true},"copy_from_project":{"type":"string","description":"is the name of another project used to copy billing information and some other project attributes like technical contacts from. This is mostly relevant when an existing project has billing type set to invoice and that needs to be copied over to a new project. (Setting billing is otherwise not allowed over the API.) This only has effect when the project is created. To set up proper dependencies please refer to this variable as a reference.","description_kind":"plain","optional":true},"default_cloud":{"type":"string","description":"Defines the default cloud provider and region where services are hosted. This can be changed freely after the project is created. This will not affect existing services.","description_kind":"plain","optional":true},"estimated_balance":{"type":"string","description":"The current accumulated bill for this project in the current billing period.","description_kind":"plain","computed":true},"id":{"type":"string","description_kind":"plain","optional":true,"computed":true},"parent_id":{"type":"string","description":"An optional property to link a project to an already existing organization or account by using its ID. To set up proper dependencies please refer to this variable as a reference.","description_kind":"plain","optional":true},"payment_method":{"type":"string","description":"The method of invoicing used for payments for this project, e.g. `card`.","description_kind":"plain","computed":true},"project":{"type":"string","description":"Defines the name of the project. Name must be globally unique (between all Aiven customers) and cannot be changed later without destroying and re-creating the project, including all sub-resources.","description_kind":"plain","required":true},"technical_emails":{"type":["set","string"],"description":"Defines the email addresses that will receive alerts about upcoming maintenance updates or warnings about service instability. It is  good practice to keep this up-to-date to be aware of any potential issues with your project.","description_kind":"plain","optional":true},"use_source_project_billing_group":{"type":"bool","description":"Use the same billing group that is used in source project.","description_kind":"plain","deprecated":true,"optional":true}},"block_types":{"tag":{"nesting_mode":"set","block":{"attributes":{"key":{"type":"string","description":"Project tag key","description_kind":"plain","required":true},"value":{"type":"string","description":"Project tag value","description_kind":"plain","required":true}},"description":"Tags are key-value pairs that allow you to categorize projects.","description_kind":"plain"}},"timeouts":{"nesting_mode":"single","block":{"attributes":{"create":{"type":"string","description_kind":"plain","optional":true},"default":{"type":"string","description_kind":"plain","optional":true},"delete":{"type":"string","description_kind":"plain","optional":true},"read":{"type":"string","description_kind":"plain","optional":true},"update":{"type":"string","description_kind":"plain","optional":true}},"description_kind":"plain"}}},"description":"The Project resource allows the creation and management of Aiven Projects.","description_kind":"plain"}},"aiven_project_user":{"version":0,"block":{"attributes":{"accepted":{"type":"bool","description":"Whether the user has accepted the request to join the project; adding user to a project sends an invitation to the target user and the actual membership is only created once the user accepts the invitation.","description_kind":"plain","computed":true},"email":{"type":"string","description":"Email address of the user. This property cannot be changed, doing so forces recreation of the resource.","description_kind":"plain","required":true},"id":{"type":"string","description_kind":"plain","optional":true,"computed":true},"member_type":{"type":"string","description":"Project membership type. The possible values are `admin`, `developer` and `operator`.","description_kind":"plain","required":true},"project":{"type":"string","description":"Identifies the project this resource belongs to. To set up proper dependencies please refer to this variable as a reference. This property cannot be changed, doing so forces recreation of the resource.","description_kind":"plain","required":true}},"block_types":{"timeouts":{"nesting_mode":"single","block":{"attributes":{"create":{"type":"string","description_kind":"plain","optional":true},"default":{"type":"string","description_kind":"plain","optional":true},"delete":{"type":"string","description_kind":"plain","optional":true},"read":{"type":"string","description_kind":"plain","optional":true},"update":{"type":"string","description_kind":"plain","optional":true}},"description_kind":"plain"}}},"description":"The Project User resource allows the creation and management of Aiven Project Users.","description_kind":"plain"}},"aiven_project_vpc":{"version":0,"block":{"attributes":{"cloud_name":{"type":"string","description":"Defines where the cloud provider and region where the service is hosted in. See the Service resource for additional information. This property cannot be changed, doing so forces recreation of the resource.","description_kind":"plain","required":true},"id":{"type":"string","description_kind":"plain","optional":true,"computed":true},"network_cidr":{"type":"string","description":"Network address range used by the VPC like 192.168.0.0/24","description_kind":"plain","required":true},"project":{"type":"string","description":"Identifies the project this resource belongs to. To set up proper dependencies please refer to this variable as a reference. This property cannot be changed, doing so forces recreation of the resource.","description_kind":"plain","required":true},"state":{"type":"string","description":"State of the VPC. The possible values are `APPROVED`, `ACTIVE`, `DELETING` and `DELETED`.","description_kind":"plain","computed":true}},"block_types":{"timeouts":{"nesting_mode":"single","block":{"attributes":{"create":{"type":"string","description_kind":"plain","optional":true},"default":{"type":"string","description_kind":"plain","optional":true},"delete":{"type":"string","description_kind":"plain","optional":true},"read":{"type":"string","description_kind":"plain","optional":true},"update":{"type":"string","description_kind":"plain","optional":true}},"description_kind":"plain"}}},"description":"The Project VPC resource allows the creation and management of Aiven Project VPCs.","description_kind":"plain"}},"aiven_redis":{"version":1,"block":{"attributes":{"additional_disk_space":{"type":"string","description":"Additional disk space. Possible values depend on the service type, the cloud provider and the project. Therefore, reducing will result in the service rebalancing.","description_kind":"plain","optional":true},"cloud_name":{"type":"string","description":"Defines where the cloud provider and region where the service is hosted in. This can be changed freely after service is created. Changing the value will trigger a potentially lengthy migration process for the service. Format is cloud provider name (`aws`, `azure`, `do` `google`, `upcloud`, etc.), dash, and the cloud provider specific region name. These are documented on each Cloud provider's own support articles, like [here for Google](https://cloud.google.com/compute/docs/regions-zones/) and [here for AWS](https://docs.aws.amazon.com/AmazonRDS/latest/UserGuide/Concepts.RegionsAndAvailabilityZones.html).","description_kind":"plain","optional":true},"components":{"type":["list",["object",{"component":"string","host":"string","kafka_authentication_method":"string","port":"number","route":"string","ssl":"bool","usage":"string"}]],"description":"Service component information objects","description_kind":"plain","computed":true},"disk_space":{"type":"string","description":"Service disk space. Possible values depend on the service type, the cloud provider and the project. Therefore, reducing will result in the service rebalancing.","description_kind":"plain","deprecated":true,"optional":true},"disk_space_cap":{"type":"string","description":"The maximum disk space of the service, possible values depend on the service type, the cloud provider and the project.","description_kind":"plain","computed":true},"disk_space_default":{"type":"string","description":"The default disk space of the service, possible values depend on the service type, the cloud provider and the project. Its also the minimum value for `disk_space`","description_kind":"plain","computed":true},"disk_space_step":{"type":"string","description":"The default disk space step of the service, possible values depend on the service type, the cloud provider and the project. `disk_space` needs to increment from `disk_space_default` by increments of this size.","description_kind":"plain","computed":true},"disk_space_used":{"type":"string","description":"Disk space that service is currently using","description_kind":"plain","computed":true},"id":{"type":"string","description_kind":"plain","optional":true,"computed":true},"maintenance_window_dow":{"type":"string","description":"Day of week when maintenance operations should be performed. One monday, tuesday, wednesday, etc.","description_kind":"plain","optional":true},"maintenance_window_time":{"type":"string","description":"Time of day when maintenance operations should be performed. UTC time in HH:mm:ss format.","description_kind":"plain","optional":true},"plan":{"type":"string","description":"Defines what kind of computing resources are allocated for the service. It can be changed after creation, though there are some restrictions when going to a smaller plan such as the new plan must have sufficient amount of disk space to store all current data and switching to a plan with fewer nodes might not be supported. The basic plan names are `hobbyist`, `startup-x`, `business-x` and `premium-x` where `x` is (roughly) the amount of memory on each node (also other attributes like number of CPUs and amount of disk space varies but naming is based on memory). The available options can be seem from the [Aiven pricing page](https://aiven.io/pricing).","description_kind":"plain","required":true},"project":{"type":"string","description":"Identifies the project this resource belongs to. To set up proper dependencies please refer to this variable as a reference. This property cannot be changed, doing so forces recreation of the resource.","description_kind":"plain","required":true},"project_vpc_id":{"type":"string","description":"Specifies the VPC the service should run in. If the value is not set the service is not run inside a VPC. When set, the value should be given as a reference to set up dependencies correctly and the VPC must be in the same cloud and region as the service itself. Project can be freely moved to and from VPC after creation but doing so triggers migration to new servers so the operation can take significant amount of time to complete if the service has a lot of data.","description_kind":"plain","optional":true},"redis":{"type":["list",["object",{}]],"description":"Redis server provided values","description_kind":"plain","computed":true},"service_host":{"type":"string","description":"The hostname of the service.","description_kind":"plain","computed":true},"service_name":{"type":"string","description":"Specifies the actual name of the service. The name cannot be changed later without destroying and re-creating the service so name should be picked based on intended service usage rather than current attributes.","description_kind":"plain","required":true},"service_password":{"type":"string","description":"Password used for connecting to the service, if applicable","description_kind":"plain","computed":true,"sensitive":true},"service_port":{"type":"number","description":"The port of the service","description_kind":"plain","computed":true},"service_type":{"type":"string","description":"Aiven internal service type code","description_kind":"plain","computed":true},"service_uri":{"type":"string","description":"URI for connecting to the service. Service specific info is under \"kafka\", \"pg\", etc.","description_kind":"plain","computed":true,"sensitive":true},"service_username":{"type":"string","description":"Username used for connecting to the service, if applicable","description_kind":"plain","computed":true},"state":{"type":"string","description":"Service state. One of `POWEROFF`, `REBALANCING`, `REBUILDING` or `RUNNING`","description_kind":"plain","computed":true},"static_ips":{"type":["set","string"],"description":"Static IPs that are going to be associated with this service. Please assign a value using the 'toset' function. Once a static ip resource is in the 'assigned' state it cannot be unbound from the node again","description_kind":"plain","optional":true},"termination_protection":{"type":"bool","description":"Prevents the service from being deleted. It is recommended to set this to `true` for all production services to prevent unintentional service deletion. This does not shield against deleting databases or topics but for services with backups much of the content can at least be restored from backup in case accidental deletion is done.","description_kind":"plain","optional":true}},"block_types":{"redis_user_config":{"nesting_mode":"list","block":{"attributes":{"additional_backup_regions":{"type":["list","string"],"description":"Additional Cloud Regions for Backup Replication.","description_kind":"plain","optional":true},"ip_filter":{"type":["list","string"],"description":"Allow incoming connections from CIDR address block, e.g. '10.20.0.0/16'.","description_kind":"plain","deprecated":true,"optional":true},"ip_filter_string":{"type":["list","string"],"description":"Allow incoming connections from CIDR address block, e.g. '10.20.0.0/16'.","description_kind":"plain","optional":true},"project_to_fork_from":{"type":"string","description":"Name of another project to fork a service from. This has effect only when a new service is being created.","description_kind":"plain","optional":true},"recovery_basebackup_name":{"type":"string","description":"Name of the basebackup to restore in forked service.","description_kind":"plain","optional":true},"redis_acl_channels_default":{"type":"string","description":"Determines default pub/sub channels' ACL for new users if ACL is not supplied. When this option is not defined, all_channels is assumed to keep backward compatibility. This option doesn't affect Redis configuration acl-pubsub-default.","description_kind":"plain","optional":true},"redis_io_threads":{"type":"number","description":"Set Redis IO thread count. Changing this will cause a restart of the Redis service.","description_kind":"plain","optional":true},"redis_lfu_decay_time":{"type":"number","description":"LFU maxmemory-policy counter decay time in minutes. The default value is `1`.","description_kind":"plain","optional":true},"redis_lfu_log_factor":{"type":"number","description":"Counter logarithm factor for volatile-lfu and allkeys-lfu maxmemory-policies. The default value is `10`.","description_kind":"plain","optional":true},"redis_maxmemory_policy":{"type":"string","description":"Redis maxmemory-policy. The default value is `noeviction`.","description_kind":"plain","optional":true},"redis_notify_keyspace_events":{"type":"string","description":"Set notify-keyspace-events option.","description_kind":"plain","optional":true},"redis_number_of_databases":{"type":"number","description":"Set number of Redis databases. Changing this will cause a restart of the Redis service.","description_kind":"plain","optional":true},"redis_persistence":{"type":"string","description":"When persistence is 'rdb', Redis does RDB dumps each 10 minutes if any key is changed. Also RDB dumps are done according to backup schedule for backup purposes. When persistence is 'off', no RDB dumps and backups are done, so data can be lost at any moment if service is restarted for any reason, or if service is powered off. Also service can't be forked.","description_kind":"plain","optional":true},"redis_pubsub_client_output_buffer_limit":{"type":"number","description":"Set output buffer limit for pub / sub clients in MB. The value is the hard limit, the soft limit is 1/4 of the hard limit. When setting the limit, be mindful of the available memory in the selected service plan.","description_kind":"plain","optional":true},"redis_ssl":{"type":"bool","description":"Require SSL to access Redis. The default value is `true`.","description_kind":"plain","optional":true},"redis_timeout":{"type":"number","description":"Redis idle connection timeout in seconds. The default value is `300`.","description_kind":"plain","optional":true},"service_to_fork_from":{"type":"string","description":"Name of another service to fork from. This has effect only when a new service is being created.","description_kind":"plain","optional":true},"static_ips":{"type":"bool","description":"Use static public IP addresses.","description_kind":"plain","optional":true}},"block_types":{"ip_filter_object":{"nesting_mode":"list","block":{"attributes":{"description":{"type":"string","description":"Description for IP filter list entry.","description_kind":"plain","optional":true},"network":{"type":"string","description":"CIDR address block.","description_kind":"plain","required":true}},"description":"Allow incoming connections from CIDR address block, e.g. '10.20.0.0/16'.","description_kind":"plain"},"max_items":1024},"migration":{"nesting_mode":"list","block":{"attributes":{"dbname":{"type":"string","description":"Database name for bootstrapping the initial connection.","description_kind":"plain","optional":true},"host":{"type":"string","description":"Hostname or IP address of the server where to migrate data from.","description_kind":"plain","required":true},"ignore_dbs":{"type":"string","description":"Comma-separated list of databases, which should be ignored during migration (supported by MySQL and PostgreSQL only at the moment).","description_kind":"plain","optional":true},"method":{"type":"string","description":"The migration method to be used (currently supported only by Redis, MySQL and PostgreSQL service types).","description_kind":"plain","optional":true},"password":{"type":"string","description":"Password for authentication with the server where to migrate data from.","description_kind":"plain","optional":true,"sensitive":true},"port":{"type":"number","description":"Port number of the server where to migrate data from.","description_kind":"plain","required":true},"ssl":{"type":"bool","description":"The server where to migrate data from is secured with SSL. The default value is `true`.","description_kind":"plain","optional":true},"username":{"type":"string","description":"User name for authentication with the server where to migrate data from.","description_kind":"plain","optional":true}},"description":"Migrate data from existing server.","description_kind":"plain"},"max_items":1},"private_access":{"nesting_mode":"list","block":{"attributes":{"prometheus":{"type":"bool","description":"Allow clients to connect to prometheus with a DNS name that always resolves to the service's private IP addresses. Only available in certain network locations.","description_kind":"plain","optional":true},"redis":{"type":"bool","description":"Allow clients to connect to redis with a DNS name that always resolves to the service's private IP addresses. Only available in certain network locations.","description_kind":"plain","optional":true}},"description":"Allow access to selected service ports from private networks.","description_kind":"plain"},"max_items":1},"privatelink_access":{"nesting_mode":"list","block":{"attributes":{"prometheus":{"type":"bool","description":"Enable prometheus.","description_kind":"plain","optional":true},"redis":{"type":"bool","description":"Enable redis.","description_kind":"plain","optional":true}},"description":"Allow access to selected service components through Privatelink.","description_kind":"plain"},"max_items":1},"public_access":{"nesting_mode":"list","block":{"attributes":{"prometheus":{"type":"bool","description":"Allow clients to connect to prometheus from the public internet for service nodes that are in a project VPC or another type of private network.","description_kind":"plain","optional":true},"redis":{"type":"bool","description":"Allow clients to connect to redis from the public internet for service nodes that are in a project VPC or another type of private network.","description_kind":"plain","optional":true}},"description":"Allow access to selected service ports from the public Internet.","description_kind":"plain"},"max_items":1}},"description":"Redis user configurable settings","description_kind":"plain"},"max_items":1},"service_integrations":{"nesting_mode":"list","block":{"attributes":{"integration_type":{"type":"string","description":"Type of the service integration. The only supported value at the moment is `read_replica`","description_kind":"plain","required":true},"source_service_name":{"type":"string","description":"Name of the source service","description_kind":"plain","required":true}},"description":"Service integrations to specify when creating a service. Not applied after initial service creation","description_kind":"plain"}},"tag":{"nesting_mode":"set","block":{"attributes":{"key":{"type":"string","description":"Service tag key","description_kind":"plain","required":true},"value":{"type":"string","description":"Service tag value","description_kind":"plain","required":true}},"description":"Tags are key-value pairs that allow you to categorize services.","description_kind":"plain"}},"timeouts":{"nesting_mode":"single","block":{"attributes":{"create":{"type":"string","description_kind":"plain","optional":true},"default":{"type":"string","description_kind":"plain","optional":true},"delete":{"type":"string","description_kind":"plain","optional":true},"read":{"type":"string","description_kind":"plain","optional":true},"update":{"type":"string","description_kind":"plain","optional":true}},"description_kind":"plain"}}},"description":"The Redis resource allows the creation and management of Aiven Redis services.","description_kind":"plain"}},"aiven_redis_user":{"version":0,"block":{"attributes":{"id":{"type":"string","description_kind":"plain","optional":true,"computed":true},"password":{"type":"string","description":"The password of the Redis User.","description_kind":"plain","optional":true,"computed":true,"sensitive":true},"project":{"type":"string","description":"Identifies the project this resource belongs to. To set up proper dependencies please refer to this variable as a reference. This property cannot be changed, doing so forces recreation of the resource.","description_kind":"plain","required":true},"redis_acl_categories":{"type":["list","string"],"description":"Defines command category rules. The field is required with`redis_acl_commands` and `redis_acl_keys`. This property cannot be changed, doing so forces recreation of the resource.","description_kind":"plain","optional":true},"redis_acl_channels":{"type":["list","string"],"description":"Defines the permitted pub/sub channel patterns. This property cannot be changed, doing so forces recreation of the resource.","description_kind":"plain","optional":true},"redis_acl_commands":{"type":["list","string"],"description":"Defines rules for individual commands. The field is required with`redis_acl_categories` and `redis_acl_keys`. This property cannot be changed, doing so forces recreation of the resource.","description_kind":"plain","optional":true},"redis_acl_keys":{"type":["list","string"],"description":"Defines key access rules. The field is required with`redis_acl_categories` and `redis_acl_keys`. This property cannot be changed, doing so forces recreation of the resource.","description_kind":"plain","optional":true},"service_name":{"type":"string","description":"Specifies the name of the service that this resource belongs to. To set up proper dependencies please refer to this variable as a reference. This property cannot be changed, doing so forces recreation of the resource.","description_kind":"plain","required":true},"type":{"type":"string","description":"Type of the user account. Tells whether the user is the primary account or a regular account.","description_kind":"plain","computed":true},"username":{"type":"string","description":"The actual name of the Redis User. To set up proper dependencies please refer to this variable as a reference. This property cannot be changed, doing so forces recreation of the resource.","description_kind":"plain","required":true}},"block_types":{"timeouts":{"nesting_mode":"single","block":{"attributes":{"create":{"type":"string","description_kind":"plain","optional":true},"default":{"type":"string","description_kind":"plain","optional":true},"delete":{"type":"string","description_kind":"plain","optional":true},"read":{"type":"string","description_kind":"plain","optional":true},"update":{"type":"string","description_kind":"plain","optional":true}},"description_kind":"plain"}}},"description":"The Redis User resource allows the creation and management of Aiven Redis Users.","description_kind":"plain"}},"aiven_service_integration":{"version":1,"block":{"attributes":{"destination_endpoint_id":{"type":"string","description":"Destination endpoint for the integration (if any)","description_kind":"plain","optional":true},"destination_service_name":{"type":"string","description":"Destination service for the integration (if any)","description_kind":"plain","optional":true},"id":{"type":"string","description_kind":"plain","optional":true,"computed":true},"integration_id":{"type":"string","description":"Service Integration Id at aiven","description_kind":"plain","computed":true},"integration_type":{"type":"string","description":"Type of the service integration. Possible values: `alertmanager`, `cassandra_cross_service_cluster`, `clickhouse_kafka`, `clickhouse_postgresql`, `dashboard`, `datadog`, `datasource`, `external_aws_cloudwatch_logs`, `external_aws_cloudwatch_metrics`, `external_elasticsearch_logs`, `external_google_cloud_logging`, `external_opensearch_logs`, `flink`, `internal_connectivity`, `jolokia`, `kafka_connect`, `kafka_logs`, `kafka_mirrormaker`, `logs`, `m3aggregator`, `m3coordinator`, `metrics`, `opensearch_cross_cluster_replication`, `opensearch_cross_cluster_search`, `prometheus`, `read_replica`, `rsyslog`, `schema_registry_proxy`","description_kind":"plain","required":true},"project":{"type":"string","description":"Project the integration belongs to","description_kind":"plain","required":true},"source_endpoint_id":{"type":"string","description":"Source endpoint for the integration (if any)","description_kind":"plain","optional":true},"source_service_name":{"type":"string","description":"Source service for the integration (if any)","description_kind":"plain","optional":true}},"block_types":{"clickhouse_kafka_user_config":{"nesting_mode":"list","block":{"block_types":{"tables":{"nesting_mode":"list","block":{"attributes":{"auto_offset_reset":{"type":"string","description":"Action to take when there is no initial offset in offset store or the desired offset is out of range. The default value is `earliest`.","description_kind":"plain","optional":true},"data_format":{"type":"string","description":"Message data format. The default value is `JSONEachRow`.","description_kind":"plain","required":true},"date_time_input_format":{"type":"string","description":"Method to read DateTime from text input formats. The default value is `basic`.","description_kind":"plain","optional":true},"group_name":{"type":"string","description":"Kafka consumers group. The default value is `clickhouse`.","description_kind":"plain","required":true},"handle_error_mode":{"type":"string","description":"How to handle errors for Kafka engine. The default value is `default`.","description_kind":"plain","optional":true},"max_block_size":{"type":"number","description":"Number of row collected by poll(s) for flushing data from Kafka. The default value is `0`.","description_kind":"plain","optional":true},"max_rows_per_message":{"type":"number","description":"The maximum number of rows produced in one kafka message for row-based formats. The default value is `1`.","description_kind":"plain","optional":true},"name":{"type":"string","description":"Name of the table.","description_kind":"plain","required":true},"num_consumers":{"type":"number","description":"The number of consumers per table per replica. The default value is `1`.","description_kind":"plain","optional":true},"poll_max_batch_size":{"type":"number","description":"Maximum amount of messages to be polled in a single Kafka poll. The default value is `0`.","description_kind":"plain","optional":true},"skip_broken_messages":{"type":"number","description":"Skip at least this number of broken messages from Kafka topic per block. The default value is `0`.","description_kind":"plain","optional":true}},"block_types":{"columns":{"nesting_mode":"list","block":{"attributes":{"name":{"type":"string","description":"Column name.","description_kind":"plain","required":true},"type":{"type":"string","description":"Column type.","description_kind":"plain","required":true}},"description":"Table columns.","description_kind":"plain"},"max_items":100},"topics":{"nesting_mode":"list","block":{"attributes":{"name":{"type":"string","description":"Name of the topic.","description_kind":"plain","required":true}},"description":"Kafka topics.","description_kind":"plain"},"max_items":100}},"description":"Tables to create.","description_kind":"plain"},"max_items":100}},"description":"ClickhouseKafka user configurable settings","description_kind":"plain"},"max_items":1},"clickhouse_postgresql_user_config":{"nesting_mode":"list","block":{"block_types":{"databases":{"nesting_mode":"list","block":{"attributes":{"database":{"type":"string","description":"PostgreSQL database to expose. The default value is `defaultdb`.","description_kind":"plain","optional":true},"schema":{"type":"string","description":"PostgreSQL schema to expose. The default value is `public`.","description_kind":"plain","optional":true}},"description":"Databases to expose.","description_kind":"plain"},"max_items":10}},"description":"ClickhousePostgresql user configurable settings","description_kind":"plain"},"max_items":1},"datadog_user_config":{"nesting_mode":"list","block":{"attributes":{"datadog_dbm_enabled":{"type":"bool","description":"Enable Datadog Database Monitoring.","description_kind":"plain","optional":true},"exclude_consumer_groups":{"type":["list","string"],"description":"List of custom metrics.","description_kind":"plain","optional":true},"exclude_topics":{"type":["list","string"],"description":"List of topics to exclude.","description_kind":"plain","optional":true},"include_consumer_groups":{"type":["list","string"],"description":"List of custom metrics.","description_kind":"plain","optional":true},"include_topics":{"type":["list","string"],"description":"List of topics to include.","description_kind":"plain","optional":true},"kafka_custom_metrics":{"type":["list","string"],"description":"List of custom metrics.","description_kind":"plain","optional":true},"max_jmx_metrics":{"type":"number","description":"Maximum number of JMX metrics to send.","description_kind":"plain","optional":true}},"block_types":{"datadog_tags":{"nesting_mode":"list","block":{"attributes":{"comment":{"type":"string","description":"Optional tag explanation.","description_kind":"plain","optional":true},"tag":{"type":"string","description":"Tag format and usage are described here: https://docs.datadoghq.com/getting_started/tagging. Tags with prefix 'aiven-' are reserved for Aiven.","description_kind":"plain","required":true}},"description":"Custom tags provided by user.","description_kind":"plain"},"max_items":32},"opensearch":{"nesting_mode":"list","block":{"attributes":{"index_stats_enabled":{"type":"bool","description":"Enable Datadog Opensearch Index Monitoring.","description_kind":"plain","optional":true},"pending_task_stats_enabled":{"type":"bool","description":"Enable Datadog Opensearch Pending Task Monitoring.","description_kind":"plain","optional":true},"pshard_stats_enabled":{"type":"bool","description":"Enable Datadog Opensearch Primary Shard Monitoring.","description_kind":"plain","optional":true}},"description":"Datadog Opensearch Options.","description_kind":"plain"},"max_items":1},"redis":{"nesting_mode":"list","block":{"attributes":{"command_stats_enabled":{"type":"bool","description":"Enable command_stats option in the agent's configuration. The default value is `false`.","description_kind":"plain","optional":true}},"description":"Datadog Redis Options.","description_kind":"plain"},"max_items":1}},"description":"Datadog user configurable settings","description_kind":"plain"},"max_items":1},"external_aws_cloudwatch_metrics_user_config":{"nesting_mode":"list","block":{"block_types":{"dropped_metrics":{"nesting_mode":"list","block":{"attributes":{"field":{"type":"string","description":"Identifier of a value in the metric.","description_kind":"plain","required":true},"metric":{"type":"string","description":"Identifier of the metric.","description_kind":"plain","required":true}},"description":"Metrics to not send to AWS CloudWatch (takes precedence over extra_metrics).","description_kind":"plain"},"max_items":1024},"extra_metrics":{"nesting_mode":"list","block":{"attributes":{"field":{"type":"string","description":"Identifier of a value in the metric.","description_kind":"plain","required":true},"metric":{"type":"string","description":"Identifier of the metric.","description_kind":"plain","required":true}},"description":"Metrics to allow through to AWS CloudWatch (in addition to default metrics).","description_kind":"plain"},"max_items":1024}},"description":"ExternalAwsCloudwatchMetrics user configurable settings","description_kind":"plain"},"max_items":1},"kafka_connect_user_config":{"nesting_mode":"list","block":{"block_types":{"kafka_connect":{"nesting_mode":"list","block":{"attributes":{"config_storage_topic":{"type":"string","description":"The name of the topic where connector and task configuration data are stored.This must be the same for all workers with the same group_id.","description_kind":"plain","optional":true},"group_id":{"type":"string","description":"A unique string that identifies the Connect cluster group this worker belongs to.","description_kind":"plain","optional":true},"offset_storage_topic":{"type":"string","description":"The name of the topic where connector and task configuration offsets are stored.This must be the same for all workers with the same group_id.","description_kind":"plain","optional":true},"status_storage_topic":{"type":"string","description":"The name of the topic where connector and task configuration status updates are stored.This must be the same for all workers with the same group_id.","description_kind":"plain","optional":true}},"description":"Kafka Connect service configuration values.","description_kind":"plain"},"max_items":1}},"description":"KafkaConnect user configurable settings","description_kind":"plain"},"max_items":1},"kafka_logs_user_config":{"nesting_mode":"list","block":{"attributes":{"kafka_topic":{"type":"string","description":"Topic name.","description_kind":"plain","required":true},"selected_log_fields":{"type":["list","string"],"description":"The list of logging fields that will be sent to the integration logging service. The MESSAGE and timestamp fields are always sent.","description_kind":"plain","optional":true}},"description":"KafkaLogs user configurable settings","description_kind":"plain"},"max_items":1},"kafka_mirrormaker_user_config":{"nesting_mode":"list","block":{"attributes":{"cluster_alias":{"type":"string","description":"The alias under which the Kafka cluster is known to MirrorMaker. Can contain the following symbols: ASCII alphanumerics, '.', '_', and '-'.","description_kind":"plain","optional":true}},"block_types":{"kafka_mirrormaker":{"nesting_mode":"list","block":{"attributes":{"consumer_fetch_min_bytes":{"type":"number","description":"The minimum amount of data the server should return for a fetch request.","description_kind":"plain","optional":true},"producer_batch_size":{"type":"number","description":"The batch size in bytes producer will attempt to collect before publishing to broker.","description_kind":"plain","optional":true},"producer_buffer_memory":{"type":"number","description":"The amount of bytes producer can use for buffering data before publishing to broker.","description_kind":"plain","optional":true},"producer_compression_type":{"type":"string","description":"Specify the default compression type for producers. This configuration accepts the standard compression codecs ('gzip', 'snappy', 'lz4', 'zstd'). It additionally accepts 'none' which is the default and equivalent to no compression.","description_kind":"plain","optional":true},"producer_linger_ms":{"type":"number","description":"The linger time (ms) for waiting new data to arrive for publishing.","description_kind":"plain","optional":true},"producer_max_request_size":{"type":"number","description":"The maximum request size in bytes.","description_kind":"plain","optional":true}},"description":"Kafka MirrorMaker configuration values.","description_kind":"plain"},"max_items":1}},"description":"KafkaMirrormaker user configurable settings","description_kind":"plain"},"max_items":1},"logs_user_config":{"nesting_mode":"list","block":{"attributes":{"elasticsearch_index_days_max":{"type":"number","description":"Elasticsearch index retention limit. The default value is `3`.","description_kind":"plain","optional":true},"elasticsearch_index_prefix":{"type":"string","description":"Elasticsearch index prefix. The default value is `logs`.","description_kind":"plain","optional":true},"selected_log_fields":{"type":["list","string"],"description":"The list of logging fields that will be sent to the integration logging service. The MESSAGE and timestamp fields are always sent.","description_kind":"plain","optional":true}},"description":"Logs user configurable settings","description_kind":"plain"},"max_items":1},"metrics_user_config":{"nesting_mode":"list","block":{"attributes":{"database":{"type":"string","description":"Name of the database where to store metric datapoints. Only affects PostgreSQL destinations. Defaults to 'metrics'. Note that this must be the same for all metrics integrations that write data to the same PostgreSQL service.","description_kind":"plain","optional":true},"retention_days":{"type":"number","description":"Number of days to keep old metrics. Only affects PostgreSQL destinations. Set to 0 for no automatic cleanup. Defaults to 30 days.","description_kind":"plain","optional":true},"ro_username":{"type":"string","description":"Name of a user that can be used to read metrics. This will be used for Grafana integration (if enabled) to prevent Grafana users from making undesired changes. Only affects PostgreSQL destinations. Defaults to 'metrics_reader'. Note that this must be the same for all metrics integrations that write data to the same PostgreSQL service.","description_kind":"plain","optional":true},"username":{"type":"string","description":"Name of the user used to write metrics. Only affects PostgreSQL destinations. Defaults to 'metrics_writer'. Note that this must be the same for all metrics integrations that write data to the same PostgreSQL service.","description_kind":"plain","optional":true}},"block_types":{"source_mysql":{"nesting_mode":"list","block":{"block_types":{"telegraf":{"nesting_mode":"list","block":{"attributes":{"gather_event_waits":{"type":"bool","description":"Gather metrics from PERFORMANCE_SCHEMA.EVENT_WAITS.","description_kind":"plain","optional":true},"gather_file_events_stats":{"type":"bool","description":"gather metrics from PERFORMANCE_SCHEMA.FILE_SUMMARY_BY_EVENT_NAME.","description_kind":"plain","optional":true},"gather_index_io_waits":{"type":"bool","description":"Gather metrics from PERFORMANCE_SCHEMA.TABLE_IO_WAITS_SUMMARY_BY_INDEX_USAGE.","description_kind":"plain","optional":true},"gather_info_schema_auto_inc":{"type":"bool","description":"Gather auto_increment columns and max values from information schema.","description_kind":"plain","optional":true},"gather_innodb_metrics":{"type":"bool","description":"Gather metrics from INFORMATION_SCHEMA.INNODB_METRICS.","description_kind":"plain","optional":true},"gather_perf_events_statements":{"type":"bool","description":"Gather metrics from PERFORMANCE_SCHEMA.EVENTS_STATEMENTS_SUMMARY_BY_DIGEST.","description_kind":"plain","optional":true},"gather_process_list":{"type":"bool","description":"Gather thread state counts from INFORMATION_SCHEMA.PROCESSLIST.","description_kind":"plain","optional":true},"gather_slave_status":{"type":"bool","description":"Gather metrics from SHOW SLAVE STATUS command output.","description_kind":"plain","optional":true},"gather_table_io_waits":{"type":"bool","description":"Gather metrics from PERFORMANCE_SCHEMA.TABLE_IO_WAITS_SUMMARY_BY_TABLE.","description_kind":"plain","optional":true},"gather_table_lock_waits":{"type":"bool","description":"Gather metrics from PERFORMANCE_SCHEMA.TABLE_LOCK_WAITS.","description_kind":"plain","optional":true},"gather_table_schema":{"type":"bool","description":"Gather metrics from INFORMATION_SCHEMA.TABLES.","description_kind":"plain","optional":true},"perf_events_statements_digest_text_limit":{"type":"number","description":"Truncates digest text from perf_events_statements into this many characters.","description_kind":"plain","optional":true},"perf_events_statements_limit":{"type":"number","description":"Limits metrics from perf_events_statements.","description_kind":"plain","optional":true},"perf_events_statements_time_limit":{"type":"number","description":"Only include perf_events_statements whose last seen is less than this many seconds.","description_kind":"plain","optional":true}},"description":"Configuration options for Telegraf MySQL input plugin.","description_kind":"plain"},"max_items":1}},"description":"Configuration options for metrics where source service is MySQL.","description_kind":"plain"},"max_items":1}},"description":"Metrics user configurable settings","description_kind":"plain"},"max_items":1},"timeouts":{"nesting_mode":"single","block":{"attributes":{"create":{"type":"string","description_kind":"plain","optional":true},"default":{"type":"string","description_kind":"plain","optional":true},"delete":{"type":"string","description_kind":"plain","optional":true},"read":{"type":"string","description_kind":"plain","optional":true},"update":{"type":"string","description_kind":"plain","optional":true}},"description_kind":"plain"}}},"description":"The Service Integration resource allows the creation and management of Aiven Service Integrations.","description_kind":"plain"}},"aiven_service_integration_endpoint":{"version":1,"block":{"attributes":{"endpoint_config":{"type":["map","string"],"description":"Integration endpoint specific backend configuration","description_kind":"plain","computed":true},"endpoint_name":{"type":"string","description":"Name of the service integration endpoint","description_kind":"plain","required":true},"endpoint_type":{"type":"string","description":"Type of the service integration endpoint. Possible values: `datadog`, `prometheus`, `rsyslog`, `external_elasticsearch_logs`, `external_opensearch_logs`, `external_aws_cloudwatch_logs`, `external_google_cloud_logging`, `external_kafka`, `jolokia`, `external_schema_registry`, `external_aws_cloudwatch_metrics`","description_kind":"plain","required":true},"id":{"type":"string","description_kind":"plain","optional":true,"computed":true},"project":{"type":"string","description":"Project the service integration endpoint belongs to","description_kind":"plain","required":true}},"block_types":{"datadog_user_config":{"nesting_mode":"list","block":{"attributes":{"datadog_api_key":{"type":"string","description":"Datadog API key.","description_kind":"plain","required":true,"sensitive":true},"disable_consumer_stats":{"type":"bool","description":"Disable consumer group metrics.","description_kind":"plain","optional":true},"kafka_consumer_check_instances":{"type":"number","description":"Number of separate instances to fetch kafka consumer statistics with.","description_kind":"plain","optional":true},"kafka_consumer_stats_timeout":{"type":"number","description":"Number of seconds that datadog will wait to get consumer statistics from brokers.","description_kind":"plain","optional":true},"max_partition_contexts":{"type":"number","description":"Maximum number of partition contexts to send.","description_kind":"plain","optional":true},"site":{"type":"string","description":"Datadog intake site. Defaults to datadoghq.com.","description_kind":"plain","optional":true}},"block_types":{"datadog_tags":{"nesting_mode":"list","block":{"attributes":{"comment":{"type":"string","description":"Optional tag explanation.","description_kind":"plain","optional":true},"tag":{"type":"string","description":"Tag format and usage are described here: https://docs.datadoghq.com/getting_started/tagging. Tags with prefix 'aiven-' are reserved for Aiven.","description_kind":"plain","required":true}},"description":"Custom tags provided by user.","description_kind":"plain"},"max_items":32}},"description":"Datadog user configurable settings","description_kind":"plain"},"max_items":1},"external_aws_cloudwatch_logs_user_config":{"nesting_mode":"list","block":{"attributes":{"access_key":{"type":"string","description":"AWS access key. Required permissions are logs:CreateLogGroup, logs:CreateLogStream, logs:PutLogEvents and logs:DescribeLogStreams.","description_kind":"plain","required":true},"log_group_name":{"type":"string","description":"AWS CloudWatch log group name.","description_kind":"plain","optional":true},"region":{"type":"string","description":"AWS region.","description_kind":"plain","required":true},"secret_key":{"type":"string","description":"AWS secret key.","description_kind":"plain","required":true}},"description":"ExternalAwsCloudwatchLogs user configurable settings","description_kind":"plain"},"max_items":1},"external_aws_cloudwatch_metrics_user_config":{"nesting_mode":"list","block":{"attributes":{"access_key":{"type":"string","description":"AWS access key. Required permissions are cloudwatch:PutMetricData.","description_kind":"plain","required":true},"namespace":{"type":"string","description":"AWS CloudWatch Metrics Namespace.","description_kind":"plain","required":true},"region":{"type":"string","description":"AWS region.","description_kind":"plain","required":true},"secret_key":{"type":"string","description":"AWS secret key.","description_kind":"plain","required":true}},"description":"ExternalAwsCloudwatchMetrics user configurable settings","description_kind":"plain"},"max_items":1},"external_elasticsearch_logs_user_config":{"nesting_mode":"list","block":{"attributes":{"ca":{"type":"string","description":"PEM encoded CA certificate.","description_kind":"plain","optional":true},"index_days_max":{"type":"number","description":"Maximum number of days of logs to keep. The default value is `3`.","description_kind":"plain","optional":true},"index_prefix":{"type":"string","description":"Elasticsearch index prefix. The default value is `logs`.","description_kind":"plain","required":true},"timeout":{"type":"number","description":"Elasticsearch request timeout limit. The default value is `10.0`.","description_kind":"plain","optional":true},"url":{"type":"string","description":"Elasticsearch connection URL.","description_kind":"plain","required":true}},"description":"ExternalElasticsearchLogs user configurable settings","description_kind":"plain"},"max_items":1},"external_google_cloud_logging_user_config":{"nesting_mode":"list","block":{"attributes":{"log_id":{"type":"string","description":"Google Cloud Logging log id.","description_kind":"plain","required":true},"project_id":{"type":"string","description":"GCP project id.","description_kind":"plain","required":true},"service_account_credentials":{"type":"string","description":"This is a JSON object with the fields documented in https://cloud.google.com/iam/docs/creating-managing-service-account-keys .","description_kind":"plain","required":true}},"description":"ExternalGoogleCloudLogging user configurable settings","description_kind":"plain"},"max_items":1},"external_kafka_user_config":{"nesting_mode":"list","block":{"attributes":{"bootstrap_servers":{"type":"string","description":"Bootstrap servers.","description_kind":"plain","required":true},"sasl_mechanism":{"type":"string","description":"SASL mechanism used for connections to the Kafka server.","description_kind":"plain","optional":true},"sasl_plain_password":{"type":"string","description":"Password for SASL PLAIN mechanism in the Kafka server.","description_kind":"plain","optional":true,"sensitive":true},"sasl_plain_username":{"type":"string","description":"Username for SASL PLAIN mechanism in the Kafka server.","description_kind":"plain","optional":true},"security_protocol":{"type":"string","description":"Security protocol.","description_kind":"plain","required":true},"ssl_ca_cert":{"type":"string","description":"PEM-encoded CA certificate.","description_kind":"plain","optional":true},"ssl_client_cert":{"type":"string","description":"PEM-encoded client certificate.","description_kind":"plain","optional":true},"ssl_client_key":{"type":"string","description":"PEM-encoded client key.","description_kind":"plain","optional":true},"ssl_endpoint_identification_algorithm":{"type":"string","description":"The endpoint identification algorithm to validate server hostname using server certificate.","description_kind":"plain","optional":true}},"description":"ExternalKafka user configurable settings","description_kind":"plain"},"max_items":1},"external_opensearch_logs_user_config":{"nesting_mode":"list","block":{"attributes":{"ca":{"type":"string","description":"PEM encoded CA certificate.","description_kind":"plain","optional":true},"index_days_max":{"type":"number","description":"Maximum number of days of logs to keep. The default value is `3`.","description_kind":"plain","optional":true},"index_prefix":{"type":"string","description":"OpenSearch index prefix. The default value is `logs`.","description_kind":"plain","required":true},"timeout":{"type":"number","description":"OpenSearch request timeout limit. The default value is `10.0`.","description_kind":"plain","optional":true},"url":{"type":"string","description":"OpenSearch connection URL.","description_kind":"plain","required":true}},"description":"ExternalOpensearchLogs user configurable settings","description_kind":"plain"},"max_items":1},"external_schema_registry_user_config":{"nesting_mode":"list","block":{"attributes":{"authentication":{"type":"string","description":"Authentication method.","description_kind":"plain","required":true},"basic_auth_password":{"type":"string","description":"Basic authentication password.","description_kind":"plain","optional":true,"sensitive":true},"basic_auth_username":{"type":"string","description":"Basic authentication user name.","description_kind":"plain","optional":true},"url":{"type":"string","description":"Schema Registry URL.","description_kind":"plain","required":true}},"description":"ExternalSchemaRegistry user configurable settings","description_kind":"plain"},"max_items":1},"jolokia_user_config":{"nesting_mode":"list","block":{"attributes":{"basic_auth_password":{"type":"string","description":"Jolokia basic authentication password.","description_kind":"plain","optional":true,"sensitive":true},"basic_auth_username":{"type":"string","description":"Jolokia basic authentication username.","description_kind":"plain","optional":true}},"description":"Jolokia user configurable settings","description_kind":"plain"},"max_items":1},"prometheus_user_config":{"nesting_mode":"list","block":{"attributes":{"basic_auth_password":{"type":"string","description":"Prometheus basic authentication password.","description_kind":"plain","optional":true,"sensitive":true},"basic_auth_username":{"type":"string","description":"Prometheus basic authentication username.","description_kind":"plain","optional":true}},"description":"Prometheus user configurable settings","description_kind":"plain"},"max_items":1},"rsyslog_user_config":{"nesting_mode":"list","block":{"attributes":{"ca":{"type":"string","description":"PEM encoded CA certificate.","description_kind":"plain","optional":true},"cert":{"type":"string","description":"PEM encoded client certificate.","description_kind":"plain","optional":true},"format":{"type":"string","description":"message format. The default value is `rfc5424`.","description_kind":"plain","required":true},"key":{"type":"string","description":"PEM encoded client key.","description_kind":"plain","optional":true},"logline":{"type":"string","description":"custom syslog message format.","description_kind":"plain","optional":true},"port":{"type":"number","description":"rsyslog server port. The default value is `514`.","description_kind":"plain","required":true},"sd":{"type":"string","description":"Structured data block for log message.","description_kind":"plain","optional":true},"server":{"type":"string","description":"rsyslog server IP address or hostname.","description_kind":"plain","required":true},"tls":{"type":"bool","description":"Require TLS. The default value is `true`.","description_kind":"plain","required":true}},"description":"Rsyslog user configurable settings","description_kind":"plain"},"max_items":1},"timeouts":{"nesting_mode":"single","block":{"attributes":{"create":{"type":"string","description_kind":"plain","optional":true},"default":{"type":"string","description_kind":"plain","optional":true},"delete":{"type":"string","description_kind":"plain","optional":true},"read":{"type":"string","description_kind":"plain","optional":true},"update":{"type":"string","description_kind":"plain","optional":true}},"description_kind":"plain"}}},"description":"The Service Integration Endpoint resource allows the creation and management of Aiven Service Integration Endpoints.","description_kind":"plain"}},"aiven_static_ip":{"version":0,"block":{"attributes":{"cloud_name":{"type":"string","description":"Specifies the cloud that the static ip belongs to. This property cannot be changed, doing so forces recreation of the resource.","description_kind":"plain","required":true},"id":{"type":"string","description_kind":"plain","optional":true,"computed":true},"ip_address":{"type":"string","description":"The address of the static ip.","description_kind":"plain","computed":true},"project":{"type":"string","description":"Identifies the project this resource belongs to. To set up proper dependencies please refer to this variable as a reference. This property cannot be changed, doing so forces recreation of the resource.","description_kind":"plain","required":true},"service_name":{"type":"string","description":"The service name the static ip is associated with.","description_kind":"plain","computed":true},"state":{"type":"string","description":"The state the static ip is in.","description_kind":"plain","computed":true},"static_ip_address_id":{"type":"string","description":"The static ip id of the resource. Should be used as a reference elsewhere.","description_kind":"plain","computed":true}},"block_types":{"timeouts":{"nesting_mode":"single","block":{"attributes":{"create":{"type":"string","description_kind":"plain","optional":true},"default":{"type":"string","description_kind":"plain","optional":true},"delete":{"type":"string","description_kind":"plain","optional":true},"read":{"type":"string","description_kind":"plain","optional":true},"update":{"type":"string","description_kind":"plain","optional":true}},"description_kind":"plain"}}},"description":"The aiven_static_ip resource allows the creation and deletion of static ips. Please not that once a static ip is in the 'assigned' state it is bound to the node it is assigned to and cannot be deleted or disassociated until the node is recycled. Plans that would delete static ips that are in the assigned state will be blocked.","description_kind":"plain"}},"aiven_transit_gateway_vpc_attachment":{"version":0,"block":{"attributes":{"id":{"type":"string","description_kind":"plain","optional":true,"computed":true},"peer_cloud_account":{"type":"string","description":"AWS account ID or GCP project ID of the peered VPC. This property cannot be changed, doing so forces recreation of the resource.","description_kind":"plain","required":true},"peer_region":{"type":"string","description":"AWS region of the peered VPC (if not in the same region as Aiven VPC)","description_kind":"plain","deprecated":true,"optional":true},"peer_vpc":{"type":"string","description":"Transit gateway ID. This property cannot be changed, doing so forces recreation of the resource.","description_kind":"plain","required":true},"peering_connection_id":{"type":"string","description":"Cloud provider identifier for the peering connection if available","description_kind":"plain","computed":true},"state":{"type":"string","description":"State of the peering connection","description_kind":"plain","computed":true},"state_info":{"type":["map","string"],"description":"State-specific help or error information","description_kind":"plain","computed":true},"user_peer_network_cidrs":{"type":["set","string"],"description":"List of private IPv4 ranges to route through the peering connection","description_kind":"plain","required":true},"vpc_id":{"type":"string","description":"The VPC the peering connection belongs to. To set up proper dependencies please refer to this variable as a reference. This property cannot be changed, doing so forces recreation of the resource.","description_kind":"plain","required":true}},"block_types":{"timeouts":{"nesting_mode":"single","block":{"attributes":{"create":{"type":"string","description_kind":"plain","optional":true},"default":{"type":"string","description_kind":"plain","optional":true},"delete":{"type":"string","description_kind":"plain","optional":true},"read":{"type":"string","description_kind":"plain","optional":true},"update":{"type":"string","description_kind":"plain","optional":true}},"description_kind":"plain"}}},"description":"The Transit Gateway VPC Attachment resource allows the creation and management Transit Gateway VPC Attachment VPC peering connection between Aiven and AWS.","description_kind":"plain"}}},"data_source_schemas":{"aiven_account":{"version":0,"block":{"attributes":{"account_id":{"type":"string","description":"Account id","description_kind":"plain","computed":true},"create_time":{"type":"string","description":"Time of creation","description_kind":"plain","computed":true},"id":{"type":"string","description_kind":"plain","optional":true,"computed":true},"is_account_owner":{"type":"bool","description":"If true, user is part of the owners team for this account","description_kind":"plain","computed":true},"name":{"type":"string","description":"Account name","description_kind":"plain","required":true},"owner_team_id":{"type":"string","description":"Owner team id","description_kind":"plain","computed":true},"primary_billing_group_id":{"type":"string","description":"Billing group id","description_kind":"plain","computed":true},"tenant_id":{"type":"string","description":"Tenant id","description_kind":"plain","computed":true},"update_time":{"type":"string","description":"Time of last update","description_kind":"plain","computed":true}},"description":"The Account data source provides information about the existing Aiven Account.","description_kind":"plain"}},"aiven_account_authentication":{"version":0,"block":{"attributes":{"account_id":{"type":"string","description":"The unique id of the account.","description_kind":"plain","required":true},"authentication_id":{"type":"string","description":"Account authentication id","description_kind":"plain","computed":true},"auto_join_team_id":{"type":"string","description":"Team ID","description_kind":"plain","computed":true},"create_time":{"type":"string","description":"Time of creation","description_kind":"plain","computed":true},"enabled":{"type":"bool","description":"Status of account authentication method. The default value is `false`.","description_kind":"plain","computed":true},"id":{"type":"string","description_kind":"plain","optional":true,"computed":true},"name":{"type":"string","description":"The name of the account authentication.","description_kind":"plain","required":true},"saml_acs_url":{"type":"string","description":"SAML Assertion Consumer Service URL","description_kind":"plain","computed":true},"saml_certificate":{"type":"string","description":"SAML Certificate","description_kind":"plain","computed":true},"saml_digest_algorithm":{"type":"string","description":"Digest algorithm. This is an advanced option that typically does not need to be set.","description_kind":"plain","computed":true},"saml_entity_id":{"type":"string","description":"SAML Entity id","description_kind":"plain","computed":true},"saml_field_mapping":{"type":["set",["object",{"email":"string","first_name":"string","identity":"string","last_name":"string","real_name":"string"}]],"description":"Map IdP fields","description_kind":"plain","computed":true},"saml_idp_login_allowed":{"type":"bool","description":"Set to 'true' to enable IdP initiated login","description_kind":"plain","computed":true},"saml_idp_url":{"type":"string","description":"SAML Idp URL","description_kind":"plain","computed":true},"saml_metadata_url":{"type":"string","description":"SAML Metadata URL","description_kind":"plain","computed":true},"saml_signature_algorithm":{"type":"string","description":"Signature algorithm. This is an advanced option that typically does not need to be set.","description_kind":"plain","computed":true},"saml_variant":{"type":"string","description":"SAML server variant","description_kind":"plain","computed":true},"type":{"type":"string","description":"The account authentication type. The possible values are `internal` and `saml`.","description_kind":"plain","computed":true},"update_time":{"type":"string","description":"Time of last update","description_kind":"plain","computed":true}},"description":"The Account Authentication data source provides information about the existing Aiven Account Authentication.","description_kind":"plain"}},"aiven_account_team":{"version":0,"block":{"attributes":{"account_id":{"type":"string","description":"The unique account id","description_kind":"plain","required":true},"create_time":{"type":"string","description":"Time of creation","description_kind":"plain","computed":true},"id":{"type":"string","description_kind":"plain","optional":true,"computed":true},"name":{"type":"string","description":"The account team name","description_kind":"plain","required":true},"team_id":{"type":"string","description":"The auto-generated unique account team id","description_kind":"plain","computed":true},"update_time":{"type":"string","description":"Time of last update","description_kind":"plain","computed":true}},"description":"The Account Team data source provides information about the existing Account Team.","description_kind":"plain"}},"aiven_account_team_member":{"version":0,"block":{"attributes":{"accepted":{"type":"bool","description":"is a boolean flag that determines whether an invitation was accepted or not by the user. `false` value means that the invitation was sent to the user but not yet accepted. `true` means that the user accepted the invitation and now a member of an account team.","description_kind":"plain","computed":true},"account_id":{"type":"string","description":"The unique account id. This property cannot be changed, doing so forces recreation of the resource.","description_kind":"plain","required":true},"create_time":{"type":"string","description":"Time of creation","description_kind":"plain","computed":true},"id":{"type":"string","description_kind":"plain","optional":true,"computed":true},"invited_by_user_email":{"type":"string","description":"The email address that invited this user.","description_kind":"plain","computed":true},"team_id":{"type":"string","description":"An account team id. This property cannot be changed, doing so forces recreation of the resource.","description_kind":"plain","required":true},"user_email":{"type":"string","description":"Is a user email address that first will be invited, and after accepting an invitation, he or she becomes a member of a team. This property cannot be changed, doing so forces recreation of the resource.","description_kind":"plain","required":true}},"description":"The Account Team Member data source provides information about the existing Aiven Account Team Member.","description_kind":"plain"}},"aiven_account_team_project":{"version":0,"block":{"attributes":{"account_id":{"type":"string","description":"The unique account id","description_kind":"plain","required":true},"id":{"type":"string","description_kind":"plain","optional":true,"computed":true},"project_name":{"type":"string","description":"The name of an already existing project","description_kind":"plain","required":true},"team_id":{"type":"string","description":"An account team id","description_kind":"plain","required":true},"team_type":{"type":"string","description":"The Account team project type. The possible values are `admin`, `developer`, `operator` and `read_only`.","description_kind":"plain","computed":true}},"description":"The Account Team Project data source provides information about the existing Account Team Project.","description_kind":"plain"}},"aiven_aws_privatelink":{"version":0,"block":{"attributes":{"aws_service_id":{"type":"string","description":"AWS service ID","description_kind":"plain","computed":true},"aws_service_name":{"type":"string","description":"AWS service name","description_kind":"plain","computed":true},"id":{"type":"string","description_kind":"plain","optional":true,"computed":true},"principals":{"type":["set","string"],"description":"List of allowed principals","description_kind":"plain","computed":true},"project":{"type":"string","description":"Identifies the project this resource belongs to. To set up proper dependencies please refer to this variable as a reference. This property cannot be changed, doing so forces recreation of the resource.","description_kind":"plain","required":true},"service_name":{"type":"string","description":"Specifies the name of the service that this resource belongs to. To set up proper dependencies please refer to this variable as a reference. This property cannot be changed, doing so forces recreation of the resource.","description_kind":"plain","required":true}},"description":"The AWS Privatelink resource allows the creation and management of Aiven AWS Privatelink for a services.","description_kind":"plain"}},"aiven_aws_vpc_peering_connection":{"version":0,"block":{"attributes":{"aws_account_id":{"type":"string","description":"AWS account ID. This property cannot be changed, doing so forces recreation of the resource.","description_kind":"plain","required":true},"aws_vpc_id":{"type":"string","description":"AWS VPC ID. This property cannot be changed, doing so forces recreation of the resource.","description_kind":"plain","required":true},"aws_vpc_peering_connection_id":{"type":"string","description":"AWS VPC peering connection ID","description_kind":"plain","computed":true},"aws_vpc_region":{"type":"string","description":"AWS region of the peered VPC (if not in the same region as Aiven VPC). This property cannot be changed, doing so forces recreation of the resource.","description_kind":"plain","required":true},"id":{"type":"string","description_kind":"plain","optional":true,"computed":true},"state":{"type":"string","description":"State of the peering connection","description_kind":"plain","computed":true},"state_info":{"type":["map","string"],"description":"State-specific help or error information","description_kind":"plain","computed":true},"vpc_id":{"type":"string","description":"The VPC the peering connection belongs to. This property cannot be changed, doing so forces recreation of the resource.","description_kind":"plain","required":true}},"description":"The AWS VPC Peering Connection data source provides information about the existing Aiven VPC Peering Connection.","description_kind":"plain"}},"aiven_azure_privatelink":{"version":0,"block":{"attributes":{"azure_service_alias":{"type":"string","description":"Azure Privatelink service alias","description_kind":"plain","computed":true},"azure_service_id":{"type":"string","description":"Azure Privatelink service ID","description_kind":"plain","computed":true},"id":{"type":"string","description_kind":"plain","optional":true,"computed":true},"message":{"type":"string","description":"Printable result of the Azure Privatelink request","description_kind":"plain","computed":true},"project":{"type":"string","description":"Identifies the project this resource belongs to. To set up proper dependencies please refer to this variable as a reference. This property cannot be changed, doing so forces recreation of the resource.","description_kind":"plain","required":true},"service_name":{"type":"string","description":"Specifies the name of the service that this resource belongs to. To set up proper dependencies please refer to this variable as a reference. This property cannot be changed, doing so forces recreation of the resource.","description_kind":"plain","required":true},"state":{"type":"string","description":"Privatelink resource state","description_kind":"plain","computed":true},"user_subscription_ids":{"type":["set","string"],"description":"A List of allowed Subscription IDs. Maximum length: `16`.","description_kind":"plain","computed":true}},"description":"The Azure Privatelink resource allows the creation and management of Aiven Azure Privatelink for a services.","description_kind":"plain"}},"aiven_azure_vpc_peering_connection":{"version":0,"block":{"attributes":{"azure_subscription_id":{"type":"string","description":"Azure Subscription ID. This property cannot be changed, doing so forces recreation of the resource.","description_kind":"plain","required":true},"id":{"type":"string","description_kind":"plain","optional":true,"computed":true},"peer_azure_app_id":{"type":"string","description":"Azure app registration id in UUID4 form that is allowed to create a peering to the peer vnet. This property cannot be changed, doing so forces recreation of the resource.","description_kind":"plain","required":true},"peer_azure_tenant_id":{"type":"string","description":"Azure tenant id in UUID4 form. This property cannot be changed, doing so forces recreation of the resource.","description_kind":"plain","required":true},"peer_resource_group":{"type":"string","description":"Azure resource group name of the peered VPC. This property cannot be changed, doing so forces recreation of the resource.","description_kind":"plain","required":true},"peering_connection_id":{"type":"string","description":"Cloud provider identifier for the peering connection if available","description_kind":"plain","computed":true},"state":{"type":"string","description":"State of the peering connection","description_kind":"plain","computed":true},"state_info":{"type":["map","string"],"description":"State-specific help or error information","description_kind":"plain","computed":true},"vnet_name":{"type":"string","description":"Azure Network name. This property cannot be changed, doing so forces recreation of the resource.","description_kind":"plain","required":true},"vpc_id":{"type":"string","description":"The VPC the peering connection belongs to. This property cannot be changed, doing so forces recreation of the resource.","description_kind":"plain","required":true}},"description":"The Azure VPC Peering Connection data source provides information about the existing Aiven VPC Peering Connection.","description_kind":"plain"}},"aiven_billing_group":{"version":0,"block":{"attributes":{"account_id":{"type":"string","description":"Account id","description_kind":"plain","computed":true},"address_lines":{"type":["set","string"],"description":"Address lines","description_kind":"plain","computed":true},"billing_currency":{"type":"string","description":"Billing currency","description_kind":"plain","computed":true},"billing_emails":{"type":["set","string"],"description":"Billing contact emails","description_kind":"plain","computed":true},"billing_extra_text":{"type":"string","description":"Billing extra text","description_kind":"plain","computed":true},"billing_group_id":{"type":"string","description":"The id of the billing group. To set up proper dependencies please refer to this variable as a reference.","description_kind":"plain","required":true},"card_id":{"type":"string","description":"Credit card id","description_kind":"plain","computed":true},"city":{"type":"string","description":"City","description_kind":"plain","computed":true},"company":{"type":"string","description":"Company name","description_kind":"plain","computed":true},"copy_from_billing_group":{"type":"string","description":"ID of the billing group to copy from","description_kind":"plain","computed":true},"country_code":{"type":"string","description":"Country code","description_kind":"plain","computed":true},"id":{"type":"string","description_kind":"plain","optional":true,"computed":true},"name":{"type":"string","description":"Billing Group name","description_kind":"plain","computed":true},"parent_id":{"type":"string","description":"An optional property to link a billing group to an already existing organization or account by using its ID. To set up proper dependencies please refer to this variable as a reference.","description_kind":"plain","computed":true},"state":{"type":"string","description":"State","description_kind":"plain","computed":true},"vat_id":{"type":"string","description":"VAT id","description_kind":"plain","computed":true},"zip_code":{"type":"string","description":"Zip Code","description_kind":"plain","computed":true}},"description":"The Billing Group data source provides information about the existing Aiven Account.","description_kind":"plain"}},"aiven_cassandra":{"version":1,"block":{"attributes":{"additional_disk_space":{"type":"string","description":"Additional disk space. Possible values depend on the service type, the cloud provider and the project. Therefore, reducing will result in the service rebalancing.","description_kind":"plain","computed":true},"cassandra":{"type":["list",["object",{}]],"description":"Cassandra server provided values","description_kind":"plain","computed":true},"cassandra_user_config":{"type":["list",["object",{"additional_backup_regions":["list","string"],"backup_hour":"number","backup_minute":"number","cassandra":["list",["object",{"batch_size_fail_threshold_in_kb":"number","batch_size_warn_threshold_in_kb":"number","datacenter":"string"}]],"cassandra_version":"string","ip_filter":["list","string"],"ip_filter_object":["list",["object",{"description":"string","network":"string"}]],"ip_filter_string":["list","string"],"migrate_sstableloader":"bool","private_access":["list",["object",{"prometheus":"bool"}]],"project_to_fork_from":"string","public_access":["list",["object",{"prometheus":"bool"}]],"service_to_fork_from":"string","service_to_join_with":"string","static_ips":"bool"}]],"description":"Cassandra user configurable settings","description_kind":"plain","computed":true},"cloud_name":{"type":"string","description":"Defines where the cloud provider and region where the service is hosted in. This can be changed freely after service is created. Changing the value will trigger a potentially lengthy migration process for the service. Format is cloud provider name (`aws`, `azure`, `do` `google`, `upcloud`, etc.), dash, and the cloud provider specific region name. These are documented on each Cloud provider's own support articles, like [here for Google](https://cloud.google.com/compute/docs/regions-zones/) and [here for AWS](https://docs.aws.amazon.com/AmazonRDS/latest/UserGuide/Concepts.RegionsAndAvailabilityZones.html).","description_kind":"plain","computed":true},"components":{"type":["list",["object",{"component":"string","host":"string","kafka_authentication_method":"string","port":"number","route":"string","ssl":"bool","usage":"string"}]],"description":"Service component information objects","description_kind":"plain","computed":true},"disk_space":{"type":"string","description":"Service disk space. Possible values depend on the service type, the cloud provider and the project. Therefore, reducing will result in the service rebalancing.","description_kind":"plain","computed":true},"disk_space_cap":{"type":"string","description":"The maximum disk space of the service, possible values depend on the service type, the cloud provider and the project.","description_kind":"plain","computed":true},"disk_space_default":{"type":"string","description":"The default disk space of the service, possible values depend on the service type, the cloud provider and the project. Its also the minimum value for `disk_space`","description_kind":"plain","computed":true},"disk_space_step":{"type":"string","description":"The default disk space step of the service, possible values depend on the service type, the cloud provider and the project. `disk_space` needs to increment from `disk_space_default` by increments of this size.","description_kind":"plain","computed":true},"disk_space_used":{"type":"string","description":"Disk space that service is currently using","description_kind":"plain","computed":true},"id":{"type":"string","description_kind":"plain","optional":true,"computed":true},"maintenance_window_dow":{"type":"string","description":"Day of week when maintenance operations should be performed. One monday, tuesday, wednesday, etc.","description_kind":"plain","computed":true},"maintenance_window_time":{"type":"string","description":"Time of day when maintenance operations should be performed. UTC time in HH:mm:ss format.","description_kind":"plain","computed":true},"plan":{"type":"string","description":"Defines what kind of computing resources are allocated for the service. It can be changed after creation, though there are some restrictions when going to a smaller plan such as the new plan must have sufficient amount of disk space to store all current data and switching to a plan with fewer nodes might not be supported. The basic plan names are `hobbyist`, `startup-x`, `business-x` and `premium-x` where `x` is (roughly) the amount of memory on each node (also other attributes like number of CPUs and amount of disk space varies but naming is based on memory). The available options can be seem from the [Aiven pricing page](https://aiven.io/pricing).","description_kind":"plain","computed":true},"project":{"type":"string","description":"Identifies the project this resource belongs to. To set up proper dependencies please refer to this variable as a reference. This property cannot be changed, doing so forces recreation of the resource.","description_kind":"plain","required":true},"project_vpc_id":{"type":"string","description":"Specifies the VPC the service should run in. If the value is not set the service is not run inside a VPC. When set, the value should be given as a reference to set up dependencies correctly and the VPC must be in the same cloud and region as the service itself. Project can be freely moved to and from VPC after creation but doing so triggers migration to new servers so the operation can take significant amount of time to complete if the service has a lot of data.","description_kind":"plain","computed":true},"service_host":{"type":"string","description":"The hostname of the service.","description_kind":"plain","computed":true},"service_integrations":{"type":["list",["object",{"integration_type":"string","source_service_name":"string"}]],"description":"Service integrations to specify when creating a service. Not applied after initial service creation","description_kind":"plain","computed":true},"service_name":{"type":"string","description":"Specifies the actual name of the service. The name cannot be changed later without destroying and re-creating the service so name should be picked based on intended service usage rather than current attributes.","description_kind":"plain","required":true},"service_password":{"type":"string","description":"Password used for connecting to the service, if applicable","description_kind":"plain","computed":true,"sensitive":true},"service_port":{"type":"number","description":"The port of the service","description_kind":"plain","computed":true},"service_type":{"type":"string","description":"Aiven internal service type code","description_kind":"plain","computed":true},"service_uri":{"type":"string","description":"URI for connecting to the service. Service specific info is under \"kafka\", \"pg\", etc.","description_kind":"plain","computed":true,"sensitive":true},"service_username":{"type":"string","description":"Username used for connecting to the service, if applicable","description_kind":"plain","computed":true},"state":{"type":"string","description":"Service state. One of `POWEROFF`, `REBALANCING`, `REBUILDING` or `RUNNING`","description_kind":"plain","computed":true},"static_ips":{"type":["set","string"],"description":"Static IPs that are going to be associated with this service. Please assign a value using the 'toset' function. Once a static ip resource is in the 'assigned' state it cannot be unbound from the node again","description_kind":"plain","computed":true},"tag":{"type":["set",["object",{"key":"string","value":"string"}]],"description":"Tags are key-value pairs that allow you to categorize services.","description_kind":"plain","computed":true},"termination_protection":{"type":"bool","description":"Prevents the service from being deleted. It is recommended to set this to `true` for all production services to prevent unintentional service deletion. This does not shield against deleting databases or topics but for services with backups much of the content can at least be restored from backup in case accidental deletion is done.","description_kind":"plain","computed":true}},"description":"The Cassandra data source provides information about the existing Aiven Cassandra service.","description_kind":"plain"}},"aiven_cassandra_user":{"version":0,"block":{"attributes":{"access_cert":{"type":"string","description":"Access certificate for the user if applicable for the service in question","description_kind":"plain","computed":true,"sensitive":true},"access_key":{"type":"string","description":"Access certificate key for the user if applicable for the service in question","description_kind":"plain","computed":true,"sensitive":true},"id":{"type":"string","description_kind":"plain","optional":true,"computed":true},"password":{"type":"string","description":"The password of the Cassandra User.","description_kind":"plain","computed":true,"sensitive":true},"project":{"type":"string","description":"Identifies the project this resource belongs to. To set up proper dependencies please refer to this variable as a reference. This property cannot be changed, doing so forces recreation of the resource.","description_kind":"plain","required":true},"service_name":{"type":"string","description":"Specifies the name of the service that this resource belongs to. To set up proper dependencies please refer to this variable as a reference. This property cannot be changed, doing so forces recreation of the resource.","description_kind":"plain","required":true},"type":{"type":"string","description":"Type of the user account. Tells whether the user is the primary account or a regular account.","description_kind":"plain","computed":true},"username":{"type":"string","description":"The actual name of the Cassandra User. To set up proper dependencies please refer to this variable as a reference. This property cannot be changed, doing so forces recreation of the resource.","description_kind":"plain","required":true}},"description":"The Cassandra User data source provides information about the existing Aiven Cassandra User.","description_kind":"plain"}},"aiven_clickhouse":{"version":0,"block":{"attributes":{"additional_disk_space":{"type":"string","description":"Additional disk space. Possible values depend on the service type, the cloud provider and the project. Therefore, reducing will result in the service rebalancing.","description_kind":"plain","computed":true},"clickhouse":{"type":["list",["object",{}]],"description":"Clickhouse server provided values","description_kind":"plain","computed":true},"clickhouse_user_config":{"type":["list",["object",{"additional_backup_regions":["list","string"],"ip_filter":["list","string"],"ip_filter_object":["list",["object",{"description":"string","network":"string"}]],"ip_filter_string":["list","string"],"private_access":["list",["object",{"clickhouse":"bool","clickhouse_https":"bool","prometheus":"bool"}]],"privatelink_access":["list",["object",{"clickhouse":"bool","clickhouse_https":"bool","prometheus":"bool"}]],"project_to_fork_from":"string","public_access":["list",["object",{"clickhouse":"bool","clickhouse_https":"bool","prometheus":"bool"}]],"service_to_fork_from":"string","static_ips":"bool"}]],"description":"Clickhouse user configurable settings","description_kind":"plain","computed":true},"cloud_name":{"type":"string","description":"Defines where the cloud provider and region where the service is hosted in. This can be changed freely after service is created. Changing the value will trigger a potentially lengthy migration process for the service. Format is cloud provider name (`aws`, `azure`, `do` `google`, `upcloud`, etc.), dash, and the cloud provider specific region name. These are documented on each Cloud provider's own support articles, like [here for Google](https://cloud.google.com/compute/docs/regions-zones/) and [here for AWS](https://docs.aws.amazon.com/AmazonRDS/latest/UserGuide/Concepts.RegionsAndAvailabilityZones.html).","description_kind":"plain","computed":true},"components":{"type":["list",["object",{"component":"string","host":"string","kafka_authentication_method":"string","port":"number","route":"string","ssl":"bool","usage":"string"}]],"description":"Service component information objects","description_kind":"plain","computed":true},"disk_space":{"type":"string","description":"Service disk space. Possible values depend on the service type, the cloud provider and the project. Therefore, reducing will result in the service rebalancing.","description_kind":"plain","computed":true},"disk_space_cap":{"type":"string","description":"The maximum disk space of the service, possible values depend on the service type, the cloud provider and the project.","description_kind":"plain","computed":true},"disk_space_default":{"type":"string","description":"The default disk space of the service, possible values depend on the service type, the cloud provider and the project. Its also the minimum value for `disk_space`","description_kind":"plain","computed":true},"disk_space_step":{"type":"string","description":"The default disk space step of the service, possible values depend on the service type, the cloud provider and the project. `disk_space` needs to increment from `disk_space_default` by increments of this size.","description_kind":"plain","computed":true},"disk_space_used":{"type":"string","description":"Disk space that service is currently using","description_kind":"plain","computed":true},"id":{"type":"string","description_kind":"plain","optional":true,"computed":true},"maintenance_window_dow":{"type":"string","description":"Day of week when maintenance operations should be performed. One monday, tuesday, wednesday, etc.","description_kind":"plain","computed":true},"maintenance_window_time":{"type":"string","description":"Time of day when maintenance operations should be performed. UTC time in HH:mm:ss format.","description_kind":"plain","computed":true},"plan":{"type":"string","description":"Defines what kind of computing resources are allocated for the service. It can be changed after creation, though there are some restrictions when going to a smaller plan such as the new plan must have sufficient amount of disk space to store all current data and switching to a plan with fewer nodes might not be supported. The basic plan names are `hobbyist`, `startup-x`, `business-x` and `premium-x` where `x` is (roughly) the amount of memory on each node (also other attributes like number of CPUs and amount of disk space varies but naming is based on memory). The available options can be seem from the [Aiven pricing page](https://aiven.io/pricing).","description_kind":"plain","computed":true},"project":{"type":"string","description":"Identifies the project this resource belongs to. To set up proper dependencies please refer to this variable as a reference. This property cannot be changed, doing so forces recreation of the resource.","description_kind":"plain","required":true},"project_vpc_id":{"type":"string","description":"Specifies the VPC the service should run in. If the value is not set the service is not run inside a VPC. When set, the value should be given as a reference to set up dependencies correctly and the VPC must be in the same cloud and region as the service itself. Project can be freely moved to and from VPC after creation but doing so triggers migration to new servers so the operation can take significant amount of time to complete if the service has a lot of data.","description_kind":"plain","computed":true},"service_host":{"type":"string","description":"The hostname of the service.","description_kind":"plain","computed":true},"service_integrations":{"type":["list",["object",{"integration_type":"string","source_service_name":"string"}]],"description":"Service integrations to specify when creating a service. Not applied after initial service creation","description_kind":"plain","computed":true},"service_name":{"type":"string","description":"Specifies the actual name of the service. The name cannot be changed later without destroying and re-creating the service so name should be picked based on intended service usage rather than current attributes.","description_kind":"plain","required":true},"service_password":{"type":"string","description":"Password used for connecting to the service, if applicable","description_kind":"plain","computed":true,"sensitive":true},"service_port":{"type":"number","description":"The port of the service","description_kind":"plain","computed":true},"service_type":{"type":"string","description":"Aiven internal service type code","description_kind":"plain","computed":true},"service_uri":{"type":"string","description":"URI for connecting to the service. Service specific info is under \"kafka\", \"pg\", etc.","description_kind":"plain","computed":true,"sensitive":true},"service_username":{"type":"string","description":"Username used for connecting to the service, if applicable","description_kind":"plain","computed":true},"state":{"type":"string","description":"Service state. One of `POWEROFF`, `REBALANCING`, `REBUILDING` or `RUNNING`","description_kind":"plain","computed":true},"static_ips":{"type":["set","string"],"description":"Static IPs that are going to be associated with this service. Please assign a value using the 'toset' function. Once a static ip resource is in the 'assigned' state it cannot be unbound from the node again","description_kind":"plain","computed":true},"tag":{"type":["set",["object",{"key":"string","value":"string"}]],"description":"Tags are key-value pairs that allow you to categorize services.","description_kind":"plain","computed":true},"termination_protection":{"type":"bool","description":"Prevents the service from being deleted. It is recommended to set this to `true` for all production services to prevent unintentional service deletion. This does not shield against deleting databases or topics but for services with backups much of the content can at least be restored from backup in case accidental deletion is done.","description_kind":"plain","computed":true}},"description":"The Clickhouse data source provides information about the existing Aiven Clickhouse service.","description_kind":"plain"}},"aiven_clickhouse_database":{"version":0,"block":{"attributes":{"id":{"type":"string","description_kind":"plain","optional":true,"computed":true},"name":{"type":"string","description":"The name of the Clickhouse database. This property cannot be changed, doing so forces recreation of the resource.","description_kind":"plain","required":true},"project":{"type":"string","description":"Identifies the project this resource belongs to. To set up proper dependencies please refer to this variable as a reference. This property cannot be changed, doing so forces recreation of the resource.","description_kind":"plain","required":true},"service_name":{"type":"string","description":"Specifies the name of the service that this resource belongs to. To set up proper dependencies please refer to this variable as a reference. This property cannot be changed, doing so forces recreation of the resource.","description_kind":"plain","required":true},"termination_protection":{"type":"bool","description":"It is a Terraform client-side deletion protections, which prevents the Clickhouse database from being deleted by Terraform. It is recommended to enable this for any production Clickhouse databases containing critical data. The default value is `false`.","description_kind":"plain","computed":true}},"description":"The Clickhouse database data source provides information about the existing Aiven Clickhouse Database.","description_kind":"plain"}},"aiven_clickhouse_user":{"version":0,"block":{"attributes":{"id":{"type":"string","description_kind":"plain","optional":true,"computed":true},"password":{"type":"string","description":"The password of the clickhouse user.","description_kind":"plain","computed":true,"sensitive":true},"project":{"type":"string","description":"Identifies the project this resource belongs to. To set up proper dependencies please refer to this variable as a reference. This property cannot be changed, doing so forces recreation of the resource.","description_kind":"plain","required":true},"required":{"type":"bool","description":"Indicates if a clickhouse user is required","description_kind":"plain","computed":true},"service_name":{"type":"string","description":"Specifies the name of the service that this resource belongs to. To set up proper dependencies please refer to this variable as a reference. This property cannot be changed, doing so forces recreation of the resource.","description_kind":"plain","required":true},"username":{"type":"string","description":"The actual name of the Clickhouse user. This property cannot be changed, doing so forces recreation of the resource.","description_kind":"plain","required":true},"uuid":{"type":"string","description":"UUID of the clickhouse user.","description_kind":"plain","computed":true}},"description":"The Clickhouse User data source provides information about the existing Aiven Clickhouse User.","description_kind":"plain"}},"aiven_connection_pool":{"version":0,"block":{"attributes":{"connection_uri":{"type":"string","description":"The URI for connecting to the pool","description_kind":"plain","computed":true,"sensitive":true},"database_name":{"type":"string","description":"The name of the database the pool connects to. To set up proper dependencies please refer to this variable as a reference. This property cannot be changed, doing so forces recreation of the resource.","description_kind":"plain","computed":true},"id":{"type":"string","description_kind":"plain","optional":true,"computed":true},"pool_mode":{"type":"string","description":"The mode the pool operates in. The possible values are `session`, `transaction` and `statement`. The default value is `transaction`.","description_kind":"plain","computed":true},"pool_name":{"type":"string","description":"The name of the created pool. This property cannot be changed, doing so forces recreation of the resource.","description_kind":"plain","required":true},"pool_size":{"type":"number","description":"The number of connections the pool may create towards the backend server. This does not affect the number of incoming connections, which is always a much larger number. The default value is `10`.","description_kind":"plain","computed":true},"project":{"type":"string","description":"Identifies the project this resource belongs to. To set up proper dependencies please refer to this variable as a reference. This property cannot be changed, doing so forces recreation of the resource.","description_kind":"plain","required":true},"service_name":{"type":"string","description":"Specifies the name of the service that this resource belongs to. To set up proper dependencies please refer to this variable as a reference. This property cannot be changed, doing so forces recreation of the resource.","description_kind":"plain","required":true},"username":{"type":"string","description":"The name of the service user used to connect to the database. To set up proper dependencies please refer to this variable as a reference.","description_kind":"plain","computed":true}},"description":"The Connection Pool data source provides information about the existing Aiven Connection Pool.","description_kind":"plain"}},"aiven_flink":{"version":1,"block":{"attributes":{"additional_disk_space":{"type":"string","description":"Additional disk space. Possible values depend on the service type, the cloud provider and the project. Therefore, reducing will result in the service rebalancing.","description_kind":"plain","computed":true},"cloud_name":{"type":"string","description":"Defines where the cloud provider and region where the service is hosted in. This can be changed freely after service is created. Changing the value will trigger a potentially lengthy migration process for the service. Format is cloud provider name (`aws`, `azure`, `do` `google`, `upcloud`, etc.), dash, and the cloud provider specific region name. These are documented on each Cloud provider's own support articles, like [here for Google](https://cloud.google.com/compute/docs/regions-zones/) and [here for AWS](https://docs.aws.amazon.com/AmazonRDS/latest/UserGuide/Concepts.RegionsAndAvailabilityZones.html).","description_kind":"plain","computed":true},"components":{"type":["list",["object",{"component":"string","host":"string","kafka_authentication_method":"string","port":"number","route":"string","ssl":"bool","usage":"string"}]],"description":"Service component information objects","description_kind":"plain","computed":true},"disk_space":{"type":"string","description":"Service disk space. Possible values depend on the service type, the cloud provider and the project. Therefore, reducing will result in the service rebalancing.","description_kind":"plain","computed":true},"disk_space_cap":{"type":"string","description":"The maximum disk space of the service, possible values depend on the service type, the cloud provider and the project.","description_kind":"plain","computed":true},"disk_space_default":{"type":"string","description":"The default disk space of the service, possible values depend on the service type, the cloud provider and the project. Its also the minimum value for `disk_space`","description_kind":"plain","computed":true},"disk_space_step":{"type":"string","description":"The default disk space step of the service, possible values depend on the service type, the cloud provider and the project. `disk_space` needs to increment from `disk_space_default` by increments of this size.","description_kind":"plain","computed":true},"disk_space_used":{"type":"string","description":"Disk space that service is currently using","description_kind":"plain","computed":true},"flink":{"type":["list",["object",{"host_ports":["list","string"]}]],"description":"Flink server provided values","description_kind":"plain","computed":true},"flink_user_config":{"type":["list",["object",{"flink_version":"string","ip_filter":["list","string"],"ip_filter_object":["list",["object",{"description":"string","network":"string"}]],"ip_filter_string":["list","string"],"number_of_task_slots":"number","privatelink_access":["list",["object",{"flink":"bool","prometheus":"bool"}]]}]],"description":"Flink user configurable settings","description_kind":"plain","computed":true},"id":{"type":"string","description_kind":"plain","optional":true,"computed":true},"maintenance_window_dow":{"type":"string","description":"Day of week when maintenance operations should be performed. One monday, tuesday, wednesday, etc.","description_kind":"plain","computed":true},"maintenance_window_time":{"type":"string","description":"Time of day when maintenance operations should be performed. UTC time in HH:mm:ss format.","description_kind":"plain","computed":true},"plan":{"type":"string","description":"Defines what kind of computing resources are allocated for the service. It can be changed after creation, though there are some restrictions when going to a smaller plan such as the new plan must have sufficient amount of disk space to store all current data and switching to a plan with fewer nodes might not be supported. The basic plan names are `hobbyist`, `startup-x`, `business-x` and `premium-x` where `x` is (roughly) the amount of memory on each node (also other attributes like number of CPUs and amount of disk space varies but naming is based on memory). The available options can be seem from the [Aiven pricing page](https://aiven.io/pricing).","description_kind":"plain","computed":true},"project":{"type":"string","description":"Identifies the project this resource belongs to. To set up proper dependencies please refer to this variable as a reference. This property cannot be changed, doing so forces recreation of the resource.","description_kind":"plain","required":true},"project_vpc_id":{"type":"string","description":"Specifies the VPC the service should run in. If the value is not set the service is not run inside a VPC. When set, the value should be given as a reference to set up dependencies correctly and the VPC must be in the same cloud and region as the service itself. Project can be freely moved to and from VPC after creation but doing so triggers migration to new servers so the operation can take significant amount of time to complete if the service has a lot of data.","description_kind":"plain","computed":true},"service_host":{"type":"string","description":"The hostname of the service.","description_kind":"plain","computed":true},"service_integrations":{"type":["list",["object",{"integration_type":"string","source_service_name":"string"}]],"description":"Service integrations to specify when creating a service. Not applied after initial service creation","description_kind":"plain","computed":true},"service_name":{"type":"string","description":"Specifies the actual name of the service. The name cannot be changed later without destroying and re-creating the service so name should be picked based on intended service usage rather than current attributes.","description_kind":"plain","required":true},"service_password":{"type":"string","description":"Password used for connecting to the service, if applicable","description_kind":"plain","computed":true,"sensitive":true},"service_port":{"type":"number","description":"The port of the service","description_kind":"plain","computed":true},"service_type":{"type":"string","description":"Aiven internal service type code","description_kind":"plain","computed":true},"service_uri":{"type":"string","description":"URI for connecting to the service. Service specific info is under \"kafka\", \"pg\", etc.","description_kind":"plain","computed":true,"sensitive":true},"service_username":{"type":"string","description":"Username used for connecting to the service, if applicable","description_kind":"plain","computed":true},"state":{"type":"string","description":"Service state. One of `POWEROFF`, `REBALANCING`, `REBUILDING` or `RUNNING`","description_kind":"plain","computed":true},"static_ips":{"type":["set","string"],"description":"Static IPs that are going to be associated with this service. Please assign a value using the 'toset' function. Once a static ip resource is in the 'assigned' state it cannot be unbound from the node again","description_kind":"plain","computed":true},"tag":{"type":["set",["object",{"key":"string","value":"string"}]],"description":"Tags are key-value pairs that allow you to categorize services.","description_kind":"plain","computed":true},"termination_protection":{"type":"bool","description":"Prevents the service from being deleted. It is recommended to set this to `true` for all production services to prevent unintentional service deletion. This does not shield against deleting databases or topics but for services with backups much of the content can at least be restored from backup in case accidental deletion is done.","description_kind":"plain","computed":true}},"description":"The Flink data source provides information about the existing Aiven Flink service.","description_kind":"plain"}},"aiven_flink_application":{"version":0,"block":{"attributes":{"application_id":{"type":"string","description":"Application ID","description_kind":"plain","computed":true},"created_at":{"type":"string","description":"Application creation time","description_kind":"plain","computed":true},"created_by":{"type":"string","description":"Application creator","description_kind":"plain","computed":true},"id":{"type":"string","description_kind":"plain","optional":true,"computed":true},"name":{"type":"string","description":"Application name","description_kind":"plain","required":true},"project":{"type":"string","description":"Identifies the project this resource belongs to. To set up proper dependencies please refer to this variable as a reference. This property cannot be changed, doing so forces recreation of the resource.","description_kind":"plain","required":true},"service_name":{"type":"string","description":"Specifies the name of the service that this resource belongs to. To set up proper dependencies please refer to this variable as a reference. This property cannot be changed, doing so forces recreation of the resource.","description_kind":"plain","required":true},"updated_at":{"type":"string","description":"Application update time","description_kind":"plain","computed":true},"updated_by":{"type":"string","description":"Application updater","description_kind":"plain","computed":true}},"description":"The Flink Application data source provides information about the existing Aiven Flink Application.","description_kind":"plain"}},"aiven_flink_application_version":{"version":0,"block":{"attributes":{"application_id":{"type":"string","description":"Application ID","description_kind":"plain","required":true},"application_version_id":{"type":"string","description":"Application version ID","description_kind":"plain","required":true},"created_at":{"type":"string","description":"Application version creation time","description_kind":"plain","computed":true},"created_by":{"type":"string","description":"Application version creator","description_kind":"plain","computed":true},"id":{"type":"string","description_kind":"plain","optional":true,"computed":true},"project":{"type":"string","description":"Identifies the project this resource belongs to. To set up proper dependencies please refer to this variable as a reference. This property cannot be changed, doing so forces recreation of the resource.","description_kind":"plain","required":true},"service_name":{"type":"string","description":"Specifies the name of the service that this resource belongs to. To set up proper dependencies please refer to this variable as a reference. This property cannot be changed, doing so forces recreation of the resource.","description_kind":"plain","required":true},"sink":{"type":["set",["object",{"create_table":"string","integration_id":"string"}]],"description":"Application sink","description_kind":"plain","computed":true},"sinks":{"type":["set",["object",{"create_table":"string","integration_id":"string"}]],"description":"Application sinks","description_kind":"plain","computed":true},"source":{"type":["set",["object",{"create_table":"string","integration_id":"string"}]],"description":"Application source","description_kind":"plain","computed":true},"sources":{"type":["set",["object",{"create_table":"string","integration_id":"string"}]],"description":"Application sources","description_kind":"plain","computed":true},"statement":{"type":"string","description":"Job SQL statement","description_kind":"plain","computed":true},"version":{"type":"number","description":"Application version number","description_kind":"plain","computed":true}},"description":"The Flink Application Version data source provides information about the existing Aiven Flink Application Version.","description_kind":"plain"}},"aiven_gcp_privatelink":{"version":0,"block":{"attributes":{"google_service_attachment":{"type":"string","description":"Privatelink resource Google Service Attachment","description_kind":"plain","computed":true},"id":{"type":"string","description_kind":"plain","optional":true,"computed":true},"message":{"type":"string","description":"Printable result of the GCP Privatelink request","description_kind":"plain","computed":true},"project":{"type":"string","description":"Identifies the project this resource belongs to. To set up proper dependencies please refer to this variable as a reference. This property cannot be changed, doing so forces recreation of the resource.","description_kind":"plain","required":true},"service_name":{"type":"string","description":"Specifies the name of the service that this resource belongs to. To set up proper dependencies please refer to this variable as a reference. This property cannot be changed, doing so forces recreation of the resource.","description_kind":"plain","required":true},"state":{"type":"string","description":"Privatelink resource state","description_kind":"plain","computed":true}},"description":"The GCP Privatelink resource allows the creation and management of Aiven GCP Privatelink for a services.","description_kind":"plain"}},"aiven_gcp_vpc_peering_connection":{"version":0,"block":{"attributes":{"gcp_project_id":{"type":"string","description":"GCP project ID. This property cannot be changed, doing so forces recreation of the resource.","description_kind":"plain","required":true},"id":{"type":"string","description_kind":"plain","optional":true,"computed":true},"peer_vpc":{"type":"string","description":"GCP VPC network name. This property cannot be changed, doing so forces recreation of the resource.","description_kind":"plain","required":true},"self_link":{"type":"string","description":"Computed GCP network peering link","description_kind":"plain","computed":true},"state":{"type":"string","description":"State of the peering connection","description_kind":"plain","computed":true},"state_info":{"type":["map","string"],"description":"State-specific help or error information","description_kind":"plain","computed":true},"vpc_id":{"type":"string","description":"The VPC the peering connection belongs to. This property cannot be changed, doing so forces recreation of the resource.","description_kind":"plain","required":true}},"description":"The GCP VPC Peering Connection data source provides information about the existing Aiven VPC Peering Connection.","description_kind":"plain"}},"aiven_grafana":{"version":1,"block":{"attributes":{"additional_disk_space":{"type":"string","description":"Additional disk space. Possible values depend on the service type, the cloud provider and the project. Therefore, reducing will result in the service rebalancing.","description_kind":"plain","computed":true},"cloud_name":{"type":"string","description":"Defines where the cloud provider and region where the service is hosted in. This can be changed freely after service is created. Changing the value will trigger a potentially lengthy migration process for the service. Format is cloud provider name (`aws`, `azure`, `do` `google`, `upcloud`, etc.), dash, and the cloud provider specific region name. These are documented on each Cloud provider's own support articles, like [here for Google](https://cloud.google.com/compute/docs/regions-zones/) and [here for AWS](https://docs.aws.amazon.com/AmazonRDS/latest/UserGuide/Concepts.RegionsAndAvailabilityZones.html).","description_kind":"plain","computed":true},"components":{"type":["list",["object",{"component":"string","host":"string","kafka_authentication_method":"string","port":"number","route":"string","ssl":"bool","usage":"string"}]],"description":"Service component information objects","description_kind":"plain","computed":true},"disk_space":{"type":"string","description":"Service disk space. Possible values depend on the service type, the cloud provider and the project. Therefore, reducing will result in the service rebalancing.","description_kind":"plain","computed":true},"disk_space_cap":{"type":"string","description":"The maximum disk space of the service, possible values depend on the service type, the cloud provider and the project.","description_kind":"plain","computed":true},"disk_space_default":{"type":"string","description":"The default disk space of the service, possible values depend on the service type, the cloud provider and the project. Its also the minimum value for `disk_space`","description_kind":"plain","computed":true},"disk_space_step":{"type":"string","description":"The default disk space step of the service, possible values depend on the service type, the cloud provider and the project. `disk_space` needs to increment from `disk_space_default` by increments of this size.","description_kind":"plain","computed":true},"disk_space_used":{"type":"string","description":"Disk space that service is currently using","description_kind":"plain","computed":true},"grafana":{"type":["list",["object",{}]],"description":"Grafana server provided values","description_kind":"plain","computed":true},"grafana_user_config":{"type":["list",["object",{"additional_backup_regions":["list","string"],"alerting_enabled":"bool","alerting_error_or_timeout":"string","alerting_max_annotations_to_keep":"number","alerting_nodata_or_nullvalues":"string","allow_embedding":"bool","auth_azuread":["list",["object",{"allow_sign_up":"bool","allowed_domains":["list","string"],"allowed_groups":["list","string"],"auth_url":"string","client_id":"string","client_secret":"string","token_url":"string"}]],"auth_basic_enabled":"bool","auth_generic_oauth":["list",["object",{"allow_sign_up":"bool","allowed_domains":["list","string"],"allowed_organizations":["list","string"],"api_url":"string","auth_url":"string","auto_login":"bool","client_id":"string","client_secret":"string","name":"string","scopes":["list","string"],"token_url":"string"}]],"auth_github":["list",["object",{"allow_sign_up":"bool","allowed_organizations":["list","string"],"client_id":"string","client_secret":"string","team_ids":["list","number"]}]],"auth_gitlab":["list",["object",{"allow_sign_up":"bool","allowed_groups":["list","string"],"api_url":"string","auth_url":"string","client_id":"string","client_secret":"string","token_url":"string"}]],"auth_google":["list",["object",{"allow_sign_up":"bool","allowed_domains":["list","string"],"client_id":"string","client_secret":"string"}]],"cookie_samesite":"string","custom_domain":"string","dashboard_previews_enabled":"bool","dashboards_min_refresh_interval":"string","dashboards_versions_to_keep":"number","dataproxy_send_user_header":"bool","dataproxy_timeout":"number","date_formats":["list",["object",{"default_timezone":"string","full_date":"string","interval_day":"string","interval_hour":"string","interval_minute":"string","interval_month":"string","interval_second":"string","interval_year":"string"}]],"disable_gravatar":"bool","editors_can_admin":"bool","external_image_storage":["list",["object",{"access_key":"string","bucket_url":"string","provider":"string","secret_key":"string"}]],"google_analytics_ua_id":"string","ip_filter":["list","string"],"ip_filter_object":["list",["object",{"description":"string","network":"string"}]],"ip_filter_string":["list","string"],"metrics_enabled":"bool","oauth_allow_insecure_email_lookup":"bool","private_access":["list",["object",{"grafana":"bool"}]],"privatelink_access":["list",["object",{"grafana":"bool"}]],"project_to_fork_from":"string","public_access":["list",["object",{"grafana":"bool"}]],"recovery_basebackup_name":"string","service_to_fork_from":"string","smtp_server":["list",["object",{"from_address":"string","from_name":"string","host":"string","password":"string","port":"number","skip_verify":"bool","starttls_policy":"string","username":"string"}]],"static_ips":"bool","user_auto_assign_org":"bool","user_auto_assign_org_role":"string","viewers_can_edit":"bool"}]],"description":"Grafana user configurable settings","description_kind":"plain","computed":true},"id":{"type":"string","description_kind":"plain","optional":true,"computed":true},"maintenance_window_dow":{"type":"string","description":"Day of week when maintenance operations should be performed. One monday, tuesday, wednesday, etc.","description_kind":"plain","computed":true},"maintenance_window_time":{"type":"string","description":"Time of day when maintenance operations should be performed. UTC time in HH:mm:ss format.","description_kind":"plain","computed":true},"plan":{"type":"string","description":"Defines what kind of computing resources are allocated for the service. It can be changed after creation, though there are some restrictions when going to a smaller plan such as the new plan must have sufficient amount of disk space to store all current data and switching to a plan with fewer nodes might not be supported. The basic plan names are `hobbyist`, `startup-x`, `business-x` and `premium-x` where `x` is (roughly) the amount of memory on each node (also other attributes like number of CPUs and amount of disk space varies but naming is based on memory). The available options can be seem from the [Aiven pricing page](https://aiven.io/pricing).","description_kind":"plain","computed":true},"project":{"type":"string","description":"Identifies the project this resource belongs to. To set up proper dependencies please refer to this variable as a reference. This property cannot be changed, doing so forces recreation of the resource.","description_kind":"plain","required":true},"project_vpc_id":{"type":"string","description":"Specifies the VPC the service should run in. If the value is not set the service is not run inside a VPC. When set, the value should be given as a reference to set up dependencies correctly and the VPC must be in the same cloud and region as the service itself. Project can be freely moved to and from VPC after creation but doing so triggers migration to new servers so the operation can take significant amount of time to complete if the service has a lot of data.","description_kind":"plain","computed":true},"service_host":{"type":"string","description":"The hostname of the service.","description_kind":"plain","computed":true},"service_integrations":{"type":["list",["object",{"integration_type":"string","source_service_name":"string"}]],"description":"Service integrations to specify when creating a service. Not applied after initial service creation","description_kind":"plain","computed":true},"service_name":{"type":"string","description":"Specifies the actual name of the service. The name cannot be changed later without destroying and re-creating the service so name should be picked based on intended service usage rather than current attributes.","description_kind":"plain","required":true},"service_password":{"type":"string","description":"Password used for connecting to the service, if applicable","description_kind":"plain","computed":true,"sensitive":true},"service_port":{"type":"number","description":"The port of the service","description_kind":"plain","computed":true},"service_type":{"type":"string","description":"Aiven internal service type code","description_kind":"plain","computed":true},"service_uri":{"type":"string","description":"URI for connecting to the service. Service specific info is under \"kafka\", \"pg\", etc.","description_kind":"plain","computed":true,"sensitive":true},"service_username":{"type":"string","description":"Username used for connecting to the service, if applicable","description_kind":"plain","computed":true},"state":{"type":"string","description":"Service state. One of `POWEROFF`, `REBALANCING`, `REBUILDING` or `RUNNING`","description_kind":"plain","computed":true},"static_ips":{"type":["set","string"],"description":"Static IPs that are going to be associated with this service. Please assign a value using the 'toset' function. Once a static ip resource is in the 'assigned' state it cannot be unbound from the node again","description_kind":"plain","computed":true},"tag":{"type":["set",["object",{"key":"string","value":"string"}]],"description":"Tags are key-value pairs that allow you to categorize services.","description_kind":"plain","computed":true},"termination_protection":{"type":"bool","description":"Prevents the service from being deleted. It is recommended to set this to `true` for all production services to prevent unintentional service deletion. This does not shield against deleting databases or topics but for services with backups much of the content can at least be restored from backup in case accidental deletion is done.","description_kind":"plain","computed":true}},"description":"The Grafana data source provides information about the existing Aiven Grafana service.","description_kind":"plain"}},"aiven_influxdb":{"version":1,"block":{"attributes":{"additional_disk_space":{"type":"string","description":"Additional disk space. Possible values depend on the service type, the cloud provider and the project. Therefore, reducing will result in the service rebalancing.","description_kind":"plain","computed":true},"cloud_name":{"type":"string","description":"Defines where the cloud provider and region where the service is hosted in. This can be changed freely after service is created. Changing the value will trigger a potentially lengthy migration process for the service. Format is cloud provider name (`aws`, `azure`, `do` `google`, `upcloud`, etc.), dash, and the cloud provider specific region name. These are documented on each Cloud provider's own support articles, like [here for Google](https://cloud.google.com/compute/docs/regions-zones/) and [here for AWS](https://docs.aws.amazon.com/AmazonRDS/latest/UserGuide/Concepts.RegionsAndAvailabilityZones.html).","description_kind":"plain","computed":true},"components":{"type":["list",["object",{"component":"string","host":"string","kafka_authentication_method":"string","port":"number","route":"string","ssl":"bool","usage":"string"}]],"description":"Service component information objects","description_kind":"plain","computed":true},"disk_space":{"type":"string","description":"Service disk space. Possible values depend on the service type, the cloud provider and the project. Therefore, reducing will result in the service rebalancing.","description_kind":"plain","computed":true},"disk_space_cap":{"type":"string","description":"The maximum disk space of the service, possible values depend on the service type, the cloud provider and the project.","description_kind":"plain","computed":true},"disk_space_default":{"type":"string","description":"The default disk space of the service, possible values depend on the service type, the cloud provider and the project. Its also the minimum value for `disk_space`","description_kind":"plain","computed":true},"disk_space_step":{"type":"string","description":"The default disk space step of the service, possible values depend on the service type, the cloud provider and the project. `disk_space` needs to increment from `disk_space_default` by increments of this size.","description_kind":"plain","computed":true},"disk_space_used":{"type":"string","description":"Disk space that service is currently using","description_kind":"plain","computed":true},"id":{"type":"string","description_kind":"plain","optional":true,"computed":true},"influxdb":{"type":["list",["object",{"database_name":"string"}]],"description":"InfluxDB server provided values","description_kind":"plain","computed":true},"influxdb_user_config":{"type":["list",["object",{"additional_backup_regions":["list","string"],"custom_domain":"string","influxdb":["list",["object",{"log_queries_after":"number","max_connection_limit":"number","max_row_limit":"number","max_select_buckets":"number","max_select_point":"number","query_log_enabled":"bool","query_timeout":"number"}]],"ip_filter":["list","string"],"ip_filter_object":["list",["object",{"description":"string","network":"string"}]],"ip_filter_string":["list","string"],"private_access":["list",["object",{"influxdb":"bool"}]],"privatelink_access":["list",["object",{"influxdb":"bool"}]],"project_to_fork_from":"string","public_access":["list",["object",{"influxdb":"bool"}]],"recovery_basebackup_name":"string","service_to_fork_from":"string","static_ips":"bool"}]],"description":"Influxdb user configurable settings","description_kind":"plain","computed":true},"maintenance_window_dow":{"type":"string","description":"Day of week when maintenance operations should be performed. One monday, tuesday, wednesday, etc.","description_kind":"plain","computed":true},"maintenance_window_time":{"type":"string","description":"Time of day when maintenance operations should be performed. UTC time in HH:mm:ss format.","description_kind":"plain","computed":true},"plan":{"type":"string","description":"Defines what kind of computing resources are allocated for the service. It can be changed after creation, though there are some restrictions when going to a smaller plan such as the new plan must have sufficient amount of disk space to store all current data and switching to a plan with fewer nodes might not be supported. The basic plan names are `hobbyist`, `startup-x`, `business-x` and `premium-x` where `x` is (roughly) the amount of memory on each node (also other attributes like number of CPUs and amount of disk space varies but naming is based on memory). The available options can be seem from the [Aiven pricing page](https://aiven.io/pricing).","description_kind":"plain","computed":true},"project":{"type":"string","description":"Identifies the project this resource belongs to. To set up proper dependencies please refer to this variable as a reference. This property cannot be changed, doing so forces recreation of the resource.","description_kind":"plain","required":true},"project_vpc_id":{"type":"string","description":"Specifies the VPC the service should run in. If the value is not set the service is not run inside a VPC. When set, the value should be given as a reference to set up dependencies correctly and the VPC must be in the same cloud and region as the service itself. Project can be freely moved to and from VPC after creation but doing so triggers migration to new servers so the operation can take significant amount of time to complete if the service has a lot of data.","description_kind":"plain","computed":true},"service_host":{"type":"string","description":"The hostname of the service.","description_kind":"plain","computed":true},"service_integrations":{"type":["list",["object",{"integration_type":"string","source_service_name":"string"}]],"description":"Service integrations to specify when creating a service. Not applied after initial service creation","description_kind":"plain","computed":true},"service_name":{"type":"string","description":"Specifies the actual name of the service. The name cannot be changed later without destroying and re-creating the service so name should be picked based on intended service usage rather than current attributes.","description_kind":"plain","required":true},"service_password":{"type":"string","description":"Password used for connecting to the service, if applicable","description_kind":"plain","computed":true,"sensitive":true},"service_port":{"type":"number","description":"The port of the service","description_kind":"plain","computed":true},"service_type":{"type":"string","description":"Aiven internal service type code","description_kind":"plain","computed":true},"service_uri":{"type":"string","description":"URI for connecting to the service. Service specific info is under \"kafka\", \"pg\", etc.","description_kind":"plain","computed":true,"sensitive":true},"service_username":{"type":"string","description":"Username used for connecting to the service, if applicable","description_kind":"plain","computed":true},"state":{"type":"string","description":"Service state. One of `POWEROFF`, `REBALANCING`, `REBUILDING` or `RUNNING`","description_kind":"plain","computed":true},"static_ips":{"type":["set","string"],"description":"Static IPs that are going to be associated with this service. Please assign a value using the 'toset' function. Once a static ip resource is in the 'assigned' state it cannot be unbound from the node again","description_kind":"plain","computed":true},"tag":{"type":["set",["object",{"key":"string","value":"string"}]],"description":"Tags are key-value pairs that allow you to categorize services.","description_kind":"plain","computed":true},"termination_protection":{"type":"bool","description":"Prevents the service from being deleted. It is recommended to set this to `true` for all production services to prevent unintentional service deletion. This does not shield against deleting databases or topics but for services with backups much of the content can at least be restored from backup in case accidental deletion is done.","description_kind":"plain","computed":true}},"description":"The InfluxDB data source provides information about the existing Aiven InfluxDB service.","description_kind":"plain"}},"aiven_influxdb_database":{"version":0,"block":{"attributes":{"database_name":{"type":"string","description":"The name of the service database. This property cannot be changed, doing so forces recreation of the resource.","description_kind":"plain","required":true},"id":{"type":"string","description_kind":"plain","optional":true,"computed":true},"project":{"type":"string","description":"Identifies the project this resource belongs to. To set up proper dependencies please refer to this variable as a reference. This property cannot be changed, doing so forces recreation of the resource.","description_kind":"plain","required":true},"service_name":{"type":"string","description":"Specifies the name of the service that this resource belongs to. To set up proper dependencies please refer to this variable as a reference. This property cannot be changed, doing so forces recreation of the resource.","description_kind":"plain","required":true},"termination_protection":{"type":"bool","description":"It is a Terraform client-side deletion protections, which prevents the database from being deleted by Terraform. It is recommended to enable this for any production databases containing critical data. The default value is `false`.","description_kind":"plain","computed":true}},"description":"The InfluxDB Database data source provides information about the existing Aiven InfluxDB Database.","description_kind":"plain"}},"aiven_influxdb_user":{"version":0,"block":{"attributes":{"access_cert":{"type":"string","description":"Access certificate for the user if applicable for the service in question","description_kind":"plain","computed":true,"sensitive":true},"access_key":{"type":"string","description":"Access certificate key for the user if applicable for the service in question","description_kind":"plain","computed":true,"sensitive":true},"id":{"type":"string","description_kind":"plain","optional":true,"computed":true},"password":{"type":"string","description":"The password of the InfluxDB User.","description_kind":"plain","computed":true,"sensitive":true},"project":{"type":"string","description":"Identifies the project this resource belongs to. To set up proper dependencies please refer to this variable as a reference. This property cannot be changed, doing so forces recreation of the resource.","description_kind":"plain","required":true},"service_name":{"type":"string","description":"Specifies the name of the service that this resource belongs to. To set up proper dependencies please refer to this variable as a reference. This property cannot be changed, doing so forces recreation of the resource.","description_kind":"plain","required":true},"type":{"type":"string","description":"Type of the user account. Tells whether the user is the primary account or a regular account.","description_kind":"plain","computed":true},"username":{"type":"string","description":"The actual name of the InfluxDB User. To set up proper dependencies please refer to this variable as a reference. This property cannot be changed, doing so forces recreation of the resource.","description_kind":"plain","required":true}},"description":"The InfluxDB User data source provides information about the existing Aiven InfluxDB User.","description_kind":"plain"}},"aiven_kafka":{"version":1,"block":{"attributes":{"additional_disk_space":{"type":"string","description":"Additional disk space. Possible values depend on the service type, the cloud provider and the project. Therefore, reducing will result in the service rebalancing.","description_kind":"plain","computed":true},"cloud_name":{"type":"string","description":"Defines where the cloud provider and region where the service is hosted in. This can be changed freely after service is created. Changing the value will trigger a potentially lengthy migration process for the service. Format is cloud provider name (`aws`, `azure`, `do` `google`, `upcloud`, etc.), dash, and the cloud provider specific region name. These are documented on each Cloud provider's own support articles, like [here for Google](https://cloud.google.com/compute/docs/regions-zones/) and [here for AWS](https://docs.aws.amazon.com/AmazonRDS/latest/UserGuide/Concepts.RegionsAndAvailabilityZones.html).","description_kind":"plain","computed":true},"components":{"type":["list",["object",{"component":"string","host":"string","kafka_authentication_method":"string","port":"number","route":"string","ssl":"bool","usage":"string"}]],"description":"Service component information objects","description_kind":"plain","computed":true},"default_acl":{"type":"bool","description":"Create default wildcard Kafka ACL","description_kind":"plain","computed":true},"disk_space":{"type":"string","description":"Service disk space. Possible values depend on the service type, the cloud provider and the project. Therefore, reducing will result in the service rebalancing.","description_kind":"plain","computed":true},"disk_space_cap":{"type":"string","description":"The maximum disk space of the service, possible values depend on the service type, the cloud provider and the project.","description_kind":"plain","computed":true},"disk_space_default":{"type":"string","description":"The default disk space of the service, possible values depend on the service type, the cloud provider and the project. Its also the minimum value for `disk_space`","description_kind":"plain","computed":true},"disk_space_step":{"type":"string","description":"The default disk space step of the service, possible values depend on the service type, the cloud provider and the project. `disk_space` needs to increment from `disk_space_default` by increments of this size.","description_kind":"plain","computed":true},"disk_space_used":{"type":"string","description":"Disk space that service is currently using","description_kind":"plain","computed":true},"id":{"type":"string","description_kind":"plain","optional":true,"computed":true},"kafka":{"type":["list",["object",{"access_cert":"string","access_key":"string","connect_uri":"string","rest_uri":"string","schema_registry_uri":"string"}]],"description":"Kafka server provided values","description_kind":"plain","computed":true},"kafka_user_config":{"type":["list",["object",{"additional_backup_regions":["list","string"],"custom_domain":"string","ip_filter":["list","string"],"ip_filter_object":["list",["object",{"description":"string","network":"string"}]],"ip_filter_string":["list","string"],"kafka":["list",["object",{"auto_create_topics_enable":"bool","compression_type":"string","connections_max_idle_ms":"number","default_replication_factor":"number","group_initial_rebalance_delay_ms":"number","group_max_session_timeout_ms":"number","group_min_session_timeout_ms":"number","log_cleaner_delete_retention_ms":"number","log_cleaner_max_compaction_lag_ms":"number","log_cleaner_min_cleanable_ratio":"number","log_cleaner_min_compaction_lag_ms":"number","log_cleanup_policy":"string","log_flush_interval_messages":"number","log_flush_interval_ms":"number","log_index_interval_bytes":"number","log_index_size_max_bytes":"number","log_message_downconversion_enable":"bool","log_message_timestamp_difference_max_ms":"number","log_message_timestamp_type":"string","log_preallocate":"bool","log_retention_bytes":"number","log_retention_hours":"number","log_retention_ms":"number","log_roll_jitter_ms":"number","log_roll_ms":"number","log_segment_bytes":"number","log_segment_delete_delay_ms":"number","max_connections_per_ip":"number","max_incremental_fetch_session_cache_slots":"number","message_max_bytes":"number","min_insync_replicas":"number","num_partitions":"number","offsets_retention_minutes":"number","producer_purgatory_purge_interval_requests":"number","replica_fetch_max_bytes":"number","replica_fetch_response_max_bytes":"number","socket_request_max_bytes":"number","transaction_remove_expired_transaction_cleanup_interval_ms":"number","transaction_state_log_segment_bytes":"number"}]],"kafka_authentication_methods":["list",["object",{"certificate":"bool","sasl":"bool"}]],"kafka_connect":"bool","kafka_connect_config":["list",["object",{"connector_client_config_override_policy":"string","consumer_auto_offset_reset":"string","consumer_fetch_max_bytes":"number","consumer_isolation_level":"string","consumer_max_partition_fetch_bytes":"number","consumer_max_poll_interval_ms":"number","consumer_max_poll_records":"number","offset_flush_interval_ms":"number","offset_flush_timeout_ms":"number","producer_batch_size":"number","producer_buffer_memory":"number","producer_compression_type":"string","producer_linger_ms":"number","producer_max_request_size":"number","scheduled_rebalance_max_delay_ms":"number","session_timeout_ms":"number"}]],"kafka_rest":"bool","kafka_rest_authorization":"bool","kafka_rest_config":["list",["object",{"consumer_enable_auto_commit":"bool","consumer_request_max_bytes":"number","consumer_request_timeout_ms":"number","producer_acks":"string","producer_compression_type":"string","producer_linger_ms":"number","producer_max_request_size":"number","simpleconsumer_pool_size_max":"number"}]],"kafka_version":"string","private_access":["list",["object",{"kafka":"bool","kafka_connect":"bool","kafka_rest":"bool","prometheus":"bool","schema_registry":"bool"}]],"privatelink_access":["list",["object",{"jolokia":"bool","kafka":"bool","kafka_connect":"bool","kafka_rest":"bool","prometheus":"bool","schema_registry":"bool"}]],"public_access":["list",["object",{"kafka":"bool","kafka_connect":"bool","kafka_rest":"bool","prometheus":"bool","schema_registry":"bool"}]],"schema_registry":"bool","schema_registry_config":["list",["object",{"leader_eligibility":"bool","topic_name":"string"}]],"static_ips":"bool"}]],"description":"Kafka user configurable settings","description_kind":"plain","computed":true},"karapace":{"type":"bool","description":"Switch the service to use Karapace for schema registry and REST proxy","description_kind":"plain","computed":true},"maintenance_window_dow":{"type":"string","description":"Day of week when maintenance operations should be performed. One monday, tuesday, wednesday, etc.","description_kind":"plain","computed":true},"maintenance_window_time":{"type":"string","description":"Time of day when maintenance operations should be performed. UTC time in HH:mm:ss format.","description_kind":"plain","computed":true},"plan":{"type":"string","description":"Defines what kind of computing resources are allocated for the service. It can be changed after creation, though there are some restrictions when going to a smaller plan such as the new plan must have sufficient amount of disk space to store all current data and switching to a plan with fewer nodes might not be supported. The basic plan names are `hobbyist`, `startup-x`, `business-x` and `premium-x` where `x` is (roughly) the amount of memory on each node (also other attributes like number of CPUs and amount of disk space varies but naming is based on memory). The available options can be seem from the [Aiven pricing page](https://aiven.io/pricing).","description_kind":"plain","computed":true},"project":{"type":"string","description":"Identifies the project this resource belongs to. To set up proper dependencies please refer to this variable as a reference. This property cannot be changed, doing so forces recreation of the resource.","description_kind":"plain","required":true},"project_vpc_id":{"type":"string","description":"Specifies the VPC the service should run in. If the value is not set the service is not run inside a VPC. When set, the value should be given as a reference to set up dependencies correctly and the VPC must be in the same cloud and region as the service itself. Project can be freely moved to and from VPC after creation but doing so triggers migration to new servers so the operation can take significant amount of time to complete if the service has a lot of data.","description_kind":"plain","computed":true},"service_host":{"type":"string","description":"The hostname of the service.","description_kind":"plain","computed":true},"service_integrations":{"type":["list",["object",{"integration_type":"string","source_service_name":"string"}]],"description":"Service integrations to specify when creating a service. Not applied after initial service creation","description_kind":"plain","computed":true},"service_name":{"type":"string","description":"Specifies the actual name of the service. The name cannot be changed later without destroying and re-creating the service so name should be picked based on intended service usage rather than current attributes.","description_kind":"plain","required":true},"service_password":{"type":"string","description":"Password used for connecting to the service, if applicable","description_kind":"plain","computed":true,"sensitive":true},"service_port":{"type":"number","description":"The port of the service","description_kind":"plain","computed":true},"service_type":{"type":"string","description":"Aiven internal service type code","description_kind":"plain","computed":true},"service_uri":{"type":"string","description":"URI for connecting to the service. Service specific info is under \"kafka\", \"pg\", etc.","description_kind":"plain","computed":true,"sensitive":true},"service_username":{"type":"string","description":"Username used for connecting to the service, if applicable","description_kind":"plain","computed":true},"state":{"type":"string","description":"Service state. One of `POWEROFF`, `REBALANCING`, `REBUILDING` or `RUNNING`","description_kind":"plain","computed":true},"static_ips":{"type":["set","string"],"description":"Static IPs that are going to be associated with this service. Please assign a value using the 'toset' function. Once a static ip resource is in the 'assigned' state it cannot be unbound from the node again","description_kind":"plain","computed":true},"tag":{"type":["set",["object",{"key":"string","value":"string"}]],"description":"Tags are key-value pairs that allow you to categorize services.","description_kind":"plain","computed":true},"termination_protection":{"type":"bool","description":"Prevents the service from being deleted. It is recommended to set this to `true` for all production services to prevent unintentional service deletion. This does not shield against deleting databases or topics but for services with backups much of the content can at least be restored from backup in case accidental deletion is done.","description_kind":"plain","computed":true}},"description":"The Kafka data source provides information about the existing Aiven Kafka services.","description_kind":"plain"}},"aiven_kafka_acl":{"version":0,"block":{"attributes":{"acl_id":{"type":"string","description":"Kafka ACL ID","description_kind":"plain","computed":true},"id":{"type":"string","description_kind":"plain","optional":true,"computed":true},"permission":{"type":"string","description":"Kafka permission to grant. The possible values are `admin`, `read`, `readwrite` and `write`. This property cannot be changed, doing so forces recreation of the resource.","description_kind":"plain","required":true},"project":{"type":"string","description":"Identifies the project this resource belongs to. To set up proper dependencies please refer to this variable as a reference. This property cannot be changed, doing so forces recreation of the resource.","description_kind":"plain","required":true},"service_name":{"type":"string","description":"Specifies the name of the service that this resource belongs to. To set up proper dependencies please refer to this variable as a reference. This property cannot be changed, doing so forces recreation of the resource.","description_kind":"plain","required":true},"topic":{"type":"string","description":"Topic name pattern for the ACL entry. This property cannot be changed, doing so forces recreation of the resource.","description_kind":"plain","required":true},"username":{"type":"string","description":"Username pattern for the ACL entry. This property cannot be changed, doing so forces recreation of the resource.","description_kind":"plain","required":true}},"description":"The Data Source Kafka ACL data source provides information about the existing Aiven Kafka ACL for a Kafka service.","description_kind":"plain"}},"aiven_kafka_connect":{"version":1,"block":{"attributes":{"additional_disk_space":{"type":"string","description":"Additional disk space. Possible values depend on the service type, the cloud provider and the project. Therefore, reducing will result in the service rebalancing.","description_kind":"plain","computed":true},"cloud_name":{"type":"string","description":"Defines where the cloud provider and region where the service is hosted in. This can be changed freely after service is created. Changing the value will trigger a potentially lengthy migration process for the service. Format is cloud provider name (`aws`, `azure`, `do` `google`, `upcloud`, etc.), dash, and the cloud provider specific region name. These are documented on each Cloud provider's own support articles, like [here for Google](https://cloud.google.com/compute/docs/regions-zones/) and [here for AWS](https://docs.aws.amazon.com/AmazonRDS/latest/UserGuide/Concepts.RegionsAndAvailabilityZones.html).","description_kind":"plain","computed":true},"components":{"type":["list",["object",{"component":"string","host":"string","kafka_authentication_method":"string","port":"number","route":"string","ssl":"bool","usage":"string"}]],"description":"Service component information objects","description_kind":"plain","computed":true},"disk_space":{"type":"string","description":"Service disk space. Possible values depend on the service type, the cloud provider and the project. Therefore, reducing will result in the service rebalancing.","description_kind":"plain","computed":true},"disk_space_cap":{"type":"string","description":"The maximum disk space of the service, possible values depend on the service type, the cloud provider and the project.","description_kind":"plain","computed":true},"disk_space_default":{"type":"string","description":"The default disk space of the service, possible values depend on the service type, the cloud provider and the project. Its also the minimum value for `disk_space`","description_kind":"plain","computed":true},"disk_space_step":{"type":"string","description":"The default disk space step of the service, possible values depend on the service type, the cloud provider and the project. `disk_space` needs to increment from `disk_space_default` by increments of this size.","description_kind":"plain","computed":true},"disk_space_used":{"type":"string","description":"Disk space that service is currently using","description_kind":"plain","computed":true},"id":{"type":"string","description_kind":"plain","optional":true,"computed":true},"kafka_connect":{"type":["list",["object",{}]],"description":"Kafka Connect server provided values","description_kind":"plain","computed":true},"kafka_connect_user_config":{"type":["list",["object",{"additional_backup_regions":["list","string"],"ip_filter":["list","string"],"ip_filter_object":["list",["object",{"description":"string","network":"string"}]],"ip_filter_string":["list","string"],"kafka_connect":["list",["object",{"connector_client_config_override_policy":"string","consumer_auto_offset_reset":"string","consumer_fetch_max_bytes":"number","consumer_isolation_level":"string","consumer_max_partition_fetch_bytes":"number","consumer_max_poll_interval_ms":"number","consumer_max_poll_records":"number","offset_flush_interval_ms":"number","offset_flush_timeout_ms":"number","producer_batch_size":"number","producer_buffer_memory":"number","producer_compression_type":"string","producer_linger_ms":"number","producer_max_request_size":"number","scheduled_rebalance_max_delay_ms":"number","session_timeout_ms":"number"}]],"private_access":["list",["object",{"kafka_connect":"bool","prometheus":"bool"}]],"privatelink_access":["list",["object",{"jolokia":"bool","kafka_connect":"bool","prometheus":"bool"}]],"public_access":["list",["object",{"kafka_connect":"bool","prometheus":"bool"}]],"static_ips":"bool"}]],"description":"KafkaConnect user configurable settings","description_kind":"plain","computed":true},"maintenance_window_dow":{"type":"string","description":"Day of week when maintenance operations should be performed. One monday, tuesday, wednesday, etc.","description_kind":"plain","computed":true},"maintenance_window_time":{"type":"string","description":"Time of day when maintenance operations should be performed. UTC time in HH:mm:ss format.","description_kind":"plain","computed":true},"plan":{"type":"string","description":"Defines what kind of computing resources are allocated for the service. It can be changed after creation, though there are some restrictions when going to a smaller plan such as the new plan must have sufficient amount of disk space to store all current data and switching to a plan with fewer nodes might not be supported. The basic plan names are `hobbyist`, `startup-x`, `business-x` and `premium-x` where `x` is (roughly) the amount of memory on each node (also other attributes like number of CPUs and amount of disk space varies but naming is based on memory). The available options can be seem from the [Aiven pricing page](https://aiven.io/pricing).","description_kind":"plain","computed":true},"project":{"type":"string","description":"Identifies the project this resource belongs to. To set up proper dependencies please refer to this variable as a reference. This property cannot be changed, doing so forces recreation of the resource.","description_kind":"plain","required":true},"project_vpc_id":{"type":"string","description":"Specifies the VPC the service should run in. If the value is not set the service is not run inside a VPC. When set, the value should be given as a reference to set up dependencies correctly and the VPC must be in the same cloud and region as the service itself. Project can be freely moved to and from VPC after creation but doing so triggers migration to new servers so the operation can take significant amount of time to complete if the service has a lot of data.","description_kind":"plain","computed":true},"service_host":{"type":"string","description":"The hostname of the service.","description_kind":"plain","computed":true},"service_integrations":{"type":["list",["object",{"integration_type":"string","source_service_name":"string"}]],"description":"Service integrations to specify when creating a service. Not applied after initial service creation","description_kind":"plain","computed":true},"service_name":{"type":"string","description":"Specifies the actual name of the service. The name cannot be changed later without destroying and re-creating the service so name should be picked based on intended service usage rather than current attributes.","description_kind":"plain","required":true},"service_password":{"type":"string","description":"Password used for connecting to the service, if applicable","description_kind":"plain","computed":true,"sensitive":true},"service_port":{"type":"number","description":"The port of the service","description_kind":"plain","computed":true},"service_type":{"type":"string","description":"Aiven internal service type code","description_kind":"plain","computed":true},"service_uri":{"type":"string","description":"URI for connecting to the service. Service specific info is under \"kafka\", \"pg\", etc.","description_kind":"plain","computed":true,"sensitive":true},"service_username":{"type":"string","description":"Username used for connecting to the service, if applicable","description_kind":"plain","computed":true},"state":{"type":"string","description":"Service state. One of `POWEROFF`, `REBALANCING`, `REBUILDING` or `RUNNING`","description_kind":"plain","computed":true},"static_ips":{"type":["set","string"],"description":"Static IPs that are going to be associated with this service. Please assign a value using the 'toset' function. Once a static ip resource is in the 'assigned' state it cannot be unbound from the node again","description_kind":"plain","computed":true},"tag":{"type":["set",["object",{"key":"string","value":"string"}]],"description":"Tags are key-value pairs that allow you to categorize services.","description_kind":"plain","computed":true},"termination_protection":{"type":"bool","description":"Prevents the service from being deleted. It is recommended to set this to `true` for all production services to prevent unintentional service deletion. This does not shield against deleting databases or topics but for services with backups much of the content can at least be restored from backup in case accidental deletion is done.","description_kind":"plain","computed":true}},"description":"The Kafka Connect data source provides information about the existing Aiven Kafka Connect service.","description_kind":"plain"}},"aiven_kafka_connector":{"version":0,"block":{"attributes":{"config":{"type":["map","string"],"description":"The Kafka Connector configuration parameters.","description_kind":"plain","computed":true},"connector_name":{"type":"string","description":"The kafka connector name. This property cannot be changed, doing so forces recreation of the resource.","description_kind":"plain","required":true},"id":{"type":"string","description_kind":"plain","optional":true,"computed":true},"plugin_author":{"type":"string","description":"The Kafka connector author.","description_kind":"plain","computed":true},"plugin_class":{"type":"string","description":"The Kafka connector Java class.","description_kind":"plain","computed":true},"plugin_doc_url":{"type":"string","description":"The Kafka connector documentation URL.","description_kind":"plain","computed":true},"plugin_title":{"type":"string","description":"The Kafka connector title.","description_kind":"plain","computed":true},"plugin_type":{"type":"string","description":"The Kafka connector type.","description_kind":"plain","computed":true},"plugin_version":{"type":"string","description":"The version of the kafka connector.","description_kind":"plain","computed":true},"project":{"type":"string","description":"Identifies the project this resource belongs to. To set up proper dependencies please refer to this variable as a reference. This property cannot be changed, doing so forces recreation of the resource.","description_kind":"plain","required":true},"service_name":{"type":"string","description":"Specifies the name of the service that this resource belongs to. To set up proper dependencies please refer to this variable as a reference. This property cannot be changed, doing so forces recreation of the resource.","description_kind":"plain","required":true},"task":{"type":["set",["object",{"connector":"string","task":"number"}]],"description":"List of tasks of a connector.","description_kind":"plain","computed":true}},"description":"The Kafka connector data source provides information about the existing Aiven Kafka connector.","description_kind":"plain"}},"aiven_kafka_mirrormaker":{"version":1,"block":{"attributes":{"additional_disk_space":{"type":"string","description":"Additional disk space. Possible values depend on the service type, the cloud provider and the project. Therefore, reducing will result in the service rebalancing.","description_kind":"plain","computed":true},"cloud_name":{"type":"string","description":"Defines where the cloud provider and region where the service is hosted in. This can be changed freely after service is created. Changing the value will trigger a potentially lengthy migration process for the service. Format is cloud provider name (`aws`, `azure`, `do` `google`, `upcloud`, etc.), dash, and the cloud provider specific region name. These are documented on each Cloud provider's own support articles, like [here for Google](https://cloud.google.com/compute/docs/regions-zones/) and [here for AWS](https://docs.aws.amazon.com/AmazonRDS/latest/UserGuide/Concepts.RegionsAndAvailabilityZones.html).","description_kind":"plain","computed":true},"components":{"type":["list",["object",{"component":"string","host":"string","kafka_authentication_method":"string","port":"number","route":"string","ssl":"bool","usage":"string"}]],"description":"Service component information objects","description_kind":"plain","computed":true},"disk_space":{"type":"string","description":"Service disk space. Possible values depend on the service type, the cloud provider and the project. Therefore, reducing will result in the service rebalancing.","description_kind":"plain","computed":true},"disk_space_cap":{"type":"string","description":"The maximum disk space of the service, possible values depend on the service type, the cloud provider and the project.","description_kind":"plain","computed":true},"disk_space_default":{"type":"string","description":"The default disk space of the service, possible values depend on the service type, the cloud provider and the project. Its also the minimum value for `disk_space`","description_kind":"plain","computed":true},"disk_space_step":{"type":"string","description":"The default disk space step of the service, possible values depend on the service type, the cloud provider and the project. `disk_space` needs to increment from `disk_space_default` by increments of this size.","description_kind":"plain","computed":true},"disk_space_used":{"type":"string","description":"Disk space that service is currently using","description_kind":"plain","computed":true},"id":{"type":"string","description_kind":"plain","optional":true,"computed":true},"kafka_mirrormaker":{"type":["list",["object",{}]],"description":"Kafka MirrorMaker 2 server provided values","description_kind":"plain","computed":true},"kafka_mirrormaker_user_config":{"type":["list",["object",{"additional_backup_regions":["list","string"],"ip_filter":["list","string"],"ip_filter_object":["list",["object",{"description":"string","network":"string"}]],"ip_filter_string":["list","string"],"kafka_mirrormaker":["list",["object",{"emit_checkpoints_enabled":"bool","emit_checkpoints_interval_seconds":"number","refresh_groups_enabled":"bool","refresh_groups_interval_seconds":"number","refresh_topics_enabled":"bool","refresh_topics_interval_seconds":"number","sync_group_offsets_enabled":"bool","sync_group_offsets_interval_seconds":"number","sync_topic_configs_enabled":"bool","tasks_max_per_cpu":"number"}]],"static_ips":"bool"}]],"description":"KafkaMirrormaker user configurable settings","description_kind":"plain","computed":true},"maintenance_window_dow":{"type":"string","description":"Day of week when maintenance operations should be performed. One monday, tuesday, wednesday, etc.","description_kind":"plain","computed":true},"maintenance_window_time":{"type":"string","description":"Time of day when maintenance operations should be performed. UTC time in HH:mm:ss format.","description_kind":"plain","computed":true},"plan":{"type":"string","description":"Defines what kind of computing resources are allocated for the service. It can be changed after creation, though there are some restrictions when going to a smaller plan such as the new plan must have sufficient amount of disk space to store all current data and switching to a plan with fewer nodes might not be supported. The basic plan names are `hobbyist`, `startup-x`, `business-x` and `premium-x` where `x` is (roughly) the amount of memory on each node (also other attributes like number of CPUs and amount of disk space varies but naming is based on memory). The available options can be seem from the [Aiven pricing page](https://aiven.io/pricing).","description_kind":"plain","computed":true},"project":{"type":"string","description":"Identifies the project this resource belongs to. To set up proper dependencies please refer to this variable as a reference. This property cannot be changed, doing so forces recreation of the resource.","description_kind":"plain","required":true},"project_vpc_id":{"type":"string","description":"Specifies the VPC the service should run in. If the value is not set the service is not run inside a VPC. When set, the value should be given as a reference to set up dependencies correctly and the VPC must be in the same cloud and region as the service itself. Project can be freely moved to and from VPC after creation but doing so triggers migration to new servers so the operation can take significant amount of time to complete if the service has a lot of data.","description_kind":"plain","computed":true},"service_host":{"type":"string","description":"The hostname of the service.","description_kind":"plain","computed":true},"service_integrations":{"type":["list",["object",{"integration_type":"string","source_service_name":"string"}]],"description":"Service integrations to specify when creating a service. Not applied after initial service creation","description_kind":"plain","computed":true},"service_name":{"type":"string","description":"Specifies the actual name of the service. The name cannot be changed later without destroying and re-creating the service so name should be picked based on intended service usage rather than current attributes.","description_kind":"plain","required":true},"service_password":{"type":"string","description":"Password used for connecting to the service, if applicable","description_kind":"plain","computed":true,"sensitive":true},"service_port":{"type":"number","description":"The port of the service","description_kind":"plain","computed":true},"service_type":{"type":"string","description":"Aiven internal service type code","description_kind":"plain","computed":true},"service_uri":{"type":"string","description":"URI for connecting to the service. Service specific info is under \"kafka\", \"pg\", etc.","description_kind":"plain","computed":true,"sensitive":true},"service_username":{"type":"string","description":"Username used for connecting to the service, if applicable","description_kind":"plain","computed":true},"state":{"type":"string","description":"Service state. One of `POWEROFF`, `REBALANCING`, `REBUILDING` or `RUNNING`","description_kind":"plain","computed":true},"static_ips":{"type":["set","string"],"description":"Static IPs that are going to be associated with this service. Please assign a value using the 'toset' function. Once a static ip resource is in the 'assigned' state it cannot be unbound from the node again","description_kind":"plain","computed":true},"tag":{"type":["set",["object",{"key":"string","value":"string"}]],"description":"Tags are key-value pairs that allow you to categorize services.","description_kind":"plain","computed":true},"termination_protection":{"type":"bool","description":"Prevents the service from being deleted. It is recommended to set this to `true` for all production services to prevent unintentional service deletion. This does not shield against deleting databases or topics but for services with backups much of the content can at least be restored from backup in case accidental deletion is done.","description_kind":"plain","computed":true}},"description":"The Kafka MirrorMaker data source provides information about the existing Aiven Kafka MirrorMaker 2 service.","description_kind":"plain"}},"aiven_kafka_schema":{"version":0,"block":{"attributes":{"compatibility_level":{"type":"string","description":"Kafka Schemas compatibility level. The possible values are `BACKWARD`, `BACKWARD_TRANSITIVE`, `FORWARD`, `FORWARD_TRANSITIVE`, `FULL`, `FULL_TRANSITIVE` and `NONE`.","description_kind":"plain","computed":true},"id":{"type":"string","description_kind":"plain","optional":true,"computed":true},"project":{"type":"string","description":"Identifies the project this resource belongs to. To set up proper dependencies please refer to this variable as a reference. This property cannot be changed, doing so forces recreation of the resource.","description_kind":"plain","required":true},"schema":{"type":"string","description":"Kafka Schema configuration. Should be a valid Avro, JSON, or Protobuf schema, depending on the schema type.","description_kind":"plain","computed":true},"schema_type":{"type":"string","description":"Kafka Schema configuration type. Defaults to AVRO. Possible values are AVRO, JSON, and PROTOBUF.","description_kind":"plain","computed":true},"service_name":{"type":"string","description":"Specifies the name of the service that this resource belongs to. To set up proper dependencies please refer to this variable as a reference. This property cannot be changed, doing so forces recreation of the resource.","description_kind":"plain","required":true},"subject_name":{"type":"string","description":"The Kafka Schema Subject name. This property cannot be changed, doing so forces recreation of the resource.","description_kind":"plain","required":true},"version":{"type":"number","description":"Kafka Schema configuration version.","description_kind":"plain","computed":true}},"description":"The Kafka Schema data source provides information about the existing Aiven Kafka Schema.","description_kind":"plain"}},"aiven_kafka_schema_configuration":{"version":0,"block":{"attributes":{"compatibility_level":{"type":"string","description":"Kafka Schemas compatibility level. The possible values are `BACKWARD`, `BACKWARD_TRANSITIVE`, `FORWARD`, `FORWARD_TRANSITIVE`, `FULL`, `FULL_TRANSITIVE` and `NONE`.","description_kind":"plain","computed":true},"id":{"type":"string","description_kind":"plain","optional":true,"computed":true},"project":{"type":"string","description":"Identifies the project this resource belongs to. To set up proper dependencies please refer to this variable as a reference. This property cannot be changed, doing so forces recreation of the resource.","description_kind":"plain","required":true},"schema":{"type":"string","description":"Kafka Schema configuration. Should be a valid Avro, JSON, or Protobuf schema, depending on the schema type.","description_kind":"plain","computed":true},"schema_type":{"type":"string","description":"Kafka Schema configuration type. Defaults to AVRO. Possible values are AVRO, JSON, and PROTOBUF.","description_kind":"plain","computed":true},"service_name":{"type":"string","description":"Specifies the name of the service that this resource belongs to. To set up proper dependencies please refer to this variable as a reference. This property cannot be changed, doing so forces recreation of the resource.","description_kind":"plain","required":true},"subject_name":{"type":"string","description":"The Kafka Schema Subject name. This property cannot be changed, doing so forces recreation of the resource.","description_kind":"plain","computed":true},"version":{"type":"number","description":"Kafka Schema configuration version.","description_kind":"plain","computed":true}},"description":"The Kafka Schema Configuration data source provides information about the existing Aiven Kafka Schema Configuration.","description_kind":"plain"}},"aiven_kafka_schema_registry_acl":{"version":0,"block":{"attributes":{"acl_id":{"type":"string","description":"Kafka Schema Registry ACL ID","description_kind":"plain","computed":true},"id":{"type":"string","description_kind":"plain","optional":true,"computed":true},"permission":{"type":"string","description":"Kafka Schema Registry permission to grant. The possible values are `schema_registry_read` and `schema_registry_write`. This property cannot be changed, doing so forces recreation of the resource.","description_kind":"plain","required":true},"project":{"type":"string","description":"Identifies the project this resource belongs to. To set up proper dependencies please refer to this variable as a reference. This property cannot be changed, doing so forces recreation of the resource.","description_kind":"plain","required":true},"resource":{"type":"string","description":"Resource name pattern for the Schema Registry ACL entry. This property cannot be changed, doing so forces recreation of the resource.","description_kind":"plain","required":true},"service_name":{"type":"string","description":"Specifies the name of the service that this resource belongs to. To set up proper dependencies please refer to this variable as a reference. This property cannot be changed, doing so forces recreation of the resource.","description_kind":"plain","required":true},"username":{"type":"string","description":"Username pattern for the ACL entry. This property cannot be changed, doing so forces recreation of the resource.","description_kind":"plain","required":true}},"description":"The Data Source Kafka Schema Registry ACL data source provides information about the existing Aiven Kafka Schema Registry ACL for a Kafka service.","description_kind":"plain"}},"aiven_kafka_topic":{"version":1,"block":{"attributes":{"config":{"type":["list",["object",{"cleanup_policy":"string","compression_type":"string","delete_retention_ms":"string","file_delete_delay_ms":"string","flush_messages":"string","flush_ms":"string","index_interval_bytes":"string","max_compaction_lag_ms":"string","max_message_bytes":"string","message_downconversion_enable":"bool","message_format_version":"string","message_timestamp_difference_max_ms":"string","message_timestamp_type":"string","min_cleanable_dirty_ratio":"number","min_compaction_lag_ms":"string","min_insync_replicas":"string","preallocate":"bool","retention_bytes":"string","retention_ms":"string","segment_bytes":"string","segment_index_bytes":"string","segment_jitter_ms":"string","segment_ms":"string","unclean_leader_election_enable":"bool"}]],"description":"Kafka topic configuration","description_kind":"plain","computed":true},"id":{"type":"string","description_kind":"plain","optional":true,"computed":true},"partitions":{"type":"number","description":"The number of partitions to create in the topic.","description_kind":"plain","computed":true},"project":{"type":"string","description":"Identifies the project this resource belongs to. To set up proper dependencies please refer to this variable as a reference. This property cannot be changed, doing so forces recreation of the resource.","description_kind":"plain","required":true},"replication":{"type":"number","description":"The replication factor for the topic.","description_kind":"plain","computed":true},"service_name":{"type":"string","description":"Specifies the name of the service that this resource belongs to. To set up proper dependencies please refer to this variable as a reference. This property cannot be changed, doing so forces recreation of the resource.","description_kind":"plain","required":true},"tag":{"type":["set",["object",{"key":"string","value":"string"}]],"description":"Kafka Topic tag.","description_kind":"plain","computed":true},"termination_protection":{"type":"bool","description":"It is a Terraform client-side deletion protection, which prevents a Kafka topic from being deleted. It is recommended to enable this for any production Kafka topic containing critical data.","description_kind":"plain","computed":true},"topic_name":{"type":"string","description":"The name of the topic. This property cannot be changed, doing so forces recreation of the resource.","description_kind":"plain","required":true}},"description":"The Kafka Topic data source provides information about the existing Aiven Kafka Topic.","description_kind":"plain"}},"aiven_kafka_user":{"version":0,"block":{"attributes":{"access_cert":{"type":"string","description":"Access certificate for the user","description_kind":"plain","computed":true,"sensitive":true},"access_key":{"type":"string","description":"Access certificate key for the user","description_kind":"plain","computed":true,"sensitive":true},"id":{"type":"string","description_kind":"plain","optional":true,"computed":true},"password":{"type":"string","description":"The password of the Kafka User.","description_kind":"plain","computed":true,"sensitive":true},"project":{"type":"string","description":"Identifies the project this resource belongs to. To set up proper dependencies please refer to this variable as a reference. This property cannot be changed, doing so forces recreation of the resource.","description_kind":"plain","required":true},"service_name":{"type":"string","description":"Specifies the name of the service that this resource belongs to. To set up proper dependencies please refer to this variable as a reference. This property cannot be changed, doing so forces recreation of the resource.","description_kind":"plain","required":true},"type":{"type":"string","description":"Type of the user account. Tells whether the user is the primary account or a regular account.","description_kind":"plain","computed":true},"username":{"type":"string","description":"The actual name of the Kafka User. To set up proper dependencies please refer to this variable as a reference. This property cannot be changed, doing so forces recreation of the resource.","description_kind":"plain","required":true}},"description":"The Kafka User data source provides information about the existing Aiven Kafka User.","description_kind":"plain"}},"aiven_m3aggregator":{"version":1,"block":{"attributes":{"additional_disk_space":{"type":"string","description":"Additional disk space. Possible values depend on the service type, the cloud provider and the project. Therefore, reducing will result in the service rebalancing.","description_kind":"plain","computed":true},"cloud_name":{"type":"string","description":"Defines where the cloud provider and region where the service is hosted in. This can be changed freely after service is created. Changing the value will trigger a potentially lengthy migration process for the service. Format is cloud provider name (`aws`, `azure`, `do` `google`, `upcloud`, etc.), dash, and the cloud provider specific region name. These are documented on each Cloud provider's own support articles, like [here for Google](https://cloud.google.com/compute/docs/regions-zones/) and [here for AWS](https://docs.aws.amazon.com/AmazonRDS/latest/UserGuide/Concepts.RegionsAndAvailabilityZones.html).","description_kind":"plain","computed":true},"components":{"type":["list",["object",{"component":"string","host":"string","kafka_authentication_method":"string","port":"number","route":"string","ssl":"bool","usage":"string"}]],"description":"Service component information objects","description_kind":"plain","computed":true},"disk_space":{"type":"string","description":"Service disk space. Possible values depend on the service type, the cloud provider and the project. Therefore, reducing will result in the service rebalancing.","description_kind":"plain","computed":true},"disk_space_cap":{"type":"string","description":"The maximum disk space of the service, possible values depend on the service type, the cloud provider and the project.","description_kind":"plain","computed":true},"disk_space_default":{"type":"string","description":"The default disk space of the service, possible values depend on the service type, the cloud provider and the project. Its also the minimum value for `disk_space`","description_kind":"plain","computed":true},"disk_space_step":{"type":"string","description":"The default disk space step of the service, possible values depend on the service type, the cloud provider and the project. `disk_space` needs to increment from `disk_space_default` by increments of this size.","description_kind":"plain","computed":true},"disk_space_used":{"type":"string","description":"Disk space that service is currently using","description_kind":"plain","computed":true},"id":{"type":"string","description_kind":"plain","optional":true,"computed":true},"m3aggregator":{"type":["list",["object",{}]],"description":"M3 aggregator specific server provided values","description_kind":"plain","computed":true},"m3aggregator_user_config":{"type":["list",["object",{"custom_domain":"string","ip_filter":["list","string"],"ip_filter_object":["list",["object",{"description":"string","network":"string"}]],"ip_filter_string":["list","string"],"m3_version":"string","m3aggregator_version":"string","static_ips":"bool"}]],"description":"M3aggregator user configurable settings","description_kind":"plain","computed":true},"maintenance_window_dow":{"type":"string","description":"Day of week when maintenance operations should be performed. One monday, tuesday, wednesday, etc.","description_kind":"plain","computed":true},"maintenance_window_time":{"type":"string","description":"Time of day when maintenance operations should be performed. UTC time in HH:mm:ss format.","description_kind":"plain","computed":true},"plan":{"type":"string","description":"Defines what kind of computing resources are allocated for the service. It can be changed after creation, though there are some restrictions when going to a smaller plan such as the new plan must have sufficient amount of disk space to store all current data and switching to a plan with fewer nodes might not be supported. The basic plan names are `hobbyist`, `startup-x`, `business-x` and `premium-x` where `x` is (roughly) the amount of memory on each node (also other attributes like number of CPUs and amount of disk space varies but naming is based on memory). The available options can be seem from the [Aiven pricing page](https://aiven.io/pricing).","description_kind":"plain","computed":true},"project":{"type":"string","description":"Identifies the project this resource belongs to. To set up proper dependencies please refer to this variable as a reference. This property cannot be changed, doing so forces recreation of the resource.","description_kind":"plain","required":true},"project_vpc_id":{"type":"string","description":"Specifies the VPC the service should run in. If the value is not set the service is not run inside a VPC. When set, the value should be given as a reference to set up dependencies correctly and the VPC must be in the same cloud and region as the service itself. Project can be freely moved to and from VPC after creation but doing so triggers migration to new servers so the operation can take significant amount of time to complete if the service has a lot of data.","description_kind":"plain","computed":true},"service_host":{"type":"string","description":"The hostname of the service.","description_kind":"plain","computed":true},"service_integrations":{"type":["list",["object",{"integration_type":"string","source_service_name":"string"}]],"description":"Service integrations to specify when creating a service. Not applied after initial service creation","description_kind":"plain","computed":true},"service_name":{"type":"string","description":"Specifies the actual name of the service. The name cannot be changed later without destroying and re-creating the service so name should be picked based on intended service usage rather than current attributes.","description_kind":"plain","required":true},"service_password":{"type":"string","description":"Password used for connecting to the service, if applicable","description_kind":"plain","computed":true,"sensitive":true},"service_port":{"type":"number","description":"The port of the service","description_kind":"plain","computed":true},"service_type":{"type":"string","description":"Aiven internal service type code","description_kind":"plain","computed":true},"service_uri":{"type":"string","description":"URI for connecting to the service. Service specific info is under \"kafka\", \"pg\", etc.","description_kind":"plain","computed":true,"sensitive":true},"service_username":{"type":"string","description":"Username used for connecting to the service, if applicable","description_kind":"plain","computed":true},"state":{"type":"string","description":"Service state. One of `POWEROFF`, `REBALANCING`, `REBUILDING` or `RUNNING`","description_kind":"plain","computed":true},"static_ips":{"type":["set","string"],"description":"Static IPs that are going to be associated with this service. Please assign a value using the 'toset' function. Once a static ip resource is in the 'assigned' state it cannot be unbound from the node again","description_kind":"plain","computed":true},"tag":{"type":["set",["object",{"key":"string","value":"string"}]],"description":"Tags are key-value pairs that allow you to categorize services.","description_kind":"plain","computed":true},"termination_protection":{"type":"bool","description":"Prevents the service from being deleted. It is recommended to set this to `true` for all production services to prevent unintentional service deletion. This does not shield against deleting databases or topics but for services with backups much of the content can at least be restored from backup in case accidental deletion is done.","description_kind":"plain","computed":true}},"description":"The M3 Aggregator data source provides information about the existing Aiven M3 Aggregator.","description_kind":"plain"}},"aiven_m3db":{"version":1,"block":{"attributes":{"additional_disk_space":{"type":"string","description":"Additional disk space. Possible values depend on the service type, the cloud provider and the project. Therefore, reducing will result in the service rebalancing.","description_kind":"plain","computed":true},"cloud_name":{"type":"string","description":"Defines where the cloud provider and region where the service is hosted in. This can be changed freely after service is created. Changing the value will trigger a potentially lengthy migration process for the service. Format is cloud provider name (`aws`, `azure`, `do` `google`, `upcloud`, etc.), dash, and the cloud provider specific region name. These are documented on each Cloud provider's own support articles, like [here for Google](https://cloud.google.com/compute/docs/regions-zones/) and [here for AWS](https://docs.aws.amazon.com/AmazonRDS/latest/UserGuide/Concepts.RegionsAndAvailabilityZones.html).","description_kind":"plain","computed":true},"components":{"type":["list",["object",{"component":"string","host":"string","kafka_authentication_method":"string","port":"number","route":"string","ssl":"bool","usage":"string"}]],"description":"Service component information objects","description_kind":"plain","computed":true},"disk_space":{"type":"string","description":"Service disk space. Possible values depend on the service type, the cloud provider and the project. Therefore, reducing will result in the service rebalancing.","description_kind":"plain","computed":true},"disk_space_cap":{"type":"string","description":"The maximum disk space of the service, possible values depend on the service type, the cloud provider and the project.","description_kind":"plain","computed":true},"disk_space_default":{"type":"string","description":"The default disk space of the service, possible values depend on the service type, the cloud provider and the project. Its also the minimum value for `disk_space`","description_kind":"plain","computed":true},"disk_space_step":{"type":"string","description":"The default disk space step of the service, possible values depend on the service type, the cloud provider and the project. `disk_space` needs to increment from `disk_space_default` by increments of this size.","description_kind":"plain","computed":true},"disk_space_used":{"type":"string","description":"Disk space that service is currently using","description_kind":"plain","computed":true},"id":{"type":"string","description_kind":"plain","optional":true,"computed":true},"m3db":{"type":["list",["object",{}]],"description":"M3 specific server provided values","description_kind":"plain","computed":true},"m3db_user_config":{"type":["list",["object",{"additional_backup_regions":["list","string"],"custom_domain":"string","ip_filter":["list","string"],"ip_filter_object":["list",["object",{"description":"string","network":"string"}]],"ip_filter_string":["list","string"],"limits":["list",["object",{"max_recently_queried_series_blocks":"number","max_recently_queried_series_disk_bytes_read":"number","max_recently_queried_series_lookback":"string","query_docs":"number","query_require_exhaustive":"bool","query_series":"number"}]],"m3":["list",["object",{"tag_options":["list",["object",{"allow_tag_name_duplicates":"bool","allow_tag_value_empty":"bool"}]]}]],"m3_version":"string","m3coordinator_enable_graphite_carbon_ingest":"bool","m3db_version":"string","namespaces":["list",["object",{"name":"string","options":["list",["object",{"retention_options":["list",["object",{"block_data_expiry_duration":"string","blocksize_duration":"string","buffer_future_duration":"string","buffer_past_duration":"string","retention_period_duration":"string"}]],"snapshot_enabled":"bool","writes_to_commitlog":"bool"}]],"resolution":"string","type":"string"}]],"private_access":["list",["object",{"m3coordinator":"bool"}]],"project_to_fork_from":"string","public_access":["list",["object",{"m3coordinator":"bool"}]],"rules":["list",["object",{"mapping":["list",["object",{"aggregations":["list","string"],"drop":"bool","filter":"string","name":"string","namespaces":["list","string"],"namespaces_object":["list",["object",{"resolution":"string","retention":"string"}]],"namespaces_string":["list","string"],"tags":["list",["object",{"name":"string","value":"string"}]]}]]}]],"service_to_fork_from":"string","static_ips":"bool"}]],"description":"M3db user configurable settings","description_kind":"plain","computed":true},"maintenance_window_dow":{"type":"string","description":"Day of week when maintenance operations should be performed. One monday, tuesday, wednesday, etc.","description_kind":"plain","computed":true},"maintenance_window_time":{"type":"string","description":"Time of day when maintenance operations should be performed. UTC time in HH:mm:ss format.","description_kind":"plain","computed":true},"plan":{"type":"string","description":"Defines what kind of computing resources are allocated for the service. It can be changed after creation, though there are some restrictions when going to a smaller plan such as the new plan must have sufficient amount of disk space to store all current data and switching to a plan with fewer nodes might not be supported. The basic plan names are `hobbyist`, `startup-x`, `business-x` and `premium-x` where `x` is (roughly) the amount of memory on each node (also other attributes like number of CPUs and amount of disk space varies but naming is based on memory). The available options can be seem from the [Aiven pricing page](https://aiven.io/pricing).","description_kind":"plain","computed":true},"project":{"type":"string","description":"Identifies the project this resource belongs to. To set up proper dependencies please refer to this variable as a reference. This property cannot be changed, doing so forces recreation of the resource.","description_kind":"plain","required":true},"project_vpc_id":{"type":"string","description":"Specifies the VPC the service should run in. If the value is not set the service is not run inside a VPC. When set, the value should be given as a reference to set up dependencies correctly and the VPC must be in the same cloud and region as the service itself. Project can be freely moved to and from VPC after creation but doing so triggers migration to new servers so the operation can take significant amount of time to complete if the service has a lot of data.","description_kind":"plain","computed":true},"service_host":{"type":"string","description":"The hostname of the service.","description_kind":"plain","computed":true},"service_integrations":{"type":["list",["object",{"integration_type":"string","source_service_name":"string"}]],"description":"Service integrations to specify when creating a service. Not applied after initial service creation","description_kind":"plain","computed":true},"service_name":{"type":"string","description":"Specifies the actual name of the service. The name cannot be changed later without destroying and re-creating the service so name should be picked based on intended service usage rather than current attributes.","description_kind":"plain","required":true},"service_password":{"type":"string","description":"Password used for connecting to the service, if applicable","description_kind":"plain","computed":true,"sensitive":true},"service_port":{"type":"number","description":"The port of the service","description_kind":"plain","computed":true},"service_type":{"type":"string","description":"Aiven internal service type code","description_kind":"plain","computed":true},"service_uri":{"type":"string","description":"URI for connecting to the service. Service specific info is under \"kafka\", \"pg\", etc.","description_kind":"plain","computed":true,"sensitive":true},"service_username":{"type":"string","description":"Username used for connecting to the service, if applicable","description_kind":"plain","computed":true},"state":{"type":"string","description":"Service state. One of `POWEROFF`, `REBALANCING`, `REBUILDING` or `RUNNING`","description_kind":"plain","computed":true},"static_ips":{"type":["set","string"],"description":"Static IPs that are going to be associated with this service. Please assign a value using the 'toset' function. Once a static ip resource is in the 'assigned' state it cannot be unbound from the node again","description_kind":"plain","computed":true},"tag":{"type":["set",["object",{"key":"string","value":"string"}]],"description":"Tags are key-value pairs that allow you to categorize services.","description_kind":"plain","computed":true},"termination_protection":{"type":"bool","description":"Prevents the service from being deleted. It is recommended to set this to `true` for all production services to prevent unintentional service deletion. This does not shield against deleting databases or topics but for services with backups much of the content can at least be restored from backup in case accidental deletion is done.","description_kind":"plain","computed":true}},"description":"The M3 DB data source provides information about the existing Aiven M3 services.","description_kind":"plain"}},"aiven_m3db_user":{"version":0,"block":{"attributes":{"id":{"type":"string","description_kind":"plain","optional":true,"computed":true},"password":{"type":"string","description":"The password of the M3DB User.","description_kind":"plain","computed":true,"sensitive":true},"project":{"type":"string","description":"Identifies the project this resource belongs to. To set up proper dependencies please refer to this variable as a reference. This property cannot be changed, doing so forces recreation of the resource.","description_kind":"plain","required":true},"service_name":{"type":"string","description":"Specifies the name of the service that this resource belongs to. To set up proper dependencies please refer to this variable as a reference. This property cannot be changed, doing so forces recreation of the resource.","description_kind":"plain","required":true},"type":{"type":"string","description":"Type of the user account. Tells whether the user is the primary account or a regular account.","description_kind":"plain","computed":true},"username":{"type":"string","description":"The actual name of the M3DB User. To set up proper dependencies please refer to this variable as a reference. This property cannot be changed, doing so forces recreation of the resource.","description_kind":"plain","required":true}},"description":"The M3DB User data source provides information about the existing Aiven M3DB User.","description_kind":"plain"}},"aiven_mirrormaker_replication_flow":{"version":0,"block":{"attributes":{"emit_heartbeats_enabled":{"type":"bool","description":"Emit heartbeats enabled. The default value is `false`.","description_kind":"plain","computed":true},"enable":{"type":"bool","description":"Enable of disable replication flows for a service.","description_kind":"plain","computed":true},"id":{"type":"string","description_kind":"plain","optional":true,"computed":true},"offset_syncs_topic_location":{"type":"string","description":"Offset syncs topic location.","description_kind":"plain","computed":true},"project":{"type":"string","description":"Identifies the project this resource belongs to. To set up proper dependencies please refer to this variable as a reference. This property cannot be changed, doing so forces recreation of the resource.","description_kind":"plain","required":true},"replication_policy_class":{"type":"string","description":"Replication policy class. The possible values are `org.apache.kafka.connect.mirror.DefaultReplicationPolicy` and `org.apache.kafka.connect.mirror.IdentityReplicationPolicy`. The default value is `org.apache.kafka.connect.mirror.DefaultReplicationPolicy`.","description_kind":"plain","computed":true},"service_name":{"type":"string","description":"Identifies the project this resource belongs to. To set up proper dependencies please refer to this variable as a reference. This property cannot be changed, doing so forces recreation of the resource.","description_kind":"plain","required":true},"source_cluster":{"type":"string","description":"Source cluster alias. Maximum length: `128`.","description_kind":"plain","required":true},"sync_group_offsets_enabled":{"type":"bool","description":"Sync consumer group offsets. The default value is `false`.","description_kind":"plain","computed":true},"sync_group_offsets_interval_seconds":{"type":"number","description":"Frequency of consumer group offset sync. The default value is `1`.","description_kind":"plain","computed":true},"target_cluster":{"type":"string","description":"Target cluster alias. Maximum length: `128`.","description_kind":"plain","required":true},"topics":{"type":["list","string"],"description":"List of topics and/or regular expressions to replicate","description_kind":"plain","computed":true},"topics_blacklist":{"type":["list","string"],"description":"List of topics and/or regular expressions to not replicate.","description_kind":"plain","computed":true}},"description":"The MirrorMaker 2 Replication Flow data source provides information about the existing MirrorMaker 2 Replication Flow on Aiven Cloud.","description_kind":"plain"}},"aiven_mysql":{"version":1,"block":{"attributes":{"additional_disk_space":{"type":"string","description":"Additional disk space. Possible values depend on the service type, the cloud provider and the project. Therefore, reducing will result in the service rebalancing.","description_kind":"plain","computed":true},"cloud_name":{"type":"string","description":"Defines where the cloud provider and region where the service is hosted in. This can be changed freely after service is created. Changing the value will trigger a potentially lengthy migration process for the service. Format is cloud provider name (`aws`, `azure`, `do` `google`, `upcloud`, etc.), dash, and the cloud provider specific region name. These are documented on each Cloud provider's own support articles, like [here for Google](https://cloud.google.com/compute/docs/regions-zones/) and [here for AWS](https://docs.aws.amazon.com/AmazonRDS/latest/UserGuide/Concepts.RegionsAndAvailabilityZones.html).","description_kind":"plain","computed":true},"components":{"type":["list",["object",{"component":"string","host":"string","kafka_authentication_method":"string","port":"number","route":"string","ssl":"bool","usage":"string"}]],"description":"Service component information objects","description_kind":"plain","computed":true},"disk_space":{"type":"string","description":"Service disk space. Possible values depend on the service type, the cloud provider and the project. Therefore, reducing will result in the service rebalancing.","description_kind":"plain","computed":true},"disk_space_cap":{"type":"string","description":"The maximum disk space of the service, possible values depend on the service type, the cloud provider and the project.","description_kind":"plain","computed":true},"disk_space_default":{"type":"string","description":"The default disk space of the service, possible values depend on the service type, the cloud provider and the project. Its also the minimum value for `disk_space`","description_kind":"plain","computed":true},"disk_space_step":{"type":"string","description":"The default disk space step of the service, possible values depend on the service type, the cloud provider and the project. `disk_space` needs to increment from `disk_space_default` by increments of this size.","description_kind":"plain","computed":true},"disk_space_used":{"type":"string","description":"Disk space that service is currently using","description_kind":"plain","computed":true},"id":{"type":"string","description_kind":"plain","optional":true,"computed":true},"maintenance_window_dow":{"type":"string","description":"Day of week when maintenance operations should be performed. One monday, tuesday, wednesday, etc.","description_kind":"plain","computed":true},"maintenance_window_time":{"type":"string","description":"Time of day when maintenance operations should be performed. UTC time in HH:mm:ss format.","description_kind":"plain","computed":true},"mysql":{"type":["list",["object",{}]],"description":"MySQL specific server provided values","description_kind":"plain","computed":true},"mysql_user_config":{"type":["list",["object",{"additional_backup_regions":["list","string"],"admin_password":"string","admin_username":"string","backup_hour":"number","backup_minute":"number","binlog_retention_period":"number","ip_filter":["list","string"],"ip_filter_object":["list",["object",{"description":"string","network":"string"}]],"ip_filter_string":["list","string"],"migration":["list",["object",{"dbname":"string","host":"string","ignore_dbs":"string","method":"string","password":"string","port":"number","ssl":"bool","username":"string"}]],"mysql":["list",["object",{"connect_timeout":"number","default_time_zone":"string","group_concat_max_len":"number","information_schema_stats_expiry":"number","innodb_change_buffer_max_size":"number","innodb_flush_neighbors":"number","innodb_ft_min_token_size":"number","innodb_ft_server_stopword_table":"string","innodb_lock_wait_timeout":"number","innodb_log_buffer_size":"number","innodb_online_alter_log_max_size":"number","innodb_print_all_deadlocks":"bool","innodb_read_io_threads":"number","innodb_rollback_on_timeout":"bool","innodb_thread_concurrency":"number","innodb_write_io_threads":"number","interactive_timeout":"number","internal_tmp_mem_storage_engine":"string","long_query_time":"number","max_allowed_packet":"number","max_heap_table_size":"number","net_buffer_length":"number","net_read_timeout":"number","net_write_timeout":"number","slow_query_log":"bool","sort_buffer_size":"number","sql_mode":"string","sql_require_primary_key":"bool","tmp_table_size":"number","wait_timeout":"number"}]],"mysql_version":"string","private_access":["list",["object",{"mysql":"bool","mysqlx":"bool","prometheus":"bool"}]],"privatelink_access":["list",["object",{"mysql":"bool","mysqlx":"bool","prometheus":"bool"}]],"project_to_fork_from":"string","public_access":["list",["object",{"mysql":"bool","mysqlx":"bool","prometheus":"bool"}]],"recovery_target_time":"string","service_to_fork_from":"string","static_ips":"bool"}]],"description":"Mysql user configurable settings","description_kind":"plain","computed":true},"plan":{"type":"string","description":"Defines what kind of computing resources are allocated for the service. It can be changed after creation, though there are some restrictions when going to a smaller plan such as the new plan must have sufficient amount of disk space to store all current data and switching to a plan with fewer nodes might not be supported. The basic plan names are `hobbyist`, `startup-x`, `business-x` and `premium-x` where `x` is (roughly) the amount of memory on each node (also other attributes like number of CPUs and amount of disk space varies but naming is based on memory). The available options can be seem from the [Aiven pricing page](https://aiven.io/pricing).","description_kind":"plain","computed":true},"project":{"type":"string","description":"Identifies the project this resource belongs to. To set up proper dependencies please refer to this variable as a reference. This property cannot be changed, doing so forces recreation of the resource.","description_kind":"plain","required":true},"project_vpc_id":{"type":"string","description":"Specifies the VPC the service should run in. If the value is not set the service is not run inside a VPC. When set, the value should be given as a reference to set up dependencies correctly and the VPC must be in the same cloud and region as the service itself. Project can be freely moved to and from VPC after creation but doing so triggers migration to new servers so the operation can take significant amount of time to complete if the service has a lot of data.","description_kind":"plain","computed":true},"service_host":{"type":"string","description":"The hostname of the service.","description_kind":"plain","computed":true},"service_integrations":{"type":["list",["object",{"integration_type":"string","source_service_name":"string"}]],"description":"Service integrations to specify when creating a service. Not applied after initial service creation","description_kind":"plain","computed":true},"service_name":{"type":"string","description":"Specifies the actual name of the service. The name cannot be changed later without destroying and re-creating the service so name should be picked based on intended service usage rather than current attributes.","description_kind":"plain","required":true},"service_password":{"type":"string","description":"Password used for connecting to the service, if applicable","description_kind":"plain","computed":true,"sensitive":true},"service_port":{"type":"number","description":"The port of the service","description_kind":"plain","computed":true},"service_type":{"type":"string","description":"Aiven internal service type code","description_kind":"plain","computed":true},"service_uri":{"type":"string","description":"URI for connecting to the service. Service specific info is under \"kafka\", \"pg\", etc.","description_kind":"plain","computed":true,"sensitive":true},"service_username":{"type":"string","description":"Username used for connecting to the service, if applicable","description_kind":"plain","computed":true},"state":{"type":"string","description":"Service state. One of `POWEROFF`, `REBALANCING`, `REBUILDING` or `RUNNING`","description_kind":"plain","computed":true},"static_ips":{"type":["set","string"],"description":"Static IPs that are going to be associated with this service. Please assign a value using the 'toset' function. Once a static ip resource is in the 'assigned' state it cannot be unbound from the node again","description_kind":"plain","computed":true},"tag":{"type":["set",["object",{"key":"string","value":"string"}]],"description":"Tags are key-value pairs that allow you to categorize services.","description_kind":"plain","computed":true},"termination_protection":{"type":"bool","description":"Prevents the service from being deleted. It is recommended to set this to `true` for all production services to prevent unintentional service deletion. This does not shield against deleting databases or topics but for services with backups much of the content can at least be restored from backup in case accidental deletion is done.","description_kind":"plain","computed":true}},"description":"The MySQL data source provides information about the existing Aiven MySQL service.","description_kind":"plain"}},"aiven_mysql_database":{"version":0,"block":{"attributes":{"database_name":{"type":"string","description":"The name of the service database. This property cannot be changed, doing so forces recreation of the resource.","description_kind":"plain","required":true},"id":{"type":"string","description_kind":"plain","optional":true,"computed":true},"project":{"type":"string","description":"Identifies the project this resource belongs to. To set up proper dependencies please refer to this variable as a reference. This property cannot be changed, doing so forces recreation of the resource.","description_kind":"plain","required":true},"service_name":{"type":"string","description":"Specifies the name of the service that this resource belongs to. To set up proper dependencies please refer to this variable as a reference. This property cannot be changed, doing so forces recreation of the resource.","description_kind":"plain","required":true},"termination_protection":{"type":"bool","description":"It is a Terraform client-side deletion protections, which prevents the database from being deleted by Terraform. It is recommended to enable this for any production databases containing critical data. The default value is `false`.","description_kind":"plain","computed":true}},"description":"The MySQL Database data source provides information about the existing Aiven MySQL Database.","description_kind":"plain"}},"aiven_mysql_user":{"version":0,"block":{"attributes":{"access_cert":{"type":"string","description":"Access certificate for the user","description_kind":"plain","computed":true,"sensitive":true},"access_key":{"type":"string","description":"Access certificate key for the user","description_kind":"plain","computed":true,"sensitive":true},"authentication":{"type":"string","description":"Authentication details. The possible values are `caching_sha2_password` and `mysql_native_password`.","description_kind":"plain","computed":true},"id":{"type":"string","description_kind":"plain","optional":true,"computed":true},"password":{"type":"string","description":"The password of the MySQL User ( not applicable for all services ).","description_kind":"plain","computed":true,"sensitive":true},"project":{"type":"string","description":"Identifies the project this resource belongs to. To set up proper dependencies please refer to this variable as a reference. This property cannot be changed, doing so forces recreation of the resource.","description_kind":"plain","required":true},"service_name":{"type":"string","description":"Specifies the name of the service that this resource belongs to. To set up proper dependencies please refer to this variable as a reference. This property cannot be changed, doing so forces recreation of the resource.","description_kind":"plain","required":true},"type":{"type":"string","description":"Type of the user account. Tells whether the user is the primary account or a regular account.","description_kind":"plain","computed":true},"username":{"type":"string","description":"The actual name of the MySQL User. To set up proper dependencies please refer to this variable as a reference. This property cannot be changed, doing so forces recreation of the resource.","description_kind":"plain","required":true}},"description":"The MySQL User data source provides information about the existing Aiven MySQL User.","description_kind":"plain"}},"aiven_opensearch":{"version":1,"block":{"attributes":{"additional_disk_space":{"type":"string","description":"Additional disk space. Possible values depend on the service type, the cloud provider and the project. Therefore, reducing will result in the service rebalancing.","description_kind":"plain","computed":true},"cloud_name":{"type":"string","description":"Defines where the cloud provider and region where the service is hosted in. This can be changed freely after service is created. Changing the value will trigger a potentially lengthy migration process for the service. Format is cloud provider name (`aws`, `azure`, `do` `google`, `upcloud`, etc.), dash, and the cloud provider specific region name. These are documented on each Cloud provider's own support articles, like [here for Google](https://cloud.google.com/compute/docs/regions-zones/) and [here for AWS](https://docs.aws.amazon.com/AmazonRDS/latest/UserGuide/Concepts.RegionsAndAvailabilityZones.html).","description_kind":"plain","computed":true},"components":{"type":["list",["object",{"component":"string","host":"string","kafka_authentication_method":"string","port":"number","route":"string","ssl":"bool","usage":"string"}]],"description":"Service component information objects","description_kind":"plain","computed":true},"disk_space":{"type":"string","description":"Service disk space. Possible values depend on the service type, the cloud provider and the project. Therefore, reducing will result in the service rebalancing.","description_kind":"plain","computed":true},"disk_space_cap":{"type":"string","description":"The maximum disk space of the service, possible values depend on the service type, the cloud provider and the project.","description_kind":"plain","computed":true},"disk_space_default":{"type":"string","description":"The default disk space of the service, possible values depend on the service type, the cloud provider and the project. Its also the minimum value for `disk_space`","description_kind":"plain","computed":true},"disk_space_step":{"type":"string","description":"The default disk space step of the service, possible values depend on the service type, the cloud provider and the project. `disk_space` needs to increment from `disk_space_default` by increments of this size.","description_kind":"plain","computed":true},"disk_space_used":{"type":"string","description":"Disk space that service is currently using","description_kind":"plain","computed":true},"id":{"type":"string","description_kind":"plain","optional":true,"computed":true},"maintenance_window_dow":{"type":"string","description":"Day of week when maintenance operations should be performed. One monday, tuesday, wednesday, etc.","description_kind":"plain","computed":true},"maintenance_window_time":{"type":"string","description":"Time of day when maintenance operations should be performed. UTC time in HH:mm:ss format.","description_kind":"plain","computed":true},"opensearch":{"type":["list",["object",{"opensearch_dashboards_uri":"string"}]],"description":"OpenSearch server provided values","description_kind":"plain","computed":true},"opensearch_user_config":{"type":["list",["object",{"additional_backup_regions":["list","string"],"custom_domain":"string","disable_replication_factor_adjustment":"bool","index_patterns":["list",["object",{"max_index_count":"number","pattern":"string","sorting_algorithm":"string"}]],"index_template":["list",["object",{"mapping_nested_objects_limit":"number","number_of_replicas":"number","number_of_shards":"number"}]],"ip_filter":["list","string"],"ip_filter_object":["list",["object",{"description":"string","network":"string"}]],"ip_filter_string":["list","string"],"keep_index_refresh_interval":"bool","max_index_count":"number","openid":["list",["object",{"client_id":"string","client_secret":"string","connect_url":"string","enabled":"bool","header":"string","jwt_header":"string","jwt_url_parameter":"string","refresh_rate_limit_count":"number","refresh_rate_limit_time_window_ms":"number","roles_key":"string","scope":"string","subject_key":"string"}]],"opensearch":["list",["object",{"action_auto_create_index_enabled":"bool","action_destructive_requires_name":"bool","cluster_max_shards_per_node":"number","cluster_routing_allocation_node_concurrent_recoveries":"number","email_sender_name":"string","email_sender_password":"string","email_sender_username":"string","http_max_content_length":"number","http_max_header_size":"number","http_max_initial_line_length":"number","indices_fielddata_cache_size":"number","indices_memory_index_buffer_size":"number","indices_queries_cache_size":"number","indices_query_bool_max_clause_count":"number","indices_recovery_max_bytes_per_sec":"number","indices_recovery_max_concurrent_file_chunks":"number","override_main_response_version":"bool","reindex_remote_whitelist":["list","string"],"script_max_compilations_rate":"string","search_max_buckets":"number","thread_pool_analyze_queue_size":"number","thread_pool_analyze_size":"number","thread_pool_force_merge_size":"number","thread_pool_get_queue_size":"number","thread_pool_get_size":"number","thread_pool_search_queue_size":"number","thread_pool_search_size":"number","thread_pool_search_throttled_queue_size":"number","thread_pool_search_throttled_size":"number","thread_pool_write_queue_size":"number","thread_pool_write_size":"number"}]],"opensearch_dashboards":["list",["object",{"enabled":"bool","max_old_space_size":"number","opensearch_request_timeout":"number"}]],"opensearch_version":"string","private_access":["list",["object",{"opensearch":"bool","opensearch_dashboards":"bool","prometheus":"bool"}]],"privatelink_access":["list",["object",{"opensearch":"bool","opensearch_dashboards":"bool","prometheus":"bool"}]],"project_to_fork_from":"string","public_access":["list",["object",{"opensearch":"bool","opensearch_dashboards":"bool","prometheus":"bool"}]],"recovery_basebackup_name":"string","saml":["list",["object",{"enabled":"bool","idp_entity_id":"string","idp_metadata_url":"string","idp_pemtrustedcas_content":"string","roles_key":"string","sp_entity_id":"string","subject_key":"string"}]],"service_to_fork_from":"string","static_ips":"bool"}]],"description":"Opensearch user configurable settings","description_kind":"plain","computed":true},"plan":{"type":"string","description":"Defines what kind of computing resources are allocated for the service. It can be changed after creation, though there are some restrictions when going to a smaller plan such as the new plan must have sufficient amount of disk space to store all current data and switching to a plan with fewer nodes might not be supported. The basic plan names are `hobbyist`, `startup-x`, `business-x` and `premium-x` where `x` is (roughly) the amount of memory on each node (also other attributes like number of CPUs and amount of disk space varies but naming is based on memory). The available options can be seem from the [Aiven pricing page](https://aiven.io/pricing).","description_kind":"plain","computed":true},"project":{"type":"string","description":"Identifies the project this resource belongs to. To set up proper dependencies please refer to this variable as a reference. This property cannot be changed, doing so forces recreation of the resource.","description_kind":"plain","required":true},"project_vpc_id":{"type":"string","description":"Specifies the VPC the service should run in. If the value is not set the service is not run inside a VPC. When set, the value should be given as a reference to set up dependencies correctly and the VPC must be in the same cloud and region as the service itself. Project can be freely moved to and from VPC after creation but doing so triggers migration to new servers so the operation can take significant amount of time to complete if the service has a lot of data.","description_kind":"plain","computed":true},"service_host":{"type":"string","description":"The hostname of the service.","description_kind":"plain","computed":true},"service_integrations":{"type":["list",["object",{"integration_type":"string","source_service_name":"string"}]],"description":"Service integrations to specify when creating a service. Not applied after initial service creation","description_kind":"plain","computed":true},"service_name":{"type":"string","description":"Specifies the actual name of the service. The name cannot be changed later without destroying and re-creating the service so name should be picked based on intended service usage rather than current attributes.","description_kind":"plain","required":true},"service_password":{"type":"string","description":"Password used for connecting to the service, if applicable","description_kind":"plain","computed":true,"sensitive":true},"service_port":{"type":"number","description":"The port of the service","description_kind":"plain","computed":true},"service_type":{"type":"string","description":"Aiven internal service type code","description_kind":"plain","computed":true},"service_uri":{"type":"string","description":"URI for connecting to the service. Service specific info is under \"kafka\", \"pg\", etc.","description_kind":"plain","computed":true,"sensitive":true},"service_username":{"type":"string","description":"Username used for connecting to the service, if applicable","description_kind":"plain","computed":true},"state":{"type":"string","description":"Service state. One of `POWEROFF`, `REBALANCING`, `REBUILDING` or `RUNNING`","description_kind":"plain","computed":true},"static_ips":{"type":["set","string"],"description":"Static IPs that are going to be associated with this service. Please assign a value using the 'toset' function. Once a static ip resource is in the 'assigned' state it cannot be unbound from the node again","description_kind":"plain","computed":true},"tag":{"type":["set",["object",{"key":"string","value":"string"}]],"description":"Tags are key-value pairs that allow you to categorize services.","description_kind":"plain","computed":true},"termination_protection":{"type":"bool","description":"Prevents the service from being deleted. It is recommended to set this to `true` for all production services to prevent unintentional service deletion. This does not shield against deleting databases or topics but for services with backups much of the content can at least be restored from backup in case accidental deletion is done.","description_kind":"plain","computed":true}},"description":"The OpenSearch data source provides information about the existing Aiven OpenSearch service.","description_kind":"plain"}},"aiven_opensearch_acl_config":{"version":0,"block":{"attributes":{"enabled":{"type":"bool","description":"Enable OpenSearch ACLs. When disabled authenticated service users have unrestricted access. The default value is `true`.","description_kind":"plain","computed":true},"extended_acl":{"type":"bool","description":"Index rules can be applied in a limited fashion to the _mget, _msearch and _bulk APIs (and only those) by enabling the ExtendedAcl option for the service. When it is enabled, users can use these APIs as long as all operations only target indexes they have been granted access to. The default value is `true`.","description_kind":"plain","computed":true},"id":{"type":"string","description_kind":"plain","optional":true,"computed":true},"project":{"type":"string","description":"Identifies the project this resource belongs to. To set up proper dependencies please refer to this variable as a reference. This property cannot be changed, doing so forces recreation of the resource.","description_kind":"plain","required":true},"service_name":{"type":"string","description":"Specifies the name of the service that this resource belongs to. To set up proper dependencies please refer to this variable as a reference. This property cannot be changed, doing so forces recreation of the resource.","description_kind":"plain","required":true}},"description":"The OpenSearch ACL Config data source provides information about an existing Aiven OpenSearch ACL Config.","description_kind":"plain"}},"aiven_opensearch_acl_rule":{"version":0,"block":{"attributes":{"id":{"type":"string","description_kind":"plain","optional":true,"computed":true},"index":{"type":"string","description":"The index pattern for this ACL entry. Maximum length: `249`. This property cannot be changed, doing so forces recreation of the resource.","description_kind":"plain","required":true},"permission":{"type":"string","description":"The permissions for this ACL entry. The possible values are `deny`, `admin`, `read`, `readwrite` and `write`.","description_kind":"plain","required":true},"project":{"type":"string","description":"Identifies the project this resource belongs to. To set up proper dependencies please refer to this variable as a reference. This property cannot be changed, doing so forces recreation of the resource.","description_kind":"plain","required":true},"service_name":{"type":"string","description":"Specifies the name of the service that this resource belongs to. To set up proper dependencies please refer to this variable as a reference. This property cannot be changed, doing so forces recreation of the resource.","description_kind":"plain","required":true},"username":{"type":"string","description":"The username for the ACL entry. Maximum length: `40`. To set up proper dependencies please refer to this variable as a reference. This property cannot be changed, doing so forces recreation of the resource.","description_kind":"plain","required":true}},"description":"The OpenSearch ACL Rule data source provides information about an existing Aiven OpenSearch ACL Rule.","description_kind":"plain"}},"aiven_opensearch_security_plugin_config":{"version":0,"block":{"attributes":{"admin_enabled":{"type":"bool","description":"Whether the os-sec-admin user is enabled. This indicates whether the user management with the security plugin is enabled. This is always true when the os-sec-admin password was set at least once.","description_kind":"plain","computed":true},"admin_password":{"type":"string","description":"The password for the os-sec-admin user.","description_kind":"plain","computed":true,"sensitive":true},"available":{"type":"bool","description":"Whether the security plugin is available. This is always true for recently created services.","description_kind":"plain","computed":true},"enabled":{"type":"bool","description":"Whether the security plugin is enabled. This is always true for recently created services.","description_kind":"plain","computed":true},"id":{"type":"string","description_kind":"plain","optional":true,"computed":true},"project":{"type":"string","description":"Identifies the project this resource belongs to. To set up proper dependencies please refer to this variable as a reference. This property cannot be changed, doing so forces recreation of the resource.","description_kind":"plain","required":true},"service_name":{"type":"string","description":"Specifies the name of the service that this resource belongs to. To set up proper dependencies please refer to this variable as a reference. This property cannot be changed, doing so forces recreation of the resource.","description_kind":"plain","required":true}},"description":"The OpenSearch Security Plugin Config data source provides information about an existing Aiven OpenSearch Security Plugin Config.","description_kind":"plain"}},"aiven_opensearch_user":{"version":0,"block":{"attributes":{"id":{"type":"string","description_kind":"plain","optional":true,"computed":true},"password":{"type":"string","description":"The password of the OpenSearch User.","description_kind":"plain","computed":true,"sensitive":true},"project":{"type":"string","description":"Identifies the project this resource belongs to. To set up proper dependencies please refer to this variable as a reference. This property cannot be changed, doing so forces recreation of the resource.","description_kind":"plain","required":true},"service_name":{"type":"string","description":"Specifies the name of the service that this resource belongs to. To set up proper dependencies please refer to this variable as a reference. This property cannot be changed, doing so forces recreation of the resource.","description_kind":"plain","required":true},"type":{"type":"string","description":"Type of the user account. Tells whether the user is the primary account or a regular account.","description_kind":"plain","computed":true},"username":{"type":"string","description":"The actual name of the OpenSearch User. To set up proper dependencies please refer to this variable as a reference. This property cannot be changed, doing so forces recreation of the resource.","description_kind":"plain","required":true}},"description":"The OpenSearch User data source provides information about the existing Aiven OpenSearch User.","description_kind":"plain"}},"aiven_organization":{"version":0,"block":{"attributes":{"create_time":{"type":"string","description":"Timestamp of the creation of the organization.","description_kind":"plain","computed":true},"id":{"type":"string","description":"Identifier of the organization.","description_kind":"plain","optional":true},"name":{"type":"string","description":"Name of the organization.","description_kind":"plain","optional":true},"tenant_id":{"type":"string","description":"Tenant identifier of the organization.","description_kind":"plain","computed":true},"update_time":{"type":"string","description":"Timestamp of the last update of the organization.","description_kind":"plain","computed":true}},"description":"Retrieves information about an organization from Aiven.","description_kind":"plain"}},"aiven_organization_user":{"version":0,"block":{"attributes":{"accepted":{"type":"bool","description":"This is a boolean flag that determines whether an invitation was accepted or not by the user. `false` value means that the invitation was sent to the user but not yet accepted. `true` means that the user accepted the invitation and now a member of an organization.","description_kind":"plain","computed":true},"create_time":{"type":"string","description":"Time of creation","description_kind":"plain","computed":true},"id":{"type":"string","description_kind":"plain","optional":true,"computed":true},"invited_by":{"type":"string","description":"The email address of the user who sent an invitation to the user.","description_kind":"plain","computed":true},"organization_id":{"type":"string","description":"The unique organization ID. This property cannot be changed, doing so forces recreation of the resource.","description_kind":"plain","required":true},"user_email":{"type":"string","description":"This is a user email address that first will be invited, and after accepting an invitation, they become a member of the organization. This property cannot be changed, doing so forces recreation of the resource.","description_kind":"plain","required":true}},"description":"The Organization User data source provides information about the existing Aiven Organization User.","description_kind":"plain"}},"aiven_organization_user_group":{"version":0,"block":{"attributes":{"create_time":{"type":"string","description":"Time of creation","description_kind":"plain","computed":true},"description":{"type":"string","description":"The organization user group description. This property cannot be changed, doing so forces recreation of the resource.","description_kind":"plain","computed":true},"id":{"type":"string","description_kind":"plain","optional":true,"computed":true},"name":{"type":"string","description":"The organization user group name. This property cannot be changed, doing so forces recreation of the resource.","description_kind":"plain","required":true},"organization_id":{"type":"string","description":"The unique organization ID. This property cannot be changed, doing so forces recreation of the resource.","description_kind":"plain","required":true},"update_time":{"type":"string","description":"Time of last update","description_kind":"plain","computed":true}},"description":"The Organization User Groupe data source provides information about the existing Aiven Organization User Group.","description_kind":"plain"}},"aiven_organizational_unit":{"version":0,"block":{"attributes":{"create_time":{"type":"string","description":"Time of creation","description_kind":"plain","computed":true},"id":{"type":"string","description_kind":"plain","optional":true,"computed":true},"name":{"type":"string","description":"Organizational Unit name","description_kind":"plain","required":true},"parent_id":{"type":"string","description":"Parent ID","description_kind":"plain","computed":true},"tenant_id":{"type":"string","description":"Tenant ID","description_kind":"plain","computed":true},"update_time":{"type":"string","description":"Time of last update","description_kind":"plain","computed":true}},"description":"The Organizational Unit data source provides information about the existing Aiven Organizational Unit.","description_kind":"plain"}},"aiven_pg":{"version":1,"block":{"attributes":{"additional_disk_space":{"type":"string","description":"Additional disk space. Possible values depend on the service type, the cloud provider and the project. Therefore, reducing will result in the service rebalancing.","description_kind":"plain","computed":true},"cloud_name":{"type":"string","description":"Defines where the cloud provider and region where the service is hosted in. This can be changed freely after service is created. Changing the value will trigger a potentially lengthy migration process for the service. Format is cloud provider name (`aws`, `azure`, `do` `google`, `upcloud`, etc.), dash, and the cloud provider specific region name. These are documented on each Cloud provider's own support articles, like [here for Google](https://cloud.google.com/compute/docs/regions-zones/) and [here for AWS](https://docs.aws.amazon.com/AmazonRDS/latest/UserGuide/Concepts.RegionsAndAvailabilityZones.html).","description_kind":"plain","computed":true},"components":{"type":["list",["object",{"component":"string","host":"string","kafka_authentication_method":"string","port":"number","route":"string","ssl":"bool","usage":"string"}]],"description":"Service component information objects","description_kind":"plain","computed":true},"disk_space":{"type":"string","description":"Service disk space. Possible values depend on the service type, the cloud provider and the project. Therefore, reducing will result in the service rebalancing.","description_kind":"plain","computed":true},"disk_space_cap":{"type":"string","description":"The maximum disk space of the service, possible values depend on the service type, the cloud provider and the project.","description_kind":"plain","computed":true},"disk_space_default":{"type":"string","description":"The default disk space of the service, possible values depend on the service type, the cloud provider and the project. Its also the minimum value for `disk_space`","description_kind":"plain","computed":true},"disk_space_step":{"type":"string","description":"The default disk space step of the service, possible values depend on the service type, the cloud provider and the project. `disk_space` needs to increment from `disk_space_default` by increments of this size.","description_kind":"plain","computed":true},"disk_space_used":{"type":"string","description":"Disk space that service is currently using","description_kind":"plain","computed":true},"id":{"type":"string","description_kind":"plain","optional":true,"computed":true},"maintenance_window_dow":{"type":"string","description":"Day of week when maintenance operations should be performed. One monday, tuesday, wednesday, etc.","description_kind":"plain","computed":true},"maintenance_window_time":{"type":"string","description":"Time of day when maintenance operations should be performed. UTC time in HH:mm:ss format.","description_kind":"plain","computed":true},"pg":{"type":["list",["object",{"dbname":"string","host":"string","max_connections":"number","password":"string","port":"number","replica_uri":"string","sslmode":"string","uri":"string","user":"string"}]],"description":"PostgreSQL specific server provided values","description_kind":"plain","computed":true},"pg_user_config":{"type":["list",["object",{"additional_backup_regions":["list","string"],"admin_password":"string","admin_username":"string","backup_hour":"number","backup_minute":"number","enable_ipv6":"bool","ip_filter":["list","string"],"ip_filter_object":["list",["object",{"description":"string","network":"string"}]],"ip_filter_string":["list","string"],"migration":["list",["object",{"dbname":"string","host":"string","ignore_dbs":"string","method":"string","password":"string","port":"number","ssl":"bool","username":"string"}]],"pg":["list",["object",{"autovacuum_analyze_scale_factor":"number","autovacuum_analyze_threshold":"number","autovacuum_freeze_max_age":"number","autovacuum_max_workers":"number","autovacuum_naptime":"number","autovacuum_vacuum_cost_delay":"number","autovacuum_vacuum_cost_limit":"number","autovacuum_vacuum_scale_factor":"number","autovacuum_vacuum_threshold":"number","bgwriter_delay":"number","bgwriter_flush_after":"number","bgwriter_lru_maxpages":"number","bgwriter_lru_multiplier":"number","deadlock_timeout":"number","default_toast_compression":"string","idle_in_transaction_session_timeout":"number","jit":"bool","log_autovacuum_min_duration":"number","log_error_verbosity":"string","log_line_prefix":"string","log_min_duration_statement":"number","log_temp_files":"number","max_files_per_process":"number","max_locks_per_transaction":"number","max_logical_replication_workers":"number","max_parallel_workers":"number","max_parallel_workers_per_gather":"number","max_pred_locks_per_transaction":"number","max_prepared_transactions":"number","max_replication_slots":"number","max_slot_wal_keep_size":"number","max_stack_depth":"number","max_standby_archive_delay":"number","max_standby_streaming_delay":"number","max_wal_senders":"number","max_worker_processes":"number","pg_partman_bgw__dot__interval":"number","pg_partman_bgw__dot__role":"string","pg_stat_monitor__dot__pgsm_enable_query_plan":"bool","pg_stat_monitor__dot__pgsm_max_buckets":"number","pg_stat_statements__dot__track":"string","temp_file_limit":"number","timezone":"string","track_activity_query_size":"number","track_commit_timestamp":"string","track_functions":"string","track_io_timing":"string","wal_sender_timeout":"number","wal_writer_delay":"number"}]],"pg_read_replica":"bool","pg_service_to_fork_from":"string","pg_stat_monitor_enable":"bool","pg_version":"string","pgbouncer":["list",["object",{"autodb_idle_timeout":"number","autodb_max_db_connections":"number","autodb_pool_mode":"string","autodb_pool_size":"number","ignore_startup_parameters":["list","string"],"min_pool_size":"number","server_idle_timeout":"number","server_lifetime":"number","server_reset_query_always":"bool"}]],"pglookout":["list",["object",{"max_failover_replication_time_lag":"number"}]],"private_access":["list",["object",{"pg":"bool","pgbouncer":"bool","prometheus":"bool"}]],"privatelink_access":["list",["object",{"pg":"bool","pgbouncer":"bool","prometheus":"bool"}]],"project_to_fork_from":"string","public_access":["list",["object",{"pg":"bool","pgbouncer":"bool","prometheus":"bool"}]],"recovery_target_time":"string","service_to_fork_from":"string","shared_buffers_percentage":"number","static_ips":"bool","synchronous_replication":"string","timescaledb":["list",["object",{"max_background_workers":"number"}]],"variant":"string","work_mem":"number"}]],"description":"Pg user configurable settings","description_kind":"plain","computed":true},"plan":{"type":"string","description":"Defines what kind of computing resources are allocated for the service. It can be changed after creation, though there are some restrictions when going to a smaller plan such as the new plan must have sufficient amount of disk space to store all current data and switching to a plan with fewer nodes might not be supported. The basic plan names are `hobbyist`, `startup-x`, `business-x` and `premium-x` where `x` is (roughly) the amount of memory on each node (also other attributes like number of CPUs and amount of disk space varies but naming is based on memory). The available options can be seem from the [Aiven pricing page](https://aiven.io/pricing).","description_kind":"plain","computed":true},"project":{"type":"string","description":"Identifies the project this resource belongs to. To set up proper dependencies please refer to this variable as a reference. This property cannot be changed, doing so forces recreation of the resource.","description_kind":"plain","required":true},"project_vpc_id":{"type":"string","description":"Specifies the VPC the service should run in. If the value is not set the service is not run inside a VPC. When set, the value should be given as a reference to set up dependencies correctly and the VPC must be in the same cloud and region as the service itself. Project can be freely moved to and from VPC after creation but doing so triggers migration to new servers so the operation can take significant amount of time to complete if the service has a lot of data.","description_kind":"plain","computed":true},"service_host":{"type":"string","description":"The hostname of the service.","description_kind":"plain","computed":true},"service_integrations":{"type":["list",["object",{"integration_type":"string","source_service_name":"string"}]],"description":"Service integrations to specify when creating a service. Not applied after initial service creation","description_kind":"plain","computed":true},"service_name":{"type":"string","description":"Specifies the actual name of the service. The name cannot be changed later without destroying and re-creating the service so name should be picked based on intended service usage rather than current attributes.","description_kind":"plain","required":true},"service_password":{"type":"string","description":"Password used for connecting to the service, if applicable","description_kind":"plain","computed":true,"sensitive":true},"service_port":{"type":"number","description":"The port of the service","description_kind":"plain","computed":true},"service_type":{"type":"string","description":"Aiven internal service type code","description_kind":"plain","computed":true},"service_uri":{"type":"string","description":"URI for connecting to the service. Service specific info is under \"kafka\", \"pg\", etc.","description_kind":"plain","computed":true,"sensitive":true},"service_username":{"type":"string","description":"Username used for connecting to the service, if applicable","description_kind":"plain","computed":true},"state":{"type":"string","description":"Service state. One of `POWEROFF`, `REBALANCING`, `REBUILDING` or `RUNNING`","description_kind":"plain","computed":true},"static_ips":{"type":["set","string"],"description":"Static IPs that are going to be associated with this service. Please assign a value using the 'toset' function. Once a static ip resource is in the 'assigned' state it cannot be unbound from the node again","description_kind":"plain","computed":true},"tag":{"type":["set",["object",{"key":"string","value":"string"}]],"description":"Tags are key-value pairs that allow you to categorize services.","description_kind":"plain","computed":true},"termination_protection":{"type":"bool","description":"Prevents the service from being deleted. It is recommended to set this to `true` for all production services to prevent unintentional service deletion. This does not shield against deleting databases or topics but for services with backups much of the content can at least be restored from backup in case accidental deletion is done.","description_kind":"plain","computed":true}},"description":"The PG data source provides information about the existing Aiven PostgreSQL service.","description_kind":"plain"}},"aiven_pg_database":{"version":0,"block":{"attributes":{"database_name":{"type":"string","description":"The name of the service database. This property cannot be changed, doing so forces recreation of the resource.","description_kind":"plain","required":true},"id":{"type":"string","description_kind":"plain","optional":true,"computed":true},"lc_collate":{"type":"string","description":"Default string sort order (`LC_COLLATE`) of the database. The default value is `en_US.UTF-8`. This property cannot be changed, doing so forces recreation of the resource.","description_kind":"plain","computed":true},"lc_ctype":{"type":"string","description":"Default character classification (`LC_CTYPE`) of the database. The default value is `en_US.UTF-8`. This property cannot be changed, doing so forces recreation of the resource.","description_kind":"plain","computed":true},"project":{"type":"string","description":"Identifies the project this resource belongs to. To set up proper dependencies please refer to this variable as a reference. This property cannot be changed, doing so forces recreation of the resource.","description_kind":"plain","required":true},"service_name":{"type":"string","description":"Specifies the name of the service that this resource belongs to. To set up proper dependencies please refer to this variable as a reference. This property cannot be changed, doing so forces recreation of the resource.","description_kind":"plain","required":true},"termination_protection":{"type":"bool","description":"It is a Terraform client-side deletion protections, which prevents the database from being deleted by Terraform. It is recommended to enable this for any production databases containing critical data. The default value is `false`.","description_kind":"plain","computed":true}},"description":"The PG Database data source provides information about the existing Aiven PostgreSQL Database.","description_kind":"plain"}},"aiven_pg_user":{"version":0,"block":{"attributes":{"access_cert":{"type":"string","description":"Access certificate for the user","description_kind":"plain","computed":true,"sensitive":true},"access_key":{"type":"string","description":"Access certificate key for the user","description_kind":"plain","computed":true,"sensitive":true},"id":{"type":"string","description_kind":"plain","optional":true,"computed":true},"password":{"type":"string","description":"The password of the PG User (not applicable for all services).","description_kind":"plain","computed":true,"sensitive":true},"pg_allow_replication":{"type":"bool","description":"Defines whether replication is allowed.","description_kind":"plain","computed":true},"project":{"type":"string","description":"Identifies the project this resource belongs to. To set up proper dependencies please refer to this variable as a reference. This property cannot be changed, doing so forces recreation of the resource.","description_kind":"plain","required":true},"service_name":{"type":"string","description":"Specifies the name of the service that this resource belongs to. To set up proper dependencies please refer to this variable as a reference. This property cannot be changed, doing so forces recreation of the resource.","description_kind":"plain","required":true},"type":{"type":"string","description":"Type of the user account. Tells whether the user is the primary account or a regular account.","description_kind":"plain","computed":true},"username":{"type":"string","description":"The actual name of the PG User. To set up proper dependencies please refer to this variable as a reference. This property cannot be changed, doing so forces recreation of the resource.","description_kind":"plain","required":true}},"description":"The PG User data source provides information about the existing Aiven PG User.","description_kind":"plain"}},"aiven_project":{"version":0,"block":{"attributes":{"account_id":{"type":"string","description":"An optional property to link a project to an already existing account by using account ID. To set up proper dependencies please refer to this variable as a reference.","description_kind":"plain","computed":true},"add_account_owners_admin_access":{"type":"bool","description":"If parent_id is set, grant account owner team admin access to the new project. The default value is `true`.","description_kind":"plain","computed":true},"available_credits":{"type":"string","description":"The amount of platform credits available to the project. This could be your free trial or other promotional credits.","description_kind":"plain","computed":true},"billing_group":{"type":"string","description":"The id of the billing group that is linked to this project. To set up proper dependencies please refer to this variable as a reference.","description_kind":"plain","computed":true},"ca_cert":{"type":"string","description":"The CA certificate of the project. This is required for configuring clients that connect to certain services like Kafka.","description_kind":"plain","computed":true,"sensitive":true},"copy_from_project":{"type":"string","description":"is the name of another project used to copy billing information and some other project attributes like technical contacts from. This is mostly relevant when an existing project has billing type set to invoice and that needs to be copied over to a new project. (Setting billing is otherwise not allowed over the API.) This only has effect when the project is created. To set up proper dependencies please refer to this variable as a reference.","description_kind":"plain","computed":true},"default_cloud":{"type":"string","description":"Defines the default cloud provider and region where services are hosted. This can be changed freely after the project is created. This will not affect existing services.","description_kind":"plain","computed":true},"estimated_balance":{"type":"string","description":"The current accumulated bill for this project in the current billing period.","description_kind":"plain","computed":true},"id":{"type":"string","description_kind":"plain","optional":true,"computed":true},"parent_id":{"type":"string","description":"An optional property to link a project to an already existing organization or account by using its ID. To set up proper dependencies please refer to this variable as a reference.","description_kind":"plain","computed":true},"payment_method":{"type":"string","description":"The method of invoicing used for payments for this project, e.g. `card`.","description_kind":"plain","computed":true},"project":{"type":"string","description":"Defines the name of the project. Name must be globally unique (between all Aiven customers) and cannot be changed later without destroying and re-creating the project, including all sub-resources.","description_kind":"plain","required":true},"tag":{"type":["set",["object",{"key":"string","value":"string"}]],"description":"Tags are key-value pairs that allow you to categorize projects.","description_kind":"plain","computed":true},"technical_emails":{"type":["set","string"],"description":"Defines the email addresses that will receive alerts about upcoming maintenance updates or warnings about service instability. It is  good practice to keep this up-to-date to be aware of any potential issues with your project.","description_kind":"plain","computed":true},"use_source_project_billing_group":{"type":"bool","description":"Use the same billing group that is used in source project.","description_kind":"plain","computed":true}},"description":"The Project data source provides information about the existing Aiven Project.","description_kind":"plain"}},"aiven_project_user":{"version":0,"block":{"attributes":{"accepted":{"type":"bool","description":"Whether the user has accepted the request to join the project; adding user to a project sends an invitation to the target user and the actual membership is only created once the user accepts the invitation.","description_kind":"plain","computed":true},"email":{"type":"string","description":"Email address of the user. This property cannot be changed, doing so forces recreation of the resource.","description_kind":"plain","required":true},"id":{"type":"string","description_kind":"plain","optional":true,"computed":true},"member_type":{"type":"string","description":"Project membership type. The possible values are `admin`, `developer` and `operator`.","description_kind":"plain","computed":true},"project":{"type":"string","description":"Identifies the project this resource belongs to. To set up proper dependencies please refer to this variable as a reference. This property cannot be changed, doing so forces recreation of the resource.","description_kind":"plain","required":true}},"description":"The Project User data source provides information about the existing Aiven Project User.","description_kind":"plain"}},"aiven_project_vpc":{"version":0,"block":{"attributes":{"cloud_name":{"type":"string","description":"Defines where the cloud provider and region where the service is hosted in. See the Service resource for additional information.","description_kind":"plain","optional":true},"id":{"type":"string","description_kind":"plain","optional":true,"computed":true},"network_cidr":{"type":"string","description":"Network address range used by the VPC like 192.168.0.0/24","description_kind":"plain","computed":true},"project":{"type":"string","description":"Identifies the project this resource belongs to.","description_kind":"plain","optional":true},"state":{"type":"string","description":"State of the VPC. The possible values are `APPROVED`, `ACTIVE`, `DELETING` and `DELETED`.","description_kind":"plain","computed":true},"vpc_id":{"type":"string","description":"ID of the VPC. This can be used to filter out the specific VPC if there are more than one datasource returned.","description_kind":"plain","optional":true}},"description":"The Project VPC data source provides information about the existing Aiven Project VPC.","description_kind":"plain"}},"aiven_redis":{"version":1,"block":{"attributes":{"additional_disk_space":{"type":"string","description":"Additional disk space. Possible values depend on the service type, the cloud provider and the project. Therefore, reducing will result in the service rebalancing.","description_kind":"plain","computed":true},"cloud_name":{"type":"string","description":"Defines where the cloud provider and region where the service is hosted in. This can be changed freely after service is created. Changing the value will trigger a potentially lengthy migration process for the service. Format is cloud provider name (`aws`, `azure`, `do` `google`, `upcloud`, etc.), dash, and the cloud provider specific region name. These are documented on each Cloud provider's own support articles, like [here for Google](https://cloud.google.com/compute/docs/regions-zones/) and [here for AWS](https://docs.aws.amazon.com/AmazonRDS/latest/UserGuide/Concepts.RegionsAndAvailabilityZones.html).","description_kind":"plain","computed":true},"components":{"type":["list",["object",{"component":"string","host":"string","kafka_authentication_method":"string","port":"number","route":"string","ssl":"bool","usage":"string"}]],"description":"Service component information objects","description_kind":"plain","computed":true},"disk_space":{"type":"string","description":"Service disk space. Possible values depend on the service type, the cloud provider and the project. Therefore, reducing will result in the service rebalancing.","description_kind":"plain","computed":true},"disk_space_cap":{"type":"string","description":"The maximum disk space of the service, possible values depend on the service type, the cloud provider and the project.","description_kind":"plain","computed":true},"disk_space_default":{"type":"string","description":"The default disk space of the service, possible values depend on the service type, the cloud provider and the project. Its also the minimum value for `disk_space`","description_kind":"plain","computed":true},"disk_space_step":{"type":"string","description":"The default disk space step of the service, possible values depend on the service type, the cloud provider and the project. `disk_space` needs to increment from `disk_space_default` by increments of this size.","description_kind":"plain","computed":true},"disk_space_used":{"type":"string","description":"Disk space that service is currently using","description_kind":"plain","computed":true},"id":{"type":"string","description_kind":"plain","optional":true,"computed":true},"maintenance_window_dow":{"type":"string","description":"Day of week when maintenance operations should be performed. One monday, tuesday, wednesday, etc.","description_kind":"plain","computed":true},"maintenance_window_time":{"type":"string","description":"Time of day when maintenance operations should be performed. UTC time in HH:mm:ss format.","description_kind":"plain","computed":true},"plan":{"type":"string","description":"Defines what kind of computing resources are allocated for the service. It can be changed after creation, though there are some restrictions when going to a smaller plan such as the new plan must have sufficient amount of disk space to store all current data and switching to a plan with fewer nodes might not be supported. The basic plan names are `hobbyist`, `startup-x`, `business-x` and `premium-x` where `x` is (roughly) the amount of memory on each node (also other attributes like number of CPUs and amount of disk space varies but naming is based on memory). The available options can be seem from the [Aiven pricing page](https://aiven.io/pricing).","description_kind":"plain","computed":true},"project":{"type":"string","description":"Identifies the project this resource belongs to. To set up proper dependencies please refer to this variable as a reference. This property cannot be changed, doing so forces recreation of the resource.","description_kind":"plain","required":true},"project_vpc_id":{"type":"string","description":"Specifies the VPC the service should run in. If the value is not set the service is not run inside a VPC. When set, the value should be given as a reference to set up dependencies correctly and the VPC must be in the same cloud and region as the service itself. Project can be freely moved to and from VPC after creation but doing so triggers migration to new servers so the operation can take significant amount of time to complete if the service has a lot of data.","description_kind":"plain","computed":true},"redis":{"type":["list",["object",{}]],"description":"Redis server provided values","description_kind":"plain","computed":true},"redis_user_config":{"type":["list",["object",{"additional_backup_regions":["list","string"],"ip_filter":["list","string"],"ip_filter_object":["list",["object",{"description":"string","network":"string"}]],"ip_filter_string":["list","string"],"migration":["list",["object",{"dbname":"string","host":"string","ignore_dbs":"string","method":"string","password":"string","port":"number","ssl":"bool","username":"string"}]],"private_access":["list",["object",{"prometheus":"bool","redis":"bool"}]],"privatelink_access":["list",["object",{"prometheus":"bool","redis":"bool"}]],"project_to_fork_from":"string","public_access":["list",["object",{"prometheus":"bool","redis":"bool"}]],"recovery_basebackup_name":"string","redis_acl_channels_default":"string","redis_io_threads":"number","redis_lfu_decay_time":"number","redis_lfu_log_factor":"number","redis_maxmemory_policy":"string","redis_notify_keyspace_events":"string","redis_number_of_databases":"number","redis_persistence":"string","redis_pubsub_client_output_buffer_limit":"number","redis_ssl":"bool","redis_timeout":"number","service_to_fork_from":"string","static_ips":"bool"}]],"description":"Redis user configurable settings","description_kind":"plain","computed":true},"service_host":{"type":"string","description":"The hostname of the service.","description_kind":"plain","computed":true},"service_integrations":{"type":["list",["object",{"integration_type":"string","source_service_name":"string"}]],"description":"Service integrations to specify when creating a service. Not applied after initial service creation","description_kind":"plain","computed":true},"service_name":{"type":"string","description":"Specifies the actual name of the service. The name cannot be changed later without destroying and re-creating the service so name should be picked based on intended service usage rather than current attributes.","description_kind":"plain","required":true},"service_password":{"type":"string","description":"Password used for connecting to the service, if applicable","description_kind":"plain","computed":true,"sensitive":true},"service_port":{"type":"number","description":"The port of the service","description_kind":"plain","computed":true},"service_type":{"type":"string","description":"Aiven internal service type code","description_kind":"plain","computed":true},"service_uri":{"type":"string","description":"URI for connecting to the service. Service specific info is under \"kafka\", \"pg\", etc.","description_kind":"plain","computed":true,"sensitive":true},"service_username":{"type":"string","description":"Username used for connecting to the service, if applicable","description_kind":"plain","computed":true},"state":{"type":"string","description":"Service state. One of `POWEROFF`, `REBALANCING`, `REBUILDING` or `RUNNING`","description_kind":"plain","computed":true},"static_ips":{"type":["set","string"],"description":"Static IPs that are going to be associated with this service. Please assign a value using the 'toset' function. Once a static ip resource is in the 'assigned' state it cannot be unbound from the node again","description_kind":"plain","computed":true},"tag":{"type":["set",["object",{"key":"string","value":"string"}]],"description":"Tags are key-value pairs that allow you to categorize services.","description_kind":"plain","computed":true},"termination_protection":{"type":"bool","description":"Prevents the service from being deleted. It is recommended to set this to `true` for all production services to prevent unintentional service deletion. This does not shield against deleting databases or topics but for services with backups much of the content can at least be restored from backup in case accidental deletion is done.","description_kind":"plain","computed":true}},"description":"The Redis data source provides information about the existing Aiven Redis service.","description_kind":"plain"}},"aiven_redis_user":{"version":0,"block":{"attributes":{"id":{"type":"string","description_kind":"plain","optional":true,"computed":true},"password":{"type":"string","description":"The password of the Redis User.","description_kind":"plain","computed":true,"sensitive":true},"project":{"type":"string","description":"Identifies the project this resource belongs to. To set up proper dependencies please refer to this variable as a reference. This property cannot be changed, doing so forces recreation of the resource.","description_kind":"plain","required":true},"redis_acl_categories":{"type":["list","string"],"description":"Defines command category rules. The field is required with`redis_acl_commands` and `redis_acl_keys`. This property cannot be changed, doing so forces recreation of the resource.","description_kind":"plain","computed":true},"redis_acl_channels":{"type":["list","string"],"description":"Defines the permitted pub/sub channel patterns. This property cannot be changed, doing so forces recreation of the resource.","description_kind":"plain","computed":true},"redis_acl_commands":{"type":["list","string"],"description":"Defines rules for individual commands. The field is required with`redis_acl_categories` and `redis_acl_keys`. This property cannot be changed, doing so forces recreation of the resource.","description_kind":"plain","computed":true},"redis_acl_keys":{"type":["list","string"],"description":"Defines key access rules. The field is required with`redis_acl_categories` and `redis_acl_keys`. This property cannot be changed, doing so forces recreation of the resource.","description_kind":"plain","computed":true},"service_name":{"type":"string","description":"Specifies the name of the service that this resource belongs to. To set up proper dependencies please refer to this variable as a reference. This property cannot be changed, doing so forces recreation of the resource.","description_kind":"plain","required":true},"type":{"type":"string","description":"Type of the user account. Tells whether the user is the primary account or a regular account.","description_kind":"plain","computed":true},"username":{"type":"string","description":"The actual name of the Redis User. To set up proper dependencies please refer to this variable as a reference. This property cannot be changed, doing so forces recreation of the resource.","description_kind":"plain","required":true}},"description":"The Redis User data source provides information about the existing Aiven Redis User.","description_kind":"plain"}},"aiven_service_component":{"version":0,"block":{"attributes":{"component":{"type":"string","description":"Service component name","description_kind":"plain","required":true},"host":{"type":"string","description":"DNS name for connecting to the service component","description_kind":"plain","computed":true},"id":{"type":"string","description_kind":"plain","optional":true,"computed":true},"kafka_authentication_method":{"type":"string","description":"Kafka authentication method. This is a value specific to the 'kafka' service component","description_kind":"plain","optional":true},"port":{"type":"number","description":"Port number for connecting to the service component","description_kind":"plain","computed":true},"project":{"type":"string","description":"Project name","description_kind":"plain","required":true},"route":{"type":"string","description":"Network access route","description_kind":"plain","optional":true},"service_name":{"type":"string","description":"Service name","description_kind":"plain","optional":true},"ssl":{"type":"bool","description":"Whether the endpoint is encrypted or accepts plaintext. By default endpoints are always encrypted and this property is only included for service components that may disable encryption","description_kind":"plain","optional":true},"usage":{"type":"string","description":"DNS usage name","description_kind":"plain","optional":true}},"description":"The Service Component data source provides information about the existing Aiven service Component.","description_kind":"plain"}},"aiven_service_integration":{"version":1,"block":{"attributes":{"clickhouse_kafka_user_config":{"type":["list",["object",{"tables":["list",["object",{"auto_offset_reset":"string","columns":["list",["object",{"name":"string","type":"string"}]],"data_format":"string","date_time_input_format":"string","group_name":"string","handle_error_mode":"string","max_block_size":"number","max_rows_per_message":"number","name":"string","num_consumers":"number","poll_max_batch_size":"number","skip_broken_messages":"number","topics":["list",["object",{"name":"string"}]]}]]}]],"description":"ClickhouseKafka user configurable settings","description_kind":"plain","computed":true},"clickhouse_postgresql_user_config":{"type":["list",["object",{"databases":["list",["object",{"database":"string","schema":"string"}]]}]],"description":"ClickhousePostgresql user configurable settings","description_kind":"plain","computed":true},"datadog_user_config":{"type":["list",["object",{"datadog_dbm_enabled":"bool","datadog_tags":["list",["object",{"comment":"string","tag":"string"}]],"exclude_consumer_groups":["list","string"],"exclude_topics":["list","string"],"include_consumer_groups":["list","string"],"include_topics":["list","string"],"kafka_custom_metrics":["list","string"],"max_jmx_metrics":"number","opensearch":["list",["object",{"index_stats_enabled":"bool","pending_task_stats_enabled":"bool","pshard_stats_enabled":"bool"}]],"redis":["list",["object",{"command_stats_enabled":"bool"}]]}]],"description":"Datadog user configurable settings","description_kind":"plain","computed":true},"destination_endpoint_id":{"type":"string","description":"Destination endpoint for the integration (if any)","description_kind":"plain","computed":true},"destination_service_name":{"type":"string","description":"Destination service for the integration (if any)","description_kind":"plain","required":true},"external_aws_cloudwatch_metrics_user_config":{"type":["list",["object",{"dropped_metrics":["list",["object",{"field":"string","metric":"string"}]],"extra_metrics":["list",["object",{"field":"string","metric":"string"}]]}]],"description":"ExternalAwsCloudwatchMetrics user configurable settings","description_kind":"plain","computed":true},"id":{"type":"string","description_kind":"plain","optional":true,"computed":true},"integration_id":{"type":"string","description":"Service Integration Id at aiven","description_kind":"plain","computed":true},"integration_type":{"type":"string","description":"Type of the service integration. Possible values: `alertmanager`, `cassandra_cross_service_cluster`, `clickhouse_kafka`, `clickhouse_postgresql`, `dashboard`, `datadog`, `datasource`, `external_aws_cloudwatch_logs`, `external_aws_cloudwatch_metrics`, `external_elasticsearch_logs`, `external_google_cloud_logging`, `external_opensearch_logs`, `flink`, `internal_connectivity`, `jolokia`, `kafka_connect`, `kafka_logs`, `kafka_mirrormaker`, `logs`, `m3aggregator`, `m3coordinator`, `metrics`, `opensearch_cross_cluster_replication`, `opensearch_cross_cluster_search`, `prometheus`, `read_replica`, `rsyslog`, `schema_registry_proxy`","description_kind":"plain","required":true},"kafka_connect_user_config":{"type":["list",["object",{"kafka_connect":["list",["object",{"config_storage_topic":"string","group_id":"string","offset_storage_topic":"string","status_storage_topic":"string"}]]}]],"description":"KafkaConnect user configurable settings","description_kind":"plain","computed":true},"kafka_logs_user_config":{"type":["list",["object",{"kafka_topic":"string","selected_log_fields":["list","string"]}]],"description":"KafkaLogs user configurable settings","description_kind":"plain","computed":true},"kafka_mirrormaker_user_config":{"type":["list",["object",{"cluster_alias":"string","kafka_mirrormaker":["list",["object",{"consumer_fetch_min_bytes":"number","producer_batch_size":"number","producer_buffer_memory":"number","producer_compression_type":"string","producer_linger_ms":"number","producer_max_request_size":"number"}]]}]],"description":"KafkaMirrormaker user configurable settings","description_kind":"plain","computed":true},"logs_user_config":{"type":["list",["object",{"elasticsearch_index_days_max":"number","elasticsearch_index_prefix":"string","selected_log_fields":["list","string"]}]],"description":"Logs user configurable settings","description_kind":"plain","computed":true},"metrics_user_config":{"type":["list",["object",{"database":"string","retention_days":"number","ro_username":"string","source_mysql":["list",["object",{"telegraf":["list",["object",{"gather_event_waits":"bool","gather_file_events_stats":"bool","gather_index_io_waits":"bool","gather_info_schema_auto_inc":"bool","gather_innodb_metrics":"bool","gather_perf_events_statements":"bool","gather_process_list":"bool","gather_slave_status":"bool","gather_table_io_waits":"bool","gather_table_lock_waits":"bool","gather_table_schema":"bool","perf_events_statements_digest_text_limit":"number","perf_events_statements_limit":"number","perf_events_statements_time_limit":"number"}]]}]],"username":"string"}]],"description":"Metrics user configurable settings","description_kind":"plain","computed":true},"project":{"type":"string","description":"Project the integration belongs to","description_kind":"plain","required":true},"source_endpoint_id":{"type":"string","description":"Source endpoint for the integration (if any)","description_kind":"plain","computed":true},"source_service_name":{"type":"string","description":"Source service for the integration (if any)","description_kind":"plain","required":true}},"description":"The Service Integration data source provides information about the existing Aiven Service Integration.","description_kind":"plain"}},"aiven_service_integration_endpoint":{"version":1,"block":{"attributes":{"datadog_user_config":{"type":["list",["object",{"datadog_api_key":"string","datadog_tags":["list",["object",{"comment":"string","tag":"string"}]],"disable_consumer_stats":"bool","kafka_consumer_check_instances":"number","kafka_consumer_stats_timeout":"number","max_partition_contexts":"number","site":"string"}]],"description":"Datadog user configurable settings","description_kind":"plain","computed":true},"endpoint_config":{"type":["map","string"],"description":"Integration endpoint specific backend configuration","description_kind":"plain","computed":true},"endpoint_name":{"type":"string","description":"Name of the service integration endpoint","description_kind":"plain","required":true},"endpoint_type":{"type":"string","description":"Type of the service integration endpoint. Possible values: `datadog`, `prometheus`, `rsyslog`, `external_elasticsearch_logs`, `external_opensearch_logs`, `external_aws_cloudwatch_logs`, `external_google_cloud_logging`, `external_kafka`, `jolokia`, `external_schema_registry`, `external_aws_cloudwatch_metrics`","description_kind":"plain","computed":true},"external_aws_cloudwatch_logs_user_config":{"type":["list",["object",{"access_key":"string","log_group_name":"string","region":"string","secret_key":"string"}]],"description":"ExternalAwsCloudwatchLogs user configurable settings","description_kind":"plain","computed":true},"external_aws_cloudwatch_metrics_user_config":{"type":["list",["object",{"access_key":"string","namespace":"string","region":"string","secret_key":"string"}]],"description":"ExternalAwsCloudwatchMetrics user configurable settings","description_kind":"plain","computed":true},"external_elasticsearch_logs_user_config":{"type":["list",["object",{"ca":"string","index_days_max":"number","index_prefix":"string","timeout":"number","url":"string"}]],"description":"ExternalElasticsearchLogs user configurable settings","description_kind":"plain","computed":true},"external_google_cloud_logging_user_config":{"type":["list",["object",{"log_id":"string","project_id":"string","service_account_credentials":"string"}]],"description":"ExternalGoogleCloudLogging user configurable settings","description_kind":"plain","computed":true},"external_kafka_user_config":{"type":["list",["object",{"bootstrap_servers":"string","sasl_mechanism":"string","sasl_plain_password":"string","sasl_plain_username":"string","security_protocol":"string","ssl_ca_cert":"string","ssl_client_cert":"string","ssl_client_key":"string","ssl_endpoint_identification_algorithm":"string"}]],"description":"ExternalKafka user configurable settings","description_kind":"plain","computed":true},"external_opensearch_logs_user_config":{"type":["list",["object",{"ca":"string","index_days_max":"number","index_prefix":"string","timeout":"number","url":"string"}]],"description":"ExternalOpensearchLogs user configurable settings","description_kind":"plain","computed":true},"external_schema_registry_user_config":{"type":["list",["object",{"authentication":"string","basic_auth_password":"string","basic_auth_username":"string","url":"string"}]],"description":"ExternalSchemaRegistry user configurable settings","description_kind":"plain","computed":true},"id":{"type":"string","description_kind":"plain","optional":true,"computed":true},"jolokia_user_config":{"type":["list",["object",{"basic_auth_password":"string","basic_auth_username":"string"}]],"description":"Jolokia user configurable settings","description_kind":"plain","computed":true},"project":{"type":"string","description":"Project the service integration endpoint belongs to","description_kind":"plain","required":true},"prometheus_user_config":{"type":["list",["object",{"basic_auth_password":"string","basic_auth_username":"string"}]],"description":"Prometheus user configurable settings","description_kind":"plain","computed":true},"rsyslog_user_config":{"type":["list",["object",{"ca":"string","cert":"string","format":"string","key":"string","logline":"string","port":"number","sd":"string","server":"string","tls":"bool"}]],"description":"Rsyslog user configurable settings","description_kind":"plain","computed":true}},"description":"The Service Integration Endpoint data source provides information about the existing Aiven Service Integration Endpoint.","description_kind":"plain"}},"aiven_transit_gateway_vpc_attachment":{"version":0,"block":{"attributes":{"id":{"type":"string","description_kind":"plain","optional":true,"computed":true},"peer_cloud_account":{"type":"string","description":"AWS account ID or GCP project ID of the peered VPC. This property cannot be changed, doing so forces recreation of the resource.","description_kind":"plain","required":true},"peer_region":{"type":"string","description":"AWS region of the peered VPC (if not in the same region as Aiven VPC)","description_kind":"plain","computed":true},"peer_vpc":{"type":"string","description":"Transit gateway ID. This property cannot be changed, doing so forces recreation of the resource.","description_kind":"plain","required":true},"peering_connection_id":{"type":"string","description":"Cloud provider identifier for the peering connection if available","description_kind":"plain","computed":true},"state":{"type":"string","description":"State of the peering connection","description_kind":"plain","computed":true},"state_info":{"type":["map","string"],"description":"State-specific help or error information","description_kind":"plain","computed":true},"user_peer_network_cidrs":{"type":["set","string"],"description":"List of private IPv4 ranges to route through the peering connection","description_kind":"plain","computed":true},"vpc_id":{"type":"string","description":"The VPC the peering connection belongs to. To set up proper dependencies please refer to this variable as a reference. This property cannot be changed, doing so forces recreation of the resource.","description_kind":"plain","required":true}},"description":"The Transit Gateway VPC Attachment resource allows the creation and management Transit Gateway VPC Attachment VPC peering connection between Aiven and AWS.","description_kind":"plain"}}}}}}
